{
    "version": 3,
    "terraform_version": "0.11.5",
    "serial": 12,
    "lineage": "a644d2eb-ef53-4544-a0f4-4c2b51563cc1",
    "modules": [
        {
            "path": [
                "root"
            ],
            "outputs": {},
            "resources": {},
            "depends_on": []
        },
        {
            "path": [
                "root",
                "bootstrap-training"
            ],
            "outputs": {},
            "resources": {
                "google_compute_firewall.training_fw_rules": {
                    "type": "google_compute_firewall",
                    "depends_on": [
                        "google_compute_network.training_net"
                    ],
                    "primary": {
                        "id": "training-fw-rules",
                        "attributes": {
                            "allow.#": "3",
                            "allow.1367131964.ports.#": "0",
                            "allow.1367131964.protocol": "icmp",
                            "allow.1486604749.ports.#": "0",
                            "allow.1486604749.protocol": "udp",
                            "allow.3848845357.ports.#": "0",
                            "allow.3848845357.protocol": "tcp",
                            "deny.#": "0",
                            "description": "",
                            "destination_ranges.#": "0",
                            "direction": "INGRESS",
                            "id": "training-fw-rules",
                            "name": "training-fw-rules",
                            "network": "https://www.googleapis.com/compute/v1/projects/sandbox-wescale/global/networks/training-net",
                            "priority": "1000",
                            "project": "sandbox-wescale",
                            "self_link": "https://www.googleapis.com/compute/v1/projects/sandbox-wescale/global/firewalls/training-fw-rules",
                            "source_ranges.#": "1",
                            "source_ranges.1080289494": "0.0.0.0/0",
                            "source_service_accounts.#": "0",
                            "source_tags.#": "0",
                            "target_service_accounts.#": "0",
                            "target_tags.#": "0"
                        },
                        "meta": {
                            "schema_version": "1"
                        },
                        "tainted": false
                    },
                    "deposed": [],
                    "provider": "module.bootstrap-training.provider.google"
                },
                "google_compute_instance.training-instance.0": {
                    "type": "google_compute_instance",
                    "depends_on": [
                        "google_compute_subnetwork.training_subnet"
                    ],
                    "primary": {
                        "id": "training-instance-0",
                        "attributes": {
                            "attached_disk.#": "0",
                            "boot_disk.#": "1",
                            "boot_disk.0.auto_delete": "true",
                            "boot_disk.0.device_name": "persistent-disk-0",
                            "boot_disk.0.disk_encryption_key_raw": "",
                            "boot_disk.0.disk_encryption_key_sha256": "",
                            "boot_disk.0.initialize_params.#": "1",
                            "boot_disk.0.initialize_params.0.image": "https://www.googleapis.com/compute/v1/projects/ubuntu-os-cloud/global/images/ubuntu-1710-artful-v20171122",
                            "boot_disk.0.initialize_params.0.size": "10",
                            "boot_disk.0.initialize_params.0.type": "pd-standard",
                            "boot_disk.0.source": "https://www.googleapis.com/compute/v1/projects/sandbox-wescale/zones/europe-west1-b/disks/training-instance-0",
                            "can_ip_forward": "false",
                            "cpu_platform": "Intel Sandy Bridge",
                            "create_timeout": "4",
                            "deletion_protection": "false",
                            "guest_accelerator.#": "0",
                            "id": "training-instance-0",
                            "instance_id": "3204604766851893487",
                            "label_fingerprint": "42WmSpB8rSM=",
                            "machine_type": "g1-small",
                            "metadata.%": "1",
                            "metadata.ssh-keys": "training:ssh-rsa AAAAB3NzaC1yc2EAAAADAQABAAABAQDRu/6NgZXgc8A2d+BX2gjsiGK+SHzxNeLevi2Xkr02/laqcFcbQ4hmZLd4S5oxAr+xN1r7GCE/WZOHOiXWe2j6RElroMMpi4RW0kkxqDicTLlQzgTqejB2rgM3kN3WLmQNn6tW5CuWPNcQecPkp/8WuXIEmiSK+y6CvFDUgfdgYbJPKQnI6pgkkTa+QFRPKqQl9gtId8L6b8asnUUJ/fADUzLmgesx3kvjJLwV73iMfIQ0GFuCo6NJ0wgSyhoJMzzcbk/El1q0AZKFW+24+HKa4Rlza7mccceShHNbr7OXt0zekwSkTA2Q4GILsuPA0rv07ZgmUfEXfeOUGFzuYb8B slavayssiere@Sebastiens-MBP",
                            "metadata_fingerprint": "-rlWQCuw6iw=",
                            "metadata_startup_script": "curl -s https://raw.githubusercontent.com/WeScale/kubernetes-formation/master/terraform/modules/bootstrap-vm.sh | bash -s 0",
                            "min_cpu_platform": "",
                            "name": "training-instance-0",
                            "network_interface.#": "1",
                            "network_interface.0.access_config.#": "1",
                            "network_interface.0.access_config.0.assigned_nat_ip": "35.205.115.210",
                            "network_interface.0.access_config.0.nat_ip": "35.205.115.210",
                            "network_interface.0.address": "10.123.0.3",
                            "network_interface.0.alias_ip_range.#": "0",
                            "network_interface.0.name": "nic0",
                            "network_interface.0.network": "https://www.googleapis.com/compute/v1/projects/sandbox-wescale/global/networks/training-net",
                            "network_interface.0.network_ip": "10.123.0.3",
                            "network_interface.0.subnetwork": "https://www.googleapis.com/compute/v1/projects/sandbox-wescale/regions/europe-west1/subnetworks/training-subnet",
                            "network_interface.0.subnetwork_project": "sandbox-wescale",
                            "project": "sandbox-wescale",
                            "scheduling.#": "1",
                            "scheduling.0.automatic_restart": "true",
                            "scheduling.0.on_host_maintenance": "MIGRATE",
                            "scheduling.0.preemptible": "false",
                            "scratch_disk.#": "0",
                            "self_link": "https://www.googleapis.com/compute/v1/projects/sandbox-wescale/zones/europe-west1-b/instances/training-instance-0",
                            "service_account.#": "1",
                            "service_account.0.email": "362060638318-compute@developer.gserviceaccount.com",
                            "service_account.0.scopes.#": "3",
                            "service_account.0.scopes.1328717722": "https://www.googleapis.com/auth/devstorage.read_write",
                            "service_account.0.scopes.1733087937": "https://www.googleapis.com/auth/cloud-platform",
                            "service_account.0.scopes.299962681": "https://www.googleapis.com/auth/compute",
                            "tags.#": "0",
                            "tags_fingerprint": "42WmSpB8rSM=",
                            "zone": "europe-west1-b"
                        },
                        "meta": {
                            "e2bfb730-ecaa-11e6-8f88-34363bc7c4c0": {
                                "create": 360000000000,
                                "delete": 360000000000,
                                "update": 360000000000
                            },
                            "schema_version": "6"
                        },
                        "tainted": false
                    },
                    "deposed": [],
                    "provider": "module.bootstrap-training.provider.google"
                },
                "google_compute_instance.training-instance.1": {
                    "type": "google_compute_instance",
                    "depends_on": [
                        "google_compute_subnetwork.training_subnet"
                    ],
                    "primary": {
                        "id": "training-instance-1",
                        "attributes": {
                            "attached_disk.#": "0",
                            "boot_disk.#": "1",
                            "boot_disk.0.auto_delete": "true",
                            "boot_disk.0.device_name": "persistent-disk-0",
                            "boot_disk.0.disk_encryption_key_raw": "",
                            "boot_disk.0.disk_encryption_key_sha256": "",
                            "boot_disk.0.initialize_params.#": "1",
                            "boot_disk.0.initialize_params.0.image": "https://www.googleapis.com/compute/v1/projects/ubuntu-os-cloud/global/images/ubuntu-1710-artful-v20171122",
                            "boot_disk.0.initialize_params.0.size": "10",
                            "boot_disk.0.initialize_params.0.type": "pd-standard",
                            "boot_disk.0.source": "https://www.googleapis.com/compute/v1/projects/sandbox-wescale/zones/europe-west1-b/disks/training-instance-1",
                            "can_ip_forward": "false",
                            "cpu_platform": "Intel Sandy Bridge",
                            "create_timeout": "4",
                            "deletion_protection": "false",
                            "guest_accelerator.#": "0",
                            "id": "training-instance-1",
                            "instance_id": "3636108689288100018",
                            "label_fingerprint": "42WmSpB8rSM=",
                            "machine_type": "g1-small",
                            "metadata.%": "1",
                            "metadata.ssh-keys": "training:ssh-rsa AAAAB3NzaC1yc2EAAAADAQABAAABAQDRu/6NgZXgc8A2d+BX2gjsiGK+SHzxNeLevi2Xkr02/laqcFcbQ4hmZLd4S5oxAr+xN1r7GCE/WZOHOiXWe2j6RElroMMpi4RW0kkxqDicTLlQzgTqejB2rgM3kN3WLmQNn6tW5CuWPNcQecPkp/8WuXIEmiSK+y6CvFDUgfdgYbJPKQnI6pgkkTa+QFRPKqQl9gtId8L6b8asnUUJ/fADUzLmgesx3kvjJLwV73iMfIQ0GFuCo6NJ0wgSyhoJMzzcbk/El1q0AZKFW+24+HKa4Rlza7mccceShHNbr7OXt0zekwSkTA2Q4GILsuPA0rv07ZgmUfEXfeOUGFzuYb8B slavayssiere@Sebastiens-MBP",
                            "metadata_fingerprint": "FsP4d0rzjmA=",
                            "metadata_startup_script": "curl -s https://raw.githubusercontent.com/WeScale/kubernetes-formation/master/terraform/modules/bootstrap-vm.sh | bash -s 1",
                            "min_cpu_platform": "",
                            "name": "training-instance-1",
                            "network_interface.#": "1",
                            "network_interface.0.access_config.#": "1",
                            "network_interface.0.access_config.0.assigned_nat_ip": "35.205.220.234",
                            "network_interface.0.access_config.0.nat_ip": "35.205.220.234",
                            "network_interface.0.address": "10.123.0.4",
                            "network_interface.0.alias_ip_range.#": "0",
                            "network_interface.0.name": "nic0",
                            "network_interface.0.network": "https://www.googleapis.com/compute/v1/projects/sandbox-wescale/global/networks/training-net",
                            "network_interface.0.network_ip": "10.123.0.4",
                            "network_interface.0.subnetwork": "https://www.googleapis.com/compute/v1/projects/sandbox-wescale/regions/europe-west1/subnetworks/training-subnet",
                            "network_interface.0.subnetwork_project": "sandbox-wescale",
                            "project": "sandbox-wescale",
                            "scheduling.#": "1",
                            "scheduling.0.automatic_restart": "true",
                            "scheduling.0.on_host_maintenance": "MIGRATE",
                            "scheduling.0.preemptible": "false",
                            "scratch_disk.#": "0",
                            "self_link": "https://www.googleapis.com/compute/v1/projects/sandbox-wescale/zones/europe-west1-b/instances/training-instance-1",
                            "service_account.#": "1",
                            "service_account.0.email": "362060638318-compute@developer.gserviceaccount.com",
                            "service_account.0.scopes.#": "3",
                            "service_account.0.scopes.1328717722": "https://www.googleapis.com/auth/devstorage.read_write",
                            "service_account.0.scopes.1733087937": "https://www.googleapis.com/auth/cloud-platform",
                            "service_account.0.scopes.299962681": "https://www.googleapis.com/auth/compute",
                            "tags.#": "0",
                            "tags_fingerprint": "42WmSpB8rSM=",
                            "zone": "europe-west1-b"
                        },
                        "meta": {
                            "e2bfb730-ecaa-11e6-8f88-34363bc7c4c0": {
                                "create": 360000000000,
                                "delete": 360000000000,
                                "update": 360000000000
                            },
                            "schema_version": "6"
                        },
                        "tainted": false
                    },
                    "deposed": [],
                    "provider": "module.bootstrap-training.provider.google"
                },
                "google_compute_instance.training-instance.10": {
                    "type": "google_compute_instance",
                    "depends_on": [
                        "google_compute_subnetwork.training_subnet"
                    ],
                    "primary": {
                        "id": "training-instance-10",
                        "attributes": {
                            "attached_disk.#": "0",
                            "boot_disk.#": "1",
                            "boot_disk.0.auto_delete": "true",
                            "boot_disk.0.device_name": "persistent-disk-0",
                            "boot_disk.0.disk_encryption_key_raw": "",
                            "boot_disk.0.disk_encryption_key_sha256": "",
                            "boot_disk.0.initialize_params.#": "1",
                            "boot_disk.0.initialize_params.0.image": "https://www.googleapis.com/compute/v1/projects/ubuntu-os-cloud/global/images/ubuntu-1710-artful-v20171122",
                            "boot_disk.0.initialize_params.0.size": "10",
                            "boot_disk.0.initialize_params.0.type": "pd-standard",
                            "boot_disk.0.source": "https://www.googleapis.com/compute/v1/projects/sandbox-wescale/zones/europe-west1-b/disks/training-instance-10",
                            "can_ip_forward": "false",
                            "cpu_platform": "Intel Sandy Bridge",
                            "create_timeout": "4",
                            "deletion_protection": "false",
                            "guest_accelerator.#": "0",
                            "id": "training-instance-10",
                            "instance_id": "6651950384266545188",
                            "label_fingerprint": "42WmSpB8rSM=",
                            "machine_type": "g1-small",
                            "metadata.%": "1",
                            "metadata.ssh-keys": "training:ssh-rsa AAAAB3NzaC1yc2EAAAADAQABAAABAQDRu/6NgZXgc8A2d+BX2gjsiGK+SHzxNeLevi2Xkr02/laqcFcbQ4hmZLd4S5oxAr+xN1r7GCE/WZOHOiXWe2j6RElroMMpi4RW0kkxqDicTLlQzgTqejB2rgM3kN3WLmQNn6tW5CuWPNcQecPkp/8WuXIEmiSK+y6CvFDUgfdgYbJPKQnI6pgkkTa+QFRPKqQl9gtId8L6b8asnUUJ/fADUzLmgesx3kvjJLwV73iMfIQ0GFuCo6NJ0wgSyhoJMzzcbk/El1q0AZKFW+24+HKa4Rlza7mccceShHNbr7OXt0zekwSkTA2Q4GILsuPA0rv07ZgmUfEXfeOUGFzuYb8B slavayssiere@Sebastiens-MBP",
                            "metadata_fingerprint": "FGARC7KNoBI=",
                            "metadata_startup_script": "curl -s https://raw.githubusercontent.com/WeScale/kubernetes-formation/master/terraform/modules/bootstrap-vm.sh | bash -s 10",
                            "min_cpu_platform": "",
                            "name": "training-instance-10",
                            "network_interface.#": "1",
                            "network_interface.0.access_config.#": "1",
                            "network_interface.0.access_config.0.assigned_nat_ip": "35.233.103.109",
                            "network_interface.0.access_config.0.nat_ip": "35.233.103.109",
                            "network_interface.0.address": "10.123.0.42",
                            "network_interface.0.alias_ip_range.#": "0",
                            "network_interface.0.name": "nic0",
                            "network_interface.0.network": "https://www.googleapis.com/compute/v1/projects/sandbox-wescale/global/networks/training-net",
                            "network_interface.0.network_ip": "10.123.0.42",
                            "network_interface.0.subnetwork": "https://www.googleapis.com/compute/v1/projects/sandbox-wescale/regions/europe-west1/subnetworks/training-subnet",
                            "network_interface.0.subnetwork_project": "sandbox-wescale",
                            "project": "sandbox-wescale",
                            "scheduling.#": "1",
                            "scheduling.0.automatic_restart": "true",
                            "scheduling.0.on_host_maintenance": "MIGRATE",
                            "scheduling.0.preemptible": "false",
                            "scratch_disk.#": "0",
                            "self_link": "https://www.googleapis.com/compute/v1/projects/sandbox-wescale/zones/europe-west1-b/instances/training-instance-10",
                            "service_account.#": "1",
                            "service_account.0.email": "362060638318-compute@developer.gserviceaccount.com",
                            "service_account.0.scopes.#": "3",
                            "service_account.0.scopes.1328717722": "https://www.googleapis.com/auth/devstorage.read_write",
                            "service_account.0.scopes.1733087937": "https://www.googleapis.com/auth/cloud-platform",
                            "service_account.0.scopes.299962681": "https://www.googleapis.com/auth/compute",
                            "tags.#": "0",
                            "tags_fingerprint": "42WmSpB8rSM=",
                            "zone": "europe-west1-b"
                        },
                        "meta": {
                            "e2bfb730-ecaa-11e6-8f88-34363bc7c4c0": {
                                "create": 360000000000,
                                "delete": 360000000000,
                                "update": 360000000000
                            },
                            "schema_version": "6"
                        },
                        "tainted": false
                    },
                    "deposed": [],
                    "provider": "module.bootstrap-training.provider.google"
                },
                "google_compute_instance.training-instance.2": {
                    "type": "google_compute_instance",
                    "depends_on": [
                        "google_compute_subnetwork.training_subnet"
                    ],
                    "primary": {
                        "id": "training-instance-2",
                        "attributes": {
                            "attached_disk.#": "0",
                            "boot_disk.#": "1",
                            "boot_disk.0.auto_delete": "true",
                            "boot_disk.0.device_name": "persistent-disk-0",
                            "boot_disk.0.disk_encryption_key_raw": "",
                            "boot_disk.0.disk_encryption_key_sha256": "",
                            "boot_disk.0.initialize_params.#": "1",
                            "boot_disk.0.initialize_params.0.image": "https://www.googleapis.com/compute/v1/projects/ubuntu-os-cloud/global/images/ubuntu-1710-artful-v20171122",
                            "boot_disk.0.initialize_params.0.size": "10",
                            "boot_disk.0.initialize_params.0.type": "pd-standard",
                            "boot_disk.0.source": "https://www.googleapis.com/compute/v1/projects/sandbox-wescale/zones/europe-west1-b/disks/training-instance-2",
                            "can_ip_forward": "false",
                            "cpu_platform": "Intel Sandy Bridge",
                            "create_timeout": "4",
                            "deletion_protection": "false",
                            "guest_accelerator.#": "0",
                            "id": "training-instance-2",
                            "instance_id": "3831447212114213042",
                            "label_fingerprint": "42WmSpB8rSM=",
                            "machine_type": "g1-small",
                            "metadata.%": "1",
                            "metadata.ssh-keys": "training:ssh-rsa AAAAB3NzaC1yc2EAAAADAQABAAABAQDRu/6NgZXgc8A2d+BX2gjsiGK+SHzxNeLevi2Xkr02/laqcFcbQ4hmZLd4S5oxAr+xN1r7GCE/WZOHOiXWe2j6RElroMMpi4RW0kkxqDicTLlQzgTqejB2rgM3kN3WLmQNn6tW5CuWPNcQecPkp/8WuXIEmiSK+y6CvFDUgfdgYbJPKQnI6pgkkTa+QFRPKqQl9gtId8L6b8asnUUJ/fADUzLmgesx3kvjJLwV73iMfIQ0GFuCo6NJ0wgSyhoJMzzcbk/El1q0AZKFW+24+HKa4Rlza7mccceShHNbr7OXt0zekwSkTA2Q4GILsuPA0rv07ZgmUfEXfeOUGFzuYb8B slavayssiere@Sebastiens-MBP",
                            "metadata_fingerprint": "v8ZfwDc3UnA=",
                            "metadata_startup_script": "curl -s https://raw.githubusercontent.com/WeScale/kubernetes-formation/master/terraform/modules/bootstrap-vm.sh | bash -s 2",
                            "min_cpu_platform": "",
                            "name": "training-instance-2",
                            "network_interface.#": "1",
                            "network_interface.0.access_config.#": "1",
                            "network_interface.0.access_config.0.assigned_nat_ip": "35.205.200.251",
                            "network_interface.0.access_config.0.nat_ip": "35.205.200.251",
                            "network_interface.0.address": "10.123.0.31",
                            "network_interface.0.alias_ip_range.#": "0",
                            "network_interface.0.name": "nic0",
                            "network_interface.0.network": "https://www.googleapis.com/compute/v1/projects/sandbox-wescale/global/networks/training-net",
                            "network_interface.0.network_ip": "10.123.0.31",
                            "network_interface.0.subnetwork": "https://www.googleapis.com/compute/v1/projects/sandbox-wescale/regions/europe-west1/subnetworks/training-subnet",
                            "network_interface.0.subnetwork_project": "sandbox-wescale",
                            "project": "sandbox-wescale",
                            "scheduling.#": "1",
                            "scheduling.0.automatic_restart": "true",
                            "scheduling.0.on_host_maintenance": "MIGRATE",
                            "scheduling.0.preemptible": "false",
                            "scratch_disk.#": "0",
                            "self_link": "https://www.googleapis.com/compute/v1/projects/sandbox-wescale/zones/europe-west1-b/instances/training-instance-2",
                            "service_account.#": "1",
                            "service_account.0.email": "362060638318-compute@developer.gserviceaccount.com",
                            "service_account.0.scopes.#": "3",
                            "service_account.0.scopes.1328717722": "https://www.googleapis.com/auth/devstorage.read_write",
                            "service_account.0.scopes.1733087937": "https://www.googleapis.com/auth/cloud-platform",
                            "service_account.0.scopes.299962681": "https://www.googleapis.com/auth/compute",
                            "tags.#": "0",
                            "tags_fingerprint": "42WmSpB8rSM=",
                            "zone": "europe-west1-b"
                        },
                        "meta": {
                            "e2bfb730-ecaa-11e6-8f88-34363bc7c4c0": {
                                "create": 360000000000,
                                "delete": 360000000000,
                                "update": 360000000000
                            },
                            "schema_version": "6"
                        },
                        "tainted": false
                    },
                    "deposed": [],
                    "provider": "module.bootstrap-training.provider.google"
                },
                "google_compute_instance.training-instance.3": {
                    "type": "google_compute_instance",
                    "depends_on": [
                        "google_compute_subnetwork.training_subnet"
                    ],
                    "primary": {
                        "id": "training-instance-3",
                        "attributes": {
                            "attached_disk.#": "0",
                            "boot_disk.#": "1",
                            "boot_disk.0.auto_delete": "true",
                            "boot_disk.0.device_name": "persistent-disk-0",
                            "boot_disk.0.disk_encryption_key_raw": "",
                            "boot_disk.0.disk_encryption_key_sha256": "",
                            "boot_disk.0.initialize_params.#": "1",
                            "boot_disk.0.initialize_params.0.image": "https://www.googleapis.com/compute/v1/projects/ubuntu-os-cloud/global/images/ubuntu-1710-artful-v20171122",
                            "boot_disk.0.initialize_params.0.size": "10",
                            "boot_disk.0.initialize_params.0.type": "pd-standard",
                            "boot_disk.0.source": "https://www.googleapis.com/compute/v1/projects/sandbox-wescale/zones/europe-west1-b/disks/training-instance-3",
                            "can_ip_forward": "false",
                            "cpu_platform": "Intel Sandy Bridge",
                            "create_timeout": "4",
                            "deletion_protection": "false",
                            "guest_accelerator.#": "0",
                            "id": "training-instance-3",
                            "instance_id": "6705709918679926821",
                            "label_fingerprint": "42WmSpB8rSM=",
                            "machine_type": "g1-small",
                            "metadata.%": "1",
                            "metadata.ssh-keys": "training:ssh-rsa AAAAB3NzaC1yc2EAAAADAQABAAABAQDRu/6NgZXgc8A2d+BX2gjsiGK+SHzxNeLevi2Xkr02/laqcFcbQ4hmZLd4S5oxAr+xN1r7GCE/WZOHOiXWe2j6RElroMMpi4RW0kkxqDicTLlQzgTqejB2rgM3kN3WLmQNn6tW5CuWPNcQecPkp/8WuXIEmiSK+y6CvFDUgfdgYbJPKQnI6pgkkTa+QFRPKqQl9gtId8L6b8asnUUJ/fADUzLmgesx3kvjJLwV73iMfIQ0GFuCo6NJ0wgSyhoJMzzcbk/El1q0AZKFW+24+HKa4Rlza7mccceShHNbr7OXt0zekwSkTA2Q4GILsuPA0rv07ZgmUfEXfeOUGFzuYb8B slavayssiere@Sebastiens-MBP",
                            "metadata_fingerprint": "-vqPqv759Qw=",
                            "metadata_startup_script": "curl -s https://raw.githubusercontent.com/WeScale/kubernetes-formation/master/terraform/modules/bootstrap-vm.sh | bash -s 3",
                            "min_cpu_platform": "",
                            "name": "training-instance-3",
                            "network_interface.#": "1",
                            "network_interface.0.access_config.#": "1",
                            "network_interface.0.access_config.0.assigned_nat_ip": "35.233.102.212",
                            "network_interface.0.access_config.0.nat_ip": "35.233.102.212",
                            "network_interface.0.address": "10.123.0.41",
                            "network_interface.0.alias_ip_range.#": "0",
                            "network_interface.0.name": "nic0",
                            "network_interface.0.network": "https://www.googleapis.com/compute/v1/projects/sandbox-wescale/global/networks/training-net",
                            "network_interface.0.network_ip": "10.123.0.41",
                            "network_interface.0.subnetwork": "https://www.googleapis.com/compute/v1/projects/sandbox-wescale/regions/europe-west1/subnetworks/training-subnet",
                            "network_interface.0.subnetwork_project": "sandbox-wescale",
                            "project": "sandbox-wescale",
                            "scheduling.#": "1",
                            "scheduling.0.automatic_restart": "true",
                            "scheduling.0.on_host_maintenance": "MIGRATE",
                            "scheduling.0.preemptible": "false",
                            "scratch_disk.#": "0",
                            "self_link": "https://www.googleapis.com/compute/v1/projects/sandbox-wescale/zones/europe-west1-b/instances/training-instance-3",
                            "service_account.#": "1",
                            "service_account.0.email": "362060638318-compute@developer.gserviceaccount.com",
                            "service_account.0.scopes.#": "3",
                            "service_account.0.scopes.1328717722": "https://www.googleapis.com/auth/devstorage.read_write",
                            "service_account.0.scopes.1733087937": "https://www.googleapis.com/auth/cloud-platform",
                            "service_account.0.scopes.299962681": "https://www.googleapis.com/auth/compute",
                            "tags.#": "0",
                            "tags_fingerprint": "42WmSpB8rSM=",
                            "zone": "europe-west1-b"
                        },
                        "meta": {
                            "e2bfb730-ecaa-11e6-8f88-34363bc7c4c0": {
                                "create": 360000000000,
                                "delete": 360000000000,
                                "update": 360000000000
                            },
                            "schema_version": "6"
                        },
                        "tainted": false
                    },
                    "deposed": [],
                    "provider": "module.bootstrap-training.provider.google"
                },
                "google_compute_instance.training-instance.4": {
                    "type": "google_compute_instance",
                    "depends_on": [
                        "google_compute_subnetwork.training_subnet"
                    ],
                    "primary": {
                        "id": "training-instance-4",
                        "attributes": {
                            "attached_disk.#": "0",
                            "boot_disk.#": "1",
                            "boot_disk.0.auto_delete": "true",
                            "boot_disk.0.device_name": "persistent-disk-0",
                            "boot_disk.0.disk_encryption_key_raw": "",
                            "boot_disk.0.disk_encryption_key_sha256": "",
                            "boot_disk.0.initialize_params.#": "1",
                            "boot_disk.0.initialize_params.0.image": "https://www.googleapis.com/compute/v1/projects/ubuntu-os-cloud/global/images/ubuntu-1710-artful-v20171122",
                            "boot_disk.0.initialize_params.0.size": "10",
                            "boot_disk.0.initialize_params.0.type": "pd-standard",
                            "boot_disk.0.source": "https://www.googleapis.com/compute/v1/projects/sandbox-wescale/zones/europe-west1-b/disks/training-instance-4",
                            "can_ip_forward": "false",
                            "cpu_platform": "Intel Sandy Bridge",
                            "create_timeout": "4",
                            "deletion_protection": "false",
                            "guest_accelerator.#": "0",
                            "id": "training-instance-4",
                            "instance_id": "1038417292192057466",
                            "label_fingerprint": "42WmSpB8rSM=",
                            "machine_type": "g1-small",
                            "metadata.%": "1",
                            "metadata.ssh-keys": "training:ssh-rsa AAAAB3NzaC1yc2EAAAADAQABAAABAQDRu/6NgZXgc8A2d+BX2gjsiGK+SHzxNeLevi2Xkr02/laqcFcbQ4hmZLd4S5oxAr+xN1r7GCE/WZOHOiXWe2j6RElroMMpi4RW0kkxqDicTLlQzgTqejB2rgM3kN3WLmQNn6tW5CuWPNcQecPkp/8WuXIEmiSK+y6CvFDUgfdgYbJPKQnI6pgkkTa+QFRPKqQl9gtId8L6b8asnUUJ/fADUzLmgesx3kvjJLwV73iMfIQ0GFuCo6NJ0wgSyhoJMzzcbk/El1q0AZKFW+24+HKa4Rlza7mccceShHNbr7OXt0zekwSkTA2Q4GILsuPA0rv07ZgmUfEXfeOUGFzuYb8B slavayssiere@Sebastiens-MBP",
                            "metadata_fingerprint": "ITr0mccHAww=",
                            "metadata_startup_script": "curl -s https://raw.githubusercontent.com/WeScale/kubernetes-formation/master/terraform/modules/bootstrap-vm.sh | bash -s 4",
                            "min_cpu_platform": "",
                            "name": "training-instance-4",
                            "network_interface.#": "1",
                            "network_interface.0.access_config.#": "1",
                            "network_interface.0.access_config.0.assigned_nat_ip": "35.187.85.30",
                            "network_interface.0.access_config.0.nat_ip": "35.187.85.30",
                            "network_interface.0.address": "10.123.0.36",
                            "network_interface.0.alias_ip_range.#": "0",
                            "network_interface.0.name": "nic0",
                            "network_interface.0.network": "https://www.googleapis.com/compute/v1/projects/sandbox-wescale/global/networks/training-net",
                            "network_interface.0.network_ip": "10.123.0.36",
                            "network_interface.0.subnetwork": "https://www.googleapis.com/compute/v1/projects/sandbox-wescale/regions/europe-west1/subnetworks/training-subnet",
                            "network_interface.0.subnetwork_project": "sandbox-wescale",
                            "project": "sandbox-wescale",
                            "scheduling.#": "1",
                            "scheduling.0.automatic_restart": "true",
                            "scheduling.0.on_host_maintenance": "MIGRATE",
                            "scheduling.0.preemptible": "false",
                            "scratch_disk.#": "0",
                            "self_link": "https://www.googleapis.com/compute/v1/projects/sandbox-wescale/zones/europe-west1-b/instances/training-instance-4",
                            "service_account.#": "1",
                            "service_account.0.email": "362060638318-compute@developer.gserviceaccount.com",
                            "service_account.0.scopes.#": "3",
                            "service_account.0.scopes.1328717722": "https://www.googleapis.com/auth/devstorage.read_write",
                            "service_account.0.scopes.1733087937": "https://www.googleapis.com/auth/cloud-platform",
                            "service_account.0.scopes.299962681": "https://www.googleapis.com/auth/compute",
                            "tags.#": "0",
                            "tags_fingerprint": "42WmSpB8rSM=",
                            "zone": "europe-west1-b"
                        },
                        "meta": {
                            "e2bfb730-ecaa-11e6-8f88-34363bc7c4c0": {
                                "create": 360000000000,
                                "delete": 360000000000,
                                "update": 360000000000
                            },
                            "schema_version": "6"
                        },
                        "tainted": false
                    },
                    "deposed": [],
                    "provider": "module.bootstrap-training.provider.google"
                },
                "google_compute_instance.training-instance.5": {
                    "type": "google_compute_instance",
                    "depends_on": [
                        "google_compute_subnetwork.training_subnet"
                    ],
                    "primary": {
                        "id": "training-instance-5",
                        "attributes": {
                            "attached_disk.#": "0",
                            "boot_disk.#": "1",
                            "boot_disk.0.auto_delete": "true",
                            "boot_disk.0.device_name": "persistent-disk-0",
                            "boot_disk.0.disk_encryption_key_raw": "",
                            "boot_disk.0.disk_encryption_key_sha256": "",
                            "boot_disk.0.initialize_params.#": "1",
                            "boot_disk.0.initialize_params.0.image": "https://www.googleapis.com/compute/v1/projects/ubuntu-os-cloud/global/images/ubuntu-1710-artful-v20171122",
                            "boot_disk.0.initialize_params.0.size": "10",
                            "boot_disk.0.initialize_params.0.type": "pd-standard",
                            "boot_disk.0.source": "https://www.googleapis.com/compute/v1/projects/sandbox-wescale/zones/europe-west1-b/disks/training-instance-5",
                            "can_ip_forward": "false",
                            "cpu_platform": "Intel Sandy Bridge",
                            "create_timeout": "4",
                            "deletion_protection": "false",
                            "guest_accelerator.#": "0",
                            "id": "training-instance-5",
                            "instance_id": "3505353937584326895",
                            "label_fingerprint": "42WmSpB8rSM=",
                            "machine_type": "g1-small",
                            "metadata.%": "1",
                            "metadata.ssh-keys": "training:ssh-rsa AAAAB3NzaC1yc2EAAAADAQABAAABAQDRu/6NgZXgc8A2d+BX2gjsiGK+SHzxNeLevi2Xkr02/laqcFcbQ4hmZLd4S5oxAr+xN1r7GCE/WZOHOiXWe2j6RElroMMpi4RW0kkxqDicTLlQzgTqejB2rgM3kN3WLmQNn6tW5CuWPNcQecPkp/8WuXIEmiSK+y6CvFDUgfdgYbJPKQnI6pgkkTa+QFRPKqQl9gtId8L6b8asnUUJ/fADUzLmgesx3kvjJLwV73iMfIQ0GFuCo6NJ0wgSyhoJMzzcbk/El1q0AZKFW+24+HKa4Rlza7mccceShHNbr7OXt0zekwSkTA2Q4GILsuPA0rv07ZgmUfEXfeOUGFzuYb8B slavayssiere@Sebastiens-MBP",
                            "metadata_fingerprint": "wWd0o3OZ8aw=",
                            "metadata_startup_script": "curl -s https://raw.githubusercontent.com/WeScale/kubernetes-formation/master/terraform/modules/bootstrap-vm.sh | bash -s 5",
                            "min_cpu_platform": "",
                            "name": "training-instance-5",
                            "network_interface.#": "1",
                            "network_interface.0.access_config.#": "1",
                            "network_interface.0.access_config.0.assigned_nat_ip": "35.195.161.158",
                            "network_interface.0.access_config.0.nat_ip": "35.195.161.158",
                            "network_interface.0.address": "10.123.0.2",
                            "network_interface.0.alias_ip_range.#": "0",
                            "network_interface.0.name": "nic0",
                            "network_interface.0.network": "https://www.googleapis.com/compute/v1/projects/sandbox-wescale/global/networks/training-net",
                            "network_interface.0.network_ip": "10.123.0.2",
                            "network_interface.0.subnetwork": "https://www.googleapis.com/compute/v1/projects/sandbox-wescale/regions/europe-west1/subnetworks/training-subnet",
                            "network_interface.0.subnetwork_project": "sandbox-wescale",
                            "project": "sandbox-wescale",
                            "scheduling.#": "1",
                            "scheduling.0.automatic_restart": "true",
                            "scheduling.0.on_host_maintenance": "MIGRATE",
                            "scheduling.0.preemptible": "false",
                            "scratch_disk.#": "0",
                            "self_link": "https://www.googleapis.com/compute/v1/projects/sandbox-wescale/zones/europe-west1-b/instances/training-instance-5",
                            "service_account.#": "1",
                            "service_account.0.email": "362060638318-compute@developer.gserviceaccount.com",
                            "service_account.0.scopes.#": "3",
                            "service_account.0.scopes.1328717722": "https://www.googleapis.com/auth/devstorage.read_write",
                            "service_account.0.scopes.1733087937": "https://www.googleapis.com/auth/cloud-platform",
                            "service_account.0.scopes.299962681": "https://www.googleapis.com/auth/compute",
                            "tags.#": "0",
                            "tags_fingerprint": "42WmSpB8rSM=",
                            "zone": "europe-west1-b"
                        },
                        "meta": {
                            "e2bfb730-ecaa-11e6-8f88-34363bc7c4c0": {
                                "create": 360000000000,
                                "delete": 360000000000,
                                "update": 360000000000
                            },
                            "schema_version": "6"
                        },
                        "tainted": false
                    },
                    "deposed": [],
                    "provider": "module.bootstrap-training.provider.google"
                },
                "google_compute_instance.training-instance.6": {
                    "type": "google_compute_instance",
                    "depends_on": [
                        "google_compute_subnetwork.training_subnet"
                    ],
                    "primary": {
                        "id": "training-instance-6",
                        "attributes": {
                            "attached_disk.#": "0",
                            "boot_disk.#": "1",
                            "boot_disk.0.auto_delete": "true",
                            "boot_disk.0.device_name": "persistent-disk-0",
                            "boot_disk.0.disk_encryption_key_raw": "",
                            "boot_disk.0.disk_encryption_key_sha256": "",
                            "boot_disk.0.initialize_params.#": "1",
                            "boot_disk.0.initialize_params.0.image": "https://www.googleapis.com/compute/v1/projects/ubuntu-os-cloud/global/images/ubuntu-1710-artful-v20171122",
                            "boot_disk.0.initialize_params.0.size": "10",
                            "boot_disk.0.initialize_params.0.type": "pd-standard",
                            "boot_disk.0.source": "https://www.googleapis.com/compute/v1/projects/sandbox-wescale/zones/europe-west1-b/disks/training-instance-6",
                            "can_ip_forward": "false",
                            "cpu_platform": "Intel Sandy Bridge",
                            "create_timeout": "4",
                            "deletion_protection": "false",
                            "guest_accelerator.#": "0",
                            "id": "training-instance-6",
                            "instance_id": "6463216868306651276",
                            "label_fingerprint": "42WmSpB8rSM=",
                            "machine_type": "g1-small",
                            "metadata.%": "1",
                            "metadata.ssh-keys": "training:ssh-rsa AAAAB3NzaC1yc2EAAAADAQABAAABAQDRu/6NgZXgc8A2d+BX2gjsiGK+SHzxNeLevi2Xkr02/laqcFcbQ4hmZLd4S5oxAr+xN1r7GCE/WZOHOiXWe2j6RElroMMpi4RW0kkxqDicTLlQzgTqejB2rgM3kN3WLmQNn6tW5CuWPNcQecPkp/8WuXIEmiSK+y6CvFDUgfdgYbJPKQnI6pgkkTa+QFRPKqQl9gtId8L6b8asnUUJ/fADUzLmgesx3kvjJLwV73iMfIQ0GFuCo6NJ0wgSyhoJMzzcbk/El1q0AZKFW+24+HKa4Rlza7mccceShHNbr7OXt0zekwSkTA2Q4GILsuPA0rv07ZgmUfEXfeOUGFzuYb8B slavayssiere@Sebastiens-MBP",
                            "metadata_fingerprint": "cnCDh2slVYI=",
                            "metadata_startup_script": "curl -s https://raw.githubusercontent.com/WeScale/kubernetes-formation/master/terraform/modules/bootstrap-vm.sh | bash -s 6",
                            "min_cpu_platform": "",
                            "name": "training-instance-6",
                            "network_interface.#": "1",
                            "network_interface.0.access_config.#": "1",
                            "network_interface.0.access_config.0.assigned_nat_ip": "35.187.68.199",
                            "network_interface.0.access_config.0.nat_ip": "35.187.68.199",
                            "network_interface.0.address": "10.123.0.5",
                            "network_interface.0.alias_ip_range.#": "0",
                            "network_interface.0.name": "nic0",
                            "network_interface.0.network": "https://www.googleapis.com/compute/v1/projects/sandbox-wescale/global/networks/training-net",
                            "network_interface.0.network_ip": "10.123.0.5",
                            "network_interface.0.subnetwork": "https://www.googleapis.com/compute/v1/projects/sandbox-wescale/regions/europe-west1/subnetworks/training-subnet",
                            "network_interface.0.subnetwork_project": "sandbox-wescale",
                            "project": "sandbox-wescale",
                            "scheduling.#": "1",
                            "scheduling.0.automatic_restart": "true",
                            "scheduling.0.on_host_maintenance": "MIGRATE",
                            "scheduling.0.preemptible": "false",
                            "scratch_disk.#": "0",
                            "self_link": "https://www.googleapis.com/compute/v1/projects/sandbox-wescale/zones/europe-west1-b/instances/training-instance-6",
                            "service_account.#": "1",
                            "service_account.0.email": "362060638318-compute@developer.gserviceaccount.com",
                            "service_account.0.scopes.#": "3",
                            "service_account.0.scopes.1328717722": "https://www.googleapis.com/auth/devstorage.read_write",
                            "service_account.0.scopes.1733087937": "https://www.googleapis.com/auth/cloud-platform",
                            "service_account.0.scopes.299962681": "https://www.googleapis.com/auth/compute",
                            "tags.#": "0",
                            "tags_fingerprint": "42WmSpB8rSM=",
                            "zone": "europe-west1-b"
                        },
                        "meta": {
                            "e2bfb730-ecaa-11e6-8f88-34363bc7c4c0": {
                                "create": 360000000000,
                                "delete": 360000000000,
                                "update": 360000000000
                            },
                            "schema_version": "6"
                        },
                        "tainted": false
                    },
                    "deposed": [],
                    "provider": "module.bootstrap-training.provider.google"
                },
                "google_compute_instance.training-instance.7": {
                    "type": "google_compute_instance",
                    "depends_on": [
                        "google_compute_subnetwork.training_subnet"
                    ],
                    "primary": {
                        "id": "training-instance-7",
                        "attributes": {
                            "attached_disk.#": "0",
                            "boot_disk.#": "1",
                            "boot_disk.0.auto_delete": "true",
                            "boot_disk.0.device_name": "persistent-disk-0",
                            "boot_disk.0.disk_encryption_key_raw": "",
                            "boot_disk.0.disk_encryption_key_sha256": "",
                            "boot_disk.0.initialize_params.#": "1",
                            "boot_disk.0.initialize_params.0.image": "https://www.googleapis.com/compute/v1/projects/ubuntu-os-cloud/global/images/ubuntu-1710-artful-v20171122",
                            "boot_disk.0.initialize_params.0.size": "10",
                            "boot_disk.0.initialize_params.0.type": "pd-standard",
                            "boot_disk.0.source": "https://www.googleapis.com/compute/v1/projects/sandbox-wescale/zones/europe-west1-b/disks/training-instance-7",
                            "can_ip_forward": "false",
                            "cpu_platform": "Intel Sandy Bridge",
                            "create_timeout": "4",
                            "deletion_protection": "false",
                            "guest_accelerator.#": "0",
                            "id": "training-instance-7",
                            "instance_id": "2682169179804207232",
                            "label_fingerprint": "42WmSpB8rSM=",
                            "machine_type": "g1-small",
                            "metadata.%": "1",
                            "metadata.ssh-keys": "training:ssh-rsa AAAAB3NzaC1yc2EAAAADAQABAAABAQDRu/6NgZXgc8A2d+BX2gjsiGK+SHzxNeLevi2Xkr02/laqcFcbQ4hmZLd4S5oxAr+xN1r7GCE/WZOHOiXWe2j6RElroMMpi4RW0kkxqDicTLlQzgTqejB2rgM3kN3WLmQNn6tW5CuWPNcQecPkp/8WuXIEmiSK+y6CvFDUgfdgYbJPKQnI6pgkkTa+QFRPKqQl9gtId8L6b8asnUUJ/fADUzLmgesx3kvjJLwV73iMfIQ0GFuCo6NJ0wgSyhoJMzzcbk/El1q0AZKFW+24+HKa4Rlza7mccceShHNbr7OXt0zekwSkTA2Q4GILsuPA0rv07ZgmUfEXfeOUGFzuYb8B slavayssiere@Sebastiens-MBP",
                            "metadata_fingerprint": "Wou7aHol3tQ=",
                            "metadata_startup_script": "curl -s https://raw.githubusercontent.com/WeScale/kubernetes-formation/master/terraform/modules/bootstrap-vm.sh | bash -s 7",
                            "min_cpu_platform": "",
                            "name": "training-instance-7",
                            "network_interface.#": "1",
                            "network_interface.0.access_config.#": "1",
                            "network_interface.0.access_config.0.assigned_nat_ip": "35.233.95.43",
                            "network_interface.0.access_config.0.nat_ip": "35.233.95.43",
                            "network_interface.0.address": "10.123.0.21",
                            "network_interface.0.alias_ip_range.#": "0",
                            "network_interface.0.name": "nic0",
                            "network_interface.0.network": "https://www.googleapis.com/compute/v1/projects/sandbox-wescale/global/networks/training-net",
                            "network_interface.0.network_ip": "10.123.0.21",
                            "network_interface.0.subnetwork": "https://www.googleapis.com/compute/v1/projects/sandbox-wescale/regions/europe-west1/subnetworks/training-subnet",
                            "network_interface.0.subnetwork_project": "sandbox-wescale",
                            "project": "sandbox-wescale",
                            "scheduling.#": "1",
                            "scheduling.0.automatic_restart": "true",
                            "scheduling.0.on_host_maintenance": "MIGRATE",
                            "scheduling.0.preemptible": "false",
                            "scratch_disk.#": "0",
                            "self_link": "https://www.googleapis.com/compute/v1/projects/sandbox-wescale/zones/europe-west1-b/instances/training-instance-7",
                            "service_account.#": "1",
                            "service_account.0.email": "362060638318-compute@developer.gserviceaccount.com",
                            "service_account.0.scopes.#": "3",
                            "service_account.0.scopes.1328717722": "https://www.googleapis.com/auth/devstorage.read_write",
                            "service_account.0.scopes.1733087937": "https://www.googleapis.com/auth/cloud-platform",
                            "service_account.0.scopes.299962681": "https://www.googleapis.com/auth/compute",
                            "tags.#": "0",
                            "tags_fingerprint": "42WmSpB8rSM=",
                            "zone": "europe-west1-b"
                        },
                        "meta": {
                            "e2bfb730-ecaa-11e6-8f88-34363bc7c4c0": {
                                "create": 360000000000,
                                "delete": 360000000000,
                                "update": 360000000000
                            },
                            "schema_version": "6"
                        },
                        "tainted": false
                    },
                    "deposed": [],
                    "provider": "module.bootstrap-training.provider.google"
                },
                "google_compute_instance.training-instance.8": {
                    "type": "google_compute_instance",
                    "depends_on": [
                        "google_compute_subnetwork.training_subnet"
                    ],
                    "primary": {
                        "id": "training-instance-8",
                        "attributes": {
                            "attached_disk.#": "0",
                            "boot_disk.#": "1",
                            "boot_disk.0.auto_delete": "true",
                            "boot_disk.0.device_name": "persistent-disk-0",
                            "boot_disk.0.disk_encryption_key_raw": "",
                            "boot_disk.0.disk_encryption_key_sha256": "",
                            "boot_disk.0.initialize_params.#": "1",
                            "boot_disk.0.initialize_params.0.image": "https://www.googleapis.com/compute/v1/projects/ubuntu-os-cloud/global/images/ubuntu-1710-artful-v20171122",
                            "boot_disk.0.initialize_params.0.size": "10",
                            "boot_disk.0.initialize_params.0.type": "pd-standard",
                            "boot_disk.0.source": "https://www.googleapis.com/compute/v1/projects/sandbox-wescale/zones/europe-west1-b/disks/training-instance-8",
                            "can_ip_forward": "false",
                            "cpu_platform": "Intel Sandy Bridge",
                            "create_timeout": "4",
                            "deletion_protection": "false",
                            "guest_accelerator.#": "0",
                            "id": "training-instance-8",
                            "instance_id": "2912769616058714215",
                            "label_fingerprint": "42WmSpB8rSM=",
                            "machine_type": "g1-small",
                            "metadata.%": "1",
                            "metadata.ssh-keys": "training:ssh-rsa AAAAB3NzaC1yc2EAAAADAQABAAABAQDRu/6NgZXgc8A2d+BX2gjsiGK+SHzxNeLevi2Xkr02/laqcFcbQ4hmZLd4S5oxAr+xN1r7GCE/WZOHOiXWe2j6RElroMMpi4RW0kkxqDicTLlQzgTqejB2rgM3kN3WLmQNn6tW5CuWPNcQecPkp/8WuXIEmiSK+y6CvFDUgfdgYbJPKQnI6pgkkTa+QFRPKqQl9gtId8L6b8asnUUJ/fADUzLmgesx3kvjJLwV73iMfIQ0GFuCo6NJ0wgSyhoJMzzcbk/El1q0AZKFW+24+HKa4Rlza7mccceShHNbr7OXt0zekwSkTA2Q4GILsuPA0rv07ZgmUfEXfeOUGFzuYb8B slavayssiere@Sebastiens-MBP",
                            "metadata_fingerprint": "nLpdkjy1ETY=",
                            "metadata_startup_script": "curl -s https://raw.githubusercontent.com/WeScale/kubernetes-formation/master/terraform/modules/bootstrap-vm.sh | bash -s 8",
                            "min_cpu_platform": "",
                            "name": "training-instance-8",
                            "network_interface.#": "1",
                            "network_interface.0.access_config.#": "1",
                            "network_interface.0.access_config.0.assigned_nat_ip": "35.233.4.45",
                            "network_interface.0.access_config.0.nat_ip": "35.233.4.45",
                            "network_interface.0.address": "10.123.0.35",
                            "network_interface.0.alias_ip_range.#": "0",
                            "network_interface.0.name": "nic0",
                            "network_interface.0.network": "https://www.googleapis.com/compute/v1/projects/sandbox-wescale/global/networks/training-net",
                            "network_interface.0.network_ip": "10.123.0.35",
                            "network_interface.0.subnetwork": "https://www.googleapis.com/compute/v1/projects/sandbox-wescale/regions/europe-west1/subnetworks/training-subnet",
                            "network_interface.0.subnetwork_project": "sandbox-wescale",
                            "project": "sandbox-wescale",
                            "scheduling.#": "1",
                            "scheduling.0.automatic_restart": "true",
                            "scheduling.0.on_host_maintenance": "MIGRATE",
                            "scheduling.0.preemptible": "false",
                            "scratch_disk.#": "0",
                            "self_link": "https://www.googleapis.com/compute/v1/projects/sandbox-wescale/zones/europe-west1-b/instances/training-instance-8",
                            "service_account.#": "1",
                            "service_account.0.email": "362060638318-compute@developer.gserviceaccount.com",
                            "service_account.0.scopes.#": "3",
                            "service_account.0.scopes.1328717722": "https://www.googleapis.com/auth/devstorage.read_write",
                            "service_account.0.scopes.1733087937": "https://www.googleapis.com/auth/cloud-platform",
                            "service_account.0.scopes.299962681": "https://www.googleapis.com/auth/compute",
                            "tags.#": "0",
                            "tags_fingerprint": "42WmSpB8rSM=",
                            "zone": "europe-west1-b"
                        },
                        "meta": {
                            "e2bfb730-ecaa-11e6-8f88-34363bc7c4c0": {
                                "create": 360000000000,
                                "delete": 360000000000,
                                "update": 360000000000
                            },
                            "schema_version": "6"
                        },
                        "tainted": false
                    },
                    "deposed": [],
                    "provider": "module.bootstrap-training.provider.google"
                },
                "google_compute_instance.training-instance.9": {
                    "type": "google_compute_instance",
                    "depends_on": [
                        "google_compute_subnetwork.training_subnet"
                    ],
                    "primary": {
                        "id": "training-instance-9",
                        "attributes": {
                            "attached_disk.#": "0",
                            "boot_disk.#": "1",
                            "boot_disk.0.auto_delete": "true",
                            "boot_disk.0.device_name": "persistent-disk-0",
                            "boot_disk.0.disk_encryption_key_raw": "",
                            "boot_disk.0.disk_encryption_key_sha256": "",
                            "boot_disk.0.initialize_params.#": "1",
                            "boot_disk.0.initialize_params.0.image": "https://www.googleapis.com/compute/v1/projects/ubuntu-os-cloud/global/images/ubuntu-1710-artful-v20171122",
                            "boot_disk.0.initialize_params.0.size": "10",
                            "boot_disk.0.initialize_params.0.type": "pd-standard",
                            "boot_disk.0.source": "https://www.googleapis.com/compute/v1/projects/sandbox-wescale/zones/europe-west1-b/disks/training-instance-9",
                            "can_ip_forward": "false",
                            "cpu_platform": "Intel Sandy Bridge",
                            "create_timeout": "4",
                            "deletion_protection": "false",
                            "guest_accelerator.#": "0",
                            "id": "training-instance-9",
                            "instance_id": "1375684353639254052",
                            "label_fingerprint": "42WmSpB8rSM=",
                            "machine_type": "g1-small",
                            "metadata.%": "1",
                            "metadata.ssh-keys": "training:ssh-rsa AAAAB3NzaC1yc2EAAAADAQABAAABAQDRu/6NgZXgc8A2d+BX2gjsiGK+SHzxNeLevi2Xkr02/laqcFcbQ4hmZLd4S5oxAr+xN1r7GCE/WZOHOiXWe2j6RElroMMpi4RW0kkxqDicTLlQzgTqejB2rgM3kN3WLmQNn6tW5CuWPNcQecPkp/8WuXIEmiSK+y6CvFDUgfdgYbJPKQnI6pgkkTa+QFRPKqQl9gtId8L6b8asnUUJ/fADUzLmgesx3kvjJLwV73iMfIQ0GFuCo6NJ0wgSyhoJMzzcbk/El1q0AZKFW+24+HKa4Rlza7mccceShHNbr7OXt0zekwSkTA2Q4GILsuPA0rv07ZgmUfEXfeOUGFzuYb8B slavayssiere@Sebastiens-MBP",
                            "metadata_fingerprint": "0rMRZ5IgrI8=",
                            "metadata_startup_script": "curl -s https://raw.githubusercontent.com/WeScale/kubernetes-formation/master/terraform/modules/bootstrap-vm.sh | bash -s 9",
                            "min_cpu_platform": "",
                            "name": "training-instance-9",
                            "network_interface.#": "1",
                            "network_interface.0.access_config.#": "1",
                            "network_interface.0.access_config.0.assigned_nat_ip": "35.233.42.224",
                            "network_interface.0.access_config.0.nat_ip": "35.233.42.224",
                            "network_interface.0.address": "10.123.0.40",
                            "network_interface.0.alias_ip_range.#": "0",
                            "network_interface.0.name": "nic0",
                            "network_interface.0.network": "https://www.googleapis.com/compute/v1/projects/sandbox-wescale/global/networks/training-net",
                            "network_interface.0.network_ip": "10.123.0.40",
                            "network_interface.0.subnetwork": "https://www.googleapis.com/compute/v1/projects/sandbox-wescale/regions/europe-west1/subnetworks/training-subnet",
                            "network_interface.0.subnetwork_project": "sandbox-wescale",
                            "project": "sandbox-wescale",
                            "scheduling.#": "1",
                            "scheduling.0.automatic_restart": "true",
                            "scheduling.0.on_host_maintenance": "MIGRATE",
                            "scheduling.0.preemptible": "false",
                            "scratch_disk.#": "0",
                            "self_link": "https://www.googleapis.com/compute/v1/projects/sandbox-wescale/zones/europe-west1-b/instances/training-instance-9",
                            "service_account.#": "1",
                            "service_account.0.email": "362060638318-compute@developer.gserviceaccount.com",
                            "service_account.0.scopes.#": "3",
                            "service_account.0.scopes.1328717722": "https://www.googleapis.com/auth/devstorage.read_write",
                            "service_account.0.scopes.1733087937": "https://www.googleapis.com/auth/cloud-platform",
                            "service_account.0.scopes.299962681": "https://www.googleapis.com/auth/compute",
                            "tags.#": "0",
                            "tags_fingerprint": "42WmSpB8rSM=",
                            "zone": "europe-west1-b"
                        },
                        "meta": {
                            "e2bfb730-ecaa-11e6-8f88-34363bc7c4c0": {
                                "create": 360000000000,
                                "delete": 360000000000,
                                "update": 360000000000
                            },
                            "schema_version": "6"
                        },
                        "tainted": false
                    },
                    "deposed": [],
                    "provider": "module.bootstrap-training.provider.google"
                },
                "google_compute_network.training_net": {
                    "type": "google_compute_network",
                    "depends_on": [],
                    "primary": {
                        "id": "training-net",
                        "attributes": {
                            "auto_create_subnetworks": "false",
                            "description": "",
                            "gateway_ipv4": "",
                            "id": "training-net",
                            "ipv4_range": "",
                            "name": "training-net",
                            "project": "sandbox-wescale",
                            "routing_mode": "REGIONAL",
                            "self_link": "https://www.googleapis.com/compute/v1/projects/sandbox-wescale/global/networks/training-net"
                        },
                        "meta": {},
                        "tainted": false
                    },
                    "deposed": [],
                    "provider": "module.bootstrap-training.provider.google"
                },
                "google_compute_subnetwork.training_subnet": {
                    "type": "google_compute_subnetwork",
                    "depends_on": [
                        "google_compute_network.training_net"
                    ],
                    "primary": {
                        "id": "europe-west1/training-subnet",
                        "attributes": {
                            "description": "",
                            "gateway_address": "10.123.0.1",
                            "id": "europe-west1/training-subnet",
                            "ip_cidr_range": "10.123.0.0/24",
                            "name": "training-subnet",
                            "network": "https://www.googleapis.com/compute/v1/projects/sandbox-wescale/global/networks/training-net",
                            "private_ip_google_access": "false",
                            "project": "sandbox-wescale",
                            "region": "europe-west1",
                            "secondary_ip_range.#": "0",
                            "self_link": "https://www.googleapis.com/compute/v1/projects/sandbox-wescale/regions/europe-west1/subnetworks/training-subnet"
                        },
                        "meta": {
                            "e2bfb730-ecaa-11e6-8f88-34363bc7c4c0": {
                                "create": 360000000000,
                                "delete": 360000000000,
                                "update": 360000000000
                            }
                        },
                        "tainted": false
                    },
                    "deposed": [],
                    "provider": "module.bootstrap-training.provider.google"
                },
                "google_container_cluster.training-cluster.0": {
                    "type": "google_container_cluster",
                    "depends_on": [
                        "google_compute_network.training_net",
                        "google_compute_subnetwork.training_subnet"
                    ],
                    "primary": {
                        "id": "training-cluster-0",
                        "attributes": {
                            "additional_zones.#": "0",
                            "addons_config.#": "1",
                            "addons_config.0.horizontal_pod_autoscaling.#": "0",
                            "addons_config.0.http_load_balancing.#": "0",
                            "addons_config.0.kubernetes_dashboard.#": "0",
                            "addons_config.0.network_policy_config.#": "1",
                            "addons_config.0.network_policy_config.0.disabled": "true",
                            "cluster_ipv4_cidr": "10.28.0.0/14",
                            "description": "",
                            "enable_kubernetes_alpha": "false",
                            "enable_legacy_abac": "true",
                            "endpoint": "35.233.56.86",
                            "id": "training-cluster-0",
                            "initial_node_count": "3",
                            "instance_group_urls.#": "1",
                            "instance_group_urls.0": "https://www.googleapis.com/compute/v1/projects/sandbox-wescale/zones/europe-west1-b/instanceGroups/gke-training-cluster-0-default-pool-14b7b5e8-grp",
                            "logging_service": "logging.googleapis.com",
                            "master_auth.#": "1",
                            "master_auth.0.client_certificate": "LS0tLS1CRUdJTiBDRVJUSUZJQ0FURS0tLS0tCk1JSUMyakNDQWNLZ0F3SUJBZ0lRS01tUnoycVhtT0t0MHd4emM0VFp3REFOQmdrcWhraUc5dzBCQVFzRkFEQXYKTVMwd0t3WURWUVFERXlReFkyVTBaV00yTkMweU9UQTFMVFJtTXpjdFltTXdOUzA0WVRFeFlUQTFOemd3TmprdwpIaGNOTVRnd05qQTFNVFl4TURReFdoY05Nak13TmpBME1UWXhNRFF4V2pBUk1ROHdEUVlEVlFRREV3WmpiR2xsCmJuUXdnZ0VpTUEwR0NTcUdTSWIzRFFFQkFRVUFBNElCRHdBd2dnRUtBb0lCQVFDcXF4ZFNBT293VEJjcXdVYWYKRHhVV25kRXh0MExSKytONisyVzBxNGpWTFRNMVNVUnJYMXFyZUZWY2RWZVRZb0NCOXZqRXpVWTNWdUJCQW9zeApiSTlBOVBYMldacjRWZ0g1bHVOTnNhREppVWhkM3B1OGVHUlQ1dE83OGUwODA1SUJSdlRkSHZtM1l1dWxtZEtDClVTUzVqSTFHQUtKdmM2ZGdMTG1hM2dWZU9RZWY3U2xDY1BDTWhQMXdsQm1lT2xUZExvZndrbmxmZ1MzQVZtNHUKd1NoUGt1Vi9XRXU1TUpnZUpSdUVERFlwVHdxTGhNTjFWYi9qaUN4ZnZNd2xScXBiMWtxUW5xdzVUcUhJK3k5cgozUjkybVNqcmxkbVcwUFdBSGMwMm5ySjFRbXZ3MG9DTHZBQVhpVFliQjA4MFBKQWFIWDl1QWtXSEM5cENaZkJwCjd4NVpBZ01CQUFHakVEQU9NQXdHQTFVZEV3RUIvd1FDTUFBd0RRWUpLb1pJaHZjTkFRRUxCUUFEZ2dFQkFHeUgKWFVBTzhFZXl4MHplcjl3eTdzVFhVdUt2UWJMWUdWamZsUkl6UmpTTzRLeThWMUJ3bXhHSVgwWHRlY09QdnlaRgpJNzBLd3VERFZob1FRM3ZCUERXZ3VGT2VESHRsWTJnUXB4OFgxRU1IQS9wUkhZQnVWTnRPRlRyU0hLV1VtU3l5CjlxUlBpbWpYUzJUZTU4TnI2Mm4vWjNLUjNGbnNETmZIcm9KeDVYVE5NVnpaQW9zaTNuaStYSExrdFRhdFB2QnoKTG1pdlJsNExuKys2M3VVNHhjVEtrZlhXUzlwNm5LdXB1OHNjcE5idmMxYUxyUEhKUG1ZU0lzUkFybUNxYkI1YQpBVGNSZXU0d2JoNnduMEFXMVd3YmlFS3RIOHU2bmtWdlNUYlMyTm4ybHBkYzl6QjNMeVpNRVdvMkxqTDFGYWppCnVTekg2WmcvWGpLeXVyYnA3WVU9Ci0tLS0tRU5EIENFUlRJRklDQVRFLS0tLS0K",
                            "master_auth.0.client_key": "LS0tLS1CRUdJTiBSU0EgUFJJVkFURSBLRVktLS0tLQpNSUlFb2dJQkFBS0NBUUVBcXFzWFVnRHFNRXdYS3NGR253OFZGcDNSTWJkQzBmdmpldnRsdEt1STFTMHpOVWxFCmExOWFxM2hWWEhWWGsyS0FnZmI0eE0xR04xYmdRUUtMTVd5UFFQVDE5bG1hK0ZZQitaYmpUYkdneVlsSVhkNmIKdkhoa1UrYlR1L0h0UE5PU0FVYjAzUjc1dDJMcnBablNnbEVrdVl5TlJnQ2liM09uWUN5NW10NEZYamtIbiswcApRbkR3aklUOWNKUVpuanBVM1M2SDhKSjVYNEV0d0ZadUxzRW9UNUxsZjFoTHVUQ1lIaVViaEF3MktVOEtpNFRECmRWVy80NGdzWDd6TUpVYXFXOVpLa0o2c09VNmh5UHN2YTkwZmRwa282NVhabHREMWdCM05OcDZ5ZFVKcjhOS0EKaTd3QUY0azJHd2RQTkR5UUdoMS9iZ0pGaHd2YVFtWHdhZThlV1FJREFRQUJBb0lCQUR5cGxKL3V1RThUZExhYgpQVjFqRUlWWjhoWUFSQzE4SVdiQXZlMWlmVC84a1hPU3g5RjhjcTk1RmFwSUFTbGZmVHIweklhelNnNTRnRHhMClNhdDNJVkllMytCQkNFN1Z6MXptVDRQNXE2T0crdVIyc0JkbEdaQWkvMGFTSHRlY2dneVhLb2tBTGhXTGdTUDcKRVhLRm9nNmIwVWs5QjMraTlhNi9KdmZQaTh2cDEzVkpucDA2clVOa0hNK0J0d2hVUFBKZ0I3VGRmTnp6TVZmcQpRS0xFSkhPaGVPbDF3cWlTWGdTcjNqbjRKdjkxb1RLWFNaL09TN2oybFROS2U3S2J6bmpIYzZDUHpYWlI1Z1JECng0cU5iV2s5WmgrbG00RUU2dFJFN1FhdjJwRnowcWlSWFFDMHVpK1JQOWJSMWJOY0JkeHdTSndOenU3eE15SDgKY1FUUWJxc0NnWUVBNFNra3VjbnowZWJ6VWxFZFQ4ZXhNdkpReVl1QmNWNDExS0kyWUtCK3ArcXRsUjl4OFlYOAo4V0l5M3F6ZmhTSDdWVUQrYlIyNXNCMFdxc3Y5YVU2WUV0clBnQUFMK3duRUtlOEVxR3NucWVwelpJcVFJRi9XCkJIcUVHSXpqaXNBUW9kQmNHS2QvREhGaS9NRG4vME82ME5qdXlkN3VnYVBPeEJDUVE2UW0wT01DZ1lFQXdndEYKQ2JhSWs1cWxoN2ZkR01iVmVadlJRTVhBZndDZUt6MXEyVEhxWlFLZS9Cc3ZTTWg4WG9scXNRd3ZVQnZybWRCNwo3WG93aklSQkkzd0wxM2l5cURsVEwvU3JDNHExSjI2dkFMNUQ3TDdmWnNTZ0NMSk94em5XVlM3ZmNpTkdNajAyCkhYMkt5YUhRaUdEYmF1VW02TDNCUEE3d0lDdktrVWh3a0YzcDVKTUNnWUF4SzdNQmY4RG5UZkJGUWNHTThxY1gKNFNNVFlJdmNIaDdUV0xsWFVMVllKai9TR1JQaEVzbXlUU2VleVZIbTJRenlDVWVHdkw4WVhzSGNlci9VaDMxZQpZTHAvMFlMTVI4MjIrcU9oeEFUZGJuM1VydzNhaEJOUTF4Q1I2L0tsRWx5UGVka2k2VEV0bm5WbmpSa2MvY1dHClpsbC9iRmZacDlRM3JRWlVQenphMFFLQmdCVWdJdmtHdldITWdWOEFQbnIzRXNDMW5SZC9NQkRqb1ZTMTBBOHIKWndodU81N1kydElDdWIrVkdGK0VJeGFHbzZUUVZOMnE0dVE1ZGRvR0pFZm1KUlU1Z0h3RkdDWWVpTkJ0TlhKUQpSSmJleFBXc1RId0Y1WnU5Q1QrbTViN0labGtMM3Z0ZzhwNDNGcnZ5UjVFZ3Q1YTVLZk4rOE5lZnpPTDZUdjc0CnFvRXZBb0dBSGEzMmZEb3hJcFQ1eng2b2tkV2Zqbmd1ZFJCcC9ZNGdkQ04vNk55OU1PNWwwNk0rOW9TRW9jL3AKZFAwNWN6SFNTSGVscTQwSDFiZHMzblJocS9hMjZaaFRtTXpweW90QlQ4bjNtSXE3ZEwvMmhEdXg4dVVNYUk1MQpIYVpESXR2alJNTjNoelZWL05IdVowa2l6V0E4bS9aRUMrSi9HSndMUWZ4bGlnb0tqMDQ9Ci0tLS0tRU5EIFJTQSBQUklWQVRFIEtFWS0tLS0tCg==",
                            "master_auth.0.cluster_ca_certificate": "LS0tLS1CRUdJTiBDRVJUSUZJQ0FURS0tLS0tCk1JSURDekNDQWZPZ0F3SUJBZ0lRWmdibmNGQ3ZpeDFwYnAxM3hlQWdWVEFOQmdrcWhraUc5dzBCQVFzRkFEQXYKTVMwd0t3WURWUVFERXlReFkyVTBaV00yTkMweU9UQTFMVFJtTXpjdFltTXdOUzA0WVRFeFlUQTFOemd3TmprdwpIaGNOTVRnd05qQTFNVFV4TURRd1doY05Nak13TmpBME1UWXhNRFF3V2pBdk1TMHdLd1lEVlFRREV5UXhZMlUwClpXTTJOQzB5T1RBMUxUUm1NemN0WW1Nd05TMDRZVEV4WVRBMU56Z3dOamt3Z2dFaU1BMEdDU3FHU0liM0RRRUIKQVFVQUE0SUJEd0F3Z2dFS0FvSUJBUURVRENlN2Vhb1RkNVAwcWNDTXF4RzJhdnNWc1NUV3pDZHZIZE5KUEFKNApWTUU1MUhNVUJoQUc2N3JnSVdVWXRueWdIOXhuS0dvMXlLcmgxbkFjc0k4cS9iSG1vV0g3MUhjeTJmTThlRlo2CkczbzUvN1R3cUc2TU5vbXdrNFdDZHhJUUNmZ3VmenRXRGkzYVNvMmFmVEMrOTdNSFkwd1RkTnBaZnZFME1RREQKdHByNEc2SHZtQTBJanU1WklLeTNxSU84VlFzc2JvRU1DdGJQWU9NS2ZkOVJlUEVvcFJYY2hkbFc1SzFwVnJRTwprWVVxUC80ZjZpSUtCakJNcTVvVVRSTDZVaFV0UVZaT0hDZzh6SWlKL3EvU1A1T1pWaktQdUk0WW1BUVJmTGNtCkl4R2RtZEplTDJqamJFNDN6S1RLb0JZNHJKTnBaRXEwZmVxSHNEVXJEWkE5QWdNQkFBR2pJekFoTUE0R0ExVWQKRHdFQi93UUVBd0lDQkRBUEJnTlZIUk1CQWY4RUJUQURBUUgvTUEwR0NTcUdTSWIzRFFFQkN3VUFBNElCQVFDeQorK2lVNENqMGJ3WStRdnVTVmUycVF2SHlIVWJadGRtcnJzMEtySXlSZHE3M1krZkhWZnlkaStUNWl1SGwrOFhRCkMweEYxRUNycjk1MGp4QXcyNjduY2t0UWdIbWFPc253ZEs2bldaUUVYRzhWUkxwOHo2WTJjYnZHLzdIcC9nUTAKbmo2NW43NXJDeXRFL2diWW96bVJkQUtmeWZwdHVQb2VMRTYzbXYwM3Q1dzE4RFl4dkFnYlBxUG1oTFJ5Y0xwNwp1RXNGeG1TdzJuQUYrVWJoNEpicnhZcFM5WlAzWi9PL1luVmJLempySVNQRHVWUGdFMzJad3A2UmJXeThEektoClp0cXhGZDZycVRna0UxODNxRUJpYnhHQjlxcGI0RHB0L2ovYStjcmJqNzdPUThxak1MbVNtQ041Sm1sYWdkSi8KcndWdDNGcWIyUFEyWkluaStBNXgKLS0tLS1FTkQgQ0VSVElGSUNBVEUtLS0tLQo=",
                            "master_auth.0.password": "6GD5b2Wz6QcdAuiY",
                            "master_auth.0.username": "admin",
                            "master_version": "1.8.10-gke.0",
                            "monitoring_service": "monitoring.googleapis.com",
                            "name": "training-cluster-0",
                            "network": "training-net",
                            "network_policy.#": "0",
                            "node_config.#": "1",
                            "node_config.0.disk_size_gb": "100",
                            "node_config.0.guest_accelerator.#": "0",
                            "node_config.0.image_type": "COS",
                            "node_config.0.labels.%": "0",
                            "node_config.0.local_ssd_count": "0",
                            "node_config.0.machine_type": "n1-standard-1",
                            "node_config.0.metadata.%": "0",
                            "node_config.0.min_cpu_platform": "",
                            "node_config.0.oauth_scopes.#": "4",
                            "node_config.0.oauth_scopes.1277378754": "https://www.googleapis.com/auth/monitoring",
                            "node_config.0.oauth_scopes.1632638332": "https://www.googleapis.com/auth/devstorage.read_only",
                            "node_config.0.oauth_scopes.172152165": "https://www.googleapis.com/auth/logging.write",
                            "node_config.0.oauth_scopes.299962681": "https://www.googleapis.com/auth/compute",
                            "node_config.0.preemptible": "false",
                            "node_config.0.service_account": "default",
                            "node_config.0.tags.#": "0",
                            "node_config.0.workload_metadata_config.#": "0",
                            "node_pool.#": "1",
                            "node_pool.0.autoscaling.#": "0",
                            "node_pool.0.initial_node_count": "3",
                            "node_pool.0.instance_group_urls.#": "1",
                            "node_pool.0.instance_group_urls.0": "https://www.googleapis.com/compute/v1/projects/sandbox-wescale/zones/europe-west1-b/instanceGroupManagers/gke-training-cluster-0-default-pool-14b7b5e8-grp",
                            "node_pool.0.management.#": "1",
                            "node_pool.0.management.0.auto_repair": "false",
                            "node_pool.0.management.0.auto_upgrade": "false",
                            "node_pool.0.name": "default-pool",
                            "node_pool.0.name_prefix": "",
                            "node_pool.0.node_config.#": "1",
                            "node_pool.0.node_config.0.disk_size_gb": "100",
                            "node_pool.0.node_config.0.guest_accelerator.#": "0",
                            "node_pool.0.node_config.0.image_type": "COS",
                            "node_pool.0.node_config.0.labels.%": "0",
                            "node_pool.0.node_config.0.local_ssd_count": "0",
                            "node_pool.0.node_config.0.machine_type": "n1-standard-1",
                            "node_pool.0.node_config.0.metadata.%": "0",
                            "node_pool.0.node_config.0.min_cpu_platform": "",
                            "node_pool.0.node_config.0.oauth_scopes.#": "4",
                            "node_pool.0.node_config.0.oauth_scopes.1277378754": "https://www.googleapis.com/auth/monitoring",
                            "node_pool.0.node_config.0.oauth_scopes.1632638332": "https://www.googleapis.com/auth/devstorage.read_only",
                            "node_pool.0.node_config.0.oauth_scopes.172152165": "https://www.googleapis.com/auth/logging.write",
                            "node_pool.0.node_config.0.oauth_scopes.299962681": "https://www.googleapis.com/auth/compute",
                            "node_pool.0.node_config.0.preemptible": "false",
                            "node_pool.0.node_config.0.service_account": "default",
                            "node_pool.0.node_config.0.tags.#": "0",
                            "node_pool.0.node_config.0.workload_metadata_config.#": "0",
                            "node_pool.0.node_count": "3",
                            "node_version": "1.8.10-gke.0",
                            "project": "sandbox-wescale",
                            "subnetwork": "training-subnet",
                            "zone": "europe-west1-b"
                        },
                        "meta": {
                            "e2bfb730-ecaa-11e6-8f88-34363bc7c4c0": {
                                "create": 1800000000000,
                                "delete": 600000000000,
                                "update": 600000000000
                            },
                            "schema_version": "1"
                        },
                        "tainted": false
                    },
                    "deposed": [],
                    "provider": "module.bootstrap-training.provider.google"
                },
                "google_container_cluster.training-cluster.1": {
                    "type": "google_container_cluster",
                    "depends_on": [
                        "google_compute_network.training_net",
                        "google_compute_subnetwork.training_subnet"
                    ],
                    "primary": {
                        "id": "training-cluster-1",
                        "attributes": {
                            "additional_zones.#": "0",
                            "addons_config.#": "1",
                            "addons_config.0.horizontal_pod_autoscaling.#": "0",
                            "addons_config.0.http_load_balancing.#": "0",
                            "addons_config.0.kubernetes_dashboard.#": "0",
                            "addons_config.0.network_policy_config.#": "1",
                            "addons_config.0.network_policy_config.0.disabled": "true",
                            "cluster_ipv4_cidr": "10.36.0.0/14",
                            "description": "",
                            "enable_kubernetes_alpha": "false",
                            "enable_legacy_abac": "true",
                            "endpoint": "35.233.86.53",
                            "id": "training-cluster-1",
                            "initial_node_count": "3",
                            "instance_group_urls.#": "1",
                            "instance_group_urls.0": "https://www.googleapis.com/compute/v1/projects/sandbox-wescale/zones/europe-west1-b/instanceGroups/gke-training-cluster-1-default-pool-c4e7fef4-grp",
                            "logging_service": "logging.googleapis.com",
                            "master_auth.#": "1",
                            "master_auth.0.client_certificate": "LS0tLS1CRUdJTiBDRVJUSUZJQ0FURS0tLS0tCk1JSUMyekNDQWNPZ0F3SUJBZ0lSQUxPcm81SUtLZk8vOFFVUElSMzdlUGd3RFFZSktvWklodmNOQVFFTEJRQXcKTHpFdE1Dc0dBMVVFQXhNa1pHVTVNelU0TkRZdE5HTm1PUzAwWlRZekxXSmhNall0TXprM09EazFaVE5qTlRrMApNQjRYRFRFNE1EWXdOVEUyTVRBME1Wb1hEVEl6TURZd05ERTJNVEEwTVZvd0VURVBNQTBHQTFVRUF4TUdZMnhwClpXNTBNSUlCSWpBTkJna3Foa2lHOXcwQkFRRUZBQU9DQVE4QU1JSUJDZ0tDQVFFQXFMQUpwSXRuUmo4aUdoaFQKOWV4NHhZcEpMN2oxaGtZUExnM3dSYjhReHMrdERXMlYxVnFWNFY1NWZTcjNHcFRFREFEL1ZWWUlDYzU0cXdWTwpsRlpoOUVwTlN5RG56cWZXYlQ4V2xtSlVkdlRyNk15TUlTNjU5WWpSbkxBOWpZb28vT2QwSDA2NWJvUXFaQkdwCjkxMDNjVzVKNjl2M0VSNXVaWlcxWE9YWWVJdjlxY3FmRjZGdDRqTUtRUkRDNkcwK1Y0T2lCT09PVGFZVHJlTFkKSzJxdHJEamNGc0hwaFB1TWdCTUM5Z0VCdjVjUjRDN3paQ0tkei9xTTc3Z05ZZWViQ3dIMWhQcmFGRFNjZlkwMwpUQTdMcEFpSXVBYXlubEk3SnFkZitHdTVxeFNMR3F0bll2Y2U4b1pwc1pkbmZ2eHhYdk5vZ241eGVQYlVuYWt6Cko1Z1dSd0lEQVFBQm94QXdEakFNQmdOVkhSTUJBZjhFQWpBQU1BMEdDU3FHU0liM0RRRUJDd1VBQTRJQkFRQ0IKa0FvanAwTURUcFJyNnA3amFhMGVBM0x6UWVkN2FWVkFpaHEzL29RWi9zWnM2SVRVTWlxQTlDWWxONlpWV2JXZgp6NW12NENKMG1FVURGZVlhbDkramRBMmlpbzZodGYxTmxvNnZIMktjc3dNeGJoNWpKWE1IUnlhT0k3cGVUWCtICjNVTVVjOGFIbXY4K0dZei9STDdIYnRZZXV6V2FPMlBFaXRHc2lzSng1STZSbUcwSjErZmU5bVozUGhEV01zaTYKcUlNNzl3TTA4SVA4d2g5NmRlL1c1N2dmZDZINU9LWmxRL21OSENvTlViMk0wQVhGUVR6amY4Mmd4cXVHRlp1UApvWDhiWkhhYm5TK0hFRlgxRmJFSHRIMVFWS3Uxb1NCeFdLdmFBVzFmZ2J5M1huTEdKLzJvc0p0MHpmRkpFSGVwCkIvQnlzYzk0c21KRFhLWVJoQ3R5Ci0tLS0tRU5EIENFUlRJRklDQVRFLS0tLS0K",
                            "master_auth.0.client_key": "LS0tLS1CRUdJTiBSU0EgUFJJVkFURSBLRVktLS0tLQpNSUlFcEFJQkFBS0NBUUVBcUxBSnBJdG5SajhpR2hoVDlleDR4WXBKTDdqMWhrWVBMZzN3UmI4UXhzK3REVzJWCjFWcVY0VjU1ZlNyM0dwVEVEQUQvVlZZSUNjNTRxd1ZPbEZaaDlFcE5TeURuenFmV2JUOFdsbUpVZHZUcjZNeU0KSVM2NTlZalJuTEE5allvby9PZDBIMDY1Ym9RcVpCR3A5MTAzY1c1SjY5djNFUjV1WlpXMVhPWFllSXY5cWNxZgpGNkZ0NGpNS1FSREM2RzArVjRPaUJPT09UYVlUcmVMWUsycXRyRGpjRnNIcGhQdU1nQk1DOWdFQnY1Y1I0Qzd6ClpDS2R6L3FNNzdnTlllZWJDd0gxaFByYUZEU2NmWTAzVEE3THBBaUl1QWF5bmxJN0pxZGYrR3U1cXhTTEdxdG4KWXZjZThvWnBzWmRuZnZ4eFh2Tm9nbjV4ZVBiVW5ha3pKNWdXUndJREFRQUJBb0lCQUFSejNtOFJrU2U5M0czTgpCQ1hrcHRCV1F4eno2K0s4YzhyS2FrbE95ejBncGY3WDl4d3V0cmN5RThLbHRuYUJmVFNiZHdWNWcvdXc4eTQ2ClA3NmhoRE5KVnN5OWJZRDdSNXJudWIwOVdob1RFU3pXNzVZeCtUZ3RuYzE2Y2VPMnFLb1crSmkyRWtKTFViQUYKWjhrQ2hvNTFLU04yL0NVWVQ4TThyeTFvcmZlS1dUUXJzTXBkQjRjRFkrSVlTSXQ0UTg0bUxDczFYZEloaDdxaQpOWDdub3V6RjBRVUh5bHAzOE9nWmpJSGhGeWJIamlpU1FiVk54TnV1ZDBzUFVVUVVETG1uMVdhQzRNWmdFdzhBCnpIbyt1TC9tTjl4ZDFjTVcvTlRaSlFUSnFqc2gzM292Mk5jbmtMb3VybHp5OVpWRTRjK0JHdGJ1cTJHYmJlOGMKTUVQSWhzRUNnWUVBNE9YUmVadHpyTlRxb3pkL1FUL2h4ZGZkUmMrVUJaVk55aHdweXdSS2NNZGNCN2hDQzU1SQpSZ2txNzdHSDNMaEJGUnYxd29pVGdSN09yUVJmK1JsbjJkMXdnZVN3ZGhSbHMvR2hQMTZ5WE1EdkloQU1OQ0RnCmp1L2NLSGJxZzdwYlN0UVFkTC9yTG10aG9YSDJVZUxVMk9oWFlDa0lqcGtFZ3J3d0J1Y0UvaUVDZ1lFQXdBUXUKbTY5eENjNDRUY0l5cHJVNzZYZFJDa1Fjd1FOS0JPbUZWZTNKUytEMFg2bldFZEtRUHVEVWpNUkhJeHVPQklKQwpPZG5vN3FyYjBWcnpWYUoyQUFpYW5sZlo1U011emh4K0g5UGs5YWorb25BM1dNZnpmQ0JXR05tTjJrQnNjQ3BLCnQvd1hRTnNuN0tBdkNpb3ZocFQ5KzBuTUdYVVFDTXRXNWs3azkyY0NnWUVBdG9md2Z6bTdKZkJkVEFGMENEcFgKL1NKWmxocUc4ZzBlNk1YNDZheGUyckFEc3NSSzNuRW1DYW5STGwreGZHUVRkcFdOM3NqSXAwaWd4KzVBRXNZYQo4c2wyVWdhUmJoVGFBclUvZ1ZaVGYxS2NBOUp3aFRLVjc0MGY2N3V3VlIvQWpyZ1ZieHlCUGRpcmtjUVQvcHdTCjBzV29mUVJ3eklQSEZIQzJyak44YXVFQ2dZQnUrL3ZVa0x0Tlo1eXpsU09ocCs5UktsMzFDUmwxbG1rYUhiK3IKd3gwdWRuL0pLMmxJTStTYjgyZm5WU3VvNXl4Vy90TTRqUE5Od0FQK0pndXYyNDlJeGJCWkJYNDBLdm5LdUQxTwpPRE9HcW45RGRJa0pEOGwwWFZ4bVVKamxKWWVIN1dueW5ncnl1Ym1CMDdSY3M3VjBuSG1RM1Q3VEdBNkVoc05iCnF3NDgwUUtCZ1FDeXBhMDNvZW5wYUVYV0VOelMxbURXNVkrZWNqVFFzbDE3Y3d0M3FFR2phNDg1b1BmT2ZZbXUKMlNaS3VQSVIvZkdTK2M2NUNSK0dCN0RBREMxSVhqRyt5eXArY2xLU2FvaXMzUkRwL0lXUElKS2tHWHVNUDJYagpuRHZxRFRFTHA4SUVxQ0VDK0NVcEdWNzFrMWVBMUpwWWlSby9FbEJGM3g2Mmc3WmtpZitxS3c9PQotLS0tLUVORCBSU0EgUFJJVkFURSBLRVktLS0tLQo=",
                            "master_auth.0.cluster_ca_certificate": "LS0tLS1CRUdJTiBDRVJUSUZJQ0FURS0tLS0tCk1JSURDekNDQWZPZ0F3SUJBZ0lRYnVYWmIwV3FvZ3VaVkNMNFpHTmJoREFOQmdrcWhraUc5dzBCQVFzRkFEQXYKTVMwd0t3WURWUVFERXlSa1pUa3pOVGcwTmkwMFkyWTVMVFJsTmpNdFltRXlOaTB6T1RjNE9UVmxNMk0xT1RRdwpIaGNOTVRnd05qQTFNVFV4TURRd1doY05Nak13TmpBME1UWXhNRFF3V2pBdk1TMHdLd1lEVlFRREV5UmtaVGt6Ck5UZzBOaTAwWTJZNUxUUmxOak10WW1FeU5pMHpPVGM0T1RWbE0yTTFPVFF3Z2dFaU1BMEdDU3FHU0liM0RRRUIKQVFVQUE0SUJEd0F3Z2dFS0FvSUJBUUNmSEJoTWczMzExRTFJY1NaQTFTVkVoMDU5a1I3UXdleEVQWG1laklQdQpJMzlVNmxvM1VGNzRIbW91aFFhSWlOT3Z0SU10bUMva0lMNFlJWmMrakovUlVvTWtIT0tiOWM5UXh1UktXMktiCkpJN3BuMTlTK2cvOXlGSy9Nb0dDK0owdGlYY29hYmNDYlQxQ2xUenNRZDJCYW1RZ2RTd0F2aXZyU2JSd2NXZC8KYUVLdVZZV3FoRm1VYWZvczN1WVNkQkVNa1hJL0JkV0xiTnNTMU8wdENEYzVOcjNLcjEyNEpDdE5kc29kbDZpTQpad2ZyUGtWbWJBaE9SajVKZkdPdVhkYTI5bTlDMVFvQWJMZ050bDZhaWJEYVJNa2RlU2VydzVYMjc3emdvdTdGCit4UzU1NklXRGprbW05aWlBbHNTeTNrSXY3SEVCYVcxWFZndUd5cUlTNkN4QWdNQkFBR2pJekFoTUE0R0ExVWQKRHdFQi93UUVBd0lDQkRBUEJnTlZIUk1CQWY4RUJUQURBUUgvTUEwR0NTcUdTSWIzRFFFQkN3VUFBNElCQVFCVQpoZHR5MGdiWkpyT2NXcUZ1YmdnVU5yT1ZxYTZ2VlpzTm56NTBtc3llS05DQzY5QTlCTE15aHl3RFh1WVc0UVliCkZFZ3pCYzlGQ0NWTWFPOHNyZURFRit0NmtsbmtHVkwrU1ZNR0NOb0dzeG9PdUdBM1RxNEI4OXo5cmFsZEZNbjYKNEVNN2pNSVRpQWttYzZIaFF3RnZxcmhCUG9XUVNLY3BST2FNQ0ZmQ0NzWXo2Ym9DZEcxNk16OFRLdUJFTTdEZwpBWnFTV3M0c0t1elVqamtoYzlBR2ZFNW5sUGhUdVQ5R1VwcWdsYlRRdkNYdEtHVEFTYVZDdVlpWlFlWS9vd0hZCjVuVUV2OThGNDZNRUxlM3VyUnNwMkVVa0ZEbWN5OW9URkxlcE5XTVMrVVl0WlcyVXRwdGtqSTR0OUU0SDNUTU8KT3RlejVkSGY4ZXI0cTcxNVJYT2sKLS0tLS1FTkQgQ0VSVElGSUNBVEUtLS0tLQo=",
                            "master_auth.0.password": "XlQGwWmOW2IeqD0L",
                            "master_auth.0.username": "admin",
                            "master_version": "1.8.10-gke.0",
                            "monitoring_service": "monitoring.googleapis.com",
                            "name": "training-cluster-1",
                            "network": "training-net",
                            "network_policy.#": "0",
                            "node_config.#": "1",
                            "node_config.0.disk_size_gb": "100",
                            "node_config.0.guest_accelerator.#": "0",
                            "node_config.0.image_type": "COS",
                            "node_config.0.labels.%": "0",
                            "node_config.0.local_ssd_count": "0",
                            "node_config.0.machine_type": "n1-standard-1",
                            "node_config.0.metadata.%": "0",
                            "node_config.0.min_cpu_platform": "",
                            "node_config.0.oauth_scopes.#": "4",
                            "node_config.0.oauth_scopes.1277378754": "https://www.googleapis.com/auth/monitoring",
                            "node_config.0.oauth_scopes.1632638332": "https://www.googleapis.com/auth/devstorage.read_only",
                            "node_config.0.oauth_scopes.172152165": "https://www.googleapis.com/auth/logging.write",
                            "node_config.0.oauth_scopes.299962681": "https://www.googleapis.com/auth/compute",
                            "node_config.0.preemptible": "false",
                            "node_config.0.service_account": "default",
                            "node_config.0.tags.#": "0",
                            "node_config.0.workload_metadata_config.#": "0",
                            "node_pool.#": "1",
                            "node_pool.0.autoscaling.#": "0",
                            "node_pool.0.initial_node_count": "3",
                            "node_pool.0.instance_group_urls.#": "1",
                            "node_pool.0.instance_group_urls.0": "https://www.googleapis.com/compute/v1/projects/sandbox-wescale/zones/europe-west1-b/instanceGroupManagers/gke-training-cluster-1-default-pool-c4e7fef4-grp",
                            "node_pool.0.management.#": "1",
                            "node_pool.0.management.0.auto_repair": "false",
                            "node_pool.0.management.0.auto_upgrade": "false",
                            "node_pool.0.name": "default-pool",
                            "node_pool.0.name_prefix": "",
                            "node_pool.0.node_config.#": "1",
                            "node_pool.0.node_config.0.disk_size_gb": "100",
                            "node_pool.0.node_config.0.guest_accelerator.#": "0",
                            "node_pool.0.node_config.0.image_type": "COS",
                            "node_pool.0.node_config.0.labels.%": "0",
                            "node_pool.0.node_config.0.local_ssd_count": "0",
                            "node_pool.0.node_config.0.machine_type": "n1-standard-1",
                            "node_pool.0.node_config.0.metadata.%": "0",
                            "node_pool.0.node_config.0.min_cpu_platform": "",
                            "node_pool.0.node_config.0.oauth_scopes.#": "4",
                            "node_pool.0.node_config.0.oauth_scopes.1277378754": "https://www.googleapis.com/auth/monitoring",
                            "node_pool.0.node_config.0.oauth_scopes.1632638332": "https://www.googleapis.com/auth/devstorage.read_only",
                            "node_pool.0.node_config.0.oauth_scopes.172152165": "https://www.googleapis.com/auth/logging.write",
                            "node_pool.0.node_config.0.oauth_scopes.299962681": "https://www.googleapis.com/auth/compute",
                            "node_pool.0.node_config.0.preemptible": "false",
                            "node_pool.0.node_config.0.service_account": "default",
                            "node_pool.0.node_config.0.tags.#": "0",
                            "node_pool.0.node_config.0.workload_metadata_config.#": "0",
                            "node_pool.0.node_count": "3",
                            "node_version": "1.8.10-gke.0",
                            "project": "sandbox-wescale",
                            "subnetwork": "training-subnet",
                            "zone": "europe-west1-b"
                        },
                        "meta": {
                            "e2bfb730-ecaa-11e6-8f88-34363bc7c4c0": {
                                "create": 1800000000000,
                                "delete": 600000000000,
                                "update": 600000000000
                            },
                            "schema_version": "1"
                        },
                        "tainted": false
                    },
                    "deposed": [],
                    "provider": "module.bootstrap-training.provider.google"
                },
                "google_container_cluster.training-cluster.10": {
                    "type": "google_container_cluster",
                    "depends_on": [
                        "google_compute_network.training_net",
                        "google_compute_subnetwork.training_subnet"
                    ],
                    "primary": {
                        "id": "training-cluster-10",
                        "attributes": {
                            "additional_zones.#": "0",
                            "addons_config.#": "1",
                            "addons_config.0.horizontal_pod_autoscaling.#": "0",
                            "addons_config.0.http_load_balancing.#": "0",
                            "addons_config.0.kubernetes_dashboard.#": "0",
                            "addons_config.0.network_policy_config.#": "1",
                            "addons_config.0.network_policy_config.0.disabled": "true",
                            "cluster_ipv4_cidr": "10.56.0.0/14",
                            "description": "",
                            "enable_kubernetes_alpha": "false",
                            "enable_legacy_abac": "true",
                            "endpoint": "35.195.39.21",
                            "id": "training-cluster-10",
                            "initial_node_count": "3",
                            "instance_group_urls.#": "1",
                            "instance_group_urls.0": "https://www.googleapis.com/compute/v1/projects/sandbox-wescale/zones/europe-west1-b/instanceGroups/gke-training-cluster-10-default-pool-24bb2626-grp",
                            "logging_service": "logging.googleapis.com",
                            "master_auth.#": "1",
                            "master_auth.0.client_certificate": "LS0tLS1CRUdJTiBDRVJUSUZJQ0FURS0tLS0tCk1JSUMyekNDQWNPZ0F3SUJBZ0lSQUpVWHRVK0RITFhxSkg5WkFDSjFxTTh3RFFZSktvWklodmNOQVFFTEJRQXcKTHpFdE1Dc0dBMVVFQXhNa01tUXlOVE16TnpNdFptUmpOaTAwTjJNekxUazBZVGd0TUdKaE1XWm1OVEU0WWpJdwpNQjRYRFRFNE1EWXdOVEUyTVRBME1Gb1hEVEl6TURZd05ERTJNVEEwTUZvd0VURVBNQTBHQTFVRUF4TUdZMnhwClpXNTBNSUlCSWpBTkJna3Foa2lHOXcwQkFRRUZBQU9DQVE4QU1JSUJDZ0tDQVFFQXlGOWJRL1FOMVUzNUhhbU0KeDBNZG91cTgrYjFicERnSXJock1zTm1kU1Nib1dKVHUrTE53M3R4c0s1NVFtNXVqbE9NYkZzOG9VcWNiYUtUaApUN0pPNWpWZ3U5SnBFc3UwQlFHYWhXOGN3aDloTFMvQ1Izd1FYblZldVVDVEZDTVRsM0VoL1hZVkYzNTRPaGpBClpDVHNuM1FuMkdncXNpMjRRTTlpbVF4SGYrRmdlOGg4MFpmeTQ0YmtMMno5Ymtma0xUSzN5NzVVWUhGMjVJY0cKK29mRFhkYktZeWl2azZzdmEzVFNpeEkwRVM2QUc2VXVINWRqajc3U1FFZ0xqUGlCS2JiR1ZJc09DUHhIa1ljVQprcU02RmdHNGVJV2JqQ0dhTUtRTDhMMFBoVmZPWHlQOFJndlFNeEtmMzVCL1ZkQVhRdEhybG42em9PaUVHaHVvCkVXdGprd0lEQVFBQm94QXdEakFNQmdOVkhSTUJBZjhFQWpBQU1BMEdDU3FHU0liM0RRRUJDd1VBQTRJQkFRQnQKQ0xxNzliSnJTa1JtZmFkcTVLVE04K1JlZU9qaHZRZGd1NDBWQTZZMzViazBra0xrZmVLRHNLMTVGMFVPcENEOQpVai9zdVhwaU9pOTNEais5OVVLcE96MExEdVNBTXJ1eDd5MXYyZllkVktFTTVRS0FwWDUyd0pZdE5IVXhTNzJ0CkQ5WllkN1l1SUp1eGtnZmVCbytkTTljcTM0UFhKcjVYb0orYjRuK0FYeFowakt3eklDZC9ueTZVekcrRWc1WVEKdFlQaWIxVUs1THROTmdDdTVNZzU5QTM4NTB3OXA5N0VEbmVORjZHZU5BTCsyaXNKUXRZSnFZK2dSUmlDUytOTQpacDN3Y2krMER4TWZINTFrdStqU3dMZ1QvQ3BUQzZhYTVMU2dMOUU5S1JCOUs5aTIxT3RaWUMvSmlNRi9saCtOCjQ4Uk9rNzZjNDBNczE5ZndLaElOCi0tLS0tRU5EIENFUlRJRklDQVRFLS0tLS0K",
                            "master_auth.0.client_key": "LS0tLS1CRUdJTiBSU0EgUFJJVkFURSBLRVktLS0tLQpNSUlFcEFJQkFBS0NBUUVBeUY5YlEvUU4xVTM1SGFtTXgwTWRvdXE4K2IxYnBEZ0lyaHJNc05tZFNTYm9XSlR1CitMTnczdHhzSzU1UW01dWpsT01iRnM4b1VxY2JhS1RoVDdKTzVqVmd1OUpwRXN1MEJRR2FoVzhjd2g5aExTL0MKUjN3UVhuVmV1VUNURkNNVGwzRWgvWFlWRjM1NE9oakFaQ1RzbjNRbjJHZ3FzaTI0UU05aW1ReEhmK0ZnZThoOAowWmZ5NDRia0wyejlia2ZrTFRLM3k3NVVZSEYyNUljRytvZkRYZGJLWXlpdms2c3ZhM1RTaXhJMEVTNkFHNlV1Ckg1ZGpqNzdTUUVnTGpQaUJLYmJHVklzT0NQeEhrWWNVa3FNNkZnRzRlSVdiakNHYU1LUUw4TDBQaFZmT1h5UDgKUmd2UU14S2YzNUIvVmRBWFF0SHJsbjZ6b09pRUdodW9FV3Rqa3dJREFRQUJBb0lCQUR4UlhFZDJBZTRLeFdtMAoveENDOXpweVlJWHJoMWxGbHZOV1ZQVU41VWUrb3lYN1czN1pnYXBNLzNFWC9Oc0MvTGpXcnZKc1ZRNmdpR00xCmN6QUxGSzQvTmtvRUdxWlNWUFJHMmMyK041R0dZYm41RFFwNDRmS1ZjWGpoNUFTbFZJSDd5QWdsVWs4YXZyVjYKZXZ3S2s0S2l0RlgwY1pubW9uYzhGc25NeFA5TS8rZHMreVBMQmtxYlhPNG95MlVHZGkwcWsxdHZJNDczdjlBeApXUm15TXNzY1pmZzl0N1Z3WWxnQmRpdWxQOXNQbUYwaWQwTFhySXk1bmJrNjNKZjRUdTRpaWdDTE1SSmNWY3BrClJJWjJLbXlkY25sMU9sWGFPRDc0d2tVNGttaWVrZk85YU9EWUJ5SVFNVTk0eWIxazJtaXdkUEw3N0NRY0lLYTQKb3Vrdk0yRUNnWUVBOWw1b053RFpaWUg0K2d6TmdVN254T05wd2JuRmd3SlNFbndMbXd4ZzE1L2pNVExEWjJ6eQpPbkhvZkFtcWpiR244MkNINHlNaVp3MEFXTlJQN1Zla0NoVmF5eW9SSUZhTDNya1dacmQxWm50bm1lU2I0dDNoCjh5bkppdTBienJoNFR1UCsrK2oxWXM3Qm1TT2JzRjJTS1RBeG9wMFNrczBXeGxnQldyUERzbk1DZ1lFQTBEU2gKZlhETDZxYmxtMkJQQm9qMjIyaUhXbjRWTW1CQTBsWWJGVFhJY3JqdkRKamRPK21uejlBQjhFQ0V5QVhVSFp0TwpPOXZEc0NrTS9MZHBWS280YXlLK1owZzZZNmZ5OTVZd2pWUVdtM1BVdVo0NTlLUjFHWldRcjV5ZTZtMjB5dU5PClR6a1BmNU9tTjJTRDVNeTVwYXY1T01mazRmYkxCQ1k1Rmg5SW9tRUNnWUVBNjhXQk9sSW51a3JkK0g1VUZORnMKWURHNlBka0l1YzE0dVpQWWozTVRJb2N5cHh5TGYrajFEeFYvaFdUQ3dZTW8xWEtsMktzQSsxbW40VnFkZXVlSwpadFAwNWNUR1N3cElKTWRBTnVDUEM1cEJsVGNBTCtaam00OTcvdVhXM01nUTZuNnF3RzA2bUdxQlA0cWlMZS8rCk5raVcxNlkxNWlNN0RtbWVNaTBpdFIwQ2dZRUF2N2gzTEVkOXZxbklySGJXempHNC92a1dDbUlucXFldmlQLzUKR0dMYUhhbmxsamY5SUhwY0tLUmw1SkhFczF1S28yaXJkYnM4U3k3QjRzUVJuZ0RReXZiSFZkdlF5SXVTMUNIYwp1NGMrK2c2RFNCbEhUTnRUYVNlc2Y4azlIS25BM1VMS2pYRUJzSHlKaG1Cc2czZHhTL2s4R09rWS9tcC9MMmJ6CkVrZmtYb0VDZ1lCMWYyM0w4L0hCQ2JwL1ZrRVNCbUh4Z2pqL3NkL2h2Snlkd0cxWlp0RFJGMWFVTE1GSG12OWEKUjNvY3pHSkhjZFphTDc2d1Z5MTE5VzQ3eHl6ZDN0aC9SSW9jYkRNS3QyWDVwWml6OTU2UkpQNDBIWE1wY09kRQpheWNPZEt6bmpIMlR0blp3SndTVmNybWJqbTZKZFhTc25XTUlQeW41bDNva0YvMHVoUk9zb1E9PQotLS0tLUVORCBSU0EgUFJJVkFURSBLRVktLS0tLQo=",
                            "master_auth.0.cluster_ca_certificate": "LS0tLS1CRUdJTiBDRVJUSUZJQ0FURS0tLS0tCk1JSURERENDQWZTZ0F3SUJBZ0lSQUtib0c4bXpORXBlNk9HR0RaZmRXbEF3RFFZSktvWklodmNOQVFFTEJRQXcKTHpFdE1Dc0dBMVVFQXhNa01tUXlOVE16TnpNdFptUmpOaTAwTjJNekxUazBZVGd0TUdKaE1XWm1OVEU0WWpJdwpNQjRYRFRFNE1EWXdOVEUxTVRBME1Gb1hEVEl6TURZd05ERTJNVEEwTUZvd0x6RXRNQ3NHQTFVRUF4TWtNbVF5Ck5UTXpOek10Wm1Sak5pMDBOMk16TFRrMFlUZ3RNR0poTVdabU5URTRZakl3TUlJQklqQU5CZ2txaGtpRzl3MEIKQVFFRkFBT0NBUThBTUlJQkNnS0NBUUVBcEVyd205R0dCYzNjV1pWRzM5QmllMVptd01hMklKZDJPK2RkWGNraQpqb1NDenR0dWd4bkV4VVBaTE03Skx6YzdTN0pCTkVBNHFpTHRJNHM4anNyN0pVQXBWWUVObjcvY0FQcUU3YjdhClJSZStwQklqKzhEcWRZWStwNHg4SEZtNnhDNktlT1NGaURXYk40emZTM3l1blh2eklYLzNoM2JHN1Jla0owcmYKc1kvOXZ4RkNUdnBiU2pwaGlHL2p2TXVCejN6dk4veVpiSVY5c21kY0lmM1ZJdEllZ3cwUzVOME5KM3ErdmQ1VApCSzJYS3hYNjJibE5OUkNUZEtDb1RqQVRDRG9tUFNWTzc0ZzJGYWU0dTNJY2hPU2I2WjRMOHFUSVlGcjdmTGFBCjVXZ1BHaGJGSGM3NCtaRDlrdjFsTGFrbm53NzVndkhyL3YvYkhuVjVpcGpOdXdJREFRQUJveU13SVRBT0JnTlYKSFE4QkFmOEVCQU1DQWdRd0R3WURWUjBUQVFIL0JBVXdBd0VCL3pBTkJna3Foa2lHOXcwQkFRc0ZBQU9DQVFFQQpQd0ptQnNPWWhUTkZ3R2V6NmtPM2VjVW5EYk5TdStBQnNkd1V3bTA0OEMxSUJYQ1JOUWFOaFR4UHNEaG43YXJXClU2d0gra1ZyRUtKU2VGWkRFcGdjS25KckxzV1QxT0x1SEdBLy92SW40YkRZby9ublZ1czdMUzdrNkRmOVJtMHUKME9nckRzczhJVlRjai9XYis5UXBpaDZ1N1E3SGFBdWdJaDlUb21TKzgwaTdHVmRWK2o3TFVSNGlUVERrTFFmagpEdkJmWVdIUnA2NGozeitZQVo5NzYxSnZwdGVBUXBvbmFDMUZzSE04UTBzS2o1OVQ5WHIrWkhyNnRONHBPR0ZLCnBjY1ZhekRtV0t6cU1uVkkwNDZtT2hrSTdtRUNGeGlmY2l0NzN1S0tPVDJkOFkyaE1BT3J5NDNuNmRkTlRmV3MKSmg0VUdrZnpCaExJcDljSWxLSlAyZz09Ci0tLS0tRU5EIENFUlRJRklDQVRFLS0tLS0K",
                            "master_auth.0.password": "5E21ewla7PdgKieO",
                            "master_auth.0.username": "admin",
                            "master_version": "1.8.10-gke.0",
                            "monitoring_service": "monitoring.googleapis.com",
                            "name": "training-cluster-10",
                            "network": "training-net",
                            "network_policy.#": "0",
                            "node_config.#": "1",
                            "node_config.0.disk_size_gb": "100",
                            "node_config.0.guest_accelerator.#": "0",
                            "node_config.0.image_type": "COS",
                            "node_config.0.labels.%": "0",
                            "node_config.0.local_ssd_count": "0",
                            "node_config.0.machine_type": "n1-standard-1",
                            "node_config.0.metadata.%": "0",
                            "node_config.0.min_cpu_platform": "",
                            "node_config.0.oauth_scopes.#": "4",
                            "node_config.0.oauth_scopes.1277378754": "https://www.googleapis.com/auth/monitoring",
                            "node_config.0.oauth_scopes.1632638332": "https://www.googleapis.com/auth/devstorage.read_only",
                            "node_config.0.oauth_scopes.172152165": "https://www.googleapis.com/auth/logging.write",
                            "node_config.0.oauth_scopes.299962681": "https://www.googleapis.com/auth/compute",
                            "node_config.0.preemptible": "false",
                            "node_config.0.service_account": "default",
                            "node_config.0.tags.#": "0",
                            "node_config.0.workload_metadata_config.#": "0",
                            "node_pool.#": "1",
                            "node_pool.0.autoscaling.#": "0",
                            "node_pool.0.initial_node_count": "3",
                            "node_pool.0.instance_group_urls.#": "1",
                            "node_pool.0.instance_group_urls.0": "https://www.googleapis.com/compute/v1/projects/sandbox-wescale/zones/europe-west1-b/instanceGroupManagers/gke-training-cluster-10-default-pool-24bb2626-grp",
                            "node_pool.0.management.#": "1",
                            "node_pool.0.management.0.auto_repair": "false",
                            "node_pool.0.management.0.auto_upgrade": "false",
                            "node_pool.0.name": "default-pool",
                            "node_pool.0.name_prefix": "",
                            "node_pool.0.node_config.#": "1",
                            "node_pool.0.node_config.0.disk_size_gb": "100",
                            "node_pool.0.node_config.0.guest_accelerator.#": "0",
                            "node_pool.0.node_config.0.image_type": "COS",
                            "node_pool.0.node_config.0.labels.%": "0",
                            "node_pool.0.node_config.0.local_ssd_count": "0",
                            "node_pool.0.node_config.0.machine_type": "n1-standard-1",
                            "node_pool.0.node_config.0.metadata.%": "0",
                            "node_pool.0.node_config.0.min_cpu_platform": "",
                            "node_pool.0.node_config.0.oauth_scopes.#": "4",
                            "node_pool.0.node_config.0.oauth_scopes.1277378754": "https://www.googleapis.com/auth/monitoring",
                            "node_pool.0.node_config.0.oauth_scopes.1632638332": "https://www.googleapis.com/auth/devstorage.read_only",
                            "node_pool.0.node_config.0.oauth_scopes.172152165": "https://www.googleapis.com/auth/logging.write",
                            "node_pool.0.node_config.0.oauth_scopes.299962681": "https://www.googleapis.com/auth/compute",
                            "node_pool.0.node_config.0.preemptible": "false",
                            "node_pool.0.node_config.0.service_account": "default",
                            "node_pool.0.node_config.0.tags.#": "0",
                            "node_pool.0.node_config.0.workload_metadata_config.#": "0",
                            "node_pool.0.node_count": "3",
                            "node_version": "1.8.10-gke.0",
                            "project": "sandbox-wescale",
                            "subnetwork": "training-subnet",
                            "zone": "europe-west1-b"
                        },
                        "meta": {
                            "e2bfb730-ecaa-11e6-8f88-34363bc7c4c0": {
                                "create": 1800000000000,
                                "delete": 600000000000,
                                "update": 600000000000
                            },
                            "schema_version": "1"
                        },
                        "tainted": false
                    },
                    "deposed": [],
                    "provider": "module.bootstrap-training.provider.google"
                },
                "google_container_cluster.training-cluster.2": {
                    "type": "google_container_cluster",
                    "depends_on": [
                        "google_compute_network.training_net",
                        "google_compute_subnetwork.training_subnet"
                    ],
                    "primary": {
                        "id": "training-cluster-2",
                        "attributes": {
                            "additional_zones.#": "0",
                            "addons_config.#": "1",
                            "addons_config.0.horizontal_pod_autoscaling.#": "0",
                            "addons_config.0.http_load_balancing.#": "0",
                            "addons_config.0.kubernetes_dashboard.#": "0",
                            "addons_config.0.network_policy_config.#": "1",
                            "addons_config.0.network_policy_config.0.disabled": "true",
                            "cluster_ipv4_cidr": "10.60.0.0/14",
                            "description": "",
                            "enable_kubernetes_alpha": "false",
                            "enable_legacy_abac": "true",
                            "endpoint": "35.205.30.251",
                            "id": "training-cluster-2",
                            "initial_node_count": "3",
                            "instance_group_urls.#": "1",
                            "instance_group_urls.0": "https://www.googleapis.com/compute/v1/projects/sandbox-wescale/zones/europe-west1-b/instanceGroups/gke-training-cluster-2-default-pool-4a370393-grp",
                            "logging_service": "logging.googleapis.com",
                            "master_auth.#": "1",
                            "master_auth.0.client_certificate": "LS0tLS1CRUdJTiBDRVJUSUZJQ0FURS0tLS0tCk1JSUMyekNDQWNPZ0F3SUJBZ0lSQU5zaHJGWmFYNnV4eDcvVVdocGU0S1l3RFFZSktvWklodmNOQVFFTEJRQXcKTHpFdE1Dc0dBMVVFQXhNa1lUSTVOMkZoTURZdFlqQTRPUzAwWldFMExUaGpOR010T0dObU5XTXpZMk5oTnpRdwpNQjRYRFRFNE1EWXdOVEUyTVRNeU1sb1hEVEl6TURZd05ERTJNVE15TWxvd0VURVBNQTBHQTFVRUF4TUdZMnhwClpXNTBNSUlCSWpBTkJna3Foa2lHOXcwQkFRRUZBQU9DQVE4QU1JSUJDZ0tDQVFFQW9uM1htb2RuQ2hldUlsaGwKUktMMXJsRkNhbldZT0o3bXZiS1N6bDlPVGllbzhKelUzcEkrdkJvSnF1cFJCSjAwQ2xvTG1MaXR0bVZuRTVIUQpBY1F0cFJBbDI1bEpPNG9FcWdrV2Q2WExNWThKajZHVExvTjZoeCs4cFRIN25kTHh4bFN4SVJiMnp3aFFYUk05CjltcmluRmJoSlR2L2RRREwrcHdpRkZ4NGM2bjZRdXRFNXc0UTV4VVVvT21uaUJXSVRNM0J1WFVMZ0NVSFFMTEkKYjdOeHA0dW9XR016Vmd1bHFOSDZCUWlCRG01VzJLYzBXNTZwYWJSTUM3eE4zbVVmOGZZditQMVNvOVBiS29LSQpiU2VVV2l4MmtQUE5iQjhvM1NOZVkrL2I1dERFOEt0bEs4YitvM2JMWTEyNUkvYmUyeUtLTjZyTUx3cUtkRnJhCjUyOG5Rd0lEQVFBQm94QXdEakFNQmdOVkhSTUJBZjhFQWpBQU1BMEdDU3FHU0liM0RRRUJDd1VBQTRJQkFRQSsKdU1qWkVoSWxVOUgwZzV6L095aXpOYjJ6aGxEYVZKSjhtK2plWitEMmZjMlpOZUxVbmlzbFlzSFBiaFd6L2R6NApaSGZ3R1VpbHdHRk80bzRMSERrK1dFWmVSNFBuK0JGYjY5eWYrYlhOZUVVZlAyT0U1dEdCVkplQmVsUGdqRi9ZClRiQThmWUJrRlp2aUlFZjBjSys4U0pLWHNqK1hpVDJKSnpzVGZYbnFoTGtjTHVINzIvMUdacU12dWw3dzBiLzQKMHlzeThBa3JQZDdwVUc5c2pna0pvaVRLbENlU3VmSEluVGpkeFdmb0hpejAwYXlZR1YvbHdVZlFLWjYvR1RUMQorMWVEMDVtVnlsLzVQMVN0dnVBVCtIRFgrbnRoQ2dGL3lOR3RhNWFTUEhYMnVxK1JRQU5lY0tmUVdmTkVLR3dNCkNSWDk5a1U4eDZwTjZwZUNTZ2Q2Ci0tLS0tRU5EIENFUlRJRklDQVRFLS0tLS0K",
                            "master_auth.0.client_key": "LS0tLS1CRUdJTiBSU0EgUFJJVkFURSBLRVktLS0tLQpNSUlFb3dJQkFBS0NBUUVBb24zWG1vZG5DaGV1SWxobFJLTDFybEZDYW5XWU9KN212YktTemw5T1RpZW84SnpVCjNwSSt2Qm9KcXVwUkJKMDBDbG9MbUxpdHRtVm5FNUhRQWNRdHBSQWwyNWxKTzRvRXFna1dkNlhMTVk4Smo2R1QKTG9ONmh4KzhwVEg3bmRMeHhsU3hJUmIyendoUVhSTTk5bXJpbkZiaEpUdi9kUURMK3B3aUZGeDRjNm42UXV0RQo1dzRRNXhVVW9PbW5pQldJVE0zQnVYVUxnQ1VIUUxMSWI3TnhwNHVvV0dNelZndWxxTkg2QlFpQkRtNVcyS2MwClc1NnBhYlJNQzd4TjNtVWY4Zll2K1AxU285UGJLb0tJYlNlVVdpeDJrUFBOYkI4bzNTTmVZKy9iNXRERThLdGwKSzhiK28zYkxZMTI1SS9iZTJ5S0tONnJNTHdxS2RGcmE1MjhuUXdJREFRQUJBb0lCQURKTlFyRlR1VkltZ29HZgpXN29qdUdwK1BWRTNsaWZ4Q1Awd2lzSFlQeVZ5b1puYTh3cnp1dmdBRjM0Umk0TWlKem9OSmduaEllV1UvcFBRClQ5UThKdVV5V29YZ3Jnc0FidkUwWHdBckV2d0VpN0VyRTZVU2pwdkY5MkFzV1BoQ2xSWVFvY1RjbHdzQVIrQ0kKVkdZME1ISzFjbjFVVllDaS9vSldVelo2YWM5a0VRTnB1YnM5ektLZzZWV0JpTHh0cEx3QSt0aHNHMU9IS3FxNQpub1NBbGZLVFMxbWlGa2tyZDVWY09ML053TGxIK2hPalNIN1lkZHUxeTFYZUU5ejZINlFlaGp6MkdPWnEyUUlyCmVhQUhrSHF0Y3NZSjdIVzBlaWFBMWh3ZnJkOStoQkNzQ3lSZ2h0Y1g2bnp6YitFYzcyTkxiQkhZeVJ4WjdFbFMKaUJwT1NnRUNnWUVBMFV0QjJ1M1MvS0xnb3c5Sk1aOHBLdTZHZ0tqNXpOdThOd2xGaTJlOFVoN0paN2FMR09FNQpUNU5rTXZVVlhOcW0rK21xZXdvbCtWeG5ZMVRhcGo3S21Ucm4rRlIyaEZnVkZ4bVdOT042UHpsMUVIL2ROcU5iCjBOdXV2SjVTbjZYZFZkdHBnYXhueXhCNDBMK2p2a0JWbHN5Q3FMREpCdUZPZnFkd21wcHdVaDBDZ1lFQXhzRFEKTnFGUCtnUFUvOUoveHJGU2dmMnpsWW51NGNheklmV09PM0NPbk42bUEzOWFVejkvOUZ0d0JiTC9QNUlublowTgpVL0QwWTN0akIwRkMyQ1BlWjZWUDUxaXBRV3N4Y3Iydno4SXhLWDJjKzZBUjZmZitnQXMxcnlLZEcvWVlJaXdSCjVCa1JJUnNWWVBBUmNJa0ZOa21raUZNaTJBUE50Q05YRGFwa0lOOENnWUFYcFJUdmt1YS9PL2Q4OUlFa1pnTFUKb3RYM094L2RrUVdXZ2ltbE1qY0lZQW9JK1lxRmFReDhmUDVZODI5U2FqRnJURjdDUDhkQ2dMbjljdHl3NDI4bwpHSXVVZHBaZEpVWmNzYnRTaGxDTlRBUjV0TGhkTDk5em5SNEVtUzVrY3V5cWdudE05eGxTeTYyYWg4d0w5bUMxCkJLM09PUXE5Q0Q5Qjk5QzA1clhCMFFLQmdRQ0lDWWM2TFRWcGdkL3piZWZKWHF1RGo5dXdXZVdvb1hFUXFGcysKOGU2YkRvWUExTlZGTDZ4cjIzNFVXSXordlJIaWZwR1Z4OUh1bVpDUmNhakgrZDBMZ2ducjVqS0xOVXgySmNGRgphYnh1a3F5MVNiMlpNQVlCTENzRmdhS1pkZHJVNE9jcUFjSklyNW4xYkx2ekU4WCtmMjlmWTgvd25NSGFMMm94ClQxUVRid0tCZ0NJZStyR1VSaXJQTnljd3NHazgyYzA5Y1N6WE00bzMxUzh2QkZzb2VOUHROd3pqK3NlTDdoQ1MKWHl3NnhkanFoTWpxcUFOZHRhMnJmcGVRQTQ2bGNMUGhsZVppeGVZanUwcGRteDVnVmdMeGxmUVd3T005b1l1MgpwblJIWDIwRUxTOFp6K3pKL0JoeW1hRnltTGFIeFVJMHF0Y1d4Ui9td1BOOStKRVVDTTdmCi0tLS0tRU5EIFJTQSBQUklWQVRFIEtFWS0tLS0tCg==",
                            "master_auth.0.cluster_ca_certificate": "LS0tLS1CRUdJTiBDRVJUSUZJQ0FURS0tLS0tCk1JSURERENDQWZTZ0F3SUJBZ0lSQUxucXVsVGxZL2xaTXFyYXhEOHZ3a0F3RFFZSktvWklodmNOQVFFTEJRQXcKTHpFdE1Dc0dBMVVFQXhNa1lUSTVOMkZoTURZdFlqQTRPUzAwWldFMExUaGpOR010T0dObU5XTXpZMk5oTnpRdwpNQjRYRFRFNE1EWXdOVEUxTVRNeU1Gb1hEVEl6TURZd05ERTJNVE15TUZvd0x6RXRNQ3NHQTFVRUF4TWtZVEk1Ck4yRmhNRFl0WWpBNE9TMDBaV0UwTFRoak5HTXRPR05tTldNelkyTmhOelF3TUlJQklqQU5CZ2txaGtpRzl3MEIKQVFFRkFBT0NBUThBTUlJQkNnS0NBUUVBdHAyN0pkME9zV09yeHQyTDBlWkJ3T0RjU21iVXlOWHNndTlVck4rMwpnelJVVEVPaTFzc0laRU9PTVp1aWJOb3o4NDNHdlQwTGpyYkc0K3FIWERoOStRMnZLSUlhZEtBb2tLVmpaRTcrClF4YlJTV3k3UDBBU1puc21KT3lnRmczNkxpL2pCd3hFZ2ozSG43MEl1bTVPNEJaemp1ZlZpWVZoOXhpVnQ3aGMKelRGVjRLdVZ5MTh3dExsemRKMXF0T1NQTHdOaEZ4cUJyVXpkVnc4b3lOZVRBVmdYWHNPMkRPWm8xbHZQbTlEMgpqSmFubjZoVUwveHc1QUV0amtRc1crd3VMYStPUXFsYnFHbFB5bXlRcGMyWjdLOWN2OWVlNktvdm04WGluVnlTCkhabU1OMml4NG9iNXBBbXlNYzl1ZlZHZnk2cERGVXBOM0lDNGZwTXpXMHBHV3dJREFRQUJveU13SVRBT0JnTlYKSFE4QkFmOEVCQU1DQWdRd0R3WURWUjBUQVFIL0JBVXdBd0VCL3pBTkJna3Foa2lHOXcwQkFRc0ZBQU9DQVFFQQpveWxIRE5yRlNNbEMyL3R0VmhPMkxoZ2UzalJub2ZMMEx3TllsSTc0YlNVakoxenM1T2V3dEpZbzJXZnFwVzVkCjFLM0Z4bE9pTGlCakNsU1E4U1h3WTNDUXJ0NjJUWmpGUjlNOFJpQWlUU0RwSkt3eTd0VUJyRTRDVWRNQlcvRDcKd1FtK1NTQlhueURsemt5enN2YjlsMGMvU2FsQTZsQjRyZTVVV0xucGUvTEg4YTY2TC9sN0NCdG5CREVPUDRydQoyczJyZ0JUMmtkejE0Y1dza054Zmd0c2RZdjV5R3NLYjdhbzMxR0Z4dnNKTmpJVDAyby9FTVJ4ZDZnKzNSeW8vCmlDeEhXK3EzZWFJV1o2djZZVzdNcUplVjdjWldPVURNeWxxZGVsQlJOSkN2dUpXdXI3M3ZSRUhCVlJXSEJFcWYKVjVaOWJRemRqUmFwRDI1MENhK2Q3QT09Ci0tLS0tRU5EIENFUlRJRklDQVRFLS0tLS0K",
                            "master_auth.0.password": "TWb5h7EtJ51OrMtN",
                            "master_auth.0.username": "admin",
                            "master_version": "1.8.10-gke.0",
                            "monitoring_service": "monitoring.googleapis.com",
                            "name": "training-cluster-2",
                            "network": "training-net",
                            "network_policy.#": "0",
                            "node_config.#": "1",
                            "node_config.0.disk_size_gb": "100",
                            "node_config.0.guest_accelerator.#": "0",
                            "node_config.0.image_type": "COS",
                            "node_config.0.labels.%": "0",
                            "node_config.0.local_ssd_count": "0",
                            "node_config.0.machine_type": "n1-standard-1",
                            "node_config.0.metadata.%": "0",
                            "node_config.0.min_cpu_platform": "",
                            "node_config.0.oauth_scopes.#": "4",
                            "node_config.0.oauth_scopes.1277378754": "https://www.googleapis.com/auth/monitoring",
                            "node_config.0.oauth_scopes.1632638332": "https://www.googleapis.com/auth/devstorage.read_only",
                            "node_config.0.oauth_scopes.172152165": "https://www.googleapis.com/auth/logging.write",
                            "node_config.0.oauth_scopes.299962681": "https://www.googleapis.com/auth/compute",
                            "node_config.0.preemptible": "false",
                            "node_config.0.service_account": "default",
                            "node_config.0.tags.#": "0",
                            "node_config.0.workload_metadata_config.#": "0",
                            "node_pool.#": "1",
                            "node_pool.0.autoscaling.#": "0",
                            "node_pool.0.initial_node_count": "3",
                            "node_pool.0.instance_group_urls.#": "1",
                            "node_pool.0.instance_group_urls.0": "https://www.googleapis.com/compute/v1/projects/sandbox-wescale/zones/europe-west1-b/instanceGroupManagers/gke-training-cluster-2-default-pool-4a370393-grp",
                            "node_pool.0.management.#": "1",
                            "node_pool.0.management.0.auto_repair": "false",
                            "node_pool.0.management.0.auto_upgrade": "false",
                            "node_pool.0.name": "default-pool",
                            "node_pool.0.name_prefix": "",
                            "node_pool.0.node_config.#": "1",
                            "node_pool.0.node_config.0.disk_size_gb": "100",
                            "node_pool.0.node_config.0.guest_accelerator.#": "0",
                            "node_pool.0.node_config.0.image_type": "COS",
                            "node_pool.0.node_config.0.labels.%": "0",
                            "node_pool.0.node_config.0.local_ssd_count": "0",
                            "node_pool.0.node_config.0.machine_type": "n1-standard-1",
                            "node_pool.0.node_config.0.metadata.%": "0",
                            "node_pool.0.node_config.0.min_cpu_platform": "",
                            "node_pool.0.node_config.0.oauth_scopes.#": "4",
                            "node_pool.0.node_config.0.oauth_scopes.1277378754": "https://www.googleapis.com/auth/monitoring",
                            "node_pool.0.node_config.0.oauth_scopes.1632638332": "https://www.googleapis.com/auth/devstorage.read_only",
                            "node_pool.0.node_config.0.oauth_scopes.172152165": "https://www.googleapis.com/auth/logging.write",
                            "node_pool.0.node_config.0.oauth_scopes.299962681": "https://www.googleapis.com/auth/compute",
                            "node_pool.0.node_config.0.preemptible": "false",
                            "node_pool.0.node_config.0.service_account": "default",
                            "node_pool.0.node_config.0.tags.#": "0",
                            "node_pool.0.node_config.0.workload_metadata_config.#": "0",
                            "node_pool.0.node_count": "3",
                            "node_version": "1.8.10-gke.0",
                            "project": "sandbox-wescale",
                            "subnetwork": "training-subnet",
                            "zone": "europe-west1-b"
                        },
                        "meta": {
                            "e2bfb730-ecaa-11e6-8f88-34363bc7c4c0": {
                                "create": 1800000000000,
                                "delete": 600000000000,
                                "update": 600000000000
                            },
                            "schema_version": "1"
                        },
                        "tainted": false
                    },
                    "deposed": [],
                    "provider": "module.bootstrap-training.provider.google"
                },
                "google_container_cluster.training-cluster.3": {
                    "type": "google_container_cluster",
                    "depends_on": [
                        "google_compute_network.training_net",
                        "google_compute_subnetwork.training_subnet"
                    ],
                    "primary": {
                        "id": "training-cluster-3",
                        "attributes": {
                            "additional_zones.#": "0",
                            "addons_config.#": "1",
                            "addons_config.0.horizontal_pod_autoscaling.#": "0",
                            "addons_config.0.http_load_balancing.#": "0",
                            "addons_config.0.kubernetes_dashboard.#": "0",
                            "addons_config.0.network_policy_config.#": "1",
                            "addons_config.0.network_policy_config.0.disabled": "true",
                            "cluster_ipv4_cidr": "10.12.0.0/14",
                            "description": "",
                            "enable_kubernetes_alpha": "false",
                            "enable_legacy_abac": "true",
                            "endpoint": "104.199.24.153",
                            "id": "training-cluster-3",
                            "initial_node_count": "3",
                            "instance_group_urls.#": "1",
                            "instance_group_urls.0": "https://www.googleapis.com/compute/v1/projects/sandbox-wescale/zones/europe-west1-b/instanceGroups/gke-training-cluster-3-default-pool-128787d2-grp",
                            "logging_service": "logging.googleapis.com",
                            "master_auth.#": "1",
                            "master_auth.0.client_certificate": "LS0tLS1CRUdJTiBDRVJUSUZJQ0FURS0tLS0tCk1JSUMyekNDQWNPZ0F3SUJBZ0lSQUlKUHh0T1FUZHJLK0xoTUc3dHlacnN3RFFZSktvWklodmNOQVFFTEJRQXcKTHpFdE1Dc0dBMVVFQXhNa05UZ3lPVEV4WXpNdFpEa3dNQzAwWmpCaExUaGxaakV0TURWbE5Ea3pZalExWm1ZMwpNQjRYRFRFNE1EWXdOVEUyTVRBME1Wb1hEVEl6TURZd05ERTJNVEEwTVZvd0VURVBNQTBHQTFVRUF4TUdZMnhwClpXNTBNSUlCSWpBTkJna3Foa2lHOXcwQkFRRUZBQU9DQVE4QU1JSUJDZ0tDQVFFQSs2TWRHeG94a1ExRnJEekgKN3JEZHgzWDMwSEFtZnNhQzZKb2lDeC9IMWFyWExzUjg1OFV3U3B2d0hqdDFrVDY0Ym9COVFsbFlkczFGUkhLWgpaak9VRGREN3kraEZ1T051dzhwdEpDbEFmcTVhUmlieitaTzBHNXRoRnJnbmxtbWFGbWhodlZjbVlaYktRTHEvCm5UUWUrL0xUZkhsVnhJeHNsNm1ISmF1K0tUQ0FLU0FHTC83MitpZkRxb1F6cGpwcndSYXhibVFMNmhzcmtjTnMKWW5Ta1VTdWJLMUg4Z045OTkzeXZ3OU5kMktqaTF6bWVjTTRqWFNybi9mUHBUT3poVktOUDNjT1c2a1VYaUpVUgp5SVhRemhaUXRhVGxFWG5hTVhFSTRyOUdlZ0QwYW1CSUVKcFBaUWlFZC9CMlVZMUVLU29PTmgySDFDVy9OTElsCkJSNEY4d0lEQVFBQm94QXdEakFNQmdOVkhSTUJBZjhFQWpBQU1BMEdDU3FHU0liM0RRRUJDd1VBQTRJQkFRQXMKbVZQN2NPSU5wOW1zeUYzOUpXU2V1eFpURW1WUVByaFhyRjVxZUdhQ205UlZWRVpQWDQ2b0N6cDVVaGxnSm1EWApKZ283SjN4RFFuTTBzQnV4NUJNUXltdHFnSWN6YzVrb296UE03ZVZJbFJzZGZKbEl6OG9UZS9wVlJxZ2hiNE5CCklSRlhVWmNDMC9CY3VTTWFjUmN6cWIxSUdVYUlvS1RVR2dPNzh0ZjJKVkdMM3Z5d29iOEY1Tmsvc3hTOXpTVi8KSDIwNEd5aXl2OWxHMXJpYnY0OUM4dWRQcllFb285dTVCNlh0VGdGY1VTVGloQkFnK1lLV3lqZ3crczJsaHRUZApPVGNTRnkwNW8rSm9kLzcxbzFmTDU2bW9kZkUzMXR3T3NNeEhoTTBsbnhZcjhHQjFnUjVLcVlablJpcWkvYjcxCmZzZWsrd0g5UFJ4OGwyU1RYZCsyCi0tLS0tRU5EIENFUlRJRklDQVRFLS0tLS0K",
                            "master_auth.0.client_key": "LS0tLS1CRUdJTiBSU0EgUFJJVkFURSBLRVktLS0tLQpNSUlFcEFJQkFBS0NBUUVBKzZNZEd4b3hrUTFGckR6SDdyRGR4M1gzMEhBbWZzYUM2Sm9pQ3gvSDFhclhMc1I4CjU4VXdTcHZ3SGp0MWtUNjRib0I5UWxsWWRzMUZSSEtaWmpPVURkRDd5K2hGdU9OdXc4cHRKQ2xBZnE1YVJpYnoKK1pPMEc1dGhGcmdubG1tYUZtaGh2VmNtWVpiS1FMcS9uVFFlKy9MVGZIbFZ4SXhzbDZtSEphdStLVENBS1NBRwpMLzcyK2lmRHFvUXpwanByd1JheGJtUUw2aHNya2NOc1luU2tVU3ViSzFIOGdOOTk5M3l2dzlOZDJLamkxem1lCmNNNGpYU3JuL2ZQcFRPemhWS05QM2NPVzZrVVhpSlVSeUlYUXpoWlF0YVRsRVhuYU1YRUk0cjlHZWdEMGFtQkkKRUpwUFpRaUVkL0IyVVkxRUtTb09OaDJIMUNXL05MSWxCUjRGOHdJREFRQUJBb0lCQUNHMHd5RE92T1h6azZvVApDQ3JhU1JLL0kvOHBEcGI3cXl4Ui9RNWxadVNoZWlwYkNtb1hPVFU5TndndHFiMVhXK2Y5VVFueW9zMWpDSXkzCkZ3SWdGWXhXT213aFJEbVVTVkZ6aTNRRkRJMExlSzhkNTU4K0lDbDBnaWhEYVpZVnRoeWJSY0JSYktRMHlRbXIKbWlBS0M3NXUwOUpBQkhPTDViM1k2Ty9zVmMvNVdhcExRWFBueDZDUnJneU1jeWVDdlowV05QWVRiS2VtUXdYcQpzNTNWbU84clJqS2VxTFM5a1VmZTArT2dqaFR4amNZMVZhdkNRMzYzaDR1UXQ1NFFOKys4NWVGVVRVZE1yNVUyCnIyNklRVVBwRWx4cWJ5RFl5Q2NkampCYkp2dU83clNtcTZRS0pLdWsxbWFCMFVtRkEycWQwRkRoU0ZwR25HTHIKbGtZVmlkRUNnWUVBLzNSb2Y0Y2xsS3JFWnNGVkhWblBJZmo4S3AzcVI4MUxzcWJFTis0YjdFbW5XT1FCbVhtSQo3aHlkakFLT2MzTW0wUlBHeHNzVjZTTWdTd0U2b05MMWZvTkJXMVZ4S2VSaEx6Um5yYXNYbmJvWmZna0JMSlBOCmlVbFV1cFQ3ZlhVK2NVRnFkcmN5c2hUS3FJT3RJRCtDWENxYkdhTkpCdUp3VXhHMHRVNDdMSkVDZ1lFQS9DeWUKa2hKbEVkN21sdFczM2NUUmNJc08wUTJQSXB4QVloZm1hb1VqUWIxbzFmVjF3MklrSUJmQ1VlUUw5TERZTlVMQQp1VE1HMnhYejIrNVRGL1Q5MytWS1p6L3paZGlkOXl6Zm5JSWJmS241SzNWOE85dTFpQUwyZlA2MTk1SGd3cWg5CmJZa2V6aGZtYmdSeEVZZVNhUG1NNXNKMnJxZDJnQlVxKzJWcG5FTUNnWUJwcjlXVC9XdjA1L205c1hydlc3cXcKaVh4NmZUN3lXZU5abEZsVjhuTW0vUW41WXN1dW5YT2pYNzltcjZBVDc2NDlqZnNOUC9SZXNpT29KR2dISllCZgp5Um4vR1locUZveUdwUjNINGlNeEpFOXJyM29HNFZlRjF3cnc3clpsbjE0b0tUSk16MXB3QnQ0WmZmRGdpS1g4ClQ3dy9qU2luYW9PaU9vOFMrN3pMb1FLQmdRRGhkM04vM3ZxRzgranZ5NzVOaG9CTVE4akhtWHYwMGdldXJQZlQKSFo3Y1ZHRzdpMi96ZFhnZlNaN3dZUmxmZWc2VjhFMG9TVHRELzJpOXAyU2I4dXhhbDBQaTlRYkdkTnNuK1BNbAptQjdEWTZYbytXNU9ocTdVSVBJSjZDTUNhMmV1STcraGhBd0s4TXVTYWw0OThoMHh4bzM0ZEw1d2drSXRXci9ICmJuRHl5UUtCZ1FDakVPTWlSY1BLWFpPei93S1dyczNzc3A0WjErUjRrTUp4clVHRERsRTJTK0t1d2lLQWYvYzUKcm5SSGxVaDFZYnNhUEJTS2N4akVNMUlWejc2Z0lWZUZnMDhpaStjZ1J0ZFA5dGd0aldvY1pueGpxZ1dFWU0rUQorTENlWFc2cEh2cWFuMnZwa1JlMmN5V2JCQVF3RllabmZpRzBRVDIvdldJYzlVNHJWQXZlTEE9PQotLS0tLUVORCBSU0EgUFJJVkFURSBLRVktLS0tLQo=",
                            "master_auth.0.cluster_ca_certificate": "LS0tLS1CRUdJTiBDRVJUSUZJQ0FURS0tLS0tCk1JSURERENDQWZTZ0F3SUJBZ0lSQVBzOWJoKzhkNm9vQlpRVnArQXVRVnd3RFFZSktvWklodmNOQVFFTEJRQXcKTHpFdE1Dc0dBMVVFQXhNa05UZ3lPVEV4WXpNdFpEa3dNQzAwWmpCaExUaGxaakV0TURWbE5Ea3pZalExWm1ZMwpNQjRYRFRFNE1EWXdOVEUxTVRBME1Gb1hEVEl6TURZd05ERTJNVEEwTUZvd0x6RXRNQ3NHQTFVRUF4TWtOVGd5Ck9URXhZek10WkRrd01DMDBaakJoTFRobFpqRXRNRFZsTkRrellqUTFabVkzTUlJQklqQU5CZ2txaGtpRzl3MEIKQVFFRkFBT0NBUThBTUlJQkNnS0NBUUVBMnRUNVJETEhHVVp6d09rMnFGdmhoWWhsYTdzUStMUlZ1SzZOOGdIMgpubjcva21UR2czMVY2WVYrOE1nK29TQnBQZHNUOVpHSTdMejhjMnlYYnN1T0tRZmc5NitYRXZZd3pDTklFc2IwCjE3SEdsNCtiZENsMFBHZWlNUFNlQ2Y1UEVIMnZGTDlnamxVVFNGa2VpYVJ0MFZ1SnJLczlKSTJFTGFJK0M0SGQKVXg0Y0pZL3A1U1drUlhnMDEwZ1FKV0J2OGVSSndOUnNRRmFlVzVwMHFVekgxbHNSZSs0TUJKaDNHc3ZGNkhuMQpQR3dtajdDK1JBN004RHNYR00reWxOcVpHakhDTHRyZkVVOFFSYVJJVkgxVmFFcGxmVEJYNjhOeEtFSzhCK29ZClhVVHFDeXNvTG9sTkNWMEtEYlEzdk5Db2ZtMlQ1TXBZS0d0ODE1cURTSWlVTlFJREFRQUJveU13SVRBT0JnTlYKSFE4QkFmOEVCQU1DQWdRd0R3WURWUjBUQVFIL0JBVXdBd0VCL3pBTkJna3Foa2lHOXcwQkFRc0ZBQU9DQVFFQQpXTGlRNlFFVCtvdmhkaDdFSHVNREhvNzRsRFkydm5VNGJZaVBXbnpnbmlhbkZ3Q0xOKytEcitkaExqVXBDN2IrCld3NDk0VUxrSmt1c2tSbjRjR2RUTTJaOUxBenA4SERFS1dWdHFocDVkZ3Z4ejJ3TGpxcTRyYkJFNzZEOFEvZVkKWXcwSzJ6VnJoaDl4Z1R3OUZjQkdQQkxPbk5xWlV6TWdzVVRvTkFTeEdJZTl5SHFWUThqbXlXeW5qVm9KdXdjbgo5UVBxYjdEdTgyRnNkSlV6R2ZXaFJreFhMUGx4QnJBSnpScGRqTG1RRFRWWENhNWtxNS9Cd3REUjBFS05IdTFCCnlqNWpjZ2N0STZBSUI0dDIyNThsUXJOdnVWVWlTVlJPWWVOaFRjMUtxWnBJV1ZhTWsvM1lHNXd2UFBrdjl4blUKUkpkSTJtZ2JxQ0pwMVRhUkEyanQ5Zz09Ci0tLS0tRU5EIENFUlRJRklDQVRFLS0tLS0K",
                            "master_auth.0.password": "OZP0jH5P7tr7FEs7",
                            "master_auth.0.username": "admin",
                            "master_version": "1.8.10-gke.0",
                            "monitoring_service": "monitoring.googleapis.com",
                            "name": "training-cluster-3",
                            "network": "training-net",
                            "network_policy.#": "0",
                            "node_config.#": "1",
                            "node_config.0.disk_size_gb": "100",
                            "node_config.0.guest_accelerator.#": "0",
                            "node_config.0.image_type": "COS",
                            "node_config.0.labels.%": "0",
                            "node_config.0.local_ssd_count": "0",
                            "node_config.0.machine_type": "n1-standard-1",
                            "node_config.0.metadata.%": "0",
                            "node_config.0.min_cpu_platform": "",
                            "node_config.0.oauth_scopes.#": "4",
                            "node_config.0.oauth_scopes.1277378754": "https://www.googleapis.com/auth/monitoring",
                            "node_config.0.oauth_scopes.1632638332": "https://www.googleapis.com/auth/devstorage.read_only",
                            "node_config.0.oauth_scopes.172152165": "https://www.googleapis.com/auth/logging.write",
                            "node_config.0.oauth_scopes.299962681": "https://www.googleapis.com/auth/compute",
                            "node_config.0.preemptible": "false",
                            "node_config.0.service_account": "default",
                            "node_config.0.tags.#": "0",
                            "node_config.0.workload_metadata_config.#": "0",
                            "node_pool.#": "1",
                            "node_pool.0.autoscaling.#": "0",
                            "node_pool.0.initial_node_count": "3",
                            "node_pool.0.instance_group_urls.#": "1",
                            "node_pool.0.instance_group_urls.0": "https://www.googleapis.com/compute/v1/projects/sandbox-wescale/zones/europe-west1-b/instanceGroupManagers/gke-training-cluster-3-default-pool-128787d2-grp",
                            "node_pool.0.management.#": "1",
                            "node_pool.0.management.0.auto_repair": "false",
                            "node_pool.0.management.0.auto_upgrade": "false",
                            "node_pool.0.name": "default-pool",
                            "node_pool.0.name_prefix": "",
                            "node_pool.0.node_config.#": "1",
                            "node_pool.0.node_config.0.disk_size_gb": "100",
                            "node_pool.0.node_config.0.guest_accelerator.#": "0",
                            "node_pool.0.node_config.0.image_type": "COS",
                            "node_pool.0.node_config.0.labels.%": "0",
                            "node_pool.0.node_config.0.local_ssd_count": "0",
                            "node_pool.0.node_config.0.machine_type": "n1-standard-1",
                            "node_pool.0.node_config.0.metadata.%": "0",
                            "node_pool.0.node_config.0.min_cpu_platform": "",
                            "node_pool.0.node_config.0.oauth_scopes.#": "4",
                            "node_pool.0.node_config.0.oauth_scopes.1277378754": "https://www.googleapis.com/auth/monitoring",
                            "node_pool.0.node_config.0.oauth_scopes.1632638332": "https://www.googleapis.com/auth/devstorage.read_only",
                            "node_pool.0.node_config.0.oauth_scopes.172152165": "https://www.googleapis.com/auth/logging.write",
                            "node_pool.0.node_config.0.oauth_scopes.299962681": "https://www.googleapis.com/auth/compute",
                            "node_pool.0.node_config.0.preemptible": "false",
                            "node_pool.0.node_config.0.service_account": "default",
                            "node_pool.0.node_config.0.tags.#": "0",
                            "node_pool.0.node_config.0.workload_metadata_config.#": "0",
                            "node_pool.0.node_count": "3",
                            "node_version": "1.8.10-gke.0",
                            "project": "sandbox-wescale",
                            "subnetwork": "training-subnet",
                            "zone": "europe-west1-b"
                        },
                        "meta": {
                            "e2bfb730-ecaa-11e6-8f88-34363bc7c4c0": {
                                "create": 1800000000000,
                                "delete": 600000000000,
                                "update": 600000000000
                            },
                            "schema_version": "1"
                        },
                        "tainted": false
                    },
                    "deposed": [],
                    "provider": "module.bootstrap-training.provider.google"
                },
                "google_container_cluster.training-cluster.4": {
                    "type": "google_container_cluster",
                    "depends_on": [
                        "google_compute_network.training_net",
                        "google_compute_subnetwork.training_subnet"
                    ],
                    "primary": {
                        "id": "training-cluster-4",
                        "attributes": {
                            "additional_zones.#": "0",
                            "addons_config.#": "1",
                            "addons_config.0.horizontal_pod_autoscaling.#": "0",
                            "addons_config.0.http_load_balancing.#": "0",
                            "addons_config.0.kubernetes_dashboard.#": "0",
                            "addons_config.0.network_policy_config.#": "1",
                            "addons_config.0.network_policy_config.0.disabled": "true",
                            "cluster_ipv4_cidr": "10.40.0.0/14",
                            "description": "",
                            "enable_kubernetes_alpha": "false",
                            "enable_legacy_abac": "true",
                            "endpoint": "130.211.56.163",
                            "id": "training-cluster-4",
                            "initial_node_count": "3",
                            "instance_group_urls.#": "1",
                            "instance_group_urls.0": "https://www.googleapis.com/compute/v1/projects/sandbox-wescale/zones/europe-west1-b/instanceGroups/gke-training-cluster-4-default-pool-70b59cd7-grp",
                            "logging_service": "logging.googleapis.com",
                            "master_auth.#": "1",
                            "master_auth.0.client_certificate": "LS0tLS1CRUdJTiBDRVJUSUZJQ0FURS0tLS0tCk1JSUMyekNDQWNPZ0F3SUJBZ0lSQVB4U1EwQStEaGFFNW9iU3VGMngxU1F3RFFZSktvWklodmNOQVFFTEJRQXcKTHpFdE1Dc0dBMVVFQXhNa09HVmpPVGN6TlRBdE5UZzROaTAwT1dGa0xXSTJNMk10T0dZek5tVm1OMlkzTTJGbApNQjRYRFRFNE1EWXdOVEUyTVRBME1Gb1hEVEl6TURZd05ERTJNVEEwTUZvd0VURVBNQTBHQTFVRUF4TUdZMnhwClpXNTBNSUlCSWpBTkJna3Foa2lHOXcwQkFRRUZBQU9DQVE4QU1JSUJDZ0tDQVFFQXViQVo3S0xudEZiaWNqMWMKQ0NvTDFmTnZ1NDU4YkttZWtFYkVEaktyWVZDNUlXVGlSUmNTbjJVYXZqbnM4V1ppdFl5M2NyL1VrOGpXWktFagorK0dJVStpazM3dmdzQjY1a1lhdW0vbEZKN0ZYUmt5Ym43NVhBMkRNK3ZwM1l3UkJkK2Y3OGZSc2tqd1lZaklSCllQckJaYTlteno0bFovRSsrZ1dQNWZoOVZ2TmpjQTJxMCtaRnhaQm91TnZnUklGN05YMEtqbFBGZUlBOVZtcW0KZElQcnRmaTBmZ0N2eDVFcjlJVURPMEMrUDBqeTJ3NTg1ODh2Y004Y0tOcUw3ZHJxSFpLY3kzc2FzQ3pZV0QxTQpDbE4zeDErWVY1MEs3V3NTN2hnaGhNR2xKQnVSZnZKMHExOTMza2h5aFlydjNvNGwzcFRRdFBDU0YrY1pJdTVOCkdzOGZPUUlEQVFBQm94QXdEakFNQmdOVkhSTUJBZjhFQWpBQU1BMEdDU3FHU0liM0RRRUJDd1VBQTRJQkFRQ3EKTHVuaUM5SWQyNTRaTk9xdWdLU3dCSTdPd2thVWxVNDkyYTJwZkdJUHpab0s1S2ZWMm1VQjZNc1k0YWVWQmd5OAp5dmxkVTQ2M2hSZ2VWZE9UcnAvUjVwME0zZERQU3BYSjFiRDNyR1kvOU1Nc29wVTBCZ0FHekVVQ0MzMnhzSzg2CjZqb29UcWs2YnFBeTRCNjJtbWx6ZGJCZmxCM2Mxb2RBL2cwbWJvVkZoQTM0ODJ5NG5ML2NVaENmdENlaWxnNGEKc1ZIa1JwOHZIYitDbkpSQkMvQlg4VWw2SnpyZkhuT2FXc2dhSXc1ZVdoWUViVzR0cnpuYW9DRE52V0RhZkczUAo3ejVOU2p5aDB2c1NIYWFSS2hWR1dxUTcrMlRrQmVRTGtCemRPQnVUWENmekhLVmNxRXpHZVFVVnpaK1RObDVWCjlMeFllSFRpeWlJSjZLYnJkV29aCi0tLS0tRU5EIENFUlRJRklDQVRFLS0tLS0K",
                            "master_auth.0.client_key": "LS0tLS1CRUdJTiBSU0EgUFJJVkFURSBLRVktLS0tLQpNSUlFcEFJQkFBS0NBUUVBdWJBWjdLTG50RmJpY2oxY0NDb0wxZk52dTQ1OGJLbWVrRWJFRGpLcllWQzVJV1RpClJSY1NuMlVhdmpuczhXWml0WXkzY3IvVWs4aldaS0VqKytHSVUraWszN3Znc0I2NWtZYXVtL2xGSjdGWFJreWIKbjc1WEEyRE0rdnAzWXdSQmQrZjc4ZlJza2p3WVlqSVJZUHJCWmE5bXp6NGxaL0UrK2dXUDVmaDlWdk5qY0EycQowK1pGeFpCb3VOdmdSSUY3TlgwS2psUEZlSUE5Vm1xbWRJUHJ0ZmkwZmdDdng1RXI5SVVETzBDK1AwankydzU4CjU4OHZjTThjS05xTDdkcnFIWktjeTNzYXNDellXRDFNQ2xOM3gxK1lWNTBLN1dzUzdoZ2hoTUdsSkJ1UmZ2SjAKcTE5MzNraHloWXJ2M280bDNwVFF0UENTRitjWkl1NU5HczhmT1FJREFRQUJBb0lCQUEvSFlCeVVwejNTMkVFKwo1NUFtQ29WdXYwTGYwOERrRlA1TGxTTmp1TjUzSHBRdzMyMWhqWXFQNjlyWVQwTWdJU2t1UVBSMlNwa1lTdWVZCkxkZWNqWm9idmM3cFJ5bVFJdEt6OENoKzRScURYbGd4OEZOOXVDVW9WNkxJSDljQktKTUkyb2J2N3ozcDcyU0EKdnF0UUE1a2hjNG9Pek56dFNoMnkxVXlFZGhvcVJVVUJIL2liWGFYdkhLSjBtRVdsWm9JOW1HTGRNZVVhaDBoawpSWXl1c1JyekJ3UHU5cTZrSWRhU1piL3hCbjJQOXJFTEdTWmg1WmpxMEFWY1o1RmlUVjl1bmJzYThIYjh2ZGpvCldWaG5mVEltTDRrTTBLQnJyMGZRQmZNK2FvaGRSVit5cEw2ZGs0U01kaHFPTzY1YzJla3E2a0FubWRpTDR2alYKNEdTL3FlVUNnWUVBNzBHQTZ4bnhUbWUyQmYwVWwxRXBTTTZCMWJURXpBd3NsbzFGSGYwL0NkVDdUNW45aWlRaQpYcHFEZEkvOWJxd01XWTJWSlR6cmMrV2R0Qm9NN2xwOERTTVRmTU1uWWdDSDZIalVpQlFBT01uek03VVBsYjRiCnlQcVc1K3BRMTZkanF6V3I4MGVuQ1VxUWJHeE9wUi9XMVcyTnluRVpYUTBDZURlWjdYd2U2Z3NDZ1lFQXhxN2cKWGdKWG1uNzJLNjdPQWtrWFg3S3Y0WHpFVHlRaTZDZ3ZQRFN4K2RoWGN0SXRhUFJ3TklUaVZHazNWcytxTFRyUwpBZDRrZ09WcEsxNy94VTFwZmovRm9qcVdCelJCTVVHaXJLcmFJd0wzMUxJcWRMYmJkaHF6d1cyOS9wZUc5SEl2CjBvNzJXSUdiclZVR2YyWFZnTXkrUEpqTU9IdkNPRnBscGJHSWFrc0NnWUVBalVHcVFLUUhjUmdRUXNiaDhsakwKdkIyWVVEa3krNW13ZFk2Z29RMFV1OVJRTC9ZbDEvcHZoRlZMaVhVOTFxcWplL2Y0ZDR6Wklvc05xZmk3YTdwbQpoVWNSU1ZiYkdLUmhtV0pGY0xZR1Q0RUVJcUlpdW5FTWJJTnV0eXdEWU4rR0c5NUxVQTRjMDRKL2RGUVp0cW51CnFBSFBkaGVDTndyb1MxdmdlSE1RdVhNQ2dZRUFqckV4K3RKNzBEMjIxeENvYkFQS2diUjNsTjVpcnVRcEhjc2UKZ1lMbS82VmN5TjRpTnVxM1cwREV2Qk1FNTVnbGhHNW1QV2twbGxrcyt6VXpSS1NnUzBmSnpRVitrcFg0N0VOVApiZWNXMjJaYVQ2dlZ5aFU1OE15a3BSc0lCVDBXYzZFK3IxNTFsb01mSjVHVkpSSWlFR3I3aGRISGVobUlGNmowCnI5ZWRQWmtDZ1lCZU5MM0htMC9wRFJQN2JHVjVHNWlkSjQxMEtTYnpqb2ZLcWI4OGF4bDdDd2FFMWszTlZERDUKR1dvVTY3bkV6N21Td01RbE43aWZ3RzlzQkdiZSthaEliZ0RTMGFlcHBEMlhDV0V5ejRDSGRoWFk5MEhDZHJkMwpUODNSTEtYejRMVVN5SjFLbXprWU5YNTR1c05HL0IrYVkvN0o4ZEkwNEF4V2dZWVd4VGZsNWc9PQotLS0tLUVORCBSU0EgUFJJVkFURSBLRVktLS0tLQo=",
                            "master_auth.0.cluster_ca_certificate": "LS0tLS1CRUdJTiBDRVJUSUZJQ0FURS0tLS0tCk1JSURERENDQWZTZ0F3SUJBZ0lSQUxaYVZFem5kbkZwaEpHdzJhSDM5SkV3RFFZSktvWklodmNOQVFFTEJRQXcKTHpFdE1Dc0dBMVVFQXhNa09HVmpPVGN6TlRBdE5UZzROaTAwT1dGa0xXSTJNMk10T0dZek5tVm1OMlkzTTJGbApNQjRYRFRFNE1EWXdOVEUxTVRBME1Gb1hEVEl6TURZd05ERTJNVEEwTUZvd0x6RXRNQ3NHQTFVRUF4TWtPR1ZqCk9UY3pOVEF0TlRnNE5pMDBPV0ZrTFdJMk0yTXRPR1l6Tm1WbU4yWTNNMkZsTUlJQklqQU5CZ2txaGtpRzl3MEIKQVFFRkFBT0NBUThBTUlJQkNnS0NBUUVBc0pCTC9pQlU3M1YzQTl3aXE3bWt0elpYRlpmUGZnN24vZGE3UHJLRwp4OHNPU1ZCdWxIa0MybXYwS1VVcURkQUI2YjB5enpJaFhTSXc4RUUxZ1I3WUF0ZTQ0SE1ZdWxlYmxBMDJaaUM1CkFMUWxKM1BwSmpVNno2NXRtSm1nL1VFa2VvYTdvenJsZXNUU1k1VDI5NjV3U3VoMVZTaFVuTStlelg3cGlIMSsKeTJFdzJuSUs1akN5M0Vrc21WdlZnZ0JOdG5KamdVTUZla21PbXRqeGJHUTFTQnZTUzdRZGtuRFNkbjJLUE8wYQppNXlFY0ZvUlBxaGE4SklBcXZmWXJnZ2x2WlNFZzNFYVNYZnF2aUZSUzZLT1hvYzRQODdSRnZteHpRWjRRRUo4ClBrZlNWK3ZVL1ROMXdLVHo2UUFkeURFdTV2VTRoNzFLNGh3REpDbnJzTlFxV1FJREFRQUJveU13SVRBT0JnTlYKSFE4QkFmOEVCQU1DQWdRd0R3WURWUjBUQVFIL0JBVXdBd0VCL3pBTkJna3Foa2lHOXcwQkFRc0ZBQU9DQVFFQQpDMkthVEdjZG1adkhZT20rSUJ1TERKK3FuVU91NDdpQzl5TnIvTXRlTm1UaXlzbUdjVnBVUkZlNGQvaGg1SWlPCnJDMHlkcGlncHk4cEN5NnpSOWhTQll5cERDaWVRWkdDeFVTOUg2dzFJOFdDOVRYMTQ2ZythS3FMS2pNUVgrR1AKeTVCeGcwQkVGRDBTekxoQTVpSlFDSERtOVlnUHU2K3pnSG8ybEpoa3ZjZkVKZ1ZuZzNWRXZKRVZUa1B4SUQ4TgpJSzgvVzI0Vmg2Wm1ubnk4UFBVTXY1K3hyZXlUZzdSeDlReHhkUHUzaGFTbWZveTdwUXBtTmpEdHVqY05peEM4Ck5qbGNMRWF0MDdEZ1ZXSkFWam9CR1c5b1RzQTdyTUFxQkh6U1ZBbDZaMVkvR0hlSnNVL05qZmJKM2hsTW9FL1QKNXRZNkoxK0VxNFJHY3FjeVFSRDVZQT09Ci0tLS0tRU5EIENFUlRJRklDQVRFLS0tLS0K",
                            "master_auth.0.password": "PmPTgXpk1Wlv5Mfb",
                            "master_auth.0.username": "admin",
                            "master_version": "1.8.10-gke.0",
                            "monitoring_service": "monitoring.googleapis.com",
                            "name": "training-cluster-4",
                            "network": "training-net",
                            "network_policy.#": "0",
                            "node_config.#": "1",
                            "node_config.0.disk_size_gb": "100",
                            "node_config.0.guest_accelerator.#": "0",
                            "node_config.0.image_type": "COS",
                            "node_config.0.labels.%": "0",
                            "node_config.0.local_ssd_count": "0",
                            "node_config.0.machine_type": "n1-standard-1",
                            "node_config.0.metadata.%": "0",
                            "node_config.0.min_cpu_platform": "",
                            "node_config.0.oauth_scopes.#": "4",
                            "node_config.0.oauth_scopes.1277378754": "https://www.googleapis.com/auth/monitoring",
                            "node_config.0.oauth_scopes.1632638332": "https://www.googleapis.com/auth/devstorage.read_only",
                            "node_config.0.oauth_scopes.172152165": "https://www.googleapis.com/auth/logging.write",
                            "node_config.0.oauth_scopes.299962681": "https://www.googleapis.com/auth/compute",
                            "node_config.0.preemptible": "false",
                            "node_config.0.service_account": "default",
                            "node_config.0.tags.#": "0",
                            "node_config.0.workload_metadata_config.#": "0",
                            "node_pool.#": "1",
                            "node_pool.0.autoscaling.#": "0",
                            "node_pool.0.initial_node_count": "3",
                            "node_pool.0.instance_group_urls.#": "1",
                            "node_pool.0.instance_group_urls.0": "https://www.googleapis.com/compute/v1/projects/sandbox-wescale/zones/europe-west1-b/instanceGroupManagers/gke-training-cluster-4-default-pool-70b59cd7-grp",
                            "node_pool.0.management.#": "1",
                            "node_pool.0.management.0.auto_repair": "false",
                            "node_pool.0.management.0.auto_upgrade": "false",
                            "node_pool.0.name": "default-pool",
                            "node_pool.0.name_prefix": "",
                            "node_pool.0.node_config.#": "1",
                            "node_pool.0.node_config.0.disk_size_gb": "100",
                            "node_pool.0.node_config.0.guest_accelerator.#": "0",
                            "node_pool.0.node_config.0.image_type": "COS",
                            "node_pool.0.node_config.0.labels.%": "0",
                            "node_pool.0.node_config.0.local_ssd_count": "0",
                            "node_pool.0.node_config.0.machine_type": "n1-standard-1",
                            "node_pool.0.node_config.0.metadata.%": "0",
                            "node_pool.0.node_config.0.min_cpu_platform": "",
                            "node_pool.0.node_config.0.oauth_scopes.#": "4",
                            "node_pool.0.node_config.0.oauth_scopes.1277378754": "https://www.googleapis.com/auth/monitoring",
                            "node_pool.0.node_config.0.oauth_scopes.1632638332": "https://www.googleapis.com/auth/devstorage.read_only",
                            "node_pool.0.node_config.0.oauth_scopes.172152165": "https://www.googleapis.com/auth/logging.write",
                            "node_pool.0.node_config.0.oauth_scopes.299962681": "https://www.googleapis.com/auth/compute",
                            "node_pool.0.node_config.0.preemptible": "false",
                            "node_pool.0.node_config.0.service_account": "default",
                            "node_pool.0.node_config.0.tags.#": "0",
                            "node_pool.0.node_config.0.workload_metadata_config.#": "0",
                            "node_pool.0.node_count": "3",
                            "node_version": "1.8.10-gke.0",
                            "project": "sandbox-wescale",
                            "subnetwork": "training-subnet",
                            "zone": "europe-west1-b"
                        },
                        "meta": {
                            "e2bfb730-ecaa-11e6-8f88-34363bc7c4c0": {
                                "create": 1800000000000,
                                "delete": 600000000000,
                                "update": 600000000000
                            },
                            "schema_version": "1"
                        },
                        "tainted": false
                    },
                    "deposed": [],
                    "provider": "module.bootstrap-training.provider.google"
                },
                "google_container_cluster.training-cluster.5": {
                    "type": "google_container_cluster",
                    "depends_on": [
                        "google_compute_network.training_net",
                        "google_compute_subnetwork.training_subnet"
                    ],
                    "primary": {
                        "id": "training-cluster-5",
                        "attributes": {
                            "additional_zones.#": "0",
                            "addons_config.#": "1",
                            "addons_config.0.horizontal_pod_autoscaling.#": "0",
                            "addons_config.0.http_load_balancing.#": "0",
                            "addons_config.0.kubernetes_dashboard.#": "0",
                            "addons_config.0.network_policy_config.#": "1",
                            "addons_config.0.network_policy_config.0.disabled": "true",
                            "cluster_ipv4_cidr": "10.32.0.0/14",
                            "description": "",
                            "enable_kubernetes_alpha": "false",
                            "enable_legacy_abac": "true",
                            "endpoint": "35.233.109.201",
                            "id": "training-cluster-5",
                            "initial_node_count": "3",
                            "instance_group_urls.#": "1",
                            "instance_group_urls.0": "https://www.googleapis.com/compute/v1/projects/sandbox-wescale/zones/europe-west1-b/instanceGroups/gke-training-cluster-5-default-pool-65baaef4-grp",
                            "logging_service": "logging.googleapis.com",
                            "master_auth.#": "1",
                            "master_auth.0.client_certificate": "LS0tLS1CRUdJTiBDRVJUSUZJQ0FURS0tLS0tCk1JSUMyakNDQWNLZ0F3SUJBZ0lRRlpUa09zbyswY0xGNy82YTRwdWdsREFOQmdrcWhraUc5dzBCQVFzRkFEQXYKTVMwd0t3WURWUVFERXlRMU56SmxZVFl4TWkwd04yVm1MVFJrTVRVdE9XTTRNQzAwWWpsbU1USTBPVGs0TmpjdwpIaGNOTVRnd05qQTFNVFl4TWpFNVdoY05Nak13TmpBME1UWXhNakU1V2pBUk1ROHdEUVlEVlFRREV3WmpiR2xsCmJuUXdnZ0VpTUEwR0NTcUdTSWIzRFFFQkFRVUFBNElCRHdBd2dnRUtBb0lCQVFEdXZJVFVrakh3NlNsV0cyZ3EKL1lKTXdLWlozUjViZUJtMUZFU1lRU0haTWJZcFBUZ0F5OWlxWCswMDVzWXNwcjZSRkl0R05XdDNxaE4yeDY4MQpjL0ltY1E4bW5KNVZDR1RkbXYxMHcwTkxuMEFoSTF1MmYyaERmblVhWElLR3AxMkdLZTNjOG1pK0pOeTRtRWJCCnloblIzbjFVRXpRRmQ3ajhWd0RYdFNWK1N0dkFDTGJOck0vVTFKSmhrSmJBSzY1TjN0UDUxMm9RaG9IZUN4V3cKWWRLREYwWFd1MVhnbGxKMk9rT2NRUjlsOEdoUExUem9yQTFTSHhTSUt6ZFk1Q0pONWpGWEdTT1VNTG5Qd1N0WgplTWFTaVY0c1RCRnJCME9jdmlaaVBrb3lCc0FnNFQ1SDA2TlNZak5FL3Z2dFNBdGFaRGhOeU11YlBuODAzTWZ5CitxcFRBZ01CQUFHakVEQU9NQXdHQTFVZEV3RUIvd1FDTUFBd0RRWUpLb1pJaHZjTkFRRUxCUUFEZ2dFQkFIeS8KVy9weFh6ZUtlc1ZvQVNFeGxudzhHOENQekswUmU2ZlFrcEVxZ0RPaWNvdzVBWEZLb1B3Z05aLzlueDRaNmtKNgpoNjFkM1cwNWUzdVR0K2FLRGdHck9rYVN0d1ZDNDZLVzRZRzhOT1h5SWplUFhUYTZFOW9ISlRpb2dqMG9aSWNYCm05TE9reTBOTzFNdUNFYVJrbkxKaEFQQ2tXMzZzNExFYUVoOGtMVGhnYXRpVnNwV2IvVjArQ2orZE83cStobWQKejV0RjdPcjR2UHdDcGc3OWpDbkcrQTV3U0xBOUhOQmJUTGp3QWlsK1JrTjZOd2plUVhFZzQrUWozdkpib1EycQpvUHR3QUc5bkZ3bytxZVh6ZFR5NUJVNzNTV3d5VzlScXo3cytjeFlCVDNzYUYyU2JnYVZ3OUVveTFGK0F0a05qCitDT0d1cGsvQmVqL1F5OVdpK2s9Ci0tLS0tRU5EIENFUlRJRklDQVRFLS0tLS0K",
                            "master_auth.0.client_key": "LS0tLS1CRUdJTiBSU0EgUFJJVkFURSBLRVktLS0tLQpNSUlFcEFJQkFBS0NBUUVBN3J5RTFKSXg4T2twVmh0b0t2MkNUTUNtV2QwZVczZ1p0UlJFbUVFaDJURzJLVDA0CkFNdllxbC90Tk9iR0xLYStrUlNMUmpWcmQ2b1Rkc2V2TlhQeUpuRVBKcHllVlFoazNacjlkTU5EUzU5QUlTTmIKdG45b1EzNTFHbHlDaHFkZGhpbnQzUEpvdmlUY3VKaEd3Y29aMGQ1OVZCTTBCWGU0L0ZjQTE3VWxma3Jid0FpMgp6YXpQMU5TU1laQ1d3Q3V1VGQ3VCtkZHFFSWFCM2dzVnNHSFNneGRGMXJ0VjRKWlNkanBEbkVFZlpmQm9UeTA4CjZLd05VaDhVaUNzM1dPUWlUZVl4VnhramxEQzV6OEVyV1hqR2tvbGVMRXdSYXdkRG5MNG1ZajVLTWdiQUlPRSsKUjlPalVtSXpSUDc3N1VnTFdtUTRUY2pMbXo1L05Oekg4dnFxVXdJREFRQUJBb0lCQUdrUzd4R1NJTW5zRFVYNQpQUkZDejVFUmI0WDR4TTQwWDNncjZmN3JGOGM4MG5SM0hjbDM3cTRhRjFCank5QkdPWFNvU3A1Rmo3MjB6T2xICi9PejFVWndxd2FUWVpQVi9Bc25vVitxR3NIMDlvNStTTE9EM1ZYL3pUZjRpdms0ZXBwS1FyTURFcm1ZVjJsR2kKciszR0VqUWxEUnN1Y29SL2k1c0FmZjN5bkFSbmU0NE0wUS8xR2ZndUZMWCtUVnVGL2ZMK1FCbjZ3NG5LOXlUMApwWXd1MVo2L1k4R1JiT2N1bWRsZkd5azE4ZmVHOGRvd2pJSGNaZDloYklyOTViTk9mU1d2b0djSmU0cHJhaURUCk5UYVNoWDVkeE84SHdHMVF0aEdiSDhNM1l0K09CVGs3TTkwV3VaSUxLT3ZpaFN1TzFXcUY1dWhLcHF0ZDlLL0gKdnQzUWRsMENnWUVBK1NJYVVzT1RqWXBEZ0NFM2daS2V0cVFrYUk5TVlkdkpuZVlBclJaYzNmeFY4bi9Hb2JhdApjTS9aUXlHb01BRkc3VHVqRWovcGk2OWhCYllxYjhsR3ZQang0SDdnNnRCV1ZGZjdjQzFQVHBSaElKbVlGOUt5Clk1VFVyUFVzTjdRZXhvQnJWcUxWekxFVGdxUlJIWXhtQmEvTk84ZTBGV2R1TU45SEpUcDBtTWNDZ1lFQTlWRU8KT3I3SmN4Zm0vUWU0UlRMWWxZeE9JeDN4VVh1L2c0QTZSdDVkR3V5U00raWEwaGdqR2pHandyb2YvZFZYa0dBawphVGQ1TkVrODhtdW1qcWJNcnVSbXdZYmR5SE5ZeDBkdmFTMDgvVFNycmVCNm5wb0o3Z0xNVnBudHlRaFRCNGxSCnR5cHJqNDlNTC8yTzg1WEJ1SjRvUThrR25TWEtNTVlBcFpHMnpoVUNnWUVBckl2UUMyNWxMV3lMWDV5aDR0MzMKaXF1WWc4cHJyb01ZMm9GSUNwa29iSjZ0c0N5TEY4bDd5bHhLTDFLS04rVktpRmY3azFJc29KQXc5Rkc4aG51eQp3SUx5a3ZlTk0xUmoxanF4YkhvVktXbGU4OE10TWFLOTVuWlg3Z3BJTzdSR2RGalEvc244cGE0bXd4Nm5CMzRMCjB2aDFmbWZMODk4VTFFaHY3L3JTY2xVQ2dZRUEyaXpDaVFDUlRXa2VxRDhyWlcrNUxCZmlqbHpjK0dra2hLR1EKTXVNa3p3TkRiQ01kUG1qMUh5Q3kwa2FTbVVBYVptNzdNeENCSFQxZGxRU2sxdzRGMEMyV0xkdnlkNG9PbFAwMQpXc2MvRExyQlRSenVNUXd5ZEpuTWZlRGNtQVJ0UTdDZkdsWUIzMlhFanBIbGgwSFRUb3hxcHc2c2NTcmd6Y3ZyClcxVml6WmtDZ1lCREhMZ3I1L2NMT3I5czVOVlhjTDd3RWp4TldycTNueG16UUY4TE0ycUErSmxzblBYWUY2N1MKKzRPRHU2d0pTVExLczVJejBCd2EvZW0zOVZQWFY0ZUFlMXlVUXg4dmhUUlRXUHJsVmZxNXJubFpacmQyWW1zdwpUNnVPb29QWExiY1kvdHplaWtpbiszVitnbDNkaVFXbXhnRFVCcjZFVkdSdjRmTWlGZmRlZFE9PQotLS0tLUVORCBSU0EgUFJJVkFURSBLRVktLS0tLQo=",
                            "master_auth.0.cluster_ca_certificate": "LS0tLS1CRUdJTiBDRVJUSUZJQ0FURS0tLS0tCk1JSURDekNDQWZPZ0F3SUJBZ0lRVXJBOHJqelcwVHJJN2lTTThSdGg0VEFOQmdrcWhraUc5dzBCQVFzRkFEQXYKTVMwd0t3WURWUVFERXlRMU56SmxZVFl4TWkwd04yVm1MVFJrTVRVdE9XTTRNQzAwWWpsbU1USTBPVGs0TmpjdwpIaGNOTVRnd05qQTFNVFV4TWpFNFdoY05Nak13TmpBME1UWXhNakU0V2pBdk1TMHdLd1lEVlFRREV5UTFOekpsCllUWXhNaTB3TjJWbUxUUmtNVFV0T1dNNE1DMDBZamxtTVRJME9UazROamN3Z2dFaU1BMEdDU3FHU0liM0RRRUIKQVFVQUE0SUJEd0F3Z2dFS0FvSUJBUUNmWlFKUU5ud1AwVDhKVWh5dDNqSFQ3NElhNGM0Ull2MXlQeFBNNVV0cAoyU2RaWlNMeitqeHJ5bXBkNXA5c2syZEtCbFo0OWZIN1V3Q1pCblR5dG5OcGtlakpmRzRpNVhDU0ZoS3NWTGp4CkNwT3FFK09kWmsrRWNMYng0VGNSYVg3YmdGZFVVK3RSZjA5RFM2TW00ZUNCdisyR0oyRE1pNk9PN1JlY1VYa3MKazZQeUVMYzlXYzlLZy9zTGxmczRoTXZNV0tRVWRVV2dTR2pPQm1QRUo4Zzd3bXFLNk16SWJtL1hmSUpYTFFGWQpNZFptU2tiMmY5b2d1TlhRYysvRnJTcVNCZFhWTjdoU05xV2NXZTQ5UHd3MU5GeWhwN0xoWkZGcXVKZ1NCYVN1CmwvYStFRnAxaEE2NkI1OUQ2WGUzdFFDVFdjVnVtQmQ5cDNZZ2NuUXI5SHV2QWdNQkFBR2pJekFoTUE0R0ExVWQKRHdFQi93UUVBd0lDQkRBUEJnTlZIUk1CQWY4RUJUQURBUUgvTUEwR0NTcUdTSWIzRFFFQkN3VUFBNElCQVFBOApDNWMxMlBkNDUrNjlicjl3elRTMnFzeDFFQUIySjMzanBibUhCbUxnVHEzeDlqSDdLOEx1UnBpemZXbUV1ZW9vCkNROXhpUFp3QnJ2RnNOQ2N3dWtBQXhrTDRpUXh1TGhqL1hUZTU3a0ZNMDFEaFN3Qk15YlZkQXpwR1NaT0Y3elEKTWgyb1cwQ1RhaExHNVRqNEkvUEdlajRDRTNXQUZFTVRiUGZtY3gyLzkvTDdWRFREb1l2S1pYTnhIODcrbnY3MwpFejNtdG9WNzBOWDdqYnZNa2Uva2hoTE5tS2R3RzhsOVhWZUFJSk9RbVgrYW1SMlBibzFobFBva1FXOXlWK3QwClJaN2drU3F4emJxclUyd1owMFVkU1B4NjdOL3V5MzcxYzM0K0lYVis1QXdPc1lINHdBQVVLUm1RTnVFWVpSOTAKOVJ2SDRLQkI2cmJrN0Y5Q0FHNlEKLS0tLS1FTkQgQ0VSVElGSUNBVEUtLS0tLQo=",
                            "master_auth.0.password": "eXoKf39Ia05TFcW9",
                            "master_auth.0.username": "admin",
                            "master_version": "1.8.10-gke.0",
                            "monitoring_service": "monitoring.googleapis.com",
                            "name": "training-cluster-5",
                            "network": "training-net",
                            "network_policy.#": "0",
                            "node_config.#": "1",
                            "node_config.0.disk_size_gb": "100",
                            "node_config.0.guest_accelerator.#": "0",
                            "node_config.0.image_type": "COS",
                            "node_config.0.labels.%": "0",
                            "node_config.0.local_ssd_count": "0",
                            "node_config.0.machine_type": "n1-standard-1",
                            "node_config.0.metadata.%": "0",
                            "node_config.0.min_cpu_platform": "",
                            "node_config.0.oauth_scopes.#": "4",
                            "node_config.0.oauth_scopes.1277378754": "https://www.googleapis.com/auth/monitoring",
                            "node_config.0.oauth_scopes.1632638332": "https://www.googleapis.com/auth/devstorage.read_only",
                            "node_config.0.oauth_scopes.172152165": "https://www.googleapis.com/auth/logging.write",
                            "node_config.0.oauth_scopes.299962681": "https://www.googleapis.com/auth/compute",
                            "node_config.0.preemptible": "false",
                            "node_config.0.service_account": "default",
                            "node_config.0.tags.#": "0",
                            "node_config.0.workload_metadata_config.#": "0",
                            "node_pool.#": "1",
                            "node_pool.0.autoscaling.#": "0",
                            "node_pool.0.initial_node_count": "3",
                            "node_pool.0.instance_group_urls.#": "1",
                            "node_pool.0.instance_group_urls.0": "https://www.googleapis.com/compute/v1/projects/sandbox-wescale/zones/europe-west1-b/instanceGroupManagers/gke-training-cluster-5-default-pool-65baaef4-grp",
                            "node_pool.0.management.#": "1",
                            "node_pool.0.management.0.auto_repair": "false",
                            "node_pool.0.management.0.auto_upgrade": "false",
                            "node_pool.0.name": "default-pool",
                            "node_pool.0.name_prefix": "",
                            "node_pool.0.node_config.#": "1",
                            "node_pool.0.node_config.0.disk_size_gb": "100",
                            "node_pool.0.node_config.0.guest_accelerator.#": "0",
                            "node_pool.0.node_config.0.image_type": "COS",
                            "node_pool.0.node_config.0.labels.%": "0",
                            "node_pool.0.node_config.0.local_ssd_count": "0",
                            "node_pool.0.node_config.0.machine_type": "n1-standard-1",
                            "node_pool.0.node_config.0.metadata.%": "0",
                            "node_pool.0.node_config.0.min_cpu_platform": "",
                            "node_pool.0.node_config.0.oauth_scopes.#": "4",
                            "node_pool.0.node_config.0.oauth_scopes.1277378754": "https://www.googleapis.com/auth/monitoring",
                            "node_pool.0.node_config.0.oauth_scopes.1632638332": "https://www.googleapis.com/auth/devstorage.read_only",
                            "node_pool.0.node_config.0.oauth_scopes.172152165": "https://www.googleapis.com/auth/logging.write",
                            "node_pool.0.node_config.0.oauth_scopes.299962681": "https://www.googleapis.com/auth/compute",
                            "node_pool.0.node_config.0.preemptible": "false",
                            "node_pool.0.node_config.0.service_account": "default",
                            "node_pool.0.node_config.0.tags.#": "0",
                            "node_pool.0.node_config.0.workload_metadata_config.#": "0",
                            "node_pool.0.node_count": "3",
                            "node_version": "1.8.10-gke.0",
                            "project": "sandbox-wescale",
                            "subnetwork": "training-subnet",
                            "zone": "europe-west1-b"
                        },
                        "meta": {
                            "e2bfb730-ecaa-11e6-8f88-34363bc7c4c0": {
                                "create": 1800000000000,
                                "delete": 600000000000,
                                "update": 600000000000
                            },
                            "schema_version": "1"
                        },
                        "tainted": false
                    },
                    "deposed": [],
                    "provider": "module.bootstrap-training.provider.google"
                },
                "google_container_cluster.training-cluster.6": {
                    "type": "google_container_cluster",
                    "depends_on": [
                        "google_compute_network.training_net",
                        "google_compute_subnetwork.training_subnet"
                    ],
                    "primary": {
                        "id": "training-cluster-6",
                        "attributes": {
                            "additional_zones.#": "0",
                            "addons_config.#": "1",
                            "addons_config.0.horizontal_pod_autoscaling.#": "0",
                            "addons_config.0.http_load_balancing.#": "0",
                            "addons_config.0.kubernetes_dashboard.#": "0",
                            "addons_config.0.network_policy_config.#": "1",
                            "addons_config.0.network_policy_config.0.disabled": "true",
                            "cluster_ipv4_cidr": "10.52.0.0/14",
                            "description": "",
                            "enable_kubernetes_alpha": "false",
                            "enable_legacy_abac": "true",
                            "endpoint": "35.205.154.206",
                            "id": "training-cluster-6",
                            "initial_node_count": "3",
                            "instance_group_urls.#": "1",
                            "instance_group_urls.0": "https://www.googleapis.com/compute/v1/projects/sandbox-wescale/zones/europe-west1-b/instanceGroups/gke-training-cluster-6-default-pool-4bab6285-grp",
                            "logging_service": "logging.googleapis.com",
                            "master_auth.#": "1",
                            "master_auth.0.client_certificate": "LS0tLS1CRUdJTiBDRVJUSUZJQ0FURS0tLS0tCk1JSUMyakNDQWNLZ0F3SUJBZ0lRVVgwbXg5ZlJMNkZyZWpZejRoNXJ5ekFOQmdrcWhraUc5dzBCQVFzRkFEQXYKTVMwd0t3WURWUVFERXlRek1EazBNREptTXkwM1pXRXlMVFE1TXpjdE9XVmxOeTA1WWpsak4ySTFORFprTkRrdwpIaGNOTVRnd05qQTFNVFl4TWpFNVdoY05Nak13TmpBME1UWXhNakU1V2pBUk1ROHdEUVlEVlFRREV3WmpiR2xsCmJuUXdnZ0VpTUEwR0NTcUdTSWIzRFFFQkFRVUFBNElCRHdBd2dnRUtBb0lCQVFDdkZldDlLQlFWbytnZzlPTjkKMVROSElLMGZGMzB0WEtaOGtVWjBmTzNNZlFEdEt4VHhPd0g2bWpYbnFCWFduejF6SkozVVdEN2NWNHhxWWowNwpLdVg5Snh4ZXFPNWpmUVg2VGxsY3lpWnd1dlVzTGNuRHRYamg5dVQvUnU4UWMvR2dSbm5lTm54SjV3djk5V0hZClRHQ25YS3VVQTNSUFdzcThNY0J1WGZOWDFIMnNybjZ5ck5pYlpRTXlEK2FvWmhqRHR6ZkJmSWVKWWJTNDFDejYKOG5NVFNCa29Zc1JmYXJTbkxlVWtFOFdDWFBrK0hXaUdHVzJsUS8rK01iNmFIdGNETXUxa3dhZVY1NlpGRTQvbgowWjJYVWNmQlBZQjRCSVhaWU9ITmNVeHBPYU0vdndQaVBadUR1QmNUSFBPL1lLN1hydUhFa0VYbERPalc0ZlFlCmpweEhBZ01CQUFHakVEQU9NQXdHQTFVZEV3RUIvd1FDTUFBd0RRWUpLb1pJaHZjTkFRRUxCUUFEZ2dFQkFGZy8Kd2ZoQ1UrR3l6RnkwTm5NUmFjQTVXcGt5WlVqZzZnYzEzY2Q5eG4rUHlzbzNncWQ0SWRLMjIyV08rVUd2L2VJdgpVQk9SU1JQcWRWcUM5NHIxdkJ2RnQrSUFtR1BuRTFOY0RFck4zU1prVTRvQytDbngvMEQvWVFDRG91aWZkdGhxCmluRlA1amJYcHBpUUtEYzBYWndBaFBhNGhnTTl3bDlZSVpLdFBRMGFZNnl3ZjZPL1FFWHdOZStzRmVOT29RT3cKMC9FNmQySzc0MnZhMkJtQVdUUytNZWJ6dlF4elZJanBXTUhlQitnaVNFdHdRMnlYNTkzdWRSa1NKajhFbDYyUQp6Z3JxL0Y1Mkg1MGhSczlJeTcwWU53SXVva0p3byt2ejU4bC9GQzZjbk01QVRZaGFHMktlN0xjWklkeDdVTHYzCllibSt0TXFGd2VHck5TalAzMFU9Ci0tLS0tRU5EIENFUlRJRklDQVRFLS0tLS0K",
                            "master_auth.0.client_key": "LS0tLS1CRUdJTiBSU0EgUFJJVkFURSBLRVktLS0tLQpNSUlFb3dJQkFBS0NBUUVBcnhYcmZTZ1VGYVBvSVBUamZkVXpSeUN0SHhkOUxWeW1mSkZHZEh6dHpIMEE3U3NVCjhUc0IrcG8xNTZnVjFwODljeVNkMUZnKzNGZU1hbUk5T3lybC9TY2NYcWp1WTMwRitrNVpYTW9tY0xyMUxDM0oKdzdWNDRmYmsvMGJ2RUhQeG9FWjUzalo4U2VjTC9mVmgyRXhncDF5cmxBTjBUMXJLdkRIQWJsM3pWOVI5cks1KwpzcXpZbTJVRE1nL21xR1lZdzdjM3dYeUhpV0cwdU5Rcyt2SnpFMGdaS0dMRVgycTBweTNsSkJQRmdsejVQaDFvCmhobHRwVVAvdmpHK21oN1hBekx0Wk1HbmxlZW1SUk9QNTlHZGwxSEh3VDJBZUFTRjJXRGh6WEZNYVRtalA3OEQKNGoyYmc3Z1hFeHp6djJDdTE2N2h4SkJGNVF6bzF1SDBIbzZjUndJREFRQUJBb0lCQUJsTXM1Q01RQXE0ZW94NApsbjdTVmV5TFBqamw3Z0ttQnJDdFZWN3p4bkRzQnp3K0kzS1FNa01DRVpQOTU5bnhmTEdzc3RuQ1BxTWNTMy83CjNoazBvN01tK2FSOENLWjdwR2Q4OXRDL3JUcFE2YWlPblQ4WWMvVkM5ZWdsV2Rvb3h0dUFFNUFXazNNaVhjcysKci9yUFhwQVFoZ0tIVlVFNlAxMWVXdzRYcVZnaGNPNDFTVXhudjJuQXFsaGZZWFdhZG95c01qSFdGYU93MDdkbAptZ3dNRXVlamZHVVZSMmtoV1N4ZFk2eUY3eTR6dERYVzduNGY1S1FaTzdLWmFta08rTTA5Q3B2MFEzMmYyMk1YCkczeko2bDlZRTZBZmRFUC9ZZS95cTJqdS9hZXFLRVB1dUc4UndpakYxWWdJb21sVmNMamlKR1BhaHhQV1NsemwKWlVFanVVRUNnWUVBNkExdzRSclppMDIwZmw4ZFl4dCtqa2NpaVd0TFhUUjc1SDNyOS9sQUkrSllSZW9XeE9hTwpjZE5nUktUTlRUMG1zSVFsR3dyd1V5cmYxcHl5am5qbkZiZlc4ZzRGa0hJdVZjNFcrQWthVWZHNkJkY1hEOVM5Ck93VkMwS0QyQVlPSXJITDRta1lZUFIyV2k0Rkl4Z1M2TmdMbGdIQzJtSFNWcGVJU1d0K041OWNDZ1lFQXdTZDYKMUwrSkJWc1llKzNoRy8wSjBIaUJkdDFaSWtndUFiOStlRlBmYmFOR1ZEcHB1SGtjTmxpU28vV3djallhbDJkdgpabUJ4R1JLV3hYNGlpK3VNSjdCTnhFWHphaFE1aDcrSGVNai9jUWF1cDdBQUpyRHBtVDNhWlB4b0ZWck5XYTduCmZaNnVqYjcxOWMvV1loNlJPUVp6RHFsYmFOSUVYZlQ2eXZqTW9SRUNnWUJURXV6RVNiNXoxbisxZGd1cFBXQ1QKUXZna1Joc1c1UUV0amI3NmFXc0M3YmM0WUZPQ2JoKzB0RDJVbFlOQ0VaQldSUmliazlEeGxUbkpOUlBmV1gweApFejJLTG1iampWejFMdkNlSDNRaXZlMGd4aDNsZHYyL3NXUjRHQWU2QndMWTZkZ0NNdkhlZjBjejdqYkZYVS9rCm9palRVSWF1RVo2NVlqTzhBS2hteFFLQmdRQ1VBVmFEc3dpaGkvNGs2RkI0QzlyN1hYdUd3M0hMYlJlankwSnoKbllFMUY4bUtQUUJKbExQamlOZEV2N3ltcDRLVXhYTjlOU1UwbXlQZ3pSaFhzdlJBYlQ0SnliZ05idFh1aVBxYgp1UmpUV05WNE5Nckkyd01FbzNxM3F4bHVVNWZLd3RVclV1NWFPeHRwY2dyS1FMWHl4bGhmd2JJRGpmbytyTHVICjBFR3NvUUtCZ0dsd2kwRnFKN3N1TDh0MHlESEc1SHNmczQzejJMK21HTTJwMGhPNzRZczNMZXZsM3JldXBUaWwKdU9Nb3NUV3o2cVFueGZzYmdZZDRZSjRoK3U4Y3RHKzlwS29MYjVoNU5CTFE1eWxCUHpTYjJ2dnNoZ0xRbmw1UwpwOGx1QUdDMGRBRVM1U1dqL0NKU3liWWVIWVM0S1FtWW1yQ1BRc0RjaUJudlo0QkRNcUNRCi0tLS0tRU5EIFJTQSBQUklWQVRFIEtFWS0tLS0tCg==",
                            "master_auth.0.cluster_ca_certificate": "LS0tLS1CRUdJTiBDRVJUSUZJQ0FURS0tLS0tCk1JSURERENDQWZTZ0F3SUJBZ0lSQUw3SDNrQUQrcWxNZ1llMmQxNkE2RGt3RFFZSktvWklodmNOQVFFTEJRQXcKTHpFdE1Dc0dBMVVFQXhNa016QTVOREF5WmpNdE4yVmhNaTAwT1RNM0xUbGxaVGN0T1dJNVl6ZGlOVFEyWkRRNQpNQjRYRFRFNE1EWXdOVEUxTVRJeE9Gb1hEVEl6TURZd05ERTJNVEl4T0Zvd0x6RXRNQ3NHQTFVRUF4TWtNekE1Ck5EQXlaak10TjJWaE1pMDBPVE0zTFRsbFpUY3RPV0k1WXpkaU5UUTJaRFE1TUlJQklqQU5CZ2txaGtpRzl3MEIKQVFFRkFBT0NBUThBTUlJQkNnS0NBUUVBdDlwRTZ1bkpLcENKeG9BcTJ6VkVQamRGWjV0ajgvRmsveWdKYUNSQgo1L3lleDRYVE10dm1YWmR5M2FZTW52c2ZydXhSQkZYR1ZQY080UlVIVHRQU2tMWWJLdnY4MFBlNHJheEZVTFpiCmw2M3U0eUpFOVU1ODhETmdaYk10REtNS0xPcWtJTlJSLzlHZUY1SEt3K3FSQmxWNTZ6SzBzdUI0S2ExdlQ3LzQKUGRqelBNMytveDRUNWhrcDN0RG80bnhLdFQwaHdrV0NEOUg5NjB5TElicHgvbVFoNWV3bTZFU01TZjJ4bURxegpYdmJDejBZTE5qZU9JdTBhT2tMVkZxeVJzenE5cGZ3Y3dKN2doODZxc3RXY0M4elo2Wkw4L0Z6VUtOTlM3Ylg4CnJSaG04OW9vc0lKalVVdWI4QTVKdnVUU2FpclI2ZlNRcFNBdS9RM014bzlRNVFJREFRQUJveU13SVRBT0JnTlYKSFE4QkFmOEVCQU1DQWdRd0R3WURWUjBUQVFIL0JBVXdBd0VCL3pBTkJna3Foa2lHOXcwQkFRc0ZBQU9DQVFFQQpPdUhuN1hCQlQ3R2M5ajZtaGl4ZER3NWVhYmVwWFVBVjhFc2YzdXNyZE9Sdk5yY3NMbXRDQXhVMk1Ia3JhRTk3Ck5wd09pTHRPWmNDdGNhYUFBU1dxNGdpU2EzaDRvUVAyazlGZGZaM1R6UFgrd0EzckphTWVMTUhxRlpOMStoakEKdWNERmFRWlpJN0J3R05UWGovNHdUT0toNExnbVJUSUhndXV1Wm55bHJ5UnBhcS9BWEhNNGhIMC83MHMybkt6NQo1MGNEcjNjV2kzTlVOVi9WQlpVMmFOejJLUjZNTnhyckVTNkU5QkxhYm1SU1dzUFZhZWRTZUlqanNJdjJzb1M5ClVqNHI3YUd3VVlkaFRJbjl1WFBIUVY2WnREbVRZZXJUT0FQYjdWWFM1QkhTWXIxTktISUpkbHBROTVtUDJEcDMKWk1PMUZPUFNUMmtMWG1kekpDK3E4dz09Ci0tLS0tRU5EIENFUlRJRklDQVRFLS0tLS0K",
                            "master_auth.0.password": "eg2a2JnyNWsOvsNx",
                            "master_auth.0.username": "admin",
                            "master_version": "1.8.10-gke.0",
                            "monitoring_service": "monitoring.googleapis.com",
                            "name": "training-cluster-6",
                            "network": "training-net",
                            "network_policy.#": "0",
                            "node_config.#": "1",
                            "node_config.0.disk_size_gb": "100",
                            "node_config.0.guest_accelerator.#": "0",
                            "node_config.0.image_type": "COS",
                            "node_config.0.labels.%": "0",
                            "node_config.0.local_ssd_count": "0",
                            "node_config.0.machine_type": "n1-standard-1",
                            "node_config.0.metadata.%": "0",
                            "node_config.0.min_cpu_platform": "",
                            "node_config.0.oauth_scopes.#": "4",
                            "node_config.0.oauth_scopes.1277378754": "https://www.googleapis.com/auth/monitoring",
                            "node_config.0.oauth_scopes.1632638332": "https://www.googleapis.com/auth/devstorage.read_only",
                            "node_config.0.oauth_scopes.172152165": "https://www.googleapis.com/auth/logging.write",
                            "node_config.0.oauth_scopes.299962681": "https://www.googleapis.com/auth/compute",
                            "node_config.0.preemptible": "false",
                            "node_config.0.service_account": "default",
                            "node_config.0.tags.#": "0",
                            "node_config.0.workload_metadata_config.#": "0",
                            "node_pool.#": "1",
                            "node_pool.0.autoscaling.#": "0",
                            "node_pool.0.initial_node_count": "3",
                            "node_pool.0.instance_group_urls.#": "1",
                            "node_pool.0.instance_group_urls.0": "https://www.googleapis.com/compute/v1/projects/sandbox-wescale/zones/europe-west1-b/instanceGroupManagers/gke-training-cluster-6-default-pool-4bab6285-grp",
                            "node_pool.0.management.#": "1",
                            "node_pool.0.management.0.auto_repair": "false",
                            "node_pool.0.management.0.auto_upgrade": "false",
                            "node_pool.0.name": "default-pool",
                            "node_pool.0.name_prefix": "",
                            "node_pool.0.node_config.#": "1",
                            "node_pool.0.node_config.0.disk_size_gb": "100",
                            "node_pool.0.node_config.0.guest_accelerator.#": "0",
                            "node_pool.0.node_config.0.image_type": "COS",
                            "node_pool.0.node_config.0.labels.%": "0",
                            "node_pool.0.node_config.0.local_ssd_count": "0",
                            "node_pool.0.node_config.0.machine_type": "n1-standard-1",
                            "node_pool.0.node_config.0.metadata.%": "0",
                            "node_pool.0.node_config.0.min_cpu_platform": "",
                            "node_pool.0.node_config.0.oauth_scopes.#": "4",
                            "node_pool.0.node_config.0.oauth_scopes.1277378754": "https://www.googleapis.com/auth/monitoring",
                            "node_pool.0.node_config.0.oauth_scopes.1632638332": "https://www.googleapis.com/auth/devstorage.read_only",
                            "node_pool.0.node_config.0.oauth_scopes.172152165": "https://www.googleapis.com/auth/logging.write",
                            "node_pool.0.node_config.0.oauth_scopes.299962681": "https://www.googleapis.com/auth/compute",
                            "node_pool.0.node_config.0.preemptible": "false",
                            "node_pool.0.node_config.0.service_account": "default",
                            "node_pool.0.node_config.0.tags.#": "0",
                            "node_pool.0.node_config.0.workload_metadata_config.#": "0",
                            "node_pool.0.node_count": "3",
                            "node_version": "1.8.10-gke.0",
                            "project": "sandbox-wescale",
                            "subnetwork": "training-subnet",
                            "zone": "europe-west1-b"
                        },
                        "meta": {
                            "e2bfb730-ecaa-11e6-8f88-34363bc7c4c0": {
                                "create": 1800000000000,
                                "delete": 600000000000,
                                "update": 600000000000
                            },
                            "schema_version": "1"
                        },
                        "tainted": false
                    },
                    "deposed": [],
                    "provider": "module.bootstrap-training.provider.google"
                },
                "google_container_cluster.training-cluster.7": {
                    "type": "google_container_cluster",
                    "depends_on": [
                        "google_compute_network.training_net",
                        "google_compute_subnetwork.training_subnet"
                    ],
                    "primary": {
                        "id": "training-cluster-7",
                        "attributes": {
                            "additional_zones.#": "0",
                            "addons_config.#": "1",
                            "addons_config.0.horizontal_pod_autoscaling.#": "0",
                            "addons_config.0.http_load_balancing.#": "0",
                            "addons_config.0.kubernetes_dashboard.#": "0",
                            "addons_config.0.network_policy_config.#": "1",
                            "addons_config.0.network_policy_config.0.disabled": "true",
                            "cluster_ipv4_cidr": "10.24.0.0/14",
                            "description": "",
                            "enable_kubernetes_alpha": "false",
                            "enable_legacy_abac": "true",
                            "endpoint": "35.233.120.100",
                            "id": "training-cluster-7",
                            "initial_node_count": "3",
                            "instance_group_urls.#": "1",
                            "instance_group_urls.0": "https://www.googleapis.com/compute/v1/projects/sandbox-wescale/zones/europe-west1-b/instanceGroups/gke-training-cluster-7-default-pool-42788a2c-grp",
                            "logging_service": "logging.googleapis.com",
                            "master_auth.#": "1",
                            "master_auth.0.client_certificate": "LS0tLS1CRUdJTiBDRVJUSUZJQ0FURS0tLS0tCk1JSUMyakNDQWNLZ0F3SUJBZ0lRT0NSUXlmeWphVncvUCtiL0VXWEZzekFOQmdrcWhraUc5dzBCQVFzRkFEQXYKTVMwd0t3WURWUVFERXlSbE9URmhaalZqTWkxaE5HTXpMVFJoWWpRdFlXVXhOQzFoTW1VMVpURmtPRGs1TnprdwpIaGNOTVRnd05qQTFNVFl4TURReFdoY05Nak13TmpBME1UWXhNRFF4V2pBUk1ROHdEUVlEVlFRREV3WmpiR2xsCmJuUXdnZ0VpTUEwR0NTcUdTSWIzRFFFQkFRVUFBNElCRHdBd2dnRUtBb0lCQVFEczRkTS9BRDRyaUJYR20xWUkKUkR0NjByYVF6RFYwYmZ6Y3VWWUg5Y2tSSnFuUFNENmlQS0dFZnh3RjkyL3BEMzcwbkl4L0xXTHJNSHhlOEMzagpLWXRDbnFuTmR2QzI1cUtVc2twSy85ZE9sdU9Fb2YzenRvWVg2UStLUkJuOE5sUGhmbVlENUNkQU90S0Nsd25XCitsclk4RWUvb3lZSWRyUVVueEl1S1NJQkZBU0dYUVVpQjdBT0pGbkhiQXE5bWFldW1uaGlxd3p6NUgwSUZhRjYKcER5OURNa1MraFpiL2dIbmN3OWVZdnBnNzNRMVZBQ29mOU1yQnBlTlNIMWg2d3RvTnZzcnVGQ1VaNDVpWU5TVApZQWd3L3YxOWQrYkh1YUZQVC9XeWlPTWYza1p6VlZSdjd6Sy8wOWIybXVzRTdFUGMycVdiNmJUTTNYVFNOOXBxCnVPbFhBZ01CQUFHakVEQU9NQXdHQTFVZEV3RUIvd1FDTUFBd0RRWUpLb1pJaHZjTkFRRUxCUUFEZ2dFQkFKakUKZmdZRWdTVWRLUU5DZXdnNWM3cFlvUGZTRkp4UE9OU0x3Vktuc1FvRThwck5TZEhCTXBaOHVPcjJobytlTXNjMwphbGQvM0JQTUQ2RnVJM0tvVWVoajU3blBuc1RrNElLY1hJSVZwMUxUcUdRK3ZKNnZ0dnE1MURtQ0JUTFZmZ00zCjZHZzM0dWREWElpYUtiM1pTc2UxVTB4cEpkNnk2VXVMVVNrZzFIbUJTajV0NUZLTEFUOFY1ZXFVdWNwZ1pETkcKN1lDUmREajZqb01CcEtHYkJ5T3ZoMmVvbDhKM1FtcUIvOFRhMFRCU2dFd0NuU2NMcksvZnF0QVZ4YVpmbE12cwpPTHBXK0VjM1RUeXVWSk1vamR2eUVCdDcyWEwySUpnSCtHdlF5RmRKQ01laVNYdHRvV3kzV0E5UzF6QkJqZHJMCkNEVXJqdXhMVzFKVGNUem1rWjA9Ci0tLS0tRU5EIENFUlRJRklDQVRFLS0tLS0K",
                            "master_auth.0.client_key": "LS0tLS1CRUdJTiBSU0EgUFJJVkFURSBLRVktLS0tLQpNSUlFcFFJQkFBS0NBUUVBN09IVFB3QStLNGdWeHB0V0NFUTdldEsya013MWRHMzgzTGxXQi9YSkVTYXB6MGcrCm9qeWhoSDhjQmZkdjZROSs5SnlNZnkxaTZ6QjhYdkF0NHltTFFwNnB6WGJ3dHVhaWxMSktTdi9YVHBiamhLSDkKODdhR0Yra1Bpa1FaL0RaVDRYNW1BK1FuUURyU2dwY0oxdnBhMlBCSHY2TW1DSGEwRko4U0xpa2lBUlFFaGwwRgpJZ2V3RGlSWngyd0t2Wm1ucnBwNFlxc004K1I5Q0JXaGVxUTh2UXpKRXZvV1cvNEI1M01QWG1MNllPOTBOVlFBCnFIL1RLd2FYalVoOVllc0xhRGI3SzdoUWxHZU9ZbURVazJBSU1QNzlmWGZteDdtaFQwLzFzb2pqSDk1R2MxVlUKYis4eXY5UFc5cHJyQk94RDNOcWxtK20wek4xMDBqZmFhcmpwVndJREFRQUJBb0lCQUNYUXRvRkt0U0lNUGZSYQoxNCtjbTVBenlOcnh0cURlYnNKVkZmT25CdVpRTVVYbFp4Wk5nK0t4SUtuMUxSamNGVUlsMGFuN0lWejJwd3dkCmlkTWNvOTRmNThTUFN4c3ZxTFJWM1ZWVUVBSThSVUxtL0xHbUtZbWNvT2lnNURNUlZkcGNGc1lOUUpUWTJjS1QKZ1FuSzBBRHN6czltMDB0V1E5RG5tZnZqZ01tc29wSEtwSjNiTHJLbWEvaHExN1pONFgwVWJtcFNCZFhleitJcgoyakVac045Uis1RnV0WEVkR3B2R25YbEduRlpzMng3THhwNzhEZ2NrMTJuNm12a3VVeWR4WXBYb3lzRnpMcWpJCnJYNnUzS0FhNVBlWldPa0dOUVJpdldQWkhxN2k5Tk1TcDdCbjlDaUxPY1RhRFVxVGYrVXhRUlU3ZUgyZEtKNjQKMnRuQXJEa0NnWUVBL3FUTDVxNFphWnZ5ajZOTStOSzNZNjg2MDdIRFhUTXhxS20vNERuR1JCTk03WDE2Q3JCQQpXUWE2dytuSWpxckJvMlpGUXE2amwzV1V3NTRJZXJ1K2tQb0NxejlRbm85Q1o1OXJxYTJZU1Q5M2RTb1kwWUZOCjJ6U0FHa3MyNEZ5TDFKYjZJeGxoNytCTWhiU1pTSGs2SkRZZm90bm5mZDdoV2NpdG9pWmRqTGtDZ1lFQTdpVFAKbTIvaTA0NHdOVm8zQmFlbkZYNjFjdEFQVDNvK2lLdHJUckNzWmNkZFhUY2Rzdm1Dd01SRjdacE8zSVdFYzVnVgpCREVpdytINU5jTXVRVTJ1bWRSK0VkQkorVDVva0xPUkIyN1k5L3BNQ3RESXhlM1B0WE9Ecll6bWpjdmQwL1BpClAya1JQZk5xcWlIQm92Uld5ZzI1dkZnZUFwYU9tc3NmdDFjMnZvOENnWUVBczdzN2svRlVUSDllNEZWQnNlcUEKdUdKcElodzVLV0pGN2FjS29FZ0hFZXVSZzVycDlmdGJIN3NwUGJpWDcyTEUxQUVPWjdkK0RoeFd5UStWS3BPegpPUDdOdlhNdUF3eFlzVzBMZjdMZ1p1cmQ5UnVtY3RGU1U2TWx1K2xVclYyRThLTXpvR3g4L09PUy8xaHVUSUlNCk1Kem5EWG5CODh6SndDWnRyNkptcXprQ2dZRUE0QUZFUDRPNUt5SmVlbkVIdkl2OUFKMFZkSS85TnRkWUp4cUgKYjVlRU1xQ2JVK2xhU0ZXbkJrZ1pOdXlsTFkxeUQ0R0lrMDdjMHNDbXVFbUdJdXM5UjNtM3RHM21oMHFLOVVIVApNOWl5d2w5d1UrUWNWd0hoRlY4NUIzQzRGYjBrUmhEc1NwVThJTGZ0SjJkbFN6RG15bHlxejExYnJUZU5vRkZjCjNncHRka1VDZ1lFQXdvRlNhK0dJb0FLQ2srTmlXdm9oU1JLNEtJcDdXT1Y5czBXUWRhdm9xVzNMc1AyWndQekcKVE5OUk5BUlJWcitKM3ZwU2F6YW5tQTU5dXNIRkJYSmJRUzEvTTFUZ0dzcUFBSEtIZitIb2VnTjZrbEdIdUhqdwpQRk9SY2ZrVGNIazNrMzhjUWhwa3lJd2N6djgvREhPMU9qTzkrdVE1VlJWalVZakRRbzBjRkMwPQotLS0tLUVORCBSU0EgUFJJVkFURSBLRVktLS0tLQo=",
                            "master_auth.0.cluster_ca_certificate": "LS0tLS1CRUdJTiBDRVJUSUZJQ0FURS0tLS0tCk1JSURDekNDQWZPZ0F3SUJBZ0lRTjRCTjVHc004K1J5TTlXY1lzYVFwREFOQmdrcWhraUc5dzBCQVFzRkFEQXYKTVMwd0t3WURWUVFERXlSbE9URmhaalZqTWkxaE5HTXpMVFJoWWpRdFlXVXhOQzFoTW1VMVpURmtPRGs1TnprdwpIaGNOTVRnd05qQTFNVFV4TURRd1doY05Nak13TmpBME1UWXhNRFF3V2pBdk1TMHdLd1lEVlFRREV5UmxPVEZoClpqVmpNaTFoTkdNekxUUmhZalF0WVdVeE5DMWhNbVUxWlRGa09EazVOemt3Z2dFaU1BMEdDU3FHU0liM0RRRUIKQVFVQUE0SUJEd0F3Z2dFS0FvSUJBUUN2emd6MWJpdHd4TTkxcmF3cXdUNzJmRkZTL0FUZzZuQ3RMSW9xZ0dENwpEQklpL0w5SmFaMGswdjlDa2R0aCthZkpzb3BodUpwSTNmVS83cG5QUGh3bU1TRFFKUFNnV3l6ZEJjVlRtWGlICkx1blBJaEVTZ2FCeVM5UW40OURsNjlWZEVoUXpJSlhyT1U1R1RiWnVseFNleG92OW00cE1tcHZkalNKaWNIcTIKU0NHRW95UFNSTHRkSXpMWXh4ZCtZekRXQU1TdHdmV3ZIVnQ4aGIxeUVFbllOMTFYQmpwUkVzTkMwdVNpUGRIYwpKM25laHhvekcxNDNXZ3hhVldENUp3MlFFTHViQU9LckNVV3pUVmFkelZWaFg5TmIxaExQcU83ZVZWTDFkT1RzCjcyVGZWa1pVLzhmcnFCYnZLTnA4YUhsbTJxeUhJNjFFL2RzaFRFUmxhVzF2QWdNQkFBR2pJekFoTUE0R0ExVWQKRHdFQi93UUVBd0lDQkRBUEJnTlZIUk1CQWY4RUJUQURBUUgvTUEwR0NTcUdTSWIzRFFFQkN3VUFBNElCQVFCYwpwQWxNK3pzWlhFTUFJQnQ3Y0hPTzV0dmVIQ2pISVRIZ2N4enhjNVZWbEZzK1dXRU5tMElwNVpoT0VOV3pjMm1xClFwV3YxcisxaUpzdE9hSUlzbjgyVVUwVUVIWStaTFlQdGZQeldrbU1odzlaZjV1ZzRUamtZVndrb3FzT01PQk8KQ0RPQ3YrTGtvOVVTRGY3U05NdFBrZFlrK3NUeEhBWUpGVzQybWd0OW91Y05hTlRhNkNMVmg0TkU1N2grQWpWQQpWOUN0YlJRSlVMTTVuNXdWd3BXQkZlVnlTdndGZzdFd3l0b3NCYkN6cVJOcTV5UHJvbHgxMm54Y1A4bEJYYStiClJ3UE5iVWVWYnhXT2ZNckx2QTNLdDVxNFo0TklRRGt4cWR2YTlyVnhMOVhGYzZnbGZ5UWdtQ1J6VXlrTCs3ankKOFlLcDZMR0JheTVkU0N2SXFSZU4KLS0tLS1FTkQgQ0VSVElGSUNBVEUtLS0tLQo=",
                            "master_auth.0.password": "YIHay5nD0mescXkN",
                            "master_auth.0.username": "admin",
                            "master_version": "1.8.10-gke.0",
                            "monitoring_service": "monitoring.googleapis.com",
                            "name": "training-cluster-7",
                            "network": "training-net",
                            "network_policy.#": "0",
                            "node_config.#": "1",
                            "node_config.0.disk_size_gb": "100",
                            "node_config.0.guest_accelerator.#": "0",
                            "node_config.0.image_type": "COS",
                            "node_config.0.labels.%": "0",
                            "node_config.0.local_ssd_count": "0",
                            "node_config.0.machine_type": "n1-standard-1",
                            "node_config.0.metadata.%": "0",
                            "node_config.0.min_cpu_platform": "",
                            "node_config.0.oauth_scopes.#": "4",
                            "node_config.0.oauth_scopes.1277378754": "https://www.googleapis.com/auth/monitoring",
                            "node_config.0.oauth_scopes.1632638332": "https://www.googleapis.com/auth/devstorage.read_only",
                            "node_config.0.oauth_scopes.172152165": "https://www.googleapis.com/auth/logging.write",
                            "node_config.0.oauth_scopes.299962681": "https://www.googleapis.com/auth/compute",
                            "node_config.0.preemptible": "false",
                            "node_config.0.service_account": "default",
                            "node_config.0.tags.#": "0",
                            "node_config.0.workload_metadata_config.#": "0",
                            "node_pool.#": "1",
                            "node_pool.0.autoscaling.#": "0",
                            "node_pool.0.initial_node_count": "3",
                            "node_pool.0.instance_group_urls.#": "1",
                            "node_pool.0.instance_group_urls.0": "https://www.googleapis.com/compute/v1/projects/sandbox-wescale/zones/europe-west1-b/instanceGroupManagers/gke-training-cluster-7-default-pool-42788a2c-grp",
                            "node_pool.0.management.#": "1",
                            "node_pool.0.management.0.auto_repair": "false",
                            "node_pool.0.management.0.auto_upgrade": "false",
                            "node_pool.0.name": "default-pool",
                            "node_pool.0.name_prefix": "",
                            "node_pool.0.node_config.#": "1",
                            "node_pool.0.node_config.0.disk_size_gb": "100",
                            "node_pool.0.node_config.0.guest_accelerator.#": "0",
                            "node_pool.0.node_config.0.image_type": "COS",
                            "node_pool.0.node_config.0.labels.%": "0",
                            "node_pool.0.node_config.0.local_ssd_count": "0",
                            "node_pool.0.node_config.0.machine_type": "n1-standard-1",
                            "node_pool.0.node_config.0.metadata.%": "0",
                            "node_pool.0.node_config.0.min_cpu_platform": "",
                            "node_pool.0.node_config.0.oauth_scopes.#": "4",
                            "node_pool.0.node_config.0.oauth_scopes.1277378754": "https://www.googleapis.com/auth/monitoring",
                            "node_pool.0.node_config.0.oauth_scopes.1632638332": "https://www.googleapis.com/auth/devstorage.read_only",
                            "node_pool.0.node_config.0.oauth_scopes.172152165": "https://www.googleapis.com/auth/logging.write",
                            "node_pool.0.node_config.0.oauth_scopes.299962681": "https://www.googleapis.com/auth/compute",
                            "node_pool.0.node_config.0.preemptible": "false",
                            "node_pool.0.node_config.0.service_account": "default",
                            "node_pool.0.node_config.0.tags.#": "0",
                            "node_pool.0.node_config.0.workload_metadata_config.#": "0",
                            "node_pool.0.node_count": "3",
                            "node_version": "1.8.10-gke.0",
                            "project": "sandbox-wescale",
                            "subnetwork": "training-subnet",
                            "zone": "europe-west1-b"
                        },
                        "meta": {
                            "e2bfb730-ecaa-11e6-8f88-34363bc7c4c0": {
                                "create": 1800000000000,
                                "delete": 600000000000,
                                "update": 600000000000
                            },
                            "schema_version": "1"
                        },
                        "tainted": false
                    },
                    "deposed": [],
                    "provider": "module.bootstrap-training.provider.google"
                },
                "google_container_cluster.training-cluster.8": {
                    "type": "google_container_cluster",
                    "depends_on": [
                        "google_compute_network.training_net",
                        "google_compute_subnetwork.training_subnet"
                    ],
                    "primary": {
                        "id": "training-cluster-8",
                        "attributes": {
                            "additional_zones.#": "0",
                            "addons_config.#": "1",
                            "addons_config.0.horizontal_pod_autoscaling.#": "0",
                            "addons_config.0.http_load_balancing.#": "0",
                            "addons_config.0.kubernetes_dashboard.#": "0",
                            "addons_config.0.network_policy_config.#": "1",
                            "addons_config.0.network_policy_config.0.disabled": "true",
                            "cluster_ipv4_cidr": "10.64.0.0/14",
                            "description": "",
                            "enable_kubernetes_alpha": "false",
                            "enable_legacy_abac": "true",
                            "endpoint": "35.205.231.141",
                            "id": "training-cluster-8",
                            "initial_node_count": "3",
                            "instance_group_urls.#": "1",
                            "instance_group_urls.0": "https://www.googleapis.com/compute/v1/projects/sandbox-wescale/zones/europe-west1-b/instanceGroups/gke-training-cluster-8-default-pool-f2f4a1bf-grp",
                            "logging_service": "logging.googleapis.com",
                            "master_auth.#": "1",
                            "master_auth.0.client_certificate": "LS0tLS1CRUdJTiBDRVJUSUZJQ0FURS0tLS0tCk1JSUMyekNDQWNPZ0F3SUJBZ0lSQUxUSzY2TkZCdVpwdG5SM0UrS3hRell3RFFZSktvWklodmNOQVFFTEJRQXcKTHpFdE1Dc0dBMVVFQXhNa09HVmlNelkyTWpRdE5qZGlNaTAwWlRFMUxUazBZemt0WW1ZNE1HUTFNMll6WVdSawpNQjRYRFRFNE1EWXdOVEUyTVRRd00xb1hEVEl6TURZd05ERTJNVFF3TTFvd0VURVBNQTBHQTFVRUF4TUdZMnhwClpXNTBNSUlCSWpBTkJna3Foa2lHOXcwQkFRRUZBQU9DQVE4QU1JSUJDZ0tDQVFFQW1wL3NlaGNkLytzcE1TWkIKeXJmQlIyVllMem5ndUlBUjVuakxYOUtwejVna0tGSGlLZ3BQRGwycncxSEJmeUEwWVJkcnpVQ0M2ckl0c2hhbQpKbC9ZUDVXUm9qMVNQMFRJMVIvK0tVTjBqOUtBZitQNkxzbWI4QVZDZEE0eTl2Q25KQVA0Wi9udlhXUHR0SldWCjhTbGgxdThvMDhwUU1qRGtJOUdBTkVjd0Y3RFRTZVl6K2xRUjNtVUVRSTBDVnQvdWRPbm1rY1U1OUtScVMyaDAKRkNRUGM5Z20wdGxSRlQ0VUh6Z21iV2pzTzR5dkJRYWFoRWZyOVdnZGdSU3ludzAxclM2OFJ6cHB6ZzN4L1VzYgprNy9YRnFxUE9TbHA5S2Q0dHdyVFYzby9udTB6VjhPWTEzb1FoSnZFK1lieGNiUHdQNzRlQXlCb2cySkdxU3F4Ckx1ZklpUUlEQVFBQm94QXdEakFNQmdOVkhSTUJBZjhFQWpBQU1BMEdDU3FHU0liM0RRRUJDd1VBQTRJQkFRRGYKaUdCMURzWkpOTUZTRm5LMHdPcGxxVHd6eDdOSHc4bFVUcHdpK0VSL0ZhMEFGTUt5RnMvbVg0RlNZakJsd1hhcgpBbnBNbm1hZjU1WVIrYWIvS3hYSUFZTFFjSVVFVVBHNGpuNnBzdTdQSG5HOEZYTUxSNW1MRG5ES0pWTXRKYnVWCkdveDNLbk9IbGo4NVAydTNSQnNMV21VY3R0TVhlMlhnUXZFekU2V0lqR3NUYmw2NERjUnU2bFRDY2JBRGlNMnQKTjJHYXFaendKdExkb215YUl5Si9yUUk1ZUdpUjhtTzhWS3dzQStRQXRjRHJ1K2c3U1lxSzRHbW1oKzlTY1dTMAp4R2FRY2pPZDNZT21WT0Q0MTdYRUIyOEVjeDZIVFJrM3ppT3JBd3JpV3RCclUxZUlNRzlLcHVjcW5veDFLbDlwCkpKRFZCOFRtaUZNb1JweXJQZlR4Ci0tLS0tRU5EIENFUlRJRklDQVRFLS0tLS0K",
                            "master_auth.0.client_key": "LS0tLS1CRUdJTiBSU0EgUFJJVkFURSBLRVktLS0tLQpNSUlFb3dJQkFBS0NBUUVBbXAvc2VoY2QvK3NwTVNaQnlyZkJSMlZZTHpuZ3VJQVI1bmpMWDlLcHo1Z2tLRkhpCktncFBEbDJydzFIQmZ5QTBZUmRyelVDQzZySXRzaGFtSmwvWVA1V1JvajFTUDBUSTFSLytLVU4wajlLQWYrUDYKTHNtYjhBVkNkQTR5OXZDbkpBUDRaL252WFdQdHRKV1Y4U2xoMXU4bzA4cFFNakRrSTlHQU5FY3dGN0RUU2VZegorbFFSM21VRVFJMENWdC91ZE9ubWtjVTU5S1JxUzJoMEZDUVBjOWdtMHRsUkZUNFVIemdtYldqc080eXZCUWFhCmhFZnI5V2dkZ1JTeW53MDFyUzY4UnpwcHpnM3gvVXNiazcvWEZxcVBPU2xwOUtkNHR3clRWM28vbnUwelY4T1kKMTNvUWhKdkUrWWJ4Y2JQd1A3NGVBeUJvZzJKR3FTcXhMdWZJaVFJREFRQUJBb0lCQUFQR3l0UjRqV2V3d0sxNApvbWE4Y2pZTTNaM1pxMTdBNTFtdnN1MUE0ZkRndXhGWkNVMis1QXRxY2tXRSs2cmYzZEpPbGlMSjQraXVPQkRVCnlNakFmVEdnWDVHTTJkNFREMWRWUHJTWFRJT0VGVllLVUJQN0llODNmRllGVUJnRDdMRWoxUVN2eFdRM05VTzgKaGpzQS9iNFlKL0VlOXpKMzllVXN1c0EyeWpxVWgwNzVsazh3VlhzcVZjRmx0ZjJwL1l6dmdEb0NQZEZnREdxegpTTUlqcE1KODAwdlEwSDZPOXFoaDliRWVWNm5pYVhBS2EwK1ZvSXg3VTErNktuamZ0L0sycm53bHNoZE15ZXNzCk1PbmkrM0hPME14ODh2ME1IWEY0M0NLMmpwNXVSMkdreldPcDhwU1JjcWZBVTc4K2M1azNWWk1MTlVpVVNQQ1QKb1NLKy9lRUNnWUVBME51RTV4R1FSTWg1SVRCQjF2QzlXaUpkWXpaaWVoNm1aa3BSY2pjekM2dmZjTjJ6YjNWaQpzcDBWUDh5UXN0VDc4VTY0KzlETk4yOXJkVDBrVFUxNVVud2hrTkxCV3YzTDlnOVVudU0zcG9nckhtV1pSeVBCCi96cVNZOUhEMEZ5bjFad3dHYVlXc2hBTE9ySlVha2FGUXY1eGdTdkVwZ2o0MlJ3eFEyUlZyelVDZ1lFQXZZYW4KUUtGVTZkamJOcGQ0SjhSa1ltRzcvTVdCc3BIR2Y2eEVNZTl0OEZyYlVVOXdkNkszUVRNakdpcnFPWlBlSm81WAp2d0hOb3M2Q21SQXh1U3V5UC8yUERxUWFxTGt4ZWR0SlVab05KZC9xWkhhRnFnTjQyc3F1eE9OdDdvT3pONU1ICncxdEtSaEFmTitGdDQrUmFlR3h3VDdGaDVEUnVGdkUyL3ZOaStvVUNnWUFXRjJJVFh0UTNza3k5cWZFTTN5SG8KS3NKZUFCNmlkQ045cGxhL0VmK2dPR25GOG0xTVdNbzd3a25CR2M0a1hFcloxMDNSdE9CQUFOVUk3Wkt0YW9odQpwUnFYeXZNUXdNK1dFMEVNSFZTQmxOMmF0WHhrL2U5REk5cmdIQXZ1T2g2MmhYTEJBOFJheVQrbTBiNEVEN21BCndKRVk3Snc4UTY2dXFFQzl0QnNzRVFLQmdRQ1JpdzUxdTI4U0JjNlNKYy9IK2pGOHU4RTVaQk10cG5UaEp0RlgKNTU1dHJkZ3VvT3FsZFBkMXdtZDZlT3BXUFEra1hEdFdHM1JuU2w5UVcvZFRWQk1Xd1FsVEhRSzcvenZYY0dibAptMy90VGY4YUYwcWVQUHhhU0x2ZHh5bHN1UWF2N3VGUFRKUEZLaXhQSlhiV1EwNldtKy9EdzF5QmV5SHZ6RjJICmZERE9ZUUtCZ0NET0lqRFhROFExNmNlNGhvNnBzNDg5cDNVbEp0ZkxjTjVLbGZRRnk3cGVsSFJBL0JJcS9RZWEKSUVLbkw5dzVmUXRBOCsrR0F3dUk2cWFpUUxKaDhqaXl2QklBdWp1ZGRTcmp6NjdjUlg3NllDSENuRE12NHQrdgpqTGpJSldPcGNEeWVucllkR2xrTlFvRGtlbkN5R1JFdG5PeEFmVlpjVHRxbVpWNTI5aWpGCi0tLS0tRU5EIFJTQSBQUklWQVRFIEtFWS0tLS0tCg==",
                            "master_auth.0.cluster_ca_certificate": "LS0tLS1CRUdJTiBDRVJUSUZJQ0FURS0tLS0tCk1JSURDekNDQWZPZ0F3SUJBZ0lRSjV6dE9weDNVUzRNYXAxdXNyMGJ5VEFOQmdrcWhraUc5dzBCQVFzRkFEQXYKTVMwd0t3WURWUVFERXlRNFpXSXpOall5TkMwMk4ySXlMVFJsTVRVdE9UUmpPUzFpWmpnd1pEVXpaak5oWkdRdwpIaGNOTVRnd05qQTFNVFV4TkRBeVdoY05Nak13TmpBME1UWXhOREF5V2pBdk1TMHdLd1lEVlFRREV5UTRaV0l6Ck5qWXlOQzAyTjJJeUxUUmxNVFV0T1RSak9TMWlaamd3WkRVelpqTmhaR1F3Z2dFaU1BMEdDU3FHU0liM0RRRUIKQVFVQUE0SUJEd0F3Z2dFS0FvSUJBUURmcm5EK3RYT2dvMStBcFBVR0pYbndsOXpJTWlPQ2NRWjZsSER0QUE0cgppMkQrZDdvM1Z5V0VFUnAzZnBQZEZxdnFYU1pMazZWRnhacHFyZ0FCV25lRmxOOUlOZUViRStLZSthNXRaYnBlCjJIam9zV0hzQzQ5eFZBNG1PZytQK2dOY2cxMXJNV2lvNlZwYVFJbHNlbE9ZVjJkK24rcHh1NjF0enZTTGNWTkcKZjJld056dytiZXEzZEtMYW5PT0orb1dWR3hOclMwcHBCcm4xZGk4QVVXbXNjWENzSFNNNGc2MTA0Z05nU2syaQpIOU53d1FIYS8wb0lMZGVlTEU0ZzRtNzNHb1NsaWVDbmxBL2VSSUdsZXJTY05naE0xSFBTR09ocXhxR3NZT1RxCmlGQ0N4Z2NEbjB5aWZpTWRiV2ZqNVpYMFZiYnNyZ0RYUncyOGo1T0QxUTZsQWdNQkFBR2pJekFoTUE0R0ExVWQKRHdFQi93UUVBd0lDQkRBUEJnTlZIUk1CQWY4RUJUQURBUUgvTUEwR0NTcUdTSWIzRFFFQkN3VUFBNElCQVFCZAplWG4zRW9RbU9sNGc5WXpORUljS1JtdUdsNHRWZlgrbzZxaXo4VStOKzhHQm81WG5uMzduVi9CMmxWZGxreko3CnVQYXNjMTZkUVd0TGtDbStvWjZqaVFzSitHRDVSTEM3T2prTzVTRUh4RGZoamp6eDBPSEdvSGs2NEtSeWNkaXEKQXRsOVR0cS9CVmhETGlPVFpMTURyTkV5VnJXN0ZvNEFTaWpYOEVNRVQzcHBvQ0pNOGs5UDhvbWkxOE9UQ0Y1Qwpac3hIMEVZcFBkbkJFV1lLSzd2bnNrZnd1VDhtL0UwaCtrWXFpK3ArditmV1hwSWl4Y0M5OFJNb056TnpSVlJyCnVuNlNMNS9wVk9USXBDUVBZMFlTZzN0TzJDZFlCTVlUOFBId2FrOGRUdG00ZGFHUTZIYTE4ckFmbFI5R2phankKbGMxR3JLM2dOeGdMNk5FZWVVbDYKLS0tLS1FTkQgQ0VSVElGSUNBVEUtLS0tLQo=",
                            "master_auth.0.password": "t4nzQI2WF56RxME5",
                            "master_auth.0.username": "admin",
                            "master_version": "1.8.10-gke.0",
                            "monitoring_service": "monitoring.googleapis.com",
                            "name": "training-cluster-8",
                            "network": "training-net",
                            "network_policy.#": "0",
                            "node_config.#": "1",
                            "node_config.0.disk_size_gb": "100",
                            "node_config.0.guest_accelerator.#": "0",
                            "node_config.0.image_type": "COS",
                            "node_config.0.labels.%": "0",
                            "node_config.0.local_ssd_count": "0",
                            "node_config.0.machine_type": "n1-standard-1",
                            "node_config.0.metadata.%": "0",
                            "node_config.0.min_cpu_platform": "",
                            "node_config.0.oauth_scopes.#": "4",
                            "node_config.0.oauth_scopes.1277378754": "https://www.googleapis.com/auth/monitoring",
                            "node_config.0.oauth_scopes.1632638332": "https://www.googleapis.com/auth/devstorage.read_only",
                            "node_config.0.oauth_scopes.172152165": "https://www.googleapis.com/auth/logging.write",
                            "node_config.0.oauth_scopes.299962681": "https://www.googleapis.com/auth/compute",
                            "node_config.0.preemptible": "false",
                            "node_config.0.service_account": "default",
                            "node_config.0.tags.#": "0",
                            "node_config.0.workload_metadata_config.#": "0",
                            "node_pool.#": "1",
                            "node_pool.0.autoscaling.#": "0",
                            "node_pool.0.initial_node_count": "3",
                            "node_pool.0.instance_group_urls.#": "1",
                            "node_pool.0.instance_group_urls.0": "https://www.googleapis.com/compute/v1/projects/sandbox-wescale/zones/europe-west1-b/instanceGroupManagers/gke-training-cluster-8-default-pool-f2f4a1bf-grp",
                            "node_pool.0.management.#": "1",
                            "node_pool.0.management.0.auto_repair": "false",
                            "node_pool.0.management.0.auto_upgrade": "false",
                            "node_pool.0.name": "default-pool",
                            "node_pool.0.name_prefix": "",
                            "node_pool.0.node_config.#": "1",
                            "node_pool.0.node_config.0.disk_size_gb": "100",
                            "node_pool.0.node_config.0.guest_accelerator.#": "0",
                            "node_pool.0.node_config.0.image_type": "COS",
                            "node_pool.0.node_config.0.labels.%": "0",
                            "node_pool.0.node_config.0.local_ssd_count": "0",
                            "node_pool.0.node_config.0.machine_type": "n1-standard-1",
                            "node_pool.0.node_config.0.metadata.%": "0",
                            "node_pool.0.node_config.0.min_cpu_platform": "",
                            "node_pool.0.node_config.0.oauth_scopes.#": "4",
                            "node_pool.0.node_config.0.oauth_scopes.1277378754": "https://www.googleapis.com/auth/monitoring",
                            "node_pool.0.node_config.0.oauth_scopes.1632638332": "https://www.googleapis.com/auth/devstorage.read_only",
                            "node_pool.0.node_config.0.oauth_scopes.172152165": "https://www.googleapis.com/auth/logging.write",
                            "node_pool.0.node_config.0.oauth_scopes.299962681": "https://www.googleapis.com/auth/compute",
                            "node_pool.0.node_config.0.preemptible": "false",
                            "node_pool.0.node_config.0.service_account": "default",
                            "node_pool.0.node_config.0.tags.#": "0",
                            "node_pool.0.node_config.0.workload_metadata_config.#": "0",
                            "node_pool.0.node_count": "3",
                            "node_version": "1.8.10-gke.0",
                            "project": "sandbox-wescale",
                            "subnetwork": "training-subnet",
                            "zone": "europe-west1-b"
                        },
                        "meta": {
                            "e2bfb730-ecaa-11e6-8f88-34363bc7c4c0": {
                                "create": 1800000000000,
                                "delete": 600000000000,
                                "update": 600000000000
                            },
                            "schema_version": "1"
                        },
                        "tainted": false
                    },
                    "deposed": [],
                    "provider": "module.bootstrap-training.provider.google"
                },
                "google_container_cluster.training-cluster.9": {
                    "type": "google_container_cluster",
                    "depends_on": [
                        "google_compute_network.training_net",
                        "google_compute_subnetwork.training_subnet"
                    ],
                    "primary": {
                        "id": "training-cluster-9",
                        "attributes": {
                            "additional_zones.#": "0",
                            "addons_config.#": "1",
                            "addons_config.0.horizontal_pod_autoscaling.#": "0",
                            "addons_config.0.http_load_balancing.#": "0",
                            "addons_config.0.kubernetes_dashboard.#": "0",
                            "addons_config.0.network_policy_config.#": "1",
                            "addons_config.0.network_policy_config.0.disabled": "true",
                            "cluster_ipv4_cidr": "10.20.0.0/14",
                            "description": "",
                            "enable_kubernetes_alpha": "false",
                            "enable_legacy_abac": "true",
                            "endpoint": "35.195.79.219",
                            "id": "training-cluster-9",
                            "initial_node_count": "3",
                            "instance_group_urls.#": "1",
                            "instance_group_urls.0": "https://www.googleapis.com/compute/v1/projects/sandbox-wescale/zones/europe-west1-b/instanceGroups/gke-training-cluster-9-default-pool-fb18b224-grp",
                            "logging_service": "logging.googleapis.com",
                            "master_auth.#": "1",
                            "master_auth.0.client_certificate": "LS0tLS1CRUdJTiBDRVJUSUZJQ0FURS0tLS0tCk1JSUMyekNDQWNPZ0F3SUJBZ0lSQUlBdG1lVGg3cFc4Uzc4WVhrZDNlbzh3RFFZSktvWklodmNOQVFFTEJRQXcKTHpFdE1Dc0dBMVVFQXhNa09XWTBPRFJrTURBdE1EUmpZeTAwT0dObExXSTFPV1F0TmpnMU16QTBaR1ptWlRJMQpNQjRYRFRFNE1EWXdOVEUyTVRBME1Wb1hEVEl6TURZd05ERTJNVEEwTVZvd0VURVBNQTBHQTFVRUF4TUdZMnhwClpXNTBNSUlCSWpBTkJna3Foa2lHOXcwQkFRRUZBQU9DQVE4QU1JSUJDZ0tDQVFFQTNnRjVuaVJ4YjlKZUJ4K3cKb0NpeWJZMDBPK0x2M281WW92WGJSUTVHSWxKRm5IQ0VHY0lzV2twK29XOW1jOEorVUNqamRqUXVOU1Z4NXNDNwpydjFkM1RGV3NXYllBWmNYMzd3UVhCK3duNFVwWUZOZEhyRlJINWo5N01USGxmUDBBdko0L1VpSUVZcDVSbDZlCkNlS01tRTFTTEhCYzJ3N3EvT1JGK01ITExSM3BmU0hFWTUyOW5qa3NOSzhwV21TMzB4YU85b2c1Z3ZlMXNDWXcKUzc4L3poWUtWMGxTTnN5L0hxQUVxRlV4Y0R5dG9xQXcxSFQyVUpTc0lOMDByM1Nua1VqUlE3ZHplU2tIbm90RApPTzVtNk9nUHNuL2pKVkUrNVlGMStzSUJid010QzAybDZUQkRSMmwyak15SEwxUHQzNTc1clNxSkdOMkJYUk11Ck9XYllaUUlEQVFBQm94QXdEakFNQmdOVkhSTUJBZjhFQWpBQU1BMEdDU3FHU0liM0RRRUJDd1VBQTRJQkFRQW0KUEZJSXBaQXd3TktCRk9iTVMyK1FlK2VaWExSd1BrZnI1TmZza280VitFdFp2emRvaUZkSEpXWWw1RmFyOHdvNwpWU2I0amVCQXpRSlVlRldlZE0xSnlNWTVqYVhBTVE1U2tUYkFWMFFJdHZrYXFMSm02Wmt5cEp6SXFzTEg4alEyCk5PMGhBaVhrMXFZNGV6dHV4MzRIN2x6Nm1iRTU4SERuTy9VYVExM0V5YVBmYXU3NjhXaG1XT1MzYWFXSzd2K1UKWlRKd3krZ0d5RVIzbmUrRFQ5MEFvUTVjTVp1Q2Eva1JqNjZPSTBGazZaVGxWL2lZNUtWelZDSTJBTHFRVGZhdQpWd3JaaWVNeUpDclJGbTQzanVJOThMOW5VKzBMcWtFN3pOL29YbUdyQlg2cXEyaHhLMXg4Q1dzNS9IQUljSlNwCmdyK25FWTNyVUVTdTdqVlB5YkZMCi0tLS0tRU5EIENFUlRJRklDQVRFLS0tLS0K",
                            "master_auth.0.client_key": "LS0tLS1CRUdJTiBSU0EgUFJJVkFURSBLRVktLS0tLQpNSUlFb2dJQkFBS0NBUUVBM2dGNW5pUnhiOUplQngrd29DaXliWTAwTytMdjNvNVlvdlhiUlE1R0lsSkZuSENFCkdjSXNXa3Arb1c5bWM4SitVQ2pqZGpRdU5TVng1c0M3cnYxZDNURldzV2JZQVpjWDM3d1FYQit3bjRVcFlGTmQKSHJGUkg1ajk3TVRIbGZQMEF2SjQvVWlJRVlwNVJsNmVDZUtNbUUxU0xIQmMydzdxL09SRitNSExMUjNwZlNIRQpZNTI5bmprc05LOHBXbVMzMHhhTzlvZzVndmUxc0NZd1M3OC96aFlLVjBsU05zeS9IcUFFcUZVeGNEeXRvcUF3CjFIVDJVSlNzSU4wMHIzU25rVWpSUTdkemVTa0hub3RET081bTZPZ1Bzbi9qSlZFKzVZRjErc0lCYndNdEMwMmwKNlRCRFIybDJqTXlITDFQdDM1NzVyU3FKR04yQlhSTXVPV2JZWlFJREFRQUJBb0lCQUE5M0w5Yzk5NjhRQ3gvWQo2OCtFZGtXZWVCeVI1eDdzY0sxTmpreGx2YW9IYkRVRk81YWx5Ynd5ZzFiUXNXVHdFQ2VhYVpvaThYTWZYQ3QwCmtyNlNoUGJ6U0hSTVUxRHRDeXM1YVRSWnVzNnFFcU5VdTJCM2ZzekNOakpIMVJXVHJKU0YrcnErVWtoU2lyZEYKd1NHMEtCSTJGTHJteXZreHRWb1B0dllvM2ZRVEI1L1dWZy9hR1ZQbG9mekpXcmhVeE5YS2JNcmpTbEJIcHc2TgpQbVpONWVzWXlhayt4TjJFbVdmaHZiM1haaGJpRWk0K3VUek5TdnpoZjBOaEo0eFRScGkrRmpVTzhnam9uQlJvCjBMRjBJNmdiSEdyZ29xRUpLejFlNUVXYmp1ZVNSV3JuUTdaRW9iZG1Pd0ZTUjZhRitFMm1jaEdNRytZandjMDcKUlhnaFcwTUNnWUVBK2ZDaTVIUWRLR2dlWXFSUlZzVkR1M1dkK0Q0blFka3BwUVZBSzdJaHdsTVFzeEZDb3JWaApBWnk2VnhtdXhCK3VBNVdxcitnbWhnMGEvejBGRnFjZVVxTlJ1TDVPSHNjT0phUklHdEJOcjhiQ1Iwb0czbXZICm51NFNtbjRLek5jWWtsQ1dsRDJoN0pqdXVzSG01YUpFM2lXRklVZityemIrV2RESFBwd2Y0T3NDZ1lFQTQyTnoKM0xOcFRYZHVlM3k0ek5wTGtFOUZJeW96cGozbEY1VEN6cGx1SnYwWkY1SzFvRkpndWV0NVQzMlltK1V5Y3ZndwpmanJyTEc4U213bXJmTXZ0d3JEZEcrQ2E3QVFobkxMY0QvbFZOUThZakdJRmV2SEtOSWRyb0F6VkFlVjdzWFVCCnF0UzQzdUZsZk1PUVF3MHRvWHN6a2dZNjhBdU5rbXhiN3ZtY1YrOENnWUJOSEJOMVBlbDgvTnBhL216bHcwaEoKUGxrMUxCKzZiZ0F1SERlWEE0YnN4K25BQlJRMDFKYVFBOFZ0ZDh2MlQvdkV1VmtHbWkzQWI2eWprRFRRcjFCbwptR0J2Q2E5YVNYa3czY1V0R0pUUEpSZnRISWFQK2xxRXl0aE1kNVJuYS9qMXN3MHh3TzRDNjQvRGFHME83WWduCnJSV3NsZVNhTS9JMnpYV2ErRm5SYndLQmdEeGY5cTU5OEpMQ0NGSy9iZTN1ZEN2UDhHS0MzUTNoMTBjb2w0VDEKbGhyQ0R2eUVWcmRIeUNqMVRkTitYSnZnQWtJbWhmR3VRUzBlSE1tUGlybnJCNmt1L3JaZEw2VkUvNHUwcmR1TAo3MFRVU2tkVDYzS1dhb01DQmVDTUo2NkdPUTZJSzdZcEh5RUdwY1MzeEVFWmFhazdwaGk2a01HVnY3UkdFeTdqCmxkQi9Bb0dBSisvSGJyaU1EdzJFc0dWRnFPV1gwV053OXNTdW14REkwWXE5SHJQc01iMjgxaldLMUdDWE1xTjUKYkNKdk84ek5GaHRnc08yWFZIRHcrejRuNGpaSy9sVEMxaUJ1c3g3UlVEeTNsNms2eHNac01yUzRxU3VTSVNQYgoxZ0xsU3R3VTR4Wno1Tytpb3dqaWRJWjhab2g3SFhKeWxCWVk4NnJWeENoQWtiTFJ6U0k9Ci0tLS0tRU5EIFJTQSBQUklWQVRFIEtFWS0tLS0tCg==",
                            "master_auth.0.cluster_ca_certificate": "LS0tLS1CRUdJTiBDRVJUSUZJQ0FURS0tLS0tCk1JSURDekNDQWZPZ0F3SUJBZ0lRRy9aQ0hlZE1VOVhuN29ucURyQVREVEFOQmdrcWhraUc5dzBCQVFzRkFEQXYKTVMwd0t3WURWUVFERXlRNVpqUTROR1F3TUMwd05HTmpMVFE0WTJVdFlqVTVaQzAyT0RVek1EUmtabVpsTWpVdwpIaGNOTVRnd05qQTFNVFV4TURRd1doY05Nak13TmpBME1UWXhNRFF3V2pBdk1TMHdLd1lEVlFRREV5UTVaalE0Ck5HUXdNQzB3TkdOakxUUTRZMlV0WWpVNVpDMDJPRFV6TURSa1ptWmxNalV3Z2dFaU1BMEdDU3FHU0liM0RRRUIKQVFVQUE0SUJEd0F3Z2dFS0FvSUJBUURPem5EVm5zcGxCYWVkOGIwN013b3AxaFg5WElQUlNRWERmOVg1MlNMYwpNdmVtUXNDS2FmMVh4K0tkcTduLzZYT3dBckIwYnlPazU2bWNnS2ZObkRzNVFTamJFOHUyaU9iMndzY1huM2dHCk0vamxPRmtwQ0NMQzh0dDdacE5XZWhuN1dDNDRodVNKTzJraWVGR2k1b2hDSTZ0UWVwRjYzaXZoUVJ0djkrQ3oKS3JSV202YTNlcm9TZVRFNkRYR3U1dXNQNzhCcXVuUVQrdkJFWDJOeFRMS2lmQkNDa2NJb2pTYzJyVEhrUnZkYgphMVlGdDE2N3dzbmliNyt1RWg5MWxKb255Vkd5SEQycldRbDViTFJVK1MvU2Vha2ZJYjVINUZJck1nNnNPR3pxCmJBcWpINWJKWkdYWTUydG4vV2tVYlJWWUtrQ0tjRUFQYlczSnV0QkNaekZEQWdNQkFBR2pJekFoTUE0R0ExVWQKRHdFQi93UUVBd0lDQkRBUEJnTlZIUk1CQWY4RUJUQURBUUgvTUEwR0NTcUdTSWIzRFFFQkN3VUFBNElCQVFDdwo0aUdOTlVuVHo1NnFsZVVKc0owS0lBUTBjbG1lU3gvSjFqM1FmVEo4cnpTTEFIOVZvRExncG4ydEtneG9MUUw3CmlIY1VOMlR0ZVNqSVByQ3lOMHdrUWxUUnNpK1VsNmJxUlczRjB2YnU2eHcwNDk1dGZCZnN5SmhyVk1LY3oyeGEKNFNmbkZnZllZdzJEOUJqYlZVR2FjR0xGOFhXWHBzY3lOT2IxdHhuQ2hNTC9tMTZqa0tEZHY4ZnFRdGszelBWbgpvSk9PTWVQeWZEUS9CZDhNblJUM2FzNVVuUXNrcjdNTTBOQmdTYmJnTDk2RlNsT3pDM3BMZVlNMjBLVFVxbityCkYrYzF1RDg1VTRGN1VKdXJiUGsrQ00xOTBZSWcrRFZzVWZKcE1tcHd5YS85WmVnZEpnZFc1YkRvSE1Rb0NGUjYKQXA0MXJyNW0zTjMxVCtUdkpUY0UKLS0tLS1FTkQgQ0VSVElGSUNBVEUtLS0tLQo=",
                            "master_auth.0.password": "Bk5Pgu4U9egazc2d",
                            "master_auth.0.username": "admin",
                            "master_version": "1.8.10-gke.0",
                            "monitoring_service": "monitoring.googleapis.com",
                            "name": "training-cluster-9",
                            "network": "training-net",
                            "network_policy.#": "0",
                            "node_config.#": "1",
                            "node_config.0.disk_size_gb": "100",
                            "node_config.0.guest_accelerator.#": "0",
                            "node_config.0.image_type": "COS",
                            "node_config.0.labels.%": "0",
                            "node_config.0.local_ssd_count": "0",
                            "node_config.0.machine_type": "n1-standard-1",
                            "node_config.0.metadata.%": "0",
                            "node_config.0.min_cpu_platform": "",
                            "node_config.0.oauth_scopes.#": "4",
                            "node_config.0.oauth_scopes.1277378754": "https://www.googleapis.com/auth/monitoring",
                            "node_config.0.oauth_scopes.1632638332": "https://www.googleapis.com/auth/devstorage.read_only",
                            "node_config.0.oauth_scopes.172152165": "https://www.googleapis.com/auth/logging.write",
                            "node_config.0.oauth_scopes.299962681": "https://www.googleapis.com/auth/compute",
                            "node_config.0.preemptible": "false",
                            "node_config.0.service_account": "default",
                            "node_config.0.tags.#": "0",
                            "node_config.0.workload_metadata_config.#": "0",
                            "node_pool.#": "1",
                            "node_pool.0.autoscaling.#": "0",
                            "node_pool.0.initial_node_count": "3",
                            "node_pool.0.instance_group_urls.#": "1",
                            "node_pool.0.instance_group_urls.0": "https://www.googleapis.com/compute/v1/projects/sandbox-wescale/zones/europe-west1-b/instanceGroupManagers/gke-training-cluster-9-default-pool-fb18b224-grp",
                            "node_pool.0.management.#": "1",
                            "node_pool.0.management.0.auto_repair": "false",
                            "node_pool.0.management.0.auto_upgrade": "false",
                            "node_pool.0.name": "default-pool",
                            "node_pool.0.name_prefix": "",
                            "node_pool.0.node_config.#": "1",
                            "node_pool.0.node_config.0.disk_size_gb": "100",
                            "node_pool.0.node_config.0.guest_accelerator.#": "0",
                            "node_pool.0.node_config.0.image_type": "COS",
                            "node_pool.0.node_config.0.labels.%": "0",
                            "node_pool.0.node_config.0.local_ssd_count": "0",
                            "node_pool.0.node_config.0.machine_type": "n1-standard-1",
                            "node_pool.0.node_config.0.metadata.%": "0",
                            "node_pool.0.node_config.0.min_cpu_platform": "",
                            "node_pool.0.node_config.0.oauth_scopes.#": "4",
                            "node_pool.0.node_config.0.oauth_scopes.1277378754": "https://www.googleapis.com/auth/monitoring",
                            "node_pool.0.node_config.0.oauth_scopes.1632638332": "https://www.googleapis.com/auth/devstorage.read_only",
                            "node_pool.0.node_config.0.oauth_scopes.172152165": "https://www.googleapis.com/auth/logging.write",
                            "node_pool.0.node_config.0.oauth_scopes.299962681": "https://www.googleapis.com/auth/compute",
                            "node_pool.0.node_config.0.preemptible": "false",
                            "node_pool.0.node_config.0.service_account": "default",
                            "node_pool.0.node_config.0.tags.#": "0",
                            "node_pool.0.node_config.0.workload_metadata_config.#": "0",
                            "node_pool.0.node_count": "3",
                            "node_version": "1.8.10-gke.0",
                            "project": "sandbox-wescale",
                            "subnetwork": "training-subnet",
                            "zone": "europe-west1-b"
                        },
                        "meta": {
                            "e2bfb730-ecaa-11e6-8f88-34363bc7c4c0": {
                                "create": 1800000000000,
                                "delete": 600000000000,
                                "update": 600000000000
                            },
                            "schema_version": "1"
                        },
                        "tainted": false
                    },
                    "deposed": [],
                    "provider": "module.bootstrap-training.provider.google"
                }
            },
            "depends_on": []
        }
    ]
}
