{
    "version": 3,
    "terraform_version": "0.9.8",
    "serial": 25,
    "lineage": "babe0f90-e39c-4f62-8a72-acaf6bec86be",
    "modules": [
        {
            "path": [
                "root"
            ],
            "outputs": {},
            "resources": {},
            "depends_on": []
        },
        {
            "path": [
                "root",
                "bootstrap-training"
            ],
            "outputs": {},
            "resources": {
                "google_compute_firewall.training_fw_rules": {
                    "type": "google_compute_firewall",
                    "depends_on": [
                        "google_compute_network.training_net"
                    ],
                    "primary": {
                        "id": "training-fw-rules",
                        "attributes": {
                            "allow.#": "3",
                            "allow.1367131964.ports.#": "0",
                            "allow.1367131964.protocol": "icmp",
                            "allow.1486604749.ports.#": "0",
                            "allow.1486604749.protocol": "udp",
                            "allow.3848845357.ports.#": "0",
                            "allow.3848845357.protocol": "tcp",
                            "description": "",
                            "id": "training-fw-rules",
                            "name": "training-fw-rules",
                            "network": "training-net",
                            "project": "sandbox-wescale",
                            "self_link": "https://www.googleapis.com/compute/v1/projects/sandbox-wescale/global/firewalls/training-fw-rules",
                            "source_ranges.#": "1",
                            "source_ranges.1080289494": "0.0.0.0/0",
                            "source_tags.#": "0",
                            "target_tags.#": "0"
                        },
                        "meta": {
                            "schema_version": "1"
                        },
                        "tainted": false
                    },
                    "deposed": [],
                    "provider": ""
                },
                "google_compute_instance.training-instance": {
                    "type": "google_compute_instance",
                    "depends_on": [
                        "google_compute_subnetwork.training_subnet"
                    ],
                    "primary": {
                        "id": "training-instance-0",
                        "attributes": {
                            "attached_disk.#": "0",
                            "can_ip_forward": "false",
                            "create_timeout": "4",
                            "disk.#": "1",
                            "disk.0.auto_delete": "true",
                            "disk.0.device_name": "",
                            "disk.0.disk": "",
                            "disk.0.disk_encryption_key_raw": "",
                            "disk.0.disk_encryption_key_sha256": "",
                            "disk.0.image": "ubuntu-1610-yakkety-v20170330",
                            "disk.0.scratch": "false",
                            "disk.0.size": "10",
                            "disk.0.type": "pd-ssd",
                            "id": "training-instance-0",
                            "machine_type": "g1-small",
                            "metadata.%": "1",
                            "metadata.ssh-keys": "training:ssh-rsa AAAAB3NzaC1yc2EAAAADAQABAAABAQDiZOht7hDWIomDFom83ecX0ZzGP0dVaJoBWzBKUeqUyR3oagwICCBybKw4tthwBG8jimx+vd8P6fEvJwVIzfBG1kPsmjtACLa9Dnox+m4mvBib3X7FC+3Uo2JEbmIbiRpmjm7JhK1hFdMgn06I2qywBTXrPUPRA6M1zdCABDF+Lfafmq3RObBj5TpNx0yWY7r9iBy7V/VE4U+EiDaih57Vhx7cyeBQ7XiGPUbjKAfsFaDHxGl3YOAywQu+Ur977vCblCY2fWXZfrNzqRzkz/dM4p9dJnfoCwVVX1kYJl60c75EU9chS3Jes6XaW7ae309jcUksW6N10LHJD+50CHE3 training@gemalto",
                            "metadata_fingerprint": "HD48DIta2Io=",
                            "metadata_startup_script": "curl -s https://raw.githubusercontent.com/WeScale/kubernetes-formation/master/terraform/bootstrap-vm.sh | bash -s 0",
                            "name": "training-instance-0",
                            "network.#": "0",
                            "network_interface.#": "1",
                            "network_interface.0.access_config.#": "1",
                            "network_interface.0.access_config.0.assigned_nat_ip": "35.205.22.220",
                            "network_interface.0.access_config.0.nat_ip": "",
                            "network_interface.0.address": "10.123.0.2",
                            "network_interface.0.name": "nic0",
                            "network_interface.0.network": "",
                            "network_interface.0.subnetwork": "training-subnet",
                            "network_interface.0.subnetwork_project": "",
                            "self_link": "https://www.googleapis.com/compute/v1/projects/sandbox-wescale/zones/europe-west1-b/instances/training-instance-0",
                            "service_account.#": "1",
                            "service_account.0.email": "362060638318-compute@developer.gserviceaccount.com",
                            "service_account.0.scopes.#": "3",
                            "service_account.0.scopes.1328717722": "https://www.googleapis.com/auth/devstorage.read_write",
                            "service_account.0.scopes.1733087937": "https://www.googleapis.com/auth/cloud-platform",
                            "service_account.0.scopes.299962681": "https://www.googleapis.com/auth/compute",
                            "tags_fingerprint": "42WmSpB8rSM=",
                            "zone": "europe-west1-b"
                        },
                        "meta": {
                            "schema_version": "2"
                        },
                        "tainted": false
                    },
                    "deposed": [],
                    "provider": ""
                },
                "google_compute_network.training_net": {
                    "type": "google_compute_network",
                    "depends_on": [],
                    "primary": {
                        "id": "training-net",
                        "attributes": {
                            "auto_create_subnetworks": "false",
                            "gateway_ipv4": "",
                            "id": "training-net",
                            "ipv4_range": "",
                            "name": "training-net",
                            "self_link": "https://www.googleapis.com/compute/v1/projects/sandbox-wescale/global/networks/training-net"
                        },
                        "meta": {},
                        "tainted": false
                    },
                    "deposed": [],
                    "provider": ""
                },
                "google_compute_subnetwork.training_subnet": {
                    "type": "google_compute_subnetwork",
                    "depends_on": [
                        "google_compute_network.training_net"
                    ],
                    "primary": {
                        "id": "europe-west1/training-subnet",
                        "attributes": {
                            "gateway_address": "10.123.0.1",
                            "id": "europe-west1/training-subnet",
                            "ip_cidr_range": "10.123.0.0/24",
                            "name": "training-subnet",
                            "network": "https://www.googleapis.com/compute/v1/projects/sandbox-wescale/global/networks/training-net",
                            "region": "europe-west1",
                            "self_link": "https://www.googleapis.com/compute/v1/projects/sandbox-wescale/regions/europe-west1/subnetworks/training-subnet"
                        },
                        "meta": {},
                        "tainted": false
                    },
                    "deposed": [],
                    "provider": ""
                },
                "google_container_cluster.training-cluster": {
                    "type": "google_container_cluster",
                    "depends_on": [
                        "google_compute_network.training_net",
                        "google_compute_subnetwork.training_subnet"
                    ],
                    "primary": {
                        "id": "training-cluster-0",
                        "attributes": {
                            "additional_zones.#": "0",
                            "cluster_ipv4_cidr": "10.28.0.0/14",
                            "description": "",
                            "endpoint": "35.205.114.51",
                            "id": "training-cluster-0",
                            "initial_node_count": "3",
                            "instance_group_urls.#": "1",
                            "instance_group_urls.0": "https://www.googleapis.com/compute/v1/projects/sandbox-wescale/zones/europe-west1-b/instanceGroups/gke-training-cluster-0-default-pool-320416da-grp",
                            "logging_service": "logging.googleapis.com",
                            "master_auth.#": "1",
                            "master_auth.0.client_certificate": "LS0tLS1CRUdJTiBDRVJUSUZJQ0FURS0tLS0tCk1JSUMyekNDQWNPZ0F3SUJBZ0lSQU8yUlJ6ZWpQT0ZzMXJXYkl2cmIrdW93RFFZSktvWklodmNOQVFFTEJRQXcKTHpFdE1Dc0dBMVVFQXhNa1pXVmlNV1k0Wm1FdE56Z3haQzAwTURNNExUa3dZV1V0WlRKaU5HWTJObUppT0RNMwpNQjRYRFRFM01URXlPREV5TXpJeE5sb1hEVEl5TVRFeU56RXlNekl4Tmxvd0VURVBNQTBHQTFVRUF4TUdZMnhwClpXNTBNSUlCSWpBTkJna3Foa2lHOXcwQkFRRUZBQU9DQVE4QU1JSUJDZ0tDQVFFQW5DdUc4MzJKREFBcGdMMGMKWE1CanpjU2M2WmR5cTJPc0FiVURBMDUrWGowd2dJQXBWTHo5bGFBVThmYWdDV0E2cUJhMVFQdXhtNGpIN3JkdQp2NFpnS3JVYnJ1MVFhZHVwenJpUTBvWmtBOHVhaFFRTWxUeFkzY1FLNlprTmEvU3lsTW5jTDljeXMyM1Erd2t6CnJ4WExXUTJxNW9PRWhDcWdnTWRZdE5Fb1BrTUt4YWRzdlp2dXAyN3dTS0IwQm42eFp6Mkx4aWNNSmVOem5xd0gKOUpXeFB2YUExdzNSWWsySlZ0MDBnNjR2UjhBUHdMMGNGQU1mRFUvZUdvS1IxTEdKRnVVR1g5Wi8wc0NwajFmQQpUR0IzcHEydEZIdDdYN256YWg3bTYwb2Vsalc1bHhHZlhKWEZrUWY3bGlRT2g3NmdnU2VlY2lvYVFoWnBxWnZDCmppZHMyUUlEQVFBQm94QXdEakFNQmdOVkhSTUJBZjhFQWpBQU1BMEdDU3FHU0liM0RRRUJDd1VBQTRJQkFRQkMKNUVVM0ppcW9HRVdxdGd1NGhLeThrb1V2ZnNwcFFUTVpESUhLcEhEekxyM1I5cjB4N0ZFRGxSV3ZxR1V1MEEvTgo2MGNIQVN0MW5wOGJFaWNTS0oxdHhsUFFLbzMyMjc5TmFvajBkWG4rdHlRUy9uUi90V1RteWJSUVNhVHM0bldKCkpudWVhbjcva1FrUmszdFphekFHS2lqK1NXOUdvSnhwL3F4bUxTc3UvMnBOWjlNeStaaVR2MVdMVHd4STlFSmUKVHM5RW4yVk5JUkpnbXJtQURZQmYzZnRNOXlJSTB2TFlhTVNia1kyT05DMHMvZXJ0d2VWZFQvY2IxRnQweG9HcQo2ekl2blk3SGw1THBxclpRTlYxV0JRN1YyTmN6WEQ2ZFYzbldyQ2VCVTIyd1J0dGh3MXkzSkFNZGRsanpjOFRFClpSQW8vb2NUMWF5OVp1Y2tna3hqCi0tLS0tRU5EIENFUlRJRklDQVRFLS0tLS0K",
                            "master_auth.0.client_key": "LS0tLS1CRUdJTiBSU0EgUFJJVkFURSBLRVktLS0tLQpNSUlFcEFJQkFBS0NBUUVBbkN1RzgzMkpEQUFwZ0wwY1hNQmp6Y1NjNlpkeXEyT3NBYlVEQTA1K1hqMHdnSUFwClZMejlsYUFVOGZhZ0NXQTZxQmExUVB1eG00akg3cmR1djRaZ0tyVWJydTFRYWR1cHpyaVEwb1prQTh1YWhRUU0KbFR4WTNjUUs2WmtOYS9TeWxNbmNMOWN5czIzUSt3a3pyeFhMV1EycTVvT0VoQ3FnZ01kWXRORW9Qa01LeGFkcwp2WnZ1cDI3d1NLQjBCbjZ4WnoyTHhpY01KZU56bnF3SDlKV3hQdmFBMXczUllrMkpWdDAwZzY0dlI4QVB3TDBjCkZBTWZEVS9lR29LUjFMR0pGdVVHWDlaLzBzQ3BqMWZBVEdCM3BxMnRGSHQ3WDduemFoN202MG9lbGpXNWx4R2YKWEpYRmtRZjdsaVFPaDc2Z2dTZWVjaW9hUWhacHFadkNqaWRzMlFJREFRQUJBb0lCQUFlNHpVRHY1WjFleXE2UAphejRZMHphQzhNRktHRVRxTmtDVld6TklKODV3Rnh4YmVlK3pNcFM1NkI4NHN4d1Rrb0xxTUljb2l0VW1jOEJWCmVKZm14STJJQy9qZnloaVo0SEVVeGpCcXJicFVVRzBnVUtEMmJXeDF1NVptVjNnTmp1RDFoRG9uV1YzdTRhVHcKQlFxMHVLdk1GYlcxTGhHODY5ZkNRNXdaTlhTeWx5ZVVGYXhmb2dLREFQN1Q1UFMzNCtCOXZvVDY5L041eXh6cgpwbXVpQ2ZoL2F5OE93a0VoNndYeXNhQS9xMzAzeWhkQUExOTRSa091aXhtRE0zc1RzSXZuVHhSSGtqL3FiQzRtCnVFSmhnVjJ2RnhkZmIyczNwRDY1cGozZTUwVFlCdHR2ZFRROTBZMG9LK2VlazR3NjR5bEV1SFdPaHZKVWQyNGQKNnZjM2NJRUNnWUVBelRNeUpTTEVjeWwxYkd0Wm9XZko0RjdtZmRXTEhGMTZMdGVQTXNnZnZSU3Z4Nm5na2UrYwoxbjd6TTl2UnBKM09MemlXQ0NXbDZqUDVjOGQ5Vk51d3FaQkR4VUNRenM2dWtvVTIybkxTR3R4VktXZDNDa0VpCmpnQ2oxR2VGYXlkOWZUVHF3QUpHVmgxZEZSbXA5SXM3UkJpR041TFEzVnUvcVo5dThCaEd4ZmtDZ1lFQXd0VC8KTWErRC9RcDVzVGxIOGlIUnVScmJKRkdWTUFPdWR6M3lsSWQ0M2x1ekdPTVVRbGNRNkpMNEkwTW5CUjk1blV5eQpZb21na3pmV1FUMWo0WUlPSXFzdHpBbDAwQkJoam50aUZIM1E1bzArRzBleWt4MzBZZDRYNCtjdHVIZ096ZDE4ClZ2RjVyV1BQZVBnUy9qdXR5dXJwUEFoUHJia29XMFM1Nk96bUZlRUNnWUEvbXJEZVplcHlyOVVmNkI1K00wZVYKN3BTUFNKTzRGUmw4VDRDcGd2S2pqemYxTWFqVVUydFA2VVhGTzB1K05OUG1PeW4yR0lWWEZRa3JaQmhySnpXWgpPWWhvS2QwNDNVT3JVdk52dnN0MVcvcGh2UnBlNlZXbW9uZ2xySGprZi9jYnlqMUJpdkwyV2wreDNLU2JrbFNxCmhOZUZmbEtUYW83OEt0a2VQc2doTVFLQmdRQ2xtbGdEU25WODZwOS9WUG5qUkgyM3dhME5GTThqRGE0SXFyMzcKSTU5SUdWZUV5dGNZZ0ZyZDVMWkhlcmU2OGdMMEFoSUtFWU5NUHdTOVZVb0ZqdjhtMXF0SnA2d0Rnamo1MjhRRgpPT0FNWjNlbnhteHlBZDhNSkxQWHdsTXBYZHJ2ZnRoR0ttQkxVZkF5bVdIRGVNU0RHdUwrWk80YzhxbnIwZUhYCnF5enk0UUtCZ1FDcWNmVXI2S3JqeWxpWHVhK1JuNEpNVDhqZXRWR3ZSOEtXT2pKLzlYcHcwVzJiZ3BwUlJiUVQKWlBUcmp3czVpZW5ieE5NYWpaUWdWNjB2K29aZm83WWo0VnQvQUFOSUZ3WWgvd3RTbFVUMXdCUUFhdTdkUnFHQwpmSjVmbjJRblpKWDlrR3ZCazc2aXl3a2Rjc1JHeEQ3a3pSZkpQUVhzaU0renFCN1hxZlRhdWc9PQotLS0tLUVORCBSU0EgUFJJVkFURSBLRVktLS0tLQo=",
                            "master_auth.0.cluster_ca_certificate": "LS0tLS1CRUdJTiBDRVJUSUZJQ0FURS0tLS0tCk1JSURDekNDQWZPZ0F3SUJBZ0lRQ3NQRmsxQkxaZUVQTkFJVEVFVkVYREFOQmdrcWhraUc5dzBCQVFzRkFEQXYKTVMwd0t3WURWUVFERXlSbFpXSXhaamhtWVMwM09ERmtMVFF3TXpndE9UQmhaUzFsTW1JMFpqWTJZbUk0TXpjdwpIaGNOTVRjeE1USTRNVEV6TWpFMFdoY05Nakl4TVRJM01USXpNakUwV2pBdk1TMHdLd1lEVlFRREV5UmxaV0l4ClpqaG1ZUzAzT0RGa0xUUXdNemd0T1RCaFpTMWxNbUkwWmpZMlltSTRNemN3Z2dFaU1BMEdDU3FHU0liM0RRRUIKQVFVQUE0SUJEd0F3Z2dFS0FvSUJBUUNlK01Cc0dHMFdlbDAvWi9WRmx3MGZGWWpITEl2RU9WWXdXQWUyTTA2bQowaW0xa3pZeWcwekZDNWdGd2UyMzRTc08rSlk3VkVkOUZkM3ZTZGdkUUVoaEliWUY2L3FSV05OVmhDLzRReGJqClNhNjlHYll0VitCWGlVY29MbWpYSCtrUTRUdTFUeWpINkp2b1ZUTVF2TngrZ1E5OG1oL0xRQzRSMGd2ZkdGYkwKYVMzRzhLK254Uy85OXloRnZhT2FhNjR1eFhkL1UwREJneGVicENqM21FTWVlNWZQZXVMaFBmRnQxR29qOGV4OQoveFV2aXVpRGRPZDQ5VlZWTGwvUE94dFZCclZjcDlyamc0WnZiZG0zOC80Q25qekx4VmN4cTE1ZzdiNTB0bVFyCk4vbWhEOGJaajVlQ3JXME5PN29kV1BXNFJxRjl2Zk5Ud2ZBc1A1TGF2bnJiQWdNQkFBR2pJekFoTUE0R0ExVWQKRHdFQi93UUVBd0lDQkRBUEJnTlZIUk1CQWY4RUJUQURBUUgvTUEwR0NTcUdTSWIzRFFFQkN3VUFBNElCQVFBegpXcWczVHJzMW1rVW9KSHZWakdkNDlsS0IrM3R2aDdXdnZldnNGaHJId1pRc1BkTVVNSStFdmJuVkNtUzZ3elhmCmk1U0haY0dCOHMwLzJtcXB3ZUcvMk5hcTJCRHlyaGg3ZHA2aFhobUhhNlpqallMRnA0eDkvbmFBYUUyMFlDWGsKY1ZqaE9VYTFibXdVWGFBVnRYb2hhYzBWbzRmTjl5SUhiVnQwY0tmYTZZTGRacUxNTXlnVlB0UmlpZ2xkTCtteQpuVG1uQktHUEJpL3FvSFVwaEovd3M5SFhFa3dEcktnY0VIV2g5cXlqRXo1b1B1ajJMb3RBV0VHcUFnY0ZMUUN2CjJMMWs5K1hqUkU2eVh2bnR6dlVHK2hraHZoRWdIYklYcU1Da3VKZWdsVmVWQjFXeHRkZm5YNlZNUlYzU0VFYVcKLzV6Q1FMci9ON2h0ZFpFL3kzelMKLS0tLS1FTkQgQ0VSVElGSUNBVEUtLS0tLQo=",
                            "master_auth.0.password": "q3TbRsW8Z4OBeTes",
                            "master_auth.0.username": "admin",
                            "monitoring_service": "monitoring.googleapis.com",
                            "name": "training-cluster-0",
                            "network": "training-net",
                            "node_config.#": "1",
                            "node_config.0.disk_size_gb": "100",
                            "node_config.0.image_type": "COS",
                            "node_config.0.local_ssd_count": "0",
                            "node_config.0.machine_type": "n1-standard-1",
                            "node_config.0.metadata.%": "0",
                            "node_config.0.oauth_scopes.#": "4",
                            "node_config.0.oauth_scopes.0": "https://www.googleapis.com/auth/compute",
                            "node_config.0.oauth_scopes.1": "https://www.googleapis.com/auth/devstorage.read_only",
                            "node_config.0.oauth_scopes.2": "https://www.googleapis.com/auth/logging.write",
                            "node_config.0.oauth_scopes.3": "https://www.googleapis.com/auth/monitoring",
                            "node_config.0.service_account": "default",
                            "node_pool.#": "1",
                            "node_pool.0.initial_node_count": "3",
                            "node_pool.0.name": "default-pool",
                            "node_pool.0.name_prefix": "",
                            "node_version": "1.7.8-gke.0",
                            "subnetwork": "training-subnet",
                            "zone": "europe-west1-b"
                        },
                        "meta": {},
                        "tainted": false
                    },
                    "deposed": [],
                    "provider": ""
                }
            },
            "depends_on": []
        }
    ]
}
