{
    "version": 3,
    "terraform_version": "0.9.4",
    "serial": 16,
    "lineage": "babe0f90-e39c-4f62-8a72-acaf6bec86be",
    "modules": [
        {
            "path": [
                "root"
            ],
            "outputs": {},
            "resources": {},
            "depends_on": []
        },
        {
            "path": [
                "root",
                "bootstrap-training"
            ],
            "outputs": {},
            "resources": {
                "google_compute_firewall.training_fw_rules": {
                    "type": "google_compute_firewall",
                    "depends_on": [
                        "google_compute_network.training_net"
                    ],
                    "primary": {
                        "id": "training-fw-rules",
                        "attributes": {
                            "allow.#": "3",
                            "allow.1367131964.ports.#": "0",
                            "allow.1367131964.protocol": "icmp",
                            "allow.1486604749.ports.#": "0",
                            "allow.1486604749.protocol": "udp",
                            "allow.3848845357.ports.#": "0",
                            "allow.3848845357.protocol": "tcp",
                            "description": "",
                            "id": "training-fw-rules",
                            "name": "training-fw-rules",
                            "network": "training-net",
                            "project": "sandbox-wescale",
                            "self_link": "https://www.googleapis.com/compute/v1/projects/sandbox-wescale/global/firewalls/training-fw-rules",
                            "source_ranges.#": "1",
                            "source_ranges.1080289494": "0.0.0.0/0",
                            "source_tags.#": "0",
                            "target_tags.#": "0"
                        },
                        "meta": {
                            "schema_version": "1"
                        },
                        "tainted": false
                    },
                    "deposed": [],
                    "provider": ""
                },
                "google_compute_instance.training-instance.0": {
                    "type": "google_compute_instance",
                    "depends_on": [
                        "google_compute_subnetwork.training_subnet"
                    ],
                    "primary": {
                        "id": "training-instance-0",
                        "attributes": {
                            "attached_disk.#": "0",
                            "can_ip_forward": "false",
                            "create_timeout": "4",
                            "disk.#": "1",
                            "disk.0.auto_delete": "true",
                            "disk.0.device_name": "",
                            "disk.0.disk": "",
                            "disk.0.disk_encryption_key_raw": "",
                            "disk.0.disk_encryption_key_sha256": "",
                            "disk.0.image": "ubuntu-1610-yakkety-v20170330",
                            "disk.0.scratch": "false",
                            "disk.0.size": "10",
                            "disk.0.type": "pd-ssd",
                            "id": "training-instance-0",
                            "machine_type": "g1-small",
                            "metadata.%": "1",
                            "metadata.ssh-keys": "training:ssh-rsa AAAAB3NzaC1yc2EAAAADAQABAAABAQDiZOht7hDWIomDFom83ecX0ZzGP0dVaJoBWzBKUeqUyR3oagwICCBybKw4tthwBG8jimx+vd8P6fEvJwVIzfBG1kPsmjtACLa9Dnox+m4mvBib3X7FC+3Uo2JEbmIbiRpmjm7JhK1hFdMgn06I2qywBTXrPUPRA6M1zdCABDF+Lfafmq3RObBj5TpNx0yWY7r9iBy7V/VE4U+EiDaih57Vhx7cyeBQ7XiGPUbjKAfsFaDHxGl3YOAywQu+Ur977vCblCY2fWXZfrNzqRzkz/dM4p9dJnfoCwVVX1kYJl60c75EU9chS3Jes6XaW7ae309jcUksW6N10LHJD+50CHE3 training@gemalto",
                            "metadata_fingerprint": "faKMKWYecsk=",
                            "metadata_startup_script": "curl -s https://raw.githubusercontent.com/WeScale/kubernetes-formation/master/terraform/bootstrap.sh | bash -s 0",
                            "name": "training-instance-0",
                            "network.#": "0",
                            "network_interface.#": "1",
                            "network_interface.0.access_config.#": "1",
                            "network_interface.0.access_config.0.assigned_nat_ip": "146.148.28.214",
                            "network_interface.0.access_config.0.nat_ip": "",
                            "network_interface.0.address": "10.123.0.2",
                            "network_interface.0.name": "nic0",
                            "network_interface.0.network": "",
                            "network_interface.0.subnetwork": "training-subnet",
                            "network_interface.0.subnetwork_project": "",
                            "self_link": "https://www.googleapis.com/compute/v1/projects/sandbox-wescale/zones/europe-west1-b/instances/training-instance-0",
                            "service_account.#": "1",
                            "service_account.0.email": "362060638318-compute@developer.gserviceaccount.com",
                            "service_account.0.scopes.#": "3",
                            "service_account.0.scopes.1328717722": "https://www.googleapis.com/auth/devstorage.read_write",
                            "service_account.0.scopes.1733087937": "https://www.googleapis.com/auth/cloud-platform",
                            "service_account.0.scopes.299962681": "https://www.googleapis.com/auth/compute",
                            "tags_fingerprint": "42WmSpB8rSM=",
                            "zone": "europe-west1-b"
                        },
                        "meta": {
                            "schema_version": "2"
                        },
                        "tainted": false
                    },
                    "deposed": [],
                    "provider": ""
                },
                "google_compute_instance.training-instance.1": {
                    "type": "google_compute_instance",
                    "depends_on": [
                        "google_compute_subnetwork.training_subnet"
                    ],
                    "primary": {
                        "id": "training-instance-1",
                        "attributes": {
                            "attached_disk.#": "0",
                            "can_ip_forward": "false",
                            "create_timeout": "4",
                            "disk.#": "1",
                            "disk.0.auto_delete": "true",
                            "disk.0.device_name": "",
                            "disk.0.disk": "",
                            "disk.0.disk_encryption_key_raw": "",
                            "disk.0.disk_encryption_key_sha256": "",
                            "disk.0.image": "ubuntu-1610-yakkety-v20170330",
                            "disk.0.scratch": "false",
                            "disk.0.size": "10",
                            "disk.0.type": "pd-ssd",
                            "id": "training-instance-1",
                            "machine_type": "g1-small",
                            "metadata.%": "1",
                            "metadata.ssh-keys": "training:ssh-rsa AAAAB3NzaC1yc2EAAAADAQABAAABAQDiZOht7hDWIomDFom83ecX0ZzGP0dVaJoBWzBKUeqUyR3oagwICCBybKw4tthwBG8jimx+vd8P6fEvJwVIzfBG1kPsmjtACLa9Dnox+m4mvBib3X7FC+3Uo2JEbmIbiRpmjm7JhK1hFdMgn06I2qywBTXrPUPRA6M1zdCABDF+Lfafmq3RObBj5TpNx0yWY7r9iBy7V/VE4U+EiDaih57Vhx7cyeBQ7XiGPUbjKAfsFaDHxGl3YOAywQu+Ur977vCblCY2fWXZfrNzqRzkz/dM4p9dJnfoCwVVX1kYJl60c75EU9chS3Jes6XaW7ae309jcUksW6N10LHJD+50CHE3 training@gemalto",
                            "metadata_fingerprint": "eZ5e6lbWEiA=",
                            "metadata_startup_script": "curl -s https://raw.githubusercontent.com/WeScale/kubernetes-formation/master/terraform/bootstrap.sh | bash -s 1",
                            "name": "training-instance-1",
                            "network.#": "0",
                            "network_interface.#": "1",
                            "network_interface.0.access_config.#": "1",
                            "network_interface.0.access_config.0.assigned_nat_ip": "130.211.90.57",
                            "network_interface.0.access_config.0.nat_ip": "",
                            "network_interface.0.address": "10.123.0.3",
                            "network_interface.0.name": "nic0",
                            "network_interface.0.network": "",
                            "network_interface.0.subnetwork": "training-subnet",
                            "network_interface.0.subnetwork_project": "",
                            "self_link": "https://www.googleapis.com/compute/v1/projects/sandbox-wescale/zones/europe-west1-b/instances/training-instance-1",
                            "service_account.#": "1",
                            "service_account.0.email": "362060638318-compute@developer.gserviceaccount.com",
                            "service_account.0.scopes.#": "3",
                            "service_account.0.scopes.1328717722": "https://www.googleapis.com/auth/devstorage.read_write",
                            "service_account.0.scopes.1733087937": "https://www.googleapis.com/auth/cloud-platform",
                            "service_account.0.scopes.299962681": "https://www.googleapis.com/auth/compute",
                            "tags_fingerprint": "42WmSpB8rSM=",
                            "zone": "europe-west1-b"
                        },
                        "meta": {
                            "schema_version": "2"
                        },
                        "tainted": false
                    },
                    "deposed": [],
                    "provider": ""
                },
                "google_compute_instance.training-instance.10": {
                    "type": "google_compute_instance",
                    "depends_on": [
                        "google_compute_subnetwork.training_subnet"
                    ],
                    "primary": {
                        "id": "training-instance-10",
                        "attributes": {
                            "attached_disk.#": "0",
                            "can_ip_forward": "false",
                            "create_timeout": "4",
                            "disk.#": "1",
                            "disk.0.auto_delete": "true",
                            "disk.0.device_name": "",
                            "disk.0.disk": "",
                            "disk.0.disk_encryption_key_raw": "",
                            "disk.0.disk_encryption_key_sha256": "",
                            "disk.0.image": "ubuntu-1610-yakkety-v20170330",
                            "disk.0.scratch": "false",
                            "disk.0.size": "10",
                            "disk.0.type": "pd-ssd",
                            "id": "training-instance-10",
                            "machine_type": "g1-small",
                            "metadata.%": "1",
                            "metadata.ssh-keys": "training:ssh-rsa AAAAB3NzaC1yc2EAAAADAQABAAABAQDiZOht7hDWIomDFom83ecX0ZzGP0dVaJoBWzBKUeqUyR3oagwICCBybKw4tthwBG8jimx+vd8P6fEvJwVIzfBG1kPsmjtACLa9Dnox+m4mvBib3X7FC+3Uo2JEbmIbiRpmjm7JhK1hFdMgn06I2qywBTXrPUPRA6M1zdCABDF+Lfafmq3RObBj5TpNx0yWY7r9iBy7V/VE4U+EiDaih57Vhx7cyeBQ7XiGPUbjKAfsFaDHxGl3YOAywQu+Ur977vCblCY2fWXZfrNzqRzkz/dM4p9dJnfoCwVVX1kYJl60c75EU9chS3Jes6XaW7ae309jcUksW6N10LHJD+50CHE3 training@gemalto",
                            "metadata_fingerprint": "Y-eZ6dv73bU=",
                            "metadata_startup_script": "curl -s https://raw.githubusercontent.com/WeScale/kubernetes-formation/master/terraform/bootstrap.sh | bash -s 10",
                            "name": "training-instance-10",
                            "network.#": "0",
                            "network_interface.#": "1",
                            "network_interface.0.access_config.#": "1",
                            "network_interface.0.access_config.0.assigned_nat_ip": "35.187.105.82",
                            "network_interface.0.access_config.0.nat_ip": "",
                            "network_interface.0.address": "10.123.0.12",
                            "network_interface.0.name": "nic0",
                            "network_interface.0.network": "",
                            "network_interface.0.subnetwork": "training-subnet",
                            "network_interface.0.subnetwork_project": "",
                            "self_link": "https://www.googleapis.com/compute/v1/projects/sandbox-wescale/zones/europe-west1-b/instances/training-instance-10",
                            "service_account.#": "1",
                            "service_account.0.email": "362060638318-compute@developer.gserviceaccount.com",
                            "service_account.0.scopes.#": "3",
                            "service_account.0.scopes.1328717722": "https://www.googleapis.com/auth/devstorage.read_write",
                            "service_account.0.scopes.1733087937": "https://www.googleapis.com/auth/cloud-platform",
                            "service_account.0.scopes.299962681": "https://www.googleapis.com/auth/compute",
                            "tags_fingerprint": "42WmSpB8rSM=",
                            "zone": "europe-west1-b"
                        },
                        "meta": {
                            "schema_version": "2"
                        },
                        "tainted": false
                    },
                    "deposed": [],
                    "provider": ""
                },
                "google_compute_instance.training-instance.2": {
                    "type": "google_compute_instance",
                    "depends_on": [
                        "google_compute_subnetwork.training_subnet"
                    ],
                    "primary": {
                        "id": "training-instance-2",
                        "attributes": {
                            "attached_disk.#": "0",
                            "can_ip_forward": "false",
                            "create_timeout": "4",
                            "disk.#": "1",
                            "disk.0.auto_delete": "true",
                            "disk.0.device_name": "",
                            "disk.0.disk": "",
                            "disk.0.disk_encryption_key_raw": "",
                            "disk.0.disk_encryption_key_sha256": "",
                            "disk.0.image": "ubuntu-1610-yakkety-v20170330",
                            "disk.0.scratch": "false",
                            "disk.0.size": "10",
                            "disk.0.type": "pd-ssd",
                            "id": "training-instance-2",
                            "machine_type": "g1-small",
                            "metadata.%": "1",
                            "metadata.ssh-keys": "training:ssh-rsa AAAAB3NzaC1yc2EAAAADAQABAAABAQDiZOht7hDWIomDFom83ecX0ZzGP0dVaJoBWzBKUeqUyR3oagwICCBybKw4tthwBG8jimx+vd8P6fEvJwVIzfBG1kPsmjtACLa9Dnox+m4mvBib3X7FC+3Uo2JEbmIbiRpmjm7JhK1hFdMgn06I2qywBTXrPUPRA6M1zdCABDF+Lfafmq3RObBj5TpNx0yWY7r9iBy7V/VE4U+EiDaih57Vhx7cyeBQ7XiGPUbjKAfsFaDHxGl3YOAywQu+Ur977vCblCY2fWXZfrNzqRzkz/dM4p9dJnfoCwVVX1kYJl60c75EU9chS3Jes6XaW7ae309jcUksW6N10LHJD+50CHE3 training@gemalto",
                            "metadata_fingerprint": "JKG9uTxaqKk=",
                            "metadata_startup_script": "curl -s https://raw.githubusercontent.com/WeScale/kubernetes-formation/master/terraform/bootstrap.sh | bash -s 2",
                            "name": "training-instance-2",
                            "network.#": "0",
                            "network_interface.#": "1",
                            "network_interface.0.access_config.#": "1",
                            "network_interface.0.access_config.0.assigned_nat_ip": "104.155.53.37",
                            "network_interface.0.access_config.0.nat_ip": "",
                            "network_interface.0.address": "10.123.0.8",
                            "network_interface.0.name": "nic0",
                            "network_interface.0.network": "",
                            "network_interface.0.subnetwork": "training-subnet",
                            "network_interface.0.subnetwork_project": "",
                            "self_link": "https://www.googleapis.com/compute/v1/projects/sandbox-wescale/zones/europe-west1-b/instances/training-instance-2",
                            "service_account.#": "1",
                            "service_account.0.email": "362060638318-compute@developer.gserviceaccount.com",
                            "service_account.0.scopes.#": "3",
                            "service_account.0.scopes.1328717722": "https://www.googleapis.com/auth/devstorage.read_write",
                            "service_account.0.scopes.1733087937": "https://www.googleapis.com/auth/cloud-platform",
                            "service_account.0.scopes.299962681": "https://www.googleapis.com/auth/compute",
                            "tags_fingerprint": "42WmSpB8rSM=",
                            "zone": "europe-west1-b"
                        },
                        "meta": {
                            "schema_version": "2"
                        },
                        "tainted": false
                    },
                    "deposed": [],
                    "provider": ""
                },
                "google_compute_instance.training-instance.3": {
                    "type": "google_compute_instance",
                    "depends_on": [
                        "google_compute_subnetwork.training_subnet"
                    ],
                    "primary": {
                        "id": "training-instance-3",
                        "attributes": {
                            "attached_disk.#": "0",
                            "can_ip_forward": "false",
                            "create_timeout": "4",
                            "disk.#": "1",
                            "disk.0.auto_delete": "true",
                            "disk.0.device_name": "",
                            "disk.0.disk": "",
                            "disk.0.disk_encryption_key_raw": "",
                            "disk.0.disk_encryption_key_sha256": "",
                            "disk.0.image": "ubuntu-1610-yakkety-v20170330",
                            "disk.0.scratch": "false",
                            "disk.0.size": "10",
                            "disk.0.type": "pd-ssd",
                            "id": "training-instance-3",
                            "machine_type": "g1-small",
                            "metadata.%": "1",
                            "metadata.ssh-keys": "training:ssh-rsa AAAAB3NzaC1yc2EAAAADAQABAAABAQDiZOht7hDWIomDFom83ecX0ZzGP0dVaJoBWzBKUeqUyR3oagwICCBybKw4tthwBG8jimx+vd8P6fEvJwVIzfBG1kPsmjtACLa9Dnox+m4mvBib3X7FC+3Uo2JEbmIbiRpmjm7JhK1hFdMgn06I2qywBTXrPUPRA6M1zdCABDF+Lfafmq3RObBj5TpNx0yWY7r9iBy7V/VE4U+EiDaih57Vhx7cyeBQ7XiGPUbjKAfsFaDHxGl3YOAywQu+Ur977vCblCY2fWXZfrNzqRzkz/dM4p9dJnfoCwVVX1kYJl60c75EU9chS3Jes6XaW7ae309jcUksW6N10LHJD+50CHE3 training@gemalto",
                            "metadata_fingerprint": "yFt20nIlsJg=",
                            "metadata_startup_script": "curl -s https://raw.githubusercontent.com/WeScale/kubernetes-formation/master/terraform/bootstrap.sh | bash -s 3",
                            "name": "training-instance-3",
                            "network.#": "0",
                            "network_interface.#": "1",
                            "network_interface.0.access_config.#": "1",
                            "network_interface.0.access_config.0.assigned_nat_ip": "35.187.10.83",
                            "network_interface.0.access_config.0.nat_ip": "",
                            "network_interface.0.address": "10.123.0.9",
                            "network_interface.0.name": "nic0",
                            "network_interface.0.network": "",
                            "network_interface.0.subnetwork": "training-subnet",
                            "network_interface.0.subnetwork_project": "",
                            "self_link": "https://www.googleapis.com/compute/v1/projects/sandbox-wescale/zones/europe-west1-b/instances/training-instance-3",
                            "service_account.#": "1",
                            "service_account.0.email": "362060638318-compute@developer.gserviceaccount.com",
                            "service_account.0.scopes.#": "3",
                            "service_account.0.scopes.1328717722": "https://www.googleapis.com/auth/devstorage.read_write",
                            "service_account.0.scopes.1733087937": "https://www.googleapis.com/auth/cloud-platform",
                            "service_account.0.scopes.299962681": "https://www.googleapis.com/auth/compute",
                            "tags_fingerprint": "42WmSpB8rSM=",
                            "zone": "europe-west1-b"
                        },
                        "meta": {
                            "schema_version": "2"
                        },
                        "tainted": false
                    },
                    "deposed": [],
                    "provider": ""
                },
                "google_compute_instance.training-instance.4": {
                    "type": "google_compute_instance",
                    "depends_on": [
                        "google_compute_subnetwork.training_subnet"
                    ],
                    "primary": {
                        "id": "training-instance-4",
                        "attributes": {
                            "attached_disk.#": "0",
                            "can_ip_forward": "false",
                            "create_timeout": "4",
                            "disk.#": "1",
                            "disk.0.auto_delete": "true",
                            "disk.0.device_name": "",
                            "disk.0.disk": "",
                            "disk.0.disk_encryption_key_raw": "",
                            "disk.0.disk_encryption_key_sha256": "",
                            "disk.0.image": "ubuntu-1610-yakkety-v20170330",
                            "disk.0.scratch": "false",
                            "disk.0.size": "10",
                            "disk.0.type": "pd-ssd",
                            "id": "training-instance-4",
                            "machine_type": "g1-small",
                            "metadata.%": "1",
                            "metadata.ssh-keys": "training:ssh-rsa AAAAB3NzaC1yc2EAAAADAQABAAABAQDiZOht7hDWIomDFom83ecX0ZzGP0dVaJoBWzBKUeqUyR3oagwICCBybKw4tthwBG8jimx+vd8P6fEvJwVIzfBG1kPsmjtACLa9Dnox+m4mvBib3X7FC+3Uo2JEbmIbiRpmjm7JhK1hFdMgn06I2qywBTXrPUPRA6M1zdCABDF+Lfafmq3RObBj5TpNx0yWY7r9iBy7V/VE4U+EiDaih57Vhx7cyeBQ7XiGPUbjKAfsFaDHxGl3YOAywQu+Ur977vCblCY2fWXZfrNzqRzkz/dM4p9dJnfoCwVVX1kYJl60c75EU9chS3Jes6XaW7ae309jcUksW6N10LHJD+50CHE3 training@gemalto",
                            "metadata_fingerprint": "zbGmKhypyUw=",
                            "metadata_startup_script": "curl -s https://raw.githubusercontent.com/WeScale/kubernetes-formation/master/terraform/bootstrap.sh | bash -s 4",
                            "name": "training-instance-4",
                            "network.#": "0",
                            "network_interface.#": "1",
                            "network_interface.0.access_config.#": "1",
                            "network_interface.0.access_config.0.assigned_nat_ip": "104.155.101.126",
                            "network_interface.0.access_config.0.nat_ip": "",
                            "network_interface.0.address": "10.123.0.7",
                            "network_interface.0.name": "nic0",
                            "network_interface.0.network": "",
                            "network_interface.0.subnetwork": "training-subnet",
                            "network_interface.0.subnetwork_project": "",
                            "self_link": "https://www.googleapis.com/compute/v1/projects/sandbox-wescale/zones/europe-west1-b/instances/training-instance-4",
                            "service_account.#": "1",
                            "service_account.0.email": "362060638318-compute@developer.gserviceaccount.com",
                            "service_account.0.scopes.#": "3",
                            "service_account.0.scopes.1328717722": "https://www.googleapis.com/auth/devstorage.read_write",
                            "service_account.0.scopes.1733087937": "https://www.googleapis.com/auth/cloud-platform",
                            "service_account.0.scopes.299962681": "https://www.googleapis.com/auth/compute",
                            "tags_fingerprint": "42WmSpB8rSM=",
                            "zone": "europe-west1-b"
                        },
                        "meta": {
                            "schema_version": "2"
                        },
                        "tainted": false
                    },
                    "deposed": [],
                    "provider": ""
                },
                "google_compute_instance.training-instance.5": {
                    "type": "google_compute_instance",
                    "depends_on": [
                        "google_compute_subnetwork.training_subnet"
                    ],
                    "primary": {
                        "id": "training-instance-5",
                        "attributes": {
                            "attached_disk.#": "0",
                            "can_ip_forward": "false",
                            "create_timeout": "4",
                            "disk.#": "1",
                            "disk.0.auto_delete": "true",
                            "disk.0.device_name": "",
                            "disk.0.disk": "",
                            "disk.0.disk_encryption_key_raw": "",
                            "disk.0.disk_encryption_key_sha256": "",
                            "disk.0.image": "ubuntu-1610-yakkety-v20170330",
                            "disk.0.scratch": "false",
                            "disk.0.size": "10",
                            "disk.0.type": "pd-ssd",
                            "id": "training-instance-5",
                            "machine_type": "g1-small",
                            "metadata.%": "1",
                            "metadata.ssh-keys": "training:ssh-rsa AAAAB3NzaC1yc2EAAAADAQABAAABAQDiZOht7hDWIomDFom83ecX0ZzGP0dVaJoBWzBKUeqUyR3oagwICCBybKw4tthwBG8jimx+vd8P6fEvJwVIzfBG1kPsmjtACLa9Dnox+m4mvBib3X7FC+3Uo2JEbmIbiRpmjm7JhK1hFdMgn06I2qywBTXrPUPRA6M1zdCABDF+Lfafmq3RObBj5TpNx0yWY7r9iBy7V/VE4U+EiDaih57Vhx7cyeBQ7XiGPUbjKAfsFaDHxGl3YOAywQu+Ur977vCblCY2fWXZfrNzqRzkz/dM4p9dJnfoCwVVX1kYJl60c75EU9chS3Jes6XaW7ae309jcUksW6N10LHJD+50CHE3 training@gemalto",
                            "metadata_fingerprint": "gCqMZhievAU=",
                            "metadata_startup_script": "curl -s https://raw.githubusercontent.com/WeScale/kubernetes-formation/master/terraform/bootstrap.sh | bash -s 5",
                            "name": "training-instance-5",
                            "network.#": "0",
                            "network_interface.#": "1",
                            "network_interface.0.access_config.#": "1",
                            "network_interface.0.access_config.0.assigned_nat_ip": "35.187.71.231",
                            "network_interface.0.access_config.0.nat_ip": "",
                            "network_interface.0.address": "10.123.0.4",
                            "network_interface.0.name": "nic0",
                            "network_interface.0.network": "",
                            "network_interface.0.subnetwork": "training-subnet",
                            "network_interface.0.subnetwork_project": "",
                            "self_link": "https://www.googleapis.com/compute/v1/projects/sandbox-wescale/zones/europe-west1-b/instances/training-instance-5",
                            "service_account.#": "1",
                            "service_account.0.email": "362060638318-compute@developer.gserviceaccount.com",
                            "service_account.0.scopes.#": "3",
                            "service_account.0.scopes.1328717722": "https://www.googleapis.com/auth/devstorage.read_write",
                            "service_account.0.scopes.1733087937": "https://www.googleapis.com/auth/cloud-platform",
                            "service_account.0.scopes.299962681": "https://www.googleapis.com/auth/compute",
                            "tags_fingerprint": "42WmSpB8rSM=",
                            "zone": "europe-west1-b"
                        },
                        "meta": {
                            "schema_version": "2"
                        },
                        "tainted": false
                    },
                    "deposed": [],
                    "provider": ""
                },
                "google_compute_instance.training-instance.6": {
                    "type": "google_compute_instance",
                    "depends_on": [
                        "google_compute_subnetwork.training_subnet"
                    ],
                    "primary": {
                        "id": "training-instance-6",
                        "attributes": {
                            "attached_disk.#": "0",
                            "can_ip_forward": "false",
                            "create_timeout": "4",
                            "disk.#": "1",
                            "disk.0.auto_delete": "true",
                            "disk.0.device_name": "",
                            "disk.0.disk": "",
                            "disk.0.disk_encryption_key_raw": "",
                            "disk.0.disk_encryption_key_sha256": "",
                            "disk.0.image": "ubuntu-1610-yakkety-v20170330",
                            "disk.0.scratch": "false",
                            "disk.0.size": "10",
                            "disk.0.type": "pd-ssd",
                            "id": "training-instance-6",
                            "machine_type": "g1-small",
                            "metadata.%": "1",
                            "metadata.ssh-keys": "training:ssh-rsa AAAAB3NzaC1yc2EAAAADAQABAAABAQDiZOht7hDWIomDFom83ecX0ZzGP0dVaJoBWzBKUeqUyR3oagwICCBybKw4tthwBG8jimx+vd8P6fEvJwVIzfBG1kPsmjtACLa9Dnox+m4mvBib3X7FC+3Uo2JEbmIbiRpmjm7JhK1hFdMgn06I2qywBTXrPUPRA6M1zdCABDF+Lfafmq3RObBj5TpNx0yWY7r9iBy7V/VE4U+EiDaih57Vhx7cyeBQ7XiGPUbjKAfsFaDHxGl3YOAywQu+Ur977vCblCY2fWXZfrNzqRzkz/dM4p9dJnfoCwVVX1kYJl60c75EU9chS3Jes6XaW7ae309jcUksW6N10LHJD+50CHE3 training@gemalto",
                            "metadata_fingerprint": "RwzZLvdGl1w=",
                            "metadata_startup_script": "curl -s https://raw.githubusercontent.com/WeScale/kubernetes-formation/master/terraform/bootstrap.sh | bash -s 6",
                            "name": "training-instance-6",
                            "network.#": "0",
                            "network_interface.#": "1",
                            "network_interface.0.access_config.#": "1",
                            "network_interface.0.access_config.0.assigned_nat_ip": "35.187.88.38",
                            "network_interface.0.access_config.0.nat_ip": "",
                            "network_interface.0.address": "10.123.0.11",
                            "network_interface.0.name": "nic0",
                            "network_interface.0.network": "",
                            "network_interface.0.subnetwork": "training-subnet",
                            "network_interface.0.subnetwork_project": "",
                            "self_link": "https://www.googleapis.com/compute/v1/projects/sandbox-wescale/zones/europe-west1-b/instances/training-instance-6",
                            "service_account.#": "1",
                            "service_account.0.email": "362060638318-compute@developer.gserviceaccount.com",
                            "service_account.0.scopes.#": "3",
                            "service_account.0.scopes.1328717722": "https://www.googleapis.com/auth/devstorage.read_write",
                            "service_account.0.scopes.1733087937": "https://www.googleapis.com/auth/cloud-platform",
                            "service_account.0.scopes.299962681": "https://www.googleapis.com/auth/compute",
                            "tags_fingerprint": "42WmSpB8rSM=",
                            "zone": "europe-west1-b"
                        },
                        "meta": {
                            "schema_version": "2"
                        },
                        "tainted": false
                    },
                    "deposed": [],
                    "provider": ""
                },
                "google_compute_instance.training-instance.7": {
                    "type": "google_compute_instance",
                    "depends_on": [
                        "google_compute_subnetwork.training_subnet"
                    ],
                    "primary": {
                        "id": "training-instance-7",
                        "attributes": {
                            "attached_disk.#": "0",
                            "can_ip_forward": "false",
                            "create_timeout": "4",
                            "disk.#": "1",
                            "disk.0.auto_delete": "true",
                            "disk.0.device_name": "",
                            "disk.0.disk": "",
                            "disk.0.disk_encryption_key_raw": "",
                            "disk.0.disk_encryption_key_sha256": "",
                            "disk.0.image": "ubuntu-1610-yakkety-v20170330",
                            "disk.0.scratch": "false",
                            "disk.0.size": "10",
                            "disk.0.type": "pd-ssd",
                            "id": "training-instance-7",
                            "machine_type": "g1-small",
                            "metadata.%": "1",
                            "metadata.ssh-keys": "training:ssh-rsa AAAAB3NzaC1yc2EAAAADAQABAAABAQDiZOht7hDWIomDFom83ecX0ZzGP0dVaJoBWzBKUeqUyR3oagwICCBybKw4tthwBG8jimx+vd8P6fEvJwVIzfBG1kPsmjtACLa9Dnox+m4mvBib3X7FC+3Uo2JEbmIbiRpmjm7JhK1hFdMgn06I2qywBTXrPUPRA6M1zdCABDF+Lfafmq3RObBj5TpNx0yWY7r9iBy7V/VE4U+EiDaih57Vhx7cyeBQ7XiGPUbjKAfsFaDHxGl3YOAywQu+Ur977vCblCY2fWXZfrNzqRzkz/dM4p9dJnfoCwVVX1kYJl60c75EU9chS3Jes6XaW7ae309jcUksW6N10LHJD+50CHE3 training@gemalto",
                            "metadata_fingerprint": "djYQoYuzInQ=",
                            "metadata_startup_script": "curl -s https://raw.githubusercontent.com/WeScale/kubernetes-formation/master/terraform/bootstrap.sh | bash -s 7",
                            "name": "training-instance-7",
                            "network.#": "0",
                            "network_interface.#": "1",
                            "network_interface.0.access_config.#": "1",
                            "network_interface.0.access_config.0.assigned_nat_ip": "104.199.98.210",
                            "network_interface.0.access_config.0.nat_ip": "",
                            "network_interface.0.address": "10.123.0.5",
                            "network_interface.0.name": "nic0",
                            "network_interface.0.network": "",
                            "network_interface.0.subnetwork": "training-subnet",
                            "network_interface.0.subnetwork_project": "",
                            "self_link": "https://www.googleapis.com/compute/v1/projects/sandbox-wescale/zones/europe-west1-b/instances/training-instance-7",
                            "service_account.#": "1",
                            "service_account.0.email": "362060638318-compute@developer.gserviceaccount.com",
                            "service_account.0.scopes.#": "3",
                            "service_account.0.scopes.1328717722": "https://www.googleapis.com/auth/devstorage.read_write",
                            "service_account.0.scopes.1733087937": "https://www.googleapis.com/auth/cloud-platform",
                            "service_account.0.scopes.299962681": "https://www.googleapis.com/auth/compute",
                            "tags_fingerprint": "42WmSpB8rSM=",
                            "zone": "europe-west1-b"
                        },
                        "meta": {
                            "schema_version": "2"
                        },
                        "tainted": false
                    },
                    "deposed": [],
                    "provider": ""
                },
                "google_compute_instance.training-instance.8": {
                    "type": "google_compute_instance",
                    "depends_on": [
                        "google_compute_subnetwork.training_subnet"
                    ],
                    "primary": {
                        "id": "training-instance-8",
                        "attributes": {
                            "attached_disk.#": "0",
                            "can_ip_forward": "false",
                            "create_timeout": "4",
                            "disk.#": "1",
                            "disk.0.auto_delete": "true",
                            "disk.0.device_name": "",
                            "disk.0.disk": "",
                            "disk.0.disk_encryption_key_raw": "",
                            "disk.0.disk_encryption_key_sha256": "",
                            "disk.0.image": "ubuntu-1610-yakkety-v20170330",
                            "disk.0.scratch": "false",
                            "disk.0.size": "10",
                            "disk.0.type": "pd-ssd",
                            "id": "training-instance-8",
                            "machine_type": "g1-small",
                            "metadata.%": "1",
                            "metadata.ssh-keys": "training:ssh-rsa AAAAB3NzaC1yc2EAAAADAQABAAABAQDiZOht7hDWIomDFom83ecX0ZzGP0dVaJoBWzBKUeqUyR3oagwICCBybKw4tthwBG8jimx+vd8P6fEvJwVIzfBG1kPsmjtACLa9Dnox+m4mvBib3X7FC+3Uo2JEbmIbiRpmjm7JhK1hFdMgn06I2qywBTXrPUPRA6M1zdCABDF+Lfafmq3RObBj5TpNx0yWY7r9iBy7V/VE4U+EiDaih57Vhx7cyeBQ7XiGPUbjKAfsFaDHxGl3YOAywQu+Ur977vCblCY2fWXZfrNzqRzkz/dM4p9dJnfoCwVVX1kYJl60c75EU9chS3Jes6XaW7ae309jcUksW6N10LHJD+50CHE3 training@gemalto",
                            "metadata_fingerprint": "iTntfJenTw4=",
                            "metadata_startup_script": "curl -s https://raw.githubusercontent.com/WeScale/kubernetes-formation/master/terraform/bootstrap.sh | bash -s 8",
                            "name": "training-instance-8",
                            "network.#": "0",
                            "network_interface.#": "1",
                            "network_interface.0.access_config.#": "1",
                            "network_interface.0.access_config.0.assigned_nat_ip": "35.187.93.123",
                            "network_interface.0.access_config.0.nat_ip": "",
                            "network_interface.0.address": "10.123.0.6",
                            "network_interface.0.name": "nic0",
                            "network_interface.0.network": "",
                            "network_interface.0.subnetwork": "training-subnet",
                            "network_interface.0.subnetwork_project": "",
                            "self_link": "https://www.googleapis.com/compute/v1/projects/sandbox-wescale/zones/europe-west1-b/instances/training-instance-8",
                            "service_account.#": "1",
                            "service_account.0.email": "362060638318-compute@developer.gserviceaccount.com",
                            "service_account.0.scopes.#": "3",
                            "service_account.0.scopes.1328717722": "https://www.googleapis.com/auth/devstorage.read_write",
                            "service_account.0.scopes.1733087937": "https://www.googleapis.com/auth/cloud-platform",
                            "service_account.0.scopes.299962681": "https://www.googleapis.com/auth/compute",
                            "tags_fingerprint": "42WmSpB8rSM=",
                            "zone": "europe-west1-b"
                        },
                        "meta": {
                            "schema_version": "2"
                        },
                        "tainted": false
                    },
                    "deposed": [],
                    "provider": ""
                },
                "google_compute_instance.training-instance.9": {
                    "type": "google_compute_instance",
                    "depends_on": [
                        "google_compute_subnetwork.training_subnet"
                    ],
                    "primary": {
                        "id": "training-instance-9",
                        "attributes": {
                            "attached_disk.#": "0",
                            "can_ip_forward": "false",
                            "create_timeout": "4",
                            "disk.#": "1",
                            "disk.0.auto_delete": "true",
                            "disk.0.device_name": "",
                            "disk.0.disk": "",
                            "disk.0.disk_encryption_key_raw": "",
                            "disk.0.disk_encryption_key_sha256": "",
                            "disk.0.image": "ubuntu-1610-yakkety-v20170330",
                            "disk.0.scratch": "false",
                            "disk.0.size": "10",
                            "disk.0.type": "pd-ssd",
                            "id": "training-instance-9",
                            "machine_type": "g1-small",
                            "metadata.%": "1",
                            "metadata.ssh-keys": "training:ssh-rsa AAAAB3NzaC1yc2EAAAADAQABAAABAQDiZOht7hDWIomDFom83ecX0ZzGP0dVaJoBWzBKUeqUyR3oagwICCBybKw4tthwBG8jimx+vd8P6fEvJwVIzfBG1kPsmjtACLa9Dnox+m4mvBib3X7FC+3Uo2JEbmIbiRpmjm7JhK1hFdMgn06I2qywBTXrPUPRA6M1zdCABDF+Lfafmq3RObBj5TpNx0yWY7r9iBy7V/VE4U+EiDaih57Vhx7cyeBQ7XiGPUbjKAfsFaDHxGl3YOAywQu+Ur977vCblCY2fWXZfrNzqRzkz/dM4p9dJnfoCwVVX1kYJl60c75EU9chS3Jes6XaW7ae309jcUksW6N10LHJD+50CHE3 training@gemalto",
                            "metadata_fingerprint": "DgNJm8X0hs4=",
                            "metadata_startup_script": "curl -s https://raw.githubusercontent.com/WeScale/kubernetes-formation/master/terraform/bootstrap.sh | bash -s 9",
                            "name": "training-instance-9",
                            "network.#": "0",
                            "network_interface.#": "1",
                            "network_interface.0.access_config.#": "1",
                            "network_interface.0.access_config.0.assigned_nat_ip": "35.187.62.96",
                            "network_interface.0.access_config.0.nat_ip": "",
                            "network_interface.0.address": "10.123.0.10",
                            "network_interface.0.name": "nic0",
                            "network_interface.0.network": "",
                            "network_interface.0.subnetwork": "training-subnet",
                            "network_interface.0.subnetwork_project": "",
                            "self_link": "https://www.googleapis.com/compute/v1/projects/sandbox-wescale/zones/europe-west1-b/instances/training-instance-9",
                            "service_account.#": "1",
                            "service_account.0.email": "362060638318-compute@developer.gserviceaccount.com",
                            "service_account.0.scopes.#": "3",
                            "service_account.0.scopes.1328717722": "https://www.googleapis.com/auth/devstorage.read_write",
                            "service_account.0.scopes.1733087937": "https://www.googleapis.com/auth/cloud-platform",
                            "service_account.0.scopes.299962681": "https://www.googleapis.com/auth/compute",
                            "tags_fingerprint": "42WmSpB8rSM=",
                            "zone": "europe-west1-b"
                        },
                        "meta": {
                            "schema_version": "2"
                        },
                        "tainted": false
                    },
                    "deposed": [],
                    "provider": ""
                },
                "google_compute_network.training_net": {
                    "type": "google_compute_network",
                    "depends_on": [],
                    "primary": {
                        "id": "training-net",
                        "attributes": {
                            "auto_create_subnetworks": "false",
                            "gateway_ipv4": "",
                            "id": "training-net",
                            "ipv4_range": "",
                            "name": "training-net",
                            "self_link": "https://www.googleapis.com/compute/v1/projects/sandbox-wescale/global/networks/training-net"
                        },
                        "meta": {},
                        "tainted": false
                    },
                    "deposed": [],
                    "provider": ""
                },
                "google_compute_subnetwork.training_subnet": {
                    "type": "google_compute_subnetwork",
                    "depends_on": [
                        "google_compute_network.training_net"
                    ],
                    "primary": {
                        "id": "europe-west1/training-subnet",
                        "attributes": {
                            "gateway_address": "10.123.0.1",
                            "id": "europe-west1/training-subnet",
                            "ip_cidr_range": "10.123.0.0/24",
                            "name": "training-subnet",
                            "network": "https://www.googleapis.com/compute/v1/projects/sandbox-wescale/global/networks/training-net",
                            "region": "europe-west1",
                            "self_link": "https://www.googleapis.com/compute/v1/projects/sandbox-wescale/regions/europe-west1/subnetworks/training-subnet"
                        },
                        "meta": {},
                        "tainted": false
                    },
                    "deposed": [],
                    "provider": ""
                }
            },
            "depends_on": []
        }
    ]
}
