{
    "version": 3,
    "terraform_version": "0.11.5",
    "serial": 8,
    "lineage": "a644d2eb-ef53-4544-a0f4-4c2b51563cc1",
    "modules": [
        {
            "path": [
                "root"
            ],
            "outputs": {},
            "resources": {},
            "depends_on": []
        },
        {
            "path": [
                "root",
                "bootstrap-training"
            ],
            "outputs": {},
            "resources": {
                "google_compute_network.training_net": {
                    "type": "google_compute_network",
                    "depends_on": [],
                    "primary": {
                        "id": "training-net",
                        "attributes": {
                            "auto_create_subnetworks": "false",
                            "description": "",
                            "gateway_ipv4": "",
                            "id": "training-net",
                            "ipv4_range": "",
                            "name": "training-net",
                            "project": "sandbox-wescale",
                            "routing_mode": "REGIONAL",
                            "self_link": "https://www.googleapis.com/compute/v1/projects/sandbox-wescale/global/networks/training-net"
                        },
                        "meta": {},
                        "tainted": false
                    },
                    "deposed": [],
                    "provider": "module.bootstrap-training.provider.google"
                },
                "google_compute_subnetwork.training_subnet": {
                    "type": "google_compute_subnetwork",
                    "depends_on": [
                        "google_compute_network.training_net"
                    ],
                    "primary": {
                        "id": "europe-west1/training-subnet",
                        "attributes": {
                            "description": "",
                            "gateway_address": "10.123.0.1",
                            "id": "europe-west1/training-subnet",
                            "ip_cidr_range": "10.123.0.0/24",
                            "name": "training-subnet",
                            "network": "https://www.googleapis.com/compute/v1/projects/sandbox-wescale/global/networks/training-net",
                            "private_ip_google_access": "false",
                            "project": "sandbox-wescale",
                            "region": "europe-west1",
                            "secondary_ip_range.#": "0",
                            "self_link": "https://www.googleapis.com/compute/v1/projects/sandbox-wescale/regions/europe-west1/subnetworks/training-subnet"
                        },
                        "meta": {
                            "e2bfb730-ecaa-11e6-8f88-34363bc7c4c0": {
                                "create": 360000000000,
                                "delete": 360000000000,
                                "update": 360000000000
                            }
                        },
                        "tainted": false
                    },
                    "deposed": [],
                    "provider": "module.bootstrap-training.provider.google"
                }
            },
            "depends_on": []
        }
    ]
}
