{
    "version": 3,
    "terraform_version": "0.11.5",
    "serial": 8,
    "lineage": "a644d2eb-ef53-4544-a0f4-4c2b51563cc1",
    "modules": [
        {
            "path": [
                "root"
            ],
            "outputs": {},
            "resources": {},
            "depends_on": []
        },
        {
            "path": [
                "root",
                "bootstrap-training"
            ],
            "outputs": {},
            "resources": {
                "google_compute_firewall.training_fw_rules": {
                    "type": "google_compute_firewall",
                    "depends_on": [
                        "google_compute_network.training_net"
                    ],
                    "primary": {
                        "id": "training-fw-rules",
                        "attributes": {
                            "allow.#": "3",
                            "allow.1367131964.ports.#": "0",
                            "allow.1367131964.protocol": "icmp",
                            "allow.1486604749.ports.#": "0",
                            "allow.1486604749.protocol": "udp",
                            "allow.3848845357.ports.#": "0",
                            "allow.3848845357.protocol": "tcp",
                            "deny.#": "0",
                            "description": "",
                            "destination_ranges.#": "0",
                            "direction": "INGRESS",
                            "id": "training-fw-rules",
                            "name": "training-fw-rules",
                            "network": "https://www.googleapis.com/compute/v1/projects/sandbox-wescale/global/networks/training-net",
                            "priority": "1000",
                            "project": "sandbox-wescale",
                            "self_link": "https://www.googleapis.com/compute/v1/projects/sandbox-wescale/global/firewalls/training-fw-rules",
                            "source_ranges.#": "1",
                            "source_ranges.1080289494": "0.0.0.0/0",
                            "source_service_accounts.#": "0",
                            "source_tags.#": "0",
                            "target_service_accounts.#": "0",
                            "target_tags.#": "0"
                        },
                        "meta": {
                            "schema_version": "1"
                        },
                        "tainted": false
                    },
                    "deposed": [],
                    "provider": "module.bootstrap-training.provider.google"
                },
                "google_compute_instance.training-instance.0": {
                    "type": "google_compute_instance",
                    "depends_on": [
                        "google_compute_subnetwork.training_subnet"
                    ],
                    "primary": {
                        "id": "training-instance-0",
                        "attributes": {
                            "attached_disk.#": "0",
                            "boot_disk.#": "1",
                            "boot_disk.0.auto_delete": "true",
                            "boot_disk.0.device_name": "persistent-disk-0",
                            "boot_disk.0.disk_encryption_key_raw": "",
                            "boot_disk.0.disk_encryption_key_sha256": "",
                            "boot_disk.0.initialize_params.#": "1",
                            "boot_disk.0.initialize_params.0.image": "https://www.googleapis.com/compute/v1/projects/ubuntu-os-cloud/global/images/ubuntu-1710-artful-v20171122",
                            "boot_disk.0.initialize_params.0.size": "10",
                            "boot_disk.0.initialize_params.0.type": "pd-standard",
                            "boot_disk.0.source": "https://www.googleapis.com/compute/v1/projects/sandbox-wescale/zones/europe-west1-b/disks/training-instance-0",
                            "can_ip_forward": "false",
                            "cpu_platform": "Intel Broadwell",
                            "create_timeout": "4",
                            "deletion_protection": "false",
                            "guest_accelerator.#": "0",
                            "id": "training-instance-0",
                            "instance_id": "2969637474116162816",
                            "label_fingerprint": "42WmSpB8rSM=",
                            "machine_type": "g1-small",
                            "metadata.%": "1",
                            "metadata.ssh-keys": "training:ssh-rsa AAAAB3NzaC1yc2EAAAADAQABAAABAQDRu/6NgZXgc8A2d+BX2gjsiGK+SHzxNeLevi2Xkr02/laqcFcbQ4hmZLd4S5oxAr+xN1r7GCE/WZOHOiXWe2j6RElroMMpi4RW0kkxqDicTLlQzgTqejB2rgM3kN3WLmQNn6tW5CuWPNcQecPkp/8WuXIEmiSK+y6CvFDUgfdgYbJPKQnI6pgkkTa+QFRPKqQl9gtId8L6b8asnUUJ/fADUzLmgesx3kvjJLwV73iMfIQ0GFuCo6NJ0wgSyhoJMzzcbk/El1q0AZKFW+24+HKa4Rlza7mccceShHNbr7OXt0zekwSkTA2Q4GILsuPA0rv07ZgmUfEXfeOUGFzuYb8B slavayssiere@Sebastiens-MBP",
                            "metadata_fingerprint": "-rlWQCuw6iw=",
                            "metadata_startup_script": "curl -s https://raw.githubusercontent.com/WeScale/kubernetes-formation/master/terraform/modules/bootstrap-vm.sh | bash -s 0",
                            "min_cpu_platform": "",
                            "name": "training-instance-0",
                            "network_interface.#": "1",
                            "network_interface.0.access_config.#": "1",
                            "network_interface.0.access_config.0.assigned_nat_ip": "35.195.33.24",
                            "network_interface.0.access_config.0.nat_ip": "35.195.33.24",
                            "network_interface.0.address": "10.123.0.6",
                            "network_interface.0.alias_ip_range.#": "0",
                            "network_interface.0.name": "nic0",
                            "network_interface.0.network": "https://www.googleapis.com/compute/v1/projects/sandbox-wescale/global/networks/training-net",
                            "network_interface.0.network_ip": "10.123.0.6",
                            "network_interface.0.subnetwork": "https://www.googleapis.com/compute/v1/projects/sandbox-wescale/regions/europe-west1/subnetworks/training-subnet",
                            "network_interface.0.subnetwork_project": "sandbox-wescale",
                            "project": "sandbox-wescale",
                            "scheduling.#": "1",
                            "scheduling.0.automatic_restart": "true",
                            "scheduling.0.on_host_maintenance": "MIGRATE",
                            "scheduling.0.preemptible": "false",
                            "scratch_disk.#": "0",
                            "self_link": "https://www.googleapis.com/compute/v1/projects/sandbox-wescale/zones/europe-west1-b/instances/training-instance-0",
                            "service_account.#": "1",
                            "service_account.0.email": "362060638318-compute@developer.gserviceaccount.com",
                            "service_account.0.scopes.#": "3",
                            "service_account.0.scopes.1328717722": "https://www.googleapis.com/auth/devstorage.read_write",
                            "service_account.0.scopes.1733087937": "https://www.googleapis.com/auth/cloud-platform",
                            "service_account.0.scopes.299962681": "https://www.googleapis.com/auth/compute",
                            "tags.#": "0",
                            "tags_fingerprint": "42WmSpB8rSM=",
                            "zone": "europe-west1-b"
                        },
                        "meta": {
                            "e2bfb730-ecaa-11e6-8f88-34363bc7c4c0": {
                                "create": 360000000000,
                                "delete": 360000000000,
                                "update": 360000000000
                            },
                            "schema_version": "6"
                        },
                        "tainted": false
                    },
                    "deposed": [],
                    "provider": "module.bootstrap-training.provider.google"
                },
                "google_compute_instance.training-instance.1": {
                    "type": "google_compute_instance",
                    "depends_on": [
                        "google_compute_subnetwork.training_subnet"
                    ],
                    "primary": {
                        "id": "training-instance-1",
                        "attributes": {
                            "attached_disk.#": "0",
                            "boot_disk.#": "1",
                            "boot_disk.0.auto_delete": "true",
                            "boot_disk.0.device_name": "persistent-disk-0",
                            "boot_disk.0.disk_encryption_key_raw": "",
                            "boot_disk.0.disk_encryption_key_sha256": "",
                            "boot_disk.0.initialize_params.#": "1",
                            "boot_disk.0.initialize_params.0.image": "https://www.googleapis.com/compute/v1/projects/ubuntu-os-cloud/global/images/ubuntu-1710-artful-v20171122",
                            "boot_disk.0.initialize_params.0.size": "10",
                            "boot_disk.0.initialize_params.0.type": "pd-standard",
                            "boot_disk.0.source": "https://www.googleapis.com/compute/v1/projects/sandbox-wescale/zones/europe-west1-b/disks/training-instance-1",
                            "can_ip_forward": "false",
                            "cpu_platform": "Intel Broadwell",
                            "create_timeout": "4",
                            "deletion_protection": "false",
                            "guest_accelerator.#": "0",
                            "id": "training-instance-1",
                            "instance_id": "9084822553089922316",
                            "label_fingerprint": "42WmSpB8rSM=",
                            "machine_type": "g1-small",
                            "metadata.%": "1",
                            "metadata.ssh-keys": "training:ssh-rsa AAAAB3NzaC1yc2EAAAADAQABAAABAQDRu/6NgZXgc8A2d+BX2gjsiGK+SHzxNeLevi2Xkr02/laqcFcbQ4hmZLd4S5oxAr+xN1r7GCE/WZOHOiXWe2j6RElroMMpi4RW0kkxqDicTLlQzgTqejB2rgM3kN3WLmQNn6tW5CuWPNcQecPkp/8WuXIEmiSK+y6CvFDUgfdgYbJPKQnI6pgkkTa+QFRPKqQl9gtId8L6b8asnUUJ/fADUzLmgesx3kvjJLwV73iMfIQ0GFuCo6NJ0wgSyhoJMzzcbk/El1q0AZKFW+24+HKa4Rlza7mccceShHNbr7OXt0zekwSkTA2Q4GILsuPA0rv07ZgmUfEXfeOUGFzuYb8B slavayssiere@Sebastiens-MBP",
                            "metadata_fingerprint": "FsP4d0rzjmA=",
                            "metadata_startup_script": "curl -s https://raw.githubusercontent.com/WeScale/kubernetes-formation/master/terraform/modules/bootstrap-vm.sh | bash -s 1",
                            "min_cpu_platform": "",
                            "name": "training-instance-1",
                            "network_interface.#": "1",
                            "network_interface.0.access_config.#": "1",
                            "network_interface.0.access_config.0.assigned_nat_ip": "35.195.60.121",
                            "network_interface.0.access_config.0.nat_ip": "35.195.60.121",
                            "network_interface.0.address": "10.123.0.4",
                            "network_interface.0.alias_ip_range.#": "0",
                            "network_interface.0.name": "nic0",
                            "network_interface.0.network": "https://www.googleapis.com/compute/v1/projects/sandbox-wescale/global/networks/training-net",
                            "network_interface.0.network_ip": "10.123.0.4",
                            "network_interface.0.subnetwork": "https://www.googleapis.com/compute/v1/projects/sandbox-wescale/regions/europe-west1/subnetworks/training-subnet",
                            "network_interface.0.subnetwork_project": "sandbox-wescale",
                            "project": "sandbox-wescale",
                            "scheduling.#": "1",
                            "scheduling.0.automatic_restart": "true",
                            "scheduling.0.on_host_maintenance": "MIGRATE",
                            "scheduling.0.preemptible": "false",
                            "scratch_disk.#": "0",
                            "self_link": "https://www.googleapis.com/compute/v1/projects/sandbox-wescale/zones/europe-west1-b/instances/training-instance-1",
                            "service_account.#": "1",
                            "service_account.0.email": "362060638318-compute@developer.gserviceaccount.com",
                            "service_account.0.scopes.#": "3",
                            "service_account.0.scopes.1328717722": "https://www.googleapis.com/auth/devstorage.read_write",
                            "service_account.0.scopes.1733087937": "https://www.googleapis.com/auth/cloud-platform",
                            "service_account.0.scopes.299962681": "https://www.googleapis.com/auth/compute",
                            "tags.#": "0",
                            "tags_fingerprint": "42WmSpB8rSM=",
                            "zone": "europe-west1-b"
                        },
                        "meta": {
                            "e2bfb730-ecaa-11e6-8f88-34363bc7c4c0": {
                                "create": 360000000000,
                                "delete": 360000000000,
                                "update": 360000000000
                            },
                            "schema_version": "6"
                        },
                        "tainted": false
                    },
                    "deposed": [],
                    "provider": "module.bootstrap-training.provider.google"
                },
                "google_compute_instance.training-instance.2": {
                    "type": "google_compute_instance",
                    "depends_on": [
                        "google_compute_subnetwork.training_subnet"
                    ],
                    "primary": {
                        "id": "training-instance-2",
                        "attributes": {
                            "attached_disk.#": "0",
                            "boot_disk.#": "1",
                            "boot_disk.0.auto_delete": "true",
                            "boot_disk.0.device_name": "persistent-disk-0",
                            "boot_disk.0.disk_encryption_key_raw": "",
                            "boot_disk.0.disk_encryption_key_sha256": "",
                            "boot_disk.0.initialize_params.#": "1",
                            "boot_disk.0.initialize_params.0.image": "https://www.googleapis.com/compute/v1/projects/ubuntu-os-cloud/global/images/ubuntu-1710-artful-v20171122",
                            "boot_disk.0.initialize_params.0.size": "10",
                            "boot_disk.0.initialize_params.0.type": "pd-standard",
                            "boot_disk.0.source": "https://www.googleapis.com/compute/v1/projects/sandbox-wescale/zones/europe-west1-b/disks/training-instance-2",
                            "can_ip_forward": "false",
                            "cpu_platform": "Intel Broadwell",
                            "create_timeout": "4",
                            "deletion_protection": "false",
                            "guest_accelerator.#": "0",
                            "id": "training-instance-2",
                            "instance_id": "7954287547606226188",
                            "label_fingerprint": "42WmSpB8rSM=",
                            "machine_type": "g1-small",
                            "metadata.%": "1",
                            "metadata.ssh-keys": "training:ssh-rsa AAAAB3NzaC1yc2EAAAADAQABAAABAQDRu/6NgZXgc8A2d+BX2gjsiGK+SHzxNeLevi2Xkr02/laqcFcbQ4hmZLd4S5oxAr+xN1r7GCE/WZOHOiXWe2j6RElroMMpi4RW0kkxqDicTLlQzgTqejB2rgM3kN3WLmQNn6tW5CuWPNcQecPkp/8WuXIEmiSK+y6CvFDUgfdgYbJPKQnI6pgkkTa+QFRPKqQl9gtId8L6b8asnUUJ/fADUzLmgesx3kvjJLwV73iMfIQ0GFuCo6NJ0wgSyhoJMzzcbk/El1q0AZKFW+24+HKa4Rlza7mccceShHNbr7OXt0zekwSkTA2Q4GILsuPA0rv07ZgmUfEXfeOUGFzuYb8B slavayssiere@Sebastiens-MBP",
                            "metadata_fingerprint": "v8ZfwDc3UnA=",
                            "metadata_startup_script": "curl -s https://raw.githubusercontent.com/WeScale/kubernetes-formation/master/terraform/modules/bootstrap-vm.sh | bash -s 2",
                            "min_cpu_platform": "",
                            "name": "training-instance-2",
                            "network_interface.#": "1",
                            "network_interface.0.access_config.#": "1",
                            "network_interface.0.access_config.0.assigned_nat_ip": "35.195.138.62",
                            "network_interface.0.access_config.0.nat_ip": "35.195.138.62",
                            "network_interface.0.address": "10.123.0.2",
                            "network_interface.0.alias_ip_range.#": "0",
                            "network_interface.0.name": "nic0",
                            "network_interface.0.network": "https://www.googleapis.com/compute/v1/projects/sandbox-wescale/global/networks/training-net",
                            "network_interface.0.network_ip": "10.123.0.2",
                            "network_interface.0.subnetwork": "https://www.googleapis.com/compute/v1/projects/sandbox-wescale/regions/europe-west1/subnetworks/training-subnet",
                            "network_interface.0.subnetwork_project": "sandbox-wescale",
                            "project": "sandbox-wescale",
                            "scheduling.#": "1",
                            "scheduling.0.automatic_restart": "true",
                            "scheduling.0.on_host_maintenance": "MIGRATE",
                            "scheduling.0.preemptible": "false",
                            "scratch_disk.#": "0",
                            "self_link": "https://www.googleapis.com/compute/v1/projects/sandbox-wescale/zones/europe-west1-b/instances/training-instance-2",
                            "service_account.#": "1",
                            "service_account.0.email": "362060638318-compute@developer.gserviceaccount.com",
                            "service_account.0.scopes.#": "3",
                            "service_account.0.scopes.1328717722": "https://www.googleapis.com/auth/devstorage.read_write",
                            "service_account.0.scopes.1733087937": "https://www.googleapis.com/auth/cloud-platform",
                            "service_account.0.scopes.299962681": "https://www.googleapis.com/auth/compute",
                            "tags.#": "0",
                            "tags_fingerprint": "42WmSpB8rSM=",
                            "zone": "europe-west1-b"
                        },
                        "meta": {
                            "e2bfb730-ecaa-11e6-8f88-34363bc7c4c0": {
                                "create": 360000000000,
                                "delete": 360000000000,
                                "update": 360000000000
                            },
                            "schema_version": "6"
                        },
                        "tainted": false
                    },
                    "deposed": [],
                    "provider": "module.bootstrap-training.provider.google"
                },
                "google_compute_instance.training-instance.3": {
                    "type": "google_compute_instance",
                    "depends_on": [
                        "google_compute_subnetwork.training_subnet"
                    ],
                    "primary": {
                        "id": "training-instance-3",
                        "attributes": {
                            "attached_disk.#": "0",
                            "boot_disk.#": "1",
                            "boot_disk.0.auto_delete": "true",
                            "boot_disk.0.device_name": "persistent-disk-0",
                            "boot_disk.0.disk_encryption_key_raw": "",
                            "boot_disk.0.disk_encryption_key_sha256": "",
                            "boot_disk.0.initialize_params.#": "1",
                            "boot_disk.0.initialize_params.0.image": "https://www.googleapis.com/compute/v1/projects/ubuntu-os-cloud/global/images/ubuntu-1710-artful-v20171122",
                            "boot_disk.0.initialize_params.0.size": "10",
                            "boot_disk.0.initialize_params.0.type": "pd-standard",
                            "boot_disk.0.source": "https://www.googleapis.com/compute/v1/projects/sandbox-wescale/zones/europe-west1-b/disks/training-instance-3",
                            "can_ip_forward": "false",
                            "cpu_platform": "Intel Broadwell",
                            "create_timeout": "4",
                            "deletion_protection": "false",
                            "guest_accelerator.#": "0",
                            "id": "training-instance-3",
                            "instance_id": "8756632458346222860",
                            "label_fingerprint": "42WmSpB8rSM=",
                            "machine_type": "g1-small",
                            "metadata.%": "1",
                            "metadata.ssh-keys": "training:ssh-rsa AAAAB3NzaC1yc2EAAAADAQABAAABAQDRu/6NgZXgc8A2d+BX2gjsiGK+SHzxNeLevi2Xkr02/laqcFcbQ4hmZLd4S5oxAr+xN1r7GCE/WZOHOiXWe2j6RElroMMpi4RW0kkxqDicTLlQzgTqejB2rgM3kN3WLmQNn6tW5CuWPNcQecPkp/8WuXIEmiSK+y6CvFDUgfdgYbJPKQnI6pgkkTa+QFRPKqQl9gtId8L6b8asnUUJ/fADUzLmgesx3kvjJLwV73iMfIQ0GFuCo6NJ0wgSyhoJMzzcbk/El1q0AZKFW+24+HKa4Rlza7mccceShHNbr7OXt0zekwSkTA2Q4GILsuPA0rv07ZgmUfEXfeOUGFzuYb8B slavayssiere@Sebastiens-MBP",
                            "metadata_fingerprint": "-vqPqv759Qw=",
                            "metadata_startup_script": "curl -s https://raw.githubusercontent.com/WeScale/kubernetes-formation/master/terraform/modules/bootstrap-vm.sh | bash -s 3",
                            "min_cpu_platform": "",
                            "name": "training-instance-3",
                            "network_interface.#": "1",
                            "network_interface.0.access_config.#": "1",
                            "network_interface.0.access_config.0.assigned_nat_ip": "35.195.131.189",
                            "network_interface.0.access_config.0.nat_ip": "35.195.131.189",
                            "network_interface.0.address": "10.123.0.3",
                            "network_interface.0.alias_ip_range.#": "0",
                            "network_interface.0.name": "nic0",
                            "network_interface.0.network": "https://www.googleapis.com/compute/v1/projects/sandbox-wescale/global/networks/training-net",
                            "network_interface.0.network_ip": "10.123.0.3",
                            "network_interface.0.subnetwork": "https://www.googleapis.com/compute/v1/projects/sandbox-wescale/regions/europe-west1/subnetworks/training-subnet",
                            "network_interface.0.subnetwork_project": "sandbox-wescale",
                            "project": "sandbox-wescale",
                            "scheduling.#": "1",
                            "scheduling.0.automatic_restart": "true",
                            "scheduling.0.on_host_maintenance": "MIGRATE",
                            "scheduling.0.preemptible": "false",
                            "scratch_disk.#": "0",
                            "self_link": "https://www.googleapis.com/compute/v1/projects/sandbox-wescale/zones/europe-west1-b/instances/training-instance-3",
                            "service_account.#": "1",
                            "service_account.0.email": "362060638318-compute@developer.gserviceaccount.com",
                            "service_account.0.scopes.#": "3",
                            "service_account.0.scopes.1328717722": "https://www.googleapis.com/auth/devstorage.read_write",
                            "service_account.0.scopes.1733087937": "https://www.googleapis.com/auth/cloud-platform",
                            "service_account.0.scopes.299962681": "https://www.googleapis.com/auth/compute",
                            "tags.#": "0",
                            "tags_fingerprint": "42WmSpB8rSM=",
                            "zone": "europe-west1-b"
                        },
                        "meta": {
                            "e2bfb730-ecaa-11e6-8f88-34363bc7c4c0": {
                                "create": 360000000000,
                                "delete": 360000000000,
                                "update": 360000000000
                            },
                            "schema_version": "6"
                        },
                        "tainted": false
                    },
                    "deposed": [],
                    "provider": "module.bootstrap-training.provider.google"
                },
                "google_compute_instance.training-instance.4": {
                    "type": "google_compute_instance",
                    "depends_on": [
                        "google_compute_subnetwork.training_subnet"
                    ],
                    "primary": {
                        "id": "training-instance-4",
                        "attributes": {
                            "attached_disk.#": "0",
                            "boot_disk.#": "1",
                            "boot_disk.0.auto_delete": "true",
                            "boot_disk.0.device_name": "persistent-disk-0",
                            "boot_disk.0.disk_encryption_key_raw": "",
                            "boot_disk.0.disk_encryption_key_sha256": "",
                            "boot_disk.0.initialize_params.#": "1",
                            "boot_disk.0.initialize_params.0.image": "https://www.googleapis.com/compute/v1/projects/ubuntu-os-cloud/global/images/ubuntu-1710-artful-v20171122",
                            "boot_disk.0.initialize_params.0.size": "10",
                            "boot_disk.0.initialize_params.0.type": "pd-standard",
                            "boot_disk.0.source": "https://www.googleapis.com/compute/v1/projects/sandbox-wescale/zones/europe-west1-b/disks/training-instance-4",
                            "can_ip_forward": "false",
                            "cpu_platform": "Intel Broadwell",
                            "create_timeout": "4",
                            "deletion_protection": "false",
                            "guest_accelerator.#": "0",
                            "id": "training-instance-4",
                            "instance_id": "1532012899673953548",
                            "label_fingerprint": "42WmSpB8rSM=",
                            "machine_type": "g1-small",
                            "metadata.%": "1",
                            "metadata.ssh-keys": "training:ssh-rsa AAAAB3NzaC1yc2EAAAADAQABAAABAQDRu/6NgZXgc8A2d+BX2gjsiGK+SHzxNeLevi2Xkr02/laqcFcbQ4hmZLd4S5oxAr+xN1r7GCE/WZOHOiXWe2j6RElroMMpi4RW0kkxqDicTLlQzgTqejB2rgM3kN3WLmQNn6tW5CuWPNcQecPkp/8WuXIEmiSK+y6CvFDUgfdgYbJPKQnI6pgkkTa+QFRPKqQl9gtId8L6b8asnUUJ/fADUzLmgesx3kvjJLwV73iMfIQ0GFuCo6NJ0wgSyhoJMzzcbk/El1q0AZKFW+24+HKa4Rlza7mccceShHNbr7OXt0zekwSkTA2Q4GILsuPA0rv07ZgmUfEXfeOUGFzuYb8B slavayssiere@Sebastiens-MBP",
                            "metadata_fingerprint": "ITr0mccHAww=",
                            "metadata_startup_script": "curl -s https://raw.githubusercontent.com/WeScale/kubernetes-formation/master/terraform/modules/bootstrap-vm.sh | bash -s 4",
                            "min_cpu_platform": "",
                            "name": "training-instance-4",
                            "network_interface.#": "1",
                            "network_interface.0.access_config.#": "1",
                            "network_interface.0.access_config.0.assigned_nat_ip": "35.189.242.92",
                            "network_interface.0.access_config.0.nat_ip": "35.189.242.92",
                            "network_interface.0.address": "10.123.0.5",
                            "network_interface.0.alias_ip_range.#": "0",
                            "network_interface.0.name": "nic0",
                            "network_interface.0.network": "https://www.googleapis.com/compute/v1/projects/sandbox-wescale/global/networks/training-net",
                            "network_interface.0.network_ip": "10.123.0.5",
                            "network_interface.0.subnetwork": "https://www.googleapis.com/compute/v1/projects/sandbox-wescale/regions/europe-west1/subnetworks/training-subnet",
                            "network_interface.0.subnetwork_project": "sandbox-wescale",
                            "project": "sandbox-wescale",
                            "scheduling.#": "1",
                            "scheduling.0.automatic_restart": "true",
                            "scheduling.0.on_host_maintenance": "MIGRATE",
                            "scheduling.0.preemptible": "false",
                            "scratch_disk.#": "0",
                            "self_link": "https://www.googleapis.com/compute/v1/projects/sandbox-wescale/zones/europe-west1-b/instances/training-instance-4",
                            "service_account.#": "1",
                            "service_account.0.email": "362060638318-compute@developer.gserviceaccount.com",
                            "service_account.0.scopes.#": "3",
                            "service_account.0.scopes.1328717722": "https://www.googleapis.com/auth/devstorage.read_write",
                            "service_account.0.scopes.1733087937": "https://www.googleapis.com/auth/cloud-platform",
                            "service_account.0.scopes.299962681": "https://www.googleapis.com/auth/compute",
                            "tags.#": "0",
                            "tags_fingerprint": "42WmSpB8rSM=",
                            "zone": "europe-west1-b"
                        },
                        "meta": {
                            "e2bfb730-ecaa-11e6-8f88-34363bc7c4c0": {
                                "create": 360000000000,
                                "delete": 360000000000,
                                "update": 360000000000
                            },
                            "schema_version": "6"
                        },
                        "tainted": false
                    },
                    "deposed": [],
                    "provider": "module.bootstrap-training.provider.google"
                },
                "google_compute_network.training_net": {
                    "type": "google_compute_network",
                    "depends_on": [],
                    "primary": {
                        "id": "training-net",
                        "attributes": {
                            "auto_create_subnetworks": "false",
                            "description": "",
                            "gateway_ipv4": "",
                            "id": "training-net",
                            "ipv4_range": "",
                            "name": "training-net",
                            "project": "sandbox-wescale",
                            "routing_mode": "REGIONAL",
                            "self_link": "https://www.googleapis.com/compute/v1/projects/sandbox-wescale/global/networks/training-net"
                        },
                        "meta": {},
                        "tainted": false
                    },
                    "deposed": [],
                    "provider": "module.bootstrap-training.provider.google"
                },
                "google_compute_subnetwork.training_subnet": {
                    "type": "google_compute_subnetwork",
                    "depends_on": [
                        "google_compute_network.training_net"
                    ],
                    "primary": {
                        "id": "europe-west1/training-subnet",
                        "attributes": {
                            "description": "",
                            "gateway_address": "10.123.0.1",
                            "id": "europe-west1/training-subnet",
                            "ip_cidr_range": "10.123.0.0/24",
                            "name": "training-subnet",
                            "network": "https://www.googleapis.com/compute/v1/projects/sandbox-wescale/global/networks/training-net",
                            "private_ip_google_access": "false",
                            "project": "sandbox-wescale",
                            "region": "europe-west1",
                            "secondary_ip_range.#": "0",
                            "self_link": "https://www.googleapis.com/compute/v1/projects/sandbox-wescale/regions/europe-west1/subnetworks/training-subnet"
                        },
                        "meta": {
                            "e2bfb730-ecaa-11e6-8f88-34363bc7c4c0": {
                                "create": 360000000000,
                                "delete": 360000000000,
                                "update": 360000000000
                            }
                        },
                        "tainted": false
                    },
                    "deposed": [],
                    "provider": "module.bootstrap-training.provider.google"
                },
                "google_container_cluster.training-cluster.0": {
                    "type": "google_container_cluster",
                    "depends_on": [
                        "google_compute_network.training_net",
                        "google_compute_subnetwork.training_subnet"
                    ],
                    "primary": {
                        "id": "training-cluster-0",
                        "attributes": {
                            "additional_zones.#": "0",
                            "addons_config.#": "1",
                            "addons_config.0.horizontal_pod_autoscaling.#": "0",
                            "addons_config.0.http_load_balancing.#": "0",
                            "addons_config.0.kubernetes_dashboard.#": "0",
                            "addons_config.0.network_policy_config.#": "1",
                            "addons_config.0.network_policy_config.0.disabled": "true",
                            "cluster_ipv4_cidr": "10.28.0.0/14",
                            "description": "",
                            "enable_kubernetes_alpha": "false",
                            "enable_legacy_abac": "true",
                            "endpoint": "35.205.83.18",
                            "id": "training-cluster-0",
                            "initial_node_count": "3",
                            "instance_group_urls.#": "1",
                            "instance_group_urls.0": "https://www.googleapis.com/compute/v1/projects/sandbox-wescale/zones/europe-west1-b/instanceGroups/gke-training-cluster-0-default-pool-490f3870-grp",
                            "logging_service": "logging.googleapis.com",
                            "master_auth.#": "1",
                            "master_auth.0.client_certificate": "LS0tLS1CRUdJTiBDRVJUSUZJQ0FURS0tLS0tCk1JSUMyekNDQWNPZ0F3SUJBZ0lSQUlwRjBwZkVQdlN1aFdsM3EvUmh2SUl3RFFZSktvWklodmNOQVFFTEJRQXcKTHpFdE1Dc0dBMVVFQXhNa1ptRTBNV1JtTmprdE5XVTFPUzAwWVRBMUxXSTFOemN0WlRFMU1qYzRaak16Wm1RMApNQjRYRFRFNE1EUXhNREEzTkRZME5Gb1hEVEl6TURRd09UQTNORFkwTkZvd0VURVBNQTBHQTFVRUF4TUdZMnhwClpXNTBNSUlCSWpBTkJna3Foa2lHOXcwQkFRRUZBQU9DQVE4QU1JSUJDZ0tDQVFFQWlWMXE1Rm1DdmJyRUNqaXkKdEdzT05oblBsU0Q5UFRiN0haNTdjY21oVlpNNHplSnFsR0MyVXZsZldTTFNJV2lxL0F6RWpRUFdocUJqOTdCSQpHb3BVcTBzWmg0bTBDSVNVZnF4Y3UyK3VnbzFpY21HZG0rSjNsUFNKcEFVUnRHWDlyWllZVUpQdVczcnBOS2IwClo2STBPSG10bUhRRTF2UVhxY09TQ3ZKR2VveGZXUkFUNkMxR3NXbCtpSE1ZS2VkSEVTdmRxZUhVR1Z1S3YvVjIKNmlaOUtnU0VQTFJ4VVVKVzYzWnU1cHNXVUQzMC8vU2UxTENaNEVRMEZFKzRWQ3p3VFlkdU1YSUNKbzU1Sm9qNApRcXY1YUdSNDg5eHJ4dTArRW5KelNqYW5BYWhZS09zditpN2hCcUlId1ZmNTU4VmNjd2FUWW1PVmw1RlFzTnArCnEwRVh6d0lEQVFBQm94QXdEakFNQmdOVkhSTUJBZjhFQWpBQU1BMEdDU3FHU0liM0RRRUJDd1VBQTRJQkFRQ2QKUDlIQWpJRWdBR2tDejhod21sS2tLYzhuZVhPTE5pblhlU2JXYWZoeVFieGpGWHAyRXViYUp0L0kzaE5paDcyaAp6YjBTQU10bnNwN0doQ0xTVTJ6M1lLcUY5QW1ubUI3cUNhOVR4Rkl3Z2I2OFFmc0d6YzlJVFZZMmVBSlhIaDd1CmVOb25EMHRpa0xUR29qQ3BUNnNQbUNVektXNzI5VnFob0lGZjd5QUxZQUMwM1dIVzkxcFlDaHJIN3EwUWVDWEIKVzc2eXhQM3RqOXJpbWg0RUxHZmlmSUxFRERPN2NaVkQvVVI5YnU2SXJaM29CZWNNSUpraFlMQXF3Y3YwTHdCMgpLc0dKWHBEbFhwWUZqN1hlQTI1OXBpVjZDc3lOeVQ0UUk3bEhyREowdGRJMVBPd1pDTDVWVG1ma0tiOEF4MmFRCjBOUGxRRUFyZFlQMUdjN1dzU25XCi0tLS0tRU5EIENFUlRJRklDQVRFLS0tLS0K",
                            "master_auth.0.client_key": "LS0tLS1CRUdJTiBSU0EgUFJJVkFURSBLRVktLS0tLQpNSUlFb3dJQkFBS0NBUUVBaVYxcTVGbUN2YnJFQ2ppeXRHc09OaG5QbFNEOVBUYjdIWjU3Y2NtaFZaTTR6ZUpxCmxHQzJVdmxmV1NMU0lXaXEvQXpFalFQV2hxQmo5N0JJR29wVXEwc1poNG0wQ0lTVWZxeGN1Mit1Z28xaWNtR2QKbStKM2xQU0pwQVVSdEdYOXJaWVlVSlB1VzNycE5LYjBaNkkwT0htdG1IUUUxdlFYcWNPU0N2Skdlb3hmV1JBVAo2QzFHc1dsK2lITVlLZWRIRVN2ZHFlSFVHVnVLdi9WMjZpWjlLZ1NFUExSeFVVSlc2M1p1NXBzV1VEMzAvL1NlCjFMQ1o0RVEwRkUrNFZDendUWWR1TVhJQ0pvNTVKb2o0UXF2NWFHUjQ4OXhyeHUwK0VuSnpTamFuQWFoWUtPc3YKK2k3aEJxSUh3VmY1NThWY2N3YVRZbU9WbDVGUXNOcCtxMEVYendJREFRQUJBb0lCQUJuak9DVG0xYVBxRWM0WApWMTUzR291Sm03eHdKaW1tTmZja0NnR3N6VEh5ZCs4ZEw1YmREeDllRGVFZmxkaGtBRzFWL3FqUXcxcEYyZkV4CkVMV253a014K1JLNUdldk5DS3RDMG9za2hnL21rMW9aR1hucVdUMENSUHBiVmpYWVR0R3JDdFFNdlF3U2d1YkEKWENrM3dYMnZPTThWZG1BSVNubGMrU1lFK05GWllsdzZIdndLdWh2Rzk2c3BWQm9TcHJTL1VuaUZYUnlmbU05cAp6bE9XdFp0R2t2aEFJNEJjbU9aMnFHbmxsaU9rQ2VESFk3SGxVb0dPdU16d2pqUXBJMEQyRlBteDFGcGRJS0laClRpL3MrejczcDBnMjBRaXJTZGNnVXdnU0czRnd4Q05sV29rL1lZMUZTY3VPTXZ0Rm5lSmU5ZE0wN2VoWWtraTkKZitVdzVsRUNnWUVBd1NhOWtUdElEQzZaWmN6b3ozQVhONzhXYXlKcENDZlVlWXEyOWxKbVpIUUxRZE44TForYQpWVUs3UEJLMW5VMlNGbmJEMHZnbWNJVTRSa0VBSTRsMXVTUmVHYVFuVUloQmRtRXVnVG1HQVVjRWtMRWtuMnc5CkZGNjNRWk91cHZEN1lhVC9waHFOa3V1Z3NFYmt6eU9OMUJUNjExdUk2YW4wWWpjUndKeE44WWtDZ1lFQXRnKzkKVlZlRzBFdUlQMUxlV1B6K2lOWE52M2lueXVMN3RjMHBLS2tPaGhFd2t5clVQYUdjaWZyUjBIZGU2VzNvMW1vbwpHaFJiZWRJVDBZK0w5TWpueFRqWVNleHUzSStUSEIyTVhxMDRaRjVBaXNONDh0cm1Lc1Z6RDR2dkt6KytFazZVClFoL3RXMXQ0UUdSQVZVbms1QUNCLzhKbDFLd0FmY2EwNzFWQ29KY0NnWUVBbzVnQWI0WGFYQmNMN2VGRVBvNGQKM0NXSkEyeTlzUjZySTlhTmFNd1oxWE5FSlpqT1VJWWgzWjBMb0xIb0NUZXVTRUNIVTZUQ1NnTkx5cFU3WE40TQpTNmUxMjluaFFxQmxjYktXQlBXSHZvVThKS0VrOTdKaGVXTlBxOGM5NGoreGF0NnBlVEo4UHJnNy9aSE9Nbk5XCnFRNnI5c09janV4WUJPZkhyVysxeEtFQ2dZQU1hNkI0RFFPV2ZFQ3NTVVFBQUNxQlBVelBEalVzUXpYMjNpczcKcWVUaXdwTjB4c3c1OUNlUXhqckFKUlNsaWlrRFQ3U3lxc2JlMWJVaWE4K1pnSWRIVGl4N1JwVDltUkhwTGg3ZwphcUxaUGhEYkpxQyt1SzVSSnExRjF6OFd6VDl6VWtjTkI4NlNsL2ZwTksycTQrS29wMXczRFpVUzREVWNYNDBDCmN1ZWJ1d0tCZ0dpYTZNRVlxZVM4WTlzUWNQSnhKSGxsRlZLSE50ODU5SFl1bDhJNmROWUMya2xuOWZ1ZWlRbFkKekx1UXhoMzB0SUFKY0ZOTjhjOVhla3pRNHNKQWdISTlQVW5NRDROOHVlemZpaVJRNzZJZzIyUFozSWhGK1R1YgpWVzhueXRXSFV5V3RYL1hNRjB5SGVLTWh5aTJrbjluVUhhWEkxZHMvTVdJTHhtN1FIK0YyCi0tLS0tRU5EIFJTQSBQUklWQVRFIEtFWS0tLS0tCg==",
                            "master_auth.0.cluster_ca_certificate": "LS0tLS1CRUdJTiBDRVJUSUZJQ0FURS0tLS0tCk1JSURERENDQWZTZ0F3SUJBZ0lSQVBZeXdodVV4MVlvSE9rZWhzVFNZOVl3RFFZSktvWklodmNOQVFFTEJRQXcKTHpFdE1Dc0dBMVVFQXhNa1ptRTBNV1JtTmprdE5XVTFPUzAwWVRBMUxXSTFOemN0WlRFMU1qYzRaak16Wm1RMApNQjRYRFRFNE1EUXhNREEyTkRZME0xb1hEVEl6TURRd09UQTNORFkwTTFvd0x6RXRNQ3NHQTFVRUF4TWtabUUwCk1XUm1Oamt0TldVMU9TMDBZVEExTFdJMU56Y3RaVEUxTWpjNFpqTXpabVEwTUlJQklqQU5CZ2txaGtpRzl3MEIKQVFFRkFBT0NBUThBTUlJQkNnS0NBUUVBeTJRSCtHV3ZpNk5aeDBuei9UbEdMVE4xY3l2MFpyR1JIMTBBaXJlaQpMYk9ZWEFmVnVrMnhDU2UwajJiOUFmWGNLNHAxY3ZScnVUNGNEeWo3SklEK3FFeHRMSWZCbTVCQmNTZEZrcmdkCldRWXVoZ1ZDNldNZkFNeklPNnlNNGdjVHBNSVR2TjIxWmlXMmxYWE5JWnRvR0h2cmxwMU53RVVIVzVrb2lYNm8KNlpaUUROVnJpZEF4bVVDSVlubXkwbWMwaGJpODd0djZoQUIvTkpqNEcrVTM2c1VNNGNBT2ovZFI1Uk1xNzRPTgovakVoRzJnSjlaRlRaZXdteG5kSjZ3a1BGclZJV09JZktLbzM0eDBtTWF1SFd5TXpkVXZhdCtyVXZyOFFvdndZCllnR0E4K2RnTTBWV0JCK3U3YzdOQk1qbFRpb3NEUm1TZnZ0NXdldFZVbXZtbHdJREFRQUJveU13SVRBT0JnTlYKSFE4QkFmOEVCQU1DQWdRd0R3WURWUjBUQVFIL0JBVXdBd0VCL3pBTkJna3Foa2lHOXcwQkFRc0ZBQU9DQVFFQQpSRWo2TWVBdVp3Ykc0RFFpdjVOb3NrSmpnQW53UzhSeXllbTlTT1ZLV1lLdHR2aG9iQ0ZOQlU1NmhMcWU2elZLCi9YRlFwa0NOS05sNHlta0pnaHdEb1NXa1lvek9Nc0kxVDhxZHJpYjk0T2FBcXhVb0dIRGY1UTRjNGE5ckpNaE4Ka1ljWi9oQjdlNEpkQ3FYdzJVeW15dGtlL1E2Vk1GL3JzcVBkanZrV1BXZ0dYMFpBc01CTFhla01qUDFQVnd1VwpjbUt5NUxjVURaOHBuU3NmRzNyVHJFYmZKUDNkaEU5UytWc0RWaWlYQkVURVpmcENoWFQ3cFZqMGNrWmVGT3k1CjVLNDdEM0taalhpV2VCbVVLNmNOYmdEb2JneTNlMnNWMTVDUU9yRk5JV3BkbENxTWpQUmY1RFpTRThQeHZrVmEKK2pJTzVyaG4rSFQwZFNGWEFHRUxJUT09Ci0tLS0tRU5EIENFUlRJRklDQVRFLS0tLS0K",
                            "master_auth.0.password": "rAqTQnwJ0gA7aQcn",
                            "master_auth.0.username": "admin",
                            "master_version": "1.8.8-gke.0",
                            "monitoring_service": "monitoring.googleapis.com",
                            "name": "training-cluster-0",
                            "network": "training-net",
                            "network_policy.#": "0",
                            "node_config.#": "1",
                            "node_config.0.disk_size_gb": "100",
                            "node_config.0.guest_accelerator.#": "0",
                            "node_config.0.image_type": "COS",
                            "node_config.0.labels.%": "0",
                            "node_config.0.local_ssd_count": "0",
                            "node_config.0.machine_type": "n1-standard-1",
                            "node_config.0.metadata.%": "0",
                            "node_config.0.min_cpu_platform": "",
                            "node_config.0.oauth_scopes.#": "4",
                            "node_config.0.oauth_scopes.1277378754": "https://www.googleapis.com/auth/monitoring",
                            "node_config.0.oauth_scopes.1632638332": "https://www.googleapis.com/auth/devstorage.read_only",
                            "node_config.0.oauth_scopes.172152165": "https://www.googleapis.com/auth/logging.write",
                            "node_config.0.oauth_scopes.299962681": "https://www.googleapis.com/auth/compute",
                            "node_config.0.preemptible": "false",
                            "node_config.0.service_account": "default",
                            "node_config.0.tags.#": "0",
                            "node_config.0.workload_metadata_config.#": "0",
                            "node_pool.#": "1",
                            "node_pool.0.autoscaling.#": "0",
                            "node_pool.0.initial_node_count": "3",
                            "node_pool.0.instance_group_urls.#": "1",
                            "node_pool.0.instance_group_urls.0": "https://www.googleapis.com/compute/v1/projects/sandbox-wescale/zones/europe-west1-b/instanceGroupManagers/gke-training-cluster-0-default-pool-490f3870-grp",
                            "node_pool.0.management.#": "1",
                            "node_pool.0.management.0.auto_repair": "false",
                            "node_pool.0.management.0.auto_upgrade": "false",
                            "node_pool.0.name": "default-pool",
                            "node_pool.0.name_prefix": "",
                            "node_pool.0.node_config.#": "1",
                            "node_pool.0.node_config.0.disk_size_gb": "100",
                            "node_pool.0.node_config.0.guest_accelerator.#": "0",
                            "node_pool.0.node_config.0.image_type": "COS",
                            "node_pool.0.node_config.0.labels.%": "0",
                            "node_pool.0.node_config.0.local_ssd_count": "0",
                            "node_pool.0.node_config.0.machine_type": "n1-standard-1",
                            "node_pool.0.node_config.0.metadata.%": "0",
                            "node_pool.0.node_config.0.min_cpu_platform": "",
                            "node_pool.0.node_config.0.oauth_scopes.#": "4",
                            "node_pool.0.node_config.0.oauth_scopes.1277378754": "https://www.googleapis.com/auth/monitoring",
                            "node_pool.0.node_config.0.oauth_scopes.1632638332": "https://www.googleapis.com/auth/devstorage.read_only",
                            "node_pool.0.node_config.0.oauth_scopes.172152165": "https://www.googleapis.com/auth/logging.write",
                            "node_pool.0.node_config.0.oauth_scopes.299962681": "https://www.googleapis.com/auth/compute",
                            "node_pool.0.node_config.0.preemptible": "false",
                            "node_pool.0.node_config.0.service_account": "default",
                            "node_pool.0.node_config.0.tags.#": "0",
                            "node_pool.0.node_config.0.workload_metadata_config.#": "0",
                            "node_pool.0.node_count": "3",
                            "node_version": "1.8.8-gke.0",
                            "project": "sandbox-wescale",
                            "subnetwork": "training-subnet",
                            "zone": "europe-west1-b"
                        },
                        "meta": {
                            "e2bfb730-ecaa-11e6-8f88-34363bc7c4c0": {
                                "create": 1800000000000,
                                "delete": 600000000000,
                                "update": 600000000000
                            },
                            "schema_version": "1"
                        },
                        "tainted": false
                    },
                    "deposed": [],
                    "provider": "module.bootstrap-training.provider.google"
                },
                "google_container_cluster.training-cluster.1": {
                    "type": "google_container_cluster",
                    "depends_on": [
                        "google_compute_network.training_net",
                        "google_compute_subnetwork.training_subnet"
                    ],
                    "primary": {
                        "id": "training-cluster-1",
                        "attributes": {
                            "additional_zones.#": "0",
                            "addons_config.#": "1",
                            "addons_config.0.horizontal_pod_autoscaling.#": "0",
                            "addons_config.0.http_load_balancing.#": "0",
                            "addons_config.0.kubernetes_dashboard.#": "0",
                            "addons_config.0.network_policy_config.#": "1",
                            "addons_config.0.network_policy_config.0.disabled": "true",
                            "cluster_ipv4_cidr": "10.36.0.0/14",
                            "description": "",
                            "enable_kubernetes_alpha": "false",
                            "enable_legacy_abac": "true",
                            "endpoint": "35.195.34.241",
                            "id": "training-cluster-1",
                            "initial_node_count": "3",
                            "instance_group_urls.#": "1",
                            "instance_group_urls.0": "https://www.googleapis.com/compute/v1/projects/sandbox-wescale/zones/europe-west1-b/instanceGroups/gke-training-cluster-1-default-pool-ec64979d-grp",
                            "logging_service": "logging.googleapis.com",
                            "master_auth.#": "1",
                            "master_auth.0.client_certificate": "LS0tLS1CRUdJTiBDRVJUSUZJQ0FURS0tLS0tCk1JSUMyekNDQWNPZ0F3SUJBZ0lSQU5DdGdsUEM5dlpBMTk0eDlvWHRFT2N3RFFZSktvWklodmNOQVFFTEJRQXcKTHpFdE1Dc0dBMVVFQXhNa1lXWmxaR1V6TjJJdE9HUXhNaTAwTW1FMUxUbGxPV0V0TVdSa05HUmxNekZtWVdWaQpNQjRYRFRFNE1EUXhNREEzTkRZME5Gb1hEVEl6TURRd09UQTNORFkwTkZvd0VURVBNQTBHQTFVRUF4TUdZMnhwClpXNTBNSUlCSWpBTkJna3Foa2lHOXcwQkFRRUZBQU9DQVE4QU1JSUJDZ0tDQVFFQXkwQUFXS09IQ2pJR1JaYTEKbkRiKzBJZWo4Q1FzYWd3cURwbTJrQ29mRGdyQzZFUmUrN0phM3lGb0d4Ui9rOHJTZGlIS25zbXl6bkJ4NlRNYwpsVHR0Ri92eDFaa0tXaGFZNS9VNmRzTlNweExyS2JGOS91RlExOG5LRUduMlJwYzRsaHVNRHZjallBbVJQR0pVCjhnYWZxYUVCZUhPb3pwd0FiUUk5UU4wZURqc3NTcFdsaEdpWi95MGZYR3Ewa1JwZkc3VlFIc0NRRUFuMUUzaWgKaEdkNTVFN3NtMS9SYWcwTXhGS0wySUEzQ1diY1U1QVAzeXB2UU1hZ0hHU0VXZGcrZ3F0MUlWcVNvN2xCeC9KUwpwdzVRSFVVdlM1UzBHMTFHNWpKdWV0YXV5Qy9CKzQvKzdMS1Z4dmVIWm9XNm0wZkR0SWJpeU4rVCtja0FOdk5vClp3dDZhUUlEQVFBQm94QXdEakFNQmdOVkhSTUJBZjhFQWpBQU1BMEdDU3FHU0liM0RRRUJDd1VBQTRJQkFRQVMKUlZUTmhJZVdUL3FmRWFrNG1hektaYTNpUURodkJ2eDRUQTZLcVc0OTdIaEtlMVh4U3RVc0FkdzRzcjhHWk95TwpaSDNwQ2ZXOFh6bWZzZ2FwT0FTRTIrOUVudjNsVUE1Ung0cmRXMXl2WExBb3ZwQ0NlZzBSNS95SFc3YzZmZVNOClNkSFVML0FoNXN2cDVDVnY2bFZhcG41Z2FPKzJTNW9Ebm5qRzgxa2pFNTJlRnZJVGloZTk5bjJKOGdpMlJuYmIKWDdKckROTHBZY1FRRDFrSW41dzVlYWFSN3hXeVdvc2hlOHpWdmpnT0hJT3FKSzY1Q0wzNXhyRE9XaHAvSEticgp5RG5wOVZYQmJLL2t4aVZQT3ZBdTFIb0VPY2tPS0ZmNXdqZXRLbmhlUTJnRklKZzdEVkliMlVJR1JlVDJaSlNFCmViaytpOWlBL1E1RmJCdGdtOEJZCi0tLS0tRU5EIENFUlRJRklDQVRFLS0tLS0K",
                            "master_auth.0.client_key": "LS0tLS1CRUdJTiBSU0EgUFJJVkFURSBLRVktLS0tLQpNSUlFb3dJQkFBS0NBUUVBeTBBQVdLT0hDaklHUlphMW5EYiswSWVqOENRc2Fnd3FEcG0ya0NvZkRnckM2RVJlCis3SmEzeUZvR3hSL2s4clNkaUhLbnNteXpuQng2VE1jbFR0dEYvdngxWmtLV2hhWTUvVTZkc05TcHhMcktiRjkKL3VGUTE4bktFR24yUnBjNGxodU1EdmNqWUFtUlBHSlU4Z2FmcWFFQmVIT296cHdBYlFJOVFOMGVEanNzU3BXbApoR2laL3kwZlhHcTBrUnBmRzdWUUhzQ1FFQW4xRTNpaGhHZDU1RTdzbTEvUmFnME14RktMMklBM0NXYmNVNUFQCjN5cHZRTWFnSEdTRVdkZytncXQxSVZxU283bEJ4L0pTcHc1UUhVVXZTNVMwRzExRzVqSnVldGF1eUMvQis0LysKN0xLVnh2ZUhab1c2bTBmRHRJYml5TitUK2NrQU52Tm9ad3Q2YVFJREFRQUJBb0lCQUJiTysxcjNHdS9qZGoyMwo4SEJ6NFh1UVJTN3RPRWk4VGJudXVRU0xuWW1MWHAwSEV5dW1zN2puZkZIUnBwRjB5TkoxNzFHTGEvUHJ2WFRBCmhod2ZHNXA5N1FFZDJBSU5HQ0tycStCcEFlejYzQVlGUTVEblF4VzhNTjlQck5IMkpXVCsrV1F5aXJjN3k1OGQKbjgrN080NmpJVkdkbFJ0K2VUUENkUkpDM2gwVmhuMi91RDl0WVppVEV4RWc3cXU0MlVnSitoVUJyR0hnVzRzagpQeUNuMVYzYlVEQS95cVQ2M2dqV202cEI1ZGFFaE1KS1NZOG9HdEQ5aVhNRVNXZDJaYTBNODZCSDNRaXlEMGZZCk51ZmFPa21BbTFPaTE2OHE3VGRzRTRZSm9vdk8zV3FRU0JnUHo2djkyc0JXRkJIVlA1R0Z2RGc0ZW9jOTlIMHMKb2tRZVhZRUNnWUVBK0IvQ2t1Q2MraGV6UGdNQUkxalFQOXJPM1pHNUUvSVU2TjcrRFRyWFVrUHlqeVRoVkYyZwpmbU9kQUFFQyswU2ZYUklzWkJtY3NmQ0pkUFNFQVN1dDc4VUNmU0M2MjgrNDhNdEFad3hOUWZQS0hJQUt3aDF1Ck1DVzFNMGMrQ3NGNmViTVNjK3VyR3VuTUV1STAyNHJFTXZ3VnhVcG43b0hEcStjOXh3d2xhK0VDZ1lFQTBiT1kKL3FlUlVjS28rSzV2dFdGek5xcU5nZG1RZzBrdVlWalgveER5djlyMGNUL1lZcXZxcjBnNzFubmkrY3E0R2lBcApzOVR6WmlZNjVBWEJuMTNjS0V2ckhjdm9GblozbXpoRkp1NzRERThsdW9lRVZIY1UzRG42ZmZGdjNBa0dxRGZjCnhoMVFoSWU3SjNHbG9qUm9iM2dFbDBZRXJxYVBmbjZ5WlNtRW40a0NnWUVBekgyQVlvUnpXenBGSXdwZUJzT2YKZmNEYlZJaFF2RHQ3T0NEdngvK0NqZTRwN2djN0hjaThDTzRYNm5UcS9DS21KSkpodTIzUVVtWW5JeGlSNGxVWgpXTTVKS3M3YXNXWVV5WDc1YVBRZWlBaGZ2ZlZZNkhwUTRhVnlIUHpPQ1JkRDFTRGNTR1VsODF4VU1BdjEvQ24xCllQK1pBYXc4MDdobWh6cGhFN2JTOElFQ2dZQkEvSjJQWGJMRldjUXZ2UzlWVUt2NTV3VVBsck1ZWEplSkI1VjQKc0hIcVR4cXQ5aEZERXZBWi9oSzlOdXpHYUxLQk5qSjJUcXBYbjhWa1lQeE9QVEk3TXJ2Y2NoS3MwMjNocHFDWApuanMwNVZwVjRpVjZYNlVSVXM1ME5WeHJIa2ozM01nSWhaRXNZVHY0ejFsN1dTNThUUDl2T2YyOWVsVEI2TlcwClVCZVBzUUtCZ0hTSDQzenI2VFphQWVKdGptUEpReE9YZSsxREI5NkJmaFhYL3FjSWxUdzJTY1A3TkxheXNNV0EKQTU5b0xyOUNzenA5VndWMkIvUFRxNkdBMzQxOUhndXcrdVphcFllN3gvVDR4RFdUYmt2TGdaWk5ZSzQ4Y3lGRgpYK2d1OW5LTUhOTC9tRGJuelFDclZ5M2YvdFBJMHhXdE55U2ZWT0tGdUMzQzB3dUJrNjBwCi0tLS0tRU5EIFJTQSBQUklWQVRFIEtFWS0tLS0tCg==",
                            "master_auth.0.cluster_ca_certificate": "LS0tLS1CRUdJTiBDRVJUSUZJQ0FURS0tLS0tCk1JSURDekNDQWZPZ0F3SUJBZ0lRS2RoUVRmVVhoMEMyaUlOOHJnNnZ6akFOQmdrcWhraUc5dzBCQVFzRkFEQXYKTVMwd0t3WURWUVFERXlSaFptVmtaVE0zWWkwNFpERXlMVFF5WVRVdE9XVTVZUzB4WkdRMFpHVXpNV1poWldJdwpIaGNOTVRnd05ERXdNRFkwTmpReldoY05Nak13TkRBNU1EYzBOalF6V2pBdk1TMHdLd1lEVlFRREV5UmhabVZrClpUTTNZaTA0WkRFeUxUUXlZVFV0T1dVNVlTMHhaR1EwWkdVek1XWmhaV0l3Z2dFaU1BMEdDU3FHU0liM0RRRUIKQVFVQUE0SUJEd0F3Z2dFS0FvSUJBUUN6YXRSL0tPYlFNd0VtOHhSQ2tUams4M0xtVmFMUThKalg4VHJrWlhXZQpvMWlwMjVvbjkxSjVHbUYybWRqZ2N0dmFuMmRTd3hRU1M4Y0NROVBhZEI3c0tVanMyMFJCQlFERXhNUnJRZ2dsCkVlWWFCM1kvT3hMcWsxaTQ2ZkwwZlMxbHZjaTZTUzlvem1MNVkwaUhYZUlxTXNuQlhCTWYrbEFBTk9NdEJhWmUKUUlxMmo5QUpUc0NxRjlyVmlhVXNsRWN0dE1RSWtyR1pJUG80QWtQb1Vic0hvckZNQ0VreFYvMks1b2Q5K2tBdwp2T092aUlzazNkZXpwcUpvRmFGM1dldTYwMloyTnVSeUFSdTNBd0tUUnoyek5hOWRZOU04WHBmbWwxb0poeTBuClA5bEVua1h2VE1CVkFzOTBzdzZrMGR2UGc5RTZEOEMvbUlROTdPL0swdGx0QWdNQkFBR2pJekFoTUE0R0ExVWQKRHdFQi93UUVBd0lDQkRBUEJnTlZIUk1CQWY4RUJUQURBUUgvTUEwR0NTcUdTSWIzRFFFQkN3VUFBNElCQVFBZwpQYXlwdjFHTUR1U0RNMXI4ZUtXb0RrK2p0cXMwNmNxSDVqcG4reDh1dkFodkYvQWtCL0FYbno4K1oyV25tU01LCmE3WkxneW5vUHl6dWsycy9aalpPVk02ek4rUHRIak5sNTQxdll6V3hnakdkc3psTEVpUVE5MFU5T0JNRW1DV0MKYlN3YjJqY2wrS0w1REJ3VHhJd0tXSW1MblpQRm5VdTNNK3ljRHQ5ZmdISXZ6SjdodmU3L1dFOG1WZlRPS2xxZgo0SUxxdmZ3cEdwWTZsTmRPeS80SkRZRTFTSno0YWJKSHZWakVNa1p1Ulhqc2dkeG4ybkljaEVaL0VwY2FPK0FmCm9tOWdIQTlOdGsrVmI5VTBCVTNESDU2VVBrSE5PODBQVTFJRnE0UUFsdHQzMjlsM3NtS2Z5QnhQbm05VHVobmQKQUNJTjMyZGNUWHlPM053MnFSd0IKLS0tLS1FTkQgQ0VSVElGSUNBVEUtLS0tLQo=",
                            "master_auth.0.password": "bdXav4JYxM6zXRBc",
                            "master_auth.0.username": "admin",
                            "master_version": "1.8.8-gke.0",
                            "monitoring_service": "monitoring.googleapis.com",
                            "name": "training-cluster-1",
                            "network": "training-net",
                            "network_policy.#": "0",
                            "node_config.#": "1",
                            "node_config.0.disk_size_gb": "100",
                            "node_config.0.guest_accelerator.#": "0",
                            "node_config.0.image_type": "COS",
                            "node_config.0.labels.%": "0",
                            "node_config.0.local_ssd_count": "0",
                            "node_config.0.machine_type": "n1-standard-1",
                            "node_config.0.metadata.%": "0",
                            "node_config.0.min_cpu_platform": "",
                            "node_config.0.oauth_scopes.#": "4",
                            "node_config.0.oauth_scopes.1277378754": "https://www.googleapis.com/auth/monitoring",
                            "node_config.0.oauth_scopes.1632638332": "https://www.googleapis.com/auth/devstorage.read_only",
                            "node_config.0.oauth_scopes.172152165": "https://www.googleapis.com/auth/logging.write",
                            "node_config.0.oauth_scopes.299962681": "https://www.googleapis.com/auth/compute",
                            "node_config.0.preemptible": "false",
                            "node_config.0.service_account": "default",
                            "node_config.0.tags.#": "0",
                            "node_config.0.workload_metadata_config.#": "0",
                            "node_pool.#": "1",
                            "node_pool.0.autoscaling.#": "0",
                            "node_pool.0.initial_node_count": "3",
                            "node_pool.0.instance_group_urls.#": "1",
                            "node_pool.0.instance_group_urls.0": "https://www.googleapis.com/compute/v1/projects/sandbox-wescale/zones/europe-west1-b/instanceGroupManagers/gke-training-cluster-1-default-pool-ec64979d-grp",
                            "node_pool.0.management.#": "1",
                            "node_pool.0.management.0.auto_repair": "false",
                            "node_pool.0.management.0.auto_upgrade": "false",
                            "node_pool.0.name": "default-pool",
                            "node_pool.0.name_prefix": "",
                            "node_pool.0.node_config.#": "1",
                            "node_pool.0.node_config.0.disk_size_gb": "100",
                            "node_pool.0.node_config.0.guest_accelerator.#": "0",
                            "node_pool.0.node_config.0.image_type": "COS",
                            "node_pool.0.node_config.0.labels.%": "0",
                            "node_pool.0.node_config.0.local_ssd_count": "0",
                            "node_pool.0.node_config.0.machine_type": "n1-standard-1",
                            "node_pool.0.node_config.0.metadata.%": "0",
                            "node_pool.0.node_config.0.min_cpu_platform": "",
                            "node_pool.0.node_config.0.oauth_scopes.#": "4",
                            "node_pool.0.node_config.0.oauth_scopes.1277378754": "https://www.googleapis.com/auth/monitoring",
                            "node_pool.0.node_config.0.oauth_scopes.1632638332": "https://www.googleapis.com/auth/devstorage.read_only",
                            "node_pool.0.node_config.0.oauth_scopes.172152165": "https://www.googleapis.com/auth/logging.write",
                            "node_pool.0.node_config.0.oauth_scopes.299962681": "https://www.googleapis.com/auth/compute",
                            "node_pool.0.node_config.0.preemptible": "false",
                            "node_pool.0.node_config.0.service_account": "default",
                            "node_pool.0.node_config.0.tags.#": "0",
                            "node_pool.0.node_config.0.workload_metadata_config.#": "0",
                            "node_pool.0.node_count": "3",
                            "node_version": "1.8.8-gke.0",
                            "project": "sandbox-wescale",
                            "subnetwork": "training-subnet",
                            "zone": "europe-west1-b"
                        },
                        "meta": {
                            "e2bfb730-ecaa-11e6-8f88-34363bc7c4c0": {
                                "create": 1800000000000,
                                "delete": 600000000000,
                                "update": 600000000000
                            },
                            "schema_version": "1"
                        },
                        "tainted": false
                    },
                    "deposed": [],
                    "provider": "module.bootstrap-training.provider.google"
                },
                "google_container_cluster.training-cluster.2": {
                    "type": "google_container_cluster",
                    "depends_on": [
                        "google_compute_network.training_net",
                        "google_compute_subnetwork.training_subnet"
                    ],
                    "primary": {
                        "id": "training-cluster-2",
                        "attributes": {
                            "additional_zones.#": "0",
                            "addons_config.#": "1",
                            "addons_config.0.horizontal_pod_autoscaling.#": "0",
                            "addons_config.0.http_load_balancing.#": "0",
                            "addons_config.0.kubernetes_dashboard.#": "0",
                            "addons_config.0.network_policy_config.#": "1",
                            "addons_config.0.network_policy_config.0.disabled": "true",
                            "cluster_ipv4_cidr": "10.56.0.0/14",
                            "description": "",
                            "enable_kubernetes_alpha": "false",
                            "enable_legacy_abac": "true",
                            "endpoint": "35.195.211.108",
                            "id": "training-cluster-2",
                            "initial_node_count": "3",
                            "instance_group_urls.#": "1",
                            "instance_group_urls.0": "https://www.googleapis.com/compute/v1/projects/sandbox-wescale/zones/europe-west1-b/instanceGroups/gke-training-cluster-2-default-pool-6f56ca4b-grp",
                            "logging_service": "logging.googleapis.com",
                            "master_auth.#": "1",
                            "master_auth.0.client_certificate": "LS0tLS1CRUdJTiBDRVJUSUZJQ0FURS0tLS0tCk1JSUMyakNDQWNLZ0F3SUJBZ0lRTHdXSHduZzc4ZmhtTldvTy9CanhPekFOQmdrcWhraUc5dzBCQVFzRkFEQXYKTVMwd0t3WURWUVFERXlReFpqTXlOREl6WXkwMlpqQTRMVFJsWlRBdFlqTXlOaTAxWm1Wak1EZ3dOVFF5WWpndwpIaGNOTVRnd05ERXdNRGMwTmpRMFdoY05Nak13TkRBNU1EYzBOalEwV2pBUk1ROHdEUVlEVlFRREV3WmpiR2xsCmJuUXdnZ0VpTUEwR0NTcUdTSWIzRFFFQkFRVUFBNElCRHdBd2dnRUtBb0lCQVFDTGVzYXRmUnUrZE9mZUZMYjMKVTJKd3g4Wkdwem1US2hhcTZJWHZqMzU1NG10VkNTejdFYW5YWTAzNG0xbWdWaWFHUGpQOEY5YlpZTW02RnJnQwpxdjNVcUlmQUtuakdQWFcxWm8xZXZjT0FML2EvOWxHa2Y5N1R6bmZUQ0ZGMlR4NllrMlRVb0RlWU9lU2FhUmNJCkNBVXF5Q2xJVkxzM1RyN1NzRmdBMjFrN2dQaXR4Uldpa3lDQVl0eUVhbnBXdHJlQkJTckR3dHZDZDYrWEFnb2oKNmFyTFR2aXlQTzVZYzN6eUYxSnhYVlVHL1N6ZmdrQ2ZRR0pFSEh4b1VFbnAvazJwTnFFeWRhL0dUandzRnRIaQphZnc3RzR5eHU2L1FJYmd4OC82QVBHYmcvSkkvclhoN1NrRXhkUkFjWWh0dnVabUs4SVBzd0FHYVVjc1hselJQCkh3akpBZ01CQUFHakVEQU9NQXdHQTFVZEV3RUIvd1FDTUFBd0RRWUpLb1pJaHZjTkFRRUxCUUFEZ2dFQkFJRlYKZEpYMG45a1dXVmltN2piaHZhaEdJbGNVYVRZK1ZhS2RNVGdEcFM3VVFCTTZkN056bnlaS1hVOEhpcnFxdnR0QgpNV2c4TjJtVlFSUjdiOS9RQVhjZ0hjVXo4amlTZlFMNy9rdUZkK0R4SzVTUG1URnY3REp5RUFEOEIxUzd0V1I4CjhHUkc5eTdkRUMrdTFzT2JndWtXMjFDaG9peDRQY0FESGtyaHRDcnE5b3kyZkR6YnFJMUx2dkpsbXJQaDBBQUYKOE96ektKL3g3RUdCZlR2VlhUR2F2d3NSLzRmZlZPTU5Fa295L2RVMmZreFZoQWtSMlRhYW5sOWltZVhXRGNRbAoxaFp2MVRwQW9pcjBKdDhVS2RGaGFNeExrWUEwVjVCSXU2YkduVkRMNUozWmtFMy9QaHhwVHVqN2M4UjRHNUp2CnhQMXRHMFpONE1QclBtcm1HL009Ci0tLS0tRU5EIENFUlRJRklDQVRFLS0tLS0K",
                            "master_auth.0.client_key": "LS0tLS1CRUdJTiBSU0EgUFJJVkFURSBLRVktLS0tLQpNSUlFb3dJQkFBS0NBUUVBaTNyR3JYMGJ2blRuM2hTMjkxTmljTWZHUnFjNWt5b1dxdWlGNzQ5K2VlSnJWUWtzCit4R3AxMk5OK0p0Wm9GWW1oajR6L0JmVzJXREp1aGE0QXFyOTFLaUh3Q3A0eGoxMXRXYU5YcjNEZ0MvMnYvWlIKcEgvZTA4NTMwd2hSZGs4ZW1KTmsxS0EzbURua21ta1hDQWdGS3NncFNGUzdOMDYrMHJCWUFOdFpPNEQ0cmNVVgpvcE1nZ0dMY2hHcDZWcmEzZ1FVcXc4TGJ3bmV2bHdJS0krbXF5MDc0c2p6dVdITjg4aGRTY1YxVkJ2MHMzNEpBCm4wQmlSQng4YUZCSjZmNU5xVGFoTW5XdnhrNDhMQmJSNG1uOE94dU1zYnV2MENHNE1mUCtnRHhtNFB5U1A2MTQKZTBwQk1YVVFIR0liYjdtWml2Q0Q3TUFCbWxITEY1YzBUeDhJeVFJREFRQUJBb0lCQUFDaC8wekNNemRiVXhkUQpMaFJUMklVbnpZcDhoUkpaMm9oNVRaZVhVR2VWS0xvclh5ZUp5UG9sTDl3S09HU0xLaTdwdS8vNklRdG93Nnd6CklOcVhsQUhtL0lGWldxV1dSSFp5T2Y5Tlg4UmJ5SzdPUmZNM3hxR3lDaHZNVkllZU52RlNSSW1DYXo0bTVSYWUKUU1YVWppYkhpYk1UcEtzaVBGTmx0c0IvazVsbGdWbGRKaUpRek9HUFVGVU5LMzVuZmsraVdldklrYUtBNjJOUApBLytZV3dFSyt5UDVQNDNqWVBwcVdobFBOc2tNTW9LOFJsbUQzVkVHNWNIOHJSTkxhSldHUG5GQjh4Z2FHZWJiCkZwSDZUN2gxZW9TZW9CMGNTVWtiWWNsT1BhV2krU3lEclJHV3E2TmRzcFhCL3pQZVQ5UVhGOWIzM3Z0ZmtYVW0KcEhHOXVBRUNnWUVBeEtwUndMNzk5dmlLalFNbHNTbTFrOUd1Ym9MbkV6L3FGT04ydE5CN3hDTE9wYWgvdkMvTApEYWNObkNFcFBnaFlBajVmZnpreFppaC9DTDRMdzVYcDBweWJYOGg5amlqRnZ2NS9XakNEODBOOWVXb1FncjZvCmwwbjl3ekVmZUZ0cGIwSGM0V1kwTVpOTThqamMvQW04OXZlUTZFSDViSFJlTDR5aHZsaVI3QWtDZ1lFQXRZK20KUm0wY0t2RktvTEo4a1VxVGR4YzhKQWVja2pTV1RyejBaWElldjVJZzRrbXcrWURTdlBXRUducXlTVWZZRHRsSQoya0xjVk9JSUhNNE9PcFkvRDN2U1l5SjA5VitwTkFnQkFJajF5dU1Sd1IxYlZYbVlXMmJRSnpPSnZtbDlNNEVaCjJKT1d1Zy9PQ3RlS0NTRHp0bEc0RUNKcU5vUXZ2RGNSNzFHczVzRUNnWUJsZGdWVmJuT3h2Y29sTS9GM05EQ0UKZ1pIL1c3T0JYK0VSUThUVFJoZ0VPWHpwUkVRYVA0SC9taWJRWE45ZExJclRKWUM1THpXSUllNWdBVVFxZEtZOApUU1Z2eGd6WWticHJiZnNmK1pXcHBERVF1YUtwQVZvVEswNHJMS1d5djE1bTB0RDB6SGl5OXU2a3JLZDl0RHgwCklZYjEvRXVGSTRnUCtmcmNLKytrbVFLQmdRQ0FOYU5lSWhoOC9vMExjMTdobm44SjN0OTZOZUhMb05Udlh5RmEKTGI4bTJvTGNLTnVQSlBncnRWZ0c5dFBGU2JWNXJ0aHlRRHFrdWtTdVNwZmpxVXQ0bktDUm5yaG11Wm1iZzNkcApzRTJaYXNXVDBDNDU2cmE2L0p4S3dtc25pZ2grZ1ZFR0RocW00eGhGc2JUcEExcjJTVGlvTkJVNjBCZUJXb1lRCnNHVmZRUUtCZ0FHdWxBQ3JTT2wvY2puNHh5NkIweXRYZHE5NmhpZDBwc09pNXJ2YkVQODAyYlZPV3lJLzcrV1EKempTQ1ovdzVZV0U4aGJOUy8rNkd0Tm5RZ0VoKzBHQmp4UXQyNGlBeWRWYkd0NlBYZllxTHMwUTh5NEdoUGtwSgprc2xHbmpVRGcxeVBJeWw2SmR1aitnQjlDckxKcGlRTGQ2TlRwWWVsdnlGYzRRTXRUMkJVCi0tLS0tRU5EIFJTQSBQUklWQVRFIEtFWS0tLS0tCg==",
                            "master_auth.0.cluster_ca_certificate": "LS0tLS1CRUdJTiBDRVJUSUZJQ0FURS0tLS0tCk1JSURDekNDQWZPZ0F3SUJBZ0lRUlNkVHVlZUdyWHNQdEZodng3ZFRCakFOQmdrcWhraUc5dzBCQVFzRkFEQXYKTVMwd0t3WURWUVFERXlReFpqTXlOREl6WXkwMlpqQTRMVFJsWlRBdFlqTXlOaTAxWm1Wak1EZ3dOVFF5WWpndwpIaGNOTVRnd05ERXdNRFkwTmpReldoY05Nak13TkRBNU1EYzBOalF6V2pBdk1TMHdLd1lEVlFRREV5UXhaak15Ck5ESXpZeTAyWmpBNExUUmxaVEF0WWpNeU5pMDFabVZqTURnd05UUXlZamd3Z2dFaU1BMEdDU3FHU0liM0RRRUIKQVFVQUE0SUJEd0F3Z2dFS0FvSUJBUURFcWRubzFDSENERnBlWWFOdjk2dkJUelRub004VWtGOXc1YjAvVTJQdgp3U1Iyc0YyYmE4dlY4Nk5ReGlWSnpUN0J4QlZLQmxzdlh0ais1VU9ibjlZMy9yY3NKWWYzMVdMRVMvZmFnYWtWCk1XaDdEUUFQNmxneEppUkFZeTlLcThnZ3hsaEVXeTVHVmdZVUNOeVp0WWkwYUVhRGdOektTbmpON3FmUzA1ZW0KaVBSeWxVZTFDc2FpUEtHb3Bic0hPb2lMRzJVNlBNaG5iWWsyWm9Rb0ZxQlkyMW1tc3cvMGlSS0U2Mmt4eTJ4NgppODd3M3dtcm5lU3FiQWRrR0JEWG0rcjVIU0wzQzlFTlBZQkl6eXZiSkhnY1RtQjJ5ZkErNCt6dG9sZWMwWWx5Cnl4QlZQSUxBZkl1YUhzbmJ1OG14dkVBVnJSTkZRZFdnSEtVTTdtcWhnaXQvQWdNQkFBR2pJekFoTUE0R0ExVWQKRHdFQi93UUVBd0lDQkRBUEJnTlZIUk1CQWY4RUJUQURBUUgvTUEwR0NTcUdTSWIzRFFFQkN3VUFBNElCQVFBRgpwWGZrYUpha0IrSjhKeEpCL2o4Zm1obVFEVlVtQzc4SWFqczlSb3NjMXJaRXV4UVB3N1h2elh0UjViM2d3disyCkVheEtNc0pwdFdLTTh2SEEyVjJHWG5BTC93RW9HZTdOcXh0L2JxYjJRU1I1eHgzZXBZb2RzNy9FT0dPMTFXaTIKVk9yc1ZsL2hKZ2VONWVGZVV2ZGJDSXVQZ0RXZ2dqbThDeE0vSjBSOW9WV05hbStlelFSMDFsVDg3YnJmY1dtQQp5eGtnbnBrNU5vUGhSQXRjYWpPLzhFMkc5d0M1M0UxMlU2cGZWako1c3Y2b0x3STdjWjdxNWxMRElObWFwZzdZCmVyUDhNRldHYXVnNXU3ZDdId1haZll2WUtaOU91RVE2VCtmYm9ZR3FKZzZleWpJcU5Edy9OcEh1Vm0yRkM1enIKckQ3V1dUKzk5VnZpMjQ5QlFNUmwKLS0tLS1FTkQgQ0VSVElGSUNBVEUtLS0tLQo=",
                            "master_auth.0.password": "vkutworF1q5nyLKx",
                            "master_auth.0.username": "admin",
                            "master_version": "1.8.8-gke.0",
                            "monitoring_service": "monitoring.googleapis.com",
                            "name": "training-cluster-2",
                            "network": "training-net",
                            "network_policy.#": "0",
                            "node_config.#": "1",
                            "node_config.0.disk_size_gb": "100",
                            "node_config.0.guest_accelerator.#": "0",
                            "node_config.0.image_type": "COS",
                            "node_config.0.labels.%": "0",
                            "node_config.0.local_ssd_count": "0",
                            "node_config.0.machine_type": "n1-standard-1",
                            "node_config.0.metadata.%": "0",
                            "node_config.0.min_cpu_platform": "",
                            "node_config.0.oauth_scopes.#": "4",
                            "node_config.0.oauth_scopes.1277378754": "https://www.googleapis.com/auth/monitoring",
                            "node_config.0.oauth_scopes.1632638332": "https://www.googleapis.com/auth/devstorage.read_only",
                            "node_config.0.oauth_scopes.172152165": "https://www.googleapis.com/auth/logging.write",
                            "node_config.0.oauth_scopes.299962681": "https://www.googleapis.com/auth/compute",
                            "node_config.0.preemptible": "false",
                            "node_config.0.service_account": "default",
                            "node_config.0.tags.#": "0",
                            "node_config.0.workload_metadata_config.#": "0",
                            "node_pool.#": "1",
                            "node_pool.0.autoscaling.#": "0",
                            "node_pool.0.initial_node_count": "3",
                            "node_pool.0.instance_group_urls.#": "1",
                            "node_pool.0.instance_group_urls.0": "https://www.googleapis.com/compute/v1/projects/sandbox-wescale/zones/europe-west1-b/instanceGroupManagers/gke-training-cluster-2-default-pool-6f56ca4b-grp",
                            "node_pool.0.management.#": "1",
                            "node_pool.0.management.0.auto_repair": "false",
                            "node_pool.0.management.0.auto_upgrade": "false",
                            "node_pool.0.name": "default-pool",
                            "node_pool.0.name_prefix": "",
                            "node_pool.0.node_config.#": "1",
                            "node_pool.0.node_config.0.disk_size_gb": "100",
                            "node_pool.0.node_config.0.guest_accelerator.#": "0",
                            "node_pool.0.node_config.0.image_type": "COS",
                            "node_pool.0.node_config.0.labels.%": "0",
                            "node_pool.0.node_config.0.local_ssd_count": "0",
                            "node_pool.0.node_config.0.machine_type": "n1-standard-1",
                            "node_pool.0.node_config.0.metadata.%": "0",
                            "node_pool.0.node_config.0.min_cpu_platform": "",
                            "node_pool.0.node_config.0.oauth_scopes.#": "4",
                            "node_pool.0.node_config.0.oauth_scopes.1277378754": "https://www.googleapis.com/auth/monitoring",
                            "node_pool.0.node_config.0.oauth_scopes.1632638332": "https://www.googleapis.com/auth/devstorage.read_only",
                            "node_pool.0.node_config.0.oauth_scopes.172152165": "https://www.googleapis.com/auth/logging.write",
                            "node_pool.0.node_config.0.oauth_scopes.299962681": "https://www.googleapis.com/auth/compute",
                            "node_pool.0.node_config.0.preemptible": "false",
                            "node_pool.0.node_config.0.service_account": "default",
                            "node_pool.0.node_config.0.tags.#": "0",
                            "node_pool.0.node_config.0.workload_metadata_config.#": "0",
                            "node_pool.0.node_count": "3",
                            "node_version": "1.8.8-gke.0",
                            "project": "sandbox-wescale",
                            "subnetwork": "training-subnet",
                            "zone": "europe-west1-b"
                        },
                        "meta": {
                            "e2bfb730-ecaa-11e6-8f88-34363bc7c4c0": {
                                "create": 1800000000000,
                                "delete": 600000000000,
                                "update": 600000000000
                            },
                            "schema_version": "1"
                        },
                        "tainted": false
                    },
                    "deposed": [],
                    "provider": "module.bootstrap-training.provider.google"
                },
                "google_container_cluster.training-cluster.3": {
                    "type": "google_container_cluster",
                    "depends_on": [
                        "google_compute_network.training_net",
                        "google_compute_subnetwork.training_subnet"
                    ],
                    "primary": {
                        "id": "training-cluster-3",
                        "attributes": {
                            "additional_zones.#": "0",
                            "addons_config.#": "1",
                            "addons_config.0.horizontal_pod_autoscaling.#": "0",
                            "addons_config.0.http_load_balancing.#": "0",
                            "addons_config.0.kubernetes_dashboard.#": "0",
                            "addons_config.0.network_policy_config.#": "1",
                            "addons_config.0.network_policy_config.0.disabled": "true",
                            "cluster_ipv4_cidr": "10.12.0.0/14",
                            "description": "",
                            "enable_kubernetes_alpha": "false",
                            "enable_legacy_abac": "true",
                            "endpoint": "35.187.73.97",
                            "id": "training-cluster-3",
                            "initial_node_count": "3",
                            "instance_group_urls.#": "1",
                            "instance_group_urls.0": "https://www.googleapis.com/compute/v1/projects/sandbox-wescale/zones/europe-west1-b/instanceGroups/gke-training-cluster-3-default-pool-cebbabda-grp",
                            "logging_service": "logging.googleapis.com",
                            "master_auth.#": "1",
                            "master_auth.0.client_certificate": "LS0tLS1CRUdJTiBDRVJUSUZJQ0FURS0tLS0tCk1JSUMyakNDQWNLZ0F3SUJBZ0lRR3ZKS3h4UHVYbjN3UjRmbXJFWFJsREFOQmdrcWhraUc5dzBCQVFzRkFEQXYKTVMwd0t3WURWUVFERXlSbE9XRTBOamM1WkMxbE5UUXlMVFE0TUdNdFlUQm1ZaTFsWWpRNE9EUmhNREJqWTJZdwpIaGNOTVRnd05ERXdNRGMwTmpRMFdoY05Nak13TkRBNU1EYzBOalEwV2pBUk1ROHdEUVlEVlFRREV3WmpiR2xsCmJuUXdnZ0VpTUEwR0NTcUdTSWIzRFFFQkFRVUFBNElCRHdBd2dnRUtBb0lCQVFDK0w1bGtnUGhnM2dXL243clMKemlNOExFMVRXYjRaVi8vQjgxZUlnZ1J2akUyc0MyaCtJRk82SER4UnVEdmJxbkx6REd4WlYvcTM0TjFGYy9hNQp0SndScEJ1eDBTam1jL0FSS2RXNWVCWkczQkRoMy9JMC9CczduMjBwOXRzVVUwcS85Ky8xMkxtb0M4U3liUWUxClREV0hXZFdEQ29vTEhlclNaekFCUldXRFZpdHFCV1U0VElXMlBQRDdxVDJzZUxrcEw5Q281YUhlVFh4bWhHMkMKVmFnU0k4RWtnc3FuTWZEcXhQb1p2N1JKa0tsNklSQ2Vja0NMRHJ5M3lTQ09rRnBBbzl1T1gyaHlvdzJWSzJ3WgptdXE3MCs5QWFNZENTRDdJUFZqWmwvOWRaY25HdjRId0E3bnVYNU9abktFYTZ0L3Q3ZHVYUWgyYVVrbU9JcWc1CktVaUpBZ01CQUFHakVEQU9NQXdHQTFVZEV3RUIvd1FDTUFBd0RRWUpLb1pJaHZjTkFRRUxCUUFEZ2dFQkFEcVIKZVBGazNoUWF4WVpsbEorcXJ5NDIvSzJMZWN1ak1HdmhiNzNvUUVCRjV0N0VTS1N5Qmptci8yMTM1ZmdjZnlLeApkRWJmcW9mNkp6WHE4Vk9mQ0JYTVlmeFdUSVppZlZaRmpSbHk1MXRCRzl5ZDVsZUNyTldvb1hkMDJEOVhjRGw4CmRYL2J3U2dIclRmYkxvVE1FYW5jTmhWUmVHWVVYUVBhN0RkOEZrVzNEOVR3akhGV3l0SUJnNmdRbEVPamNaS1MKQ2VrcytkNEdFYmdEbE04Y0pob1BjUkZZVmQ1ZjVreG5pWUZWcW1DNEQyb3JvSXhMcGFhRmpPMyt5Ynd6bkxrRQpHRUo0dWUvcFJjd2hSOWdCeWNMdHJ6MDlJT01YMWtyQitqV01UQkRDRjZpSjZXdHF4ZzhhZWQ0bDQ3TUUrZERMClA0U0tJTCtNNTZTQ1QzbXpZYmM9Ci0tLS0tRU5EIENFUlRJRklDQVRFLS0tLS0K",
                            "master_auth.0.client_key": "LS0tLS1CRUdJTiBSU0EgUFJJVkFURSBLRVktLS0tLQpNSUlFcEFJQkFBS0NBUUVBdmkrWlpJRDRZTjRGdjUrNjBzNGpQQ3hOVTFtK0dWZi93Zk5YaUlJRWI0eE5yQXRvCmZpQlR1aHc4VWJnNzI2cHk4d3hzV1ZmNnQrRGRSWFAydWJTY0VhUWJzZEVvNW5Qd0VTblZ1WGdXUnR3UTRkL3kKTlB3Yk81OXRLZmJiRkZOS3YvZnY5ZGk1cUF2RXNtMEh0VXcxaDFuVmd3cUtDeDNxMG1jd0FVVmxnMVlyYWdWbApPRXlGdGp6dys2azlySGk1S1MvUXFPV2gzazE4Wm9SdGdsV29FaVBCSklMS3B6SHc2c1Q2R2IrMFNaQ3BlaUVRCm5uSkFpdzY4dDhrZ2pwQmFRS1Biamw5b2NxTU5sU3RzR1pycXU5UHZRR2pIUWtnK3lEMVkyWmYvWFdYSnhyK0IKOEFPNTdsK1RtWnloR3VyZjdlM2JsMElkbWxKSmppS29PU2xJaVFJREFRQUJBb0lCQUNOL3ZYMC93SHpPUEZyegovTnAzelNaZ2E0K0ZCd0Z5aGtQa3dNQXphcElLcVgzVlJFd1VpeVJJUEc4UmVTVExxRGliSjBjMjc0NnVhNGJZCitpTFlKakI1eGd5WENyQVhVR1pYdlhPb3lWbXhIbnFXd3o0bUY0dzF1aG5VNExnbXd1TlpxMkhqY2VYK3lsaDIKbHZOOWRkbGRpSWUwNmliZ2p2SDJma1NpZUN2L0VWdFBOVXJmMUNOeHhqS3BCZW5acGNVdTlvcjdEczRjZVBRNApEWnJkZmd6V1I3OW8wZEQ0Y1c1RTRGdWMwUy80eFBxMzVxbWd5bVJ1V0ZlczZwSis3VWlGOTlZY1ZTMTJwbkhECjE1L1VQTk1tRDF1d1A0L3FGWFRBc2hDNmVFeW9KdGxSOGVpZTNYREcxOG9FTDBiSGZRbWFjeVkzOThydUhqQ00KYnJySFFnMENnWUVBNWNCbHdrOTVaYTJ1b3JueUFwcjU0MU9qZHFqWm1Yb0lOd2w5dXVoMGQrR2F6VjdaVXJXdgp3ZTBpRkNoYTRxWTBXYi9RNnFzMEdENWJob01NU0VpczgySUowWmJpbnlOZEZlc1RVMVJhWU9Pczd4dktnUGhmCkZTVXFVejdqS3VBUDNRZ2hJYU1mZTdlME9XQzRPRDhoWmRwemJRVFhpY01XRHc3SGFzNkQwRjBDZ1lFQTArb0UKRTA4WU1pS2FGYmorQXRBVjR3OEJQZ0YxSG40a1BGTHZDdnExZFBpZGZhQ3BMNytIUlYrYUJiZGJ3RVIrQXNjagpqSlU0MmhWOUQ4QmRnK1BsUjRyTzZqNk5yemovNmpCZWRRUFpVNDVGUFpTdFc2V2dudFFzRDJVTU5rRXc5TlFTCjFuYzQxME5wMTh6YTNFNHlhOWxIZ3B5VnFBaGFrM1RkTFg4eWhoMENnWUVBM1BIK3FqUGxxZ3V5QXhuUkRBSmYKeCtjYUx6WElOVmx1NXdiQW0rdUtmZk0rL0x0M1Fad3FEdFB1VHZaVUdOei9RVVEvTkQ0NmxnbjUyTXpVRmZ1VwpIMlNyenB4TkNmOW5PSG5lRnVmckZudzlSYUV6U0g0U2FuSllWc0FHbEtmdmVYK2s1UVZMZEozQXV1RXhxQjNHCkQzNWFQSUJJaTFwS0wyYm1EZWZXU1owQ2dZQjZHMWI3MVZDSTJ2MVVWUU13bGJ4MjJGZUw1Z1VaYSsvdlBvNTEKRWg5cTVqTEJoOGpWTlpSNWVldmpMVk5XQjJGZ3NtU2VoZ0Y3VUhSK2xnYU1qODIybXBvOXlZdVVrdENMbmhGZgpkYmROZVNZV3BNdjdpZ1Z5WDZsL3VXYi9BRE40YjVibk0wMXlaR3JocVMzWFVjdWw3MDVRU1cvR29nR25BK2pLClpZZTBWUUtCZ1FDMGxxa1QyNytQWFZqRW9KMlo1eFozRU1VL3hRdlEzZEpPV1lua3J1Tm1SYmdzUXVPdnFhblkKOXQrUSt4TitPbkRuSUZ1dm11NSs3N2dKaEx6dHNkZXRDc25uS2tqc2REWCt1OUlWSWREMi9qM01wbSszald1dwpiWERiaWNmWDRPeXFzNXhKWHdnWXU2N1c0UEVzczBXMFRNVDNMaHNlQW1zSmdsbEN1cHVnc3c9PQotLS0tLUVORCBSU0EgUFJJVkFURSBLRVktLS0tLQo=",
                            "master_auth.0.cluster_ca_certificate": "LS0tLS1CRUdJTiBDRVJUSUZJQ0FURS0tLS0tCk1JSURERENDQWZTZ0F3SUJBZ0lSQUpFVG5DUEJUZk93UFBqT3RlL3JOWTh3RFFZSktvWklodmNOQVFFTEJRQXcKTHpFdE1Dc0dBMVVFQXhNa1pUbGhORFkzT1dRdFpUVTBNaTAwT0RCakxXRXdabUl0WldJME9EZzBZVEF3WTJObQpNQjRYRFRFNE1EUXhNREEyTkRZME0xb1hEVEl6TURRd09UQTNORFkwTTFvd0x6RXRNQ3NHQTFVRUF4TWtaVGxoCk5EWTNPV1F0WlRVME1pMDBPREJqTFdFd1ptSXRaV0kwT0RnMFlUQXdZMk5tTUlJQklqQU5CZ2txaGtpRzl3MEIKQVFFRkFBT0NBUThBTUlJQkNnS0NBUUVBc2UrcDVpb0xxR3JockE1aGdGN2h3bC9iTXQ0djlzYmd2WTVMUUVyUApjR0dkNmhYQUV3VE5lRHhNbEtEbVAzeGRLUDVXN0NlYWhTVWt1VUgrb3N3VHNWRElNZlZZM2R3Nkl4azRxanpyCktTRXdXMW1HNktvUjRvTTR2TDlOSCtYY2JsN09RRk1nQnlyMmI0a3MwNGVIelFvVnM2Z0VReDl2cWZ3K1VaV1YKckRJa3QybGdWdklTY3VSYjU1eDJHMDlLR0NJNTVsaDRrbXpCaytMcnF3SXBVUEJSakVvaW9aMDR4bEhiNTR1QgpCRWg4MUxuNTRhTnZWTTNVYVNaM3NHME81K1M2VExHcFNCb2lpb0M4cnhvdnI3Sk5KR1Z4T0NNZHNmMjJzckRECitDdEZIc1BZM3BTaTc5QVgzcGxoRWkvSldySjdKOVdqMFNoS2NLZXBWT0VxcHdJREFRQUJveU13SVRBT0JnTlYKSFE4QkFmOEVCQU1DQWdRd0R3WURWUjBUQVFIL0JBVXdBd0VCL3pBTkJna3Foa2lHOXcwQkFRc0ZBQU9DQVFFQQpFazFjU0UxUkJYTjl4UWdKYzlvTHhlZTcrMHpock5JaVVBcVRWUElSOTRkbnlqanowb3Jhd05iSGU0aXZWcWxkCjl3bjBBSVM2UWlxckM3K25IcmlhQm5qUkMvMEk5R09uOUtkK0FYeXlkVFdHSGJTYTh2VkhWS0VCb2FwK1B6VEkKMitQQVB1dE9kVklQT1RBVXVWcGFpTlJsMkdzTnNQYys2cUp4Zk9yZWxWcVlSM1JsR3VsenBLRi8zcnpHL0JNaApGNXBTaXpsd1lDSVlvODNEVWpNcmhEMGVEY3ROQU9NZnlRRitTZUtkV3ZiTWxsVlFJZUorUVZwNm1OWVJyZWx3CmRWTGFDYXI0UHN4QVRXWVRrN2s5ZnhKamhkTmJ2ekpCbzcyMTlzZVlkR0RNMzhBNlFEajVBQjV1Q0J2SjF3WWQKdXpzWUlUQUhLNHNXK0x1WEZsc0o3QT09Ci0tLS0tRU5EIENFUlRJRklDQVRFLS0tLS0K",
                            "master_auth.0.password": "jFNkACUiAe655RqC",
                            "master_auth.0.username": "admin",
                            "master_version": "1.8.8-gke.0",
                            "monitoring_service": "monitoring.googleapis.com",
                            "name": "training-cluster-3",
                            "network": "training-net",
                            "network_policy.#": "0",
                            "node_config.#": "1",
                            "node_config.0.disk_size_gb": "100",
                            "node_config.0.guest_accelerator.#": "0",
                            "node_config.0.image_type": "COS",
                            "node_config.0.labels.%": "0",
                            "node_config.0.local_ssd_count": "0",
                            "node_config.0.machine_type": "n1-standard-1",
                            "node_config.0.metadata.%": "0",
                            "node_config.0.min_cpu_platform": "",
                            "node_config.0.oauth_scopes.#": "4",
                            "node_config.0.oauth_scopes.1277378754": "https://www.googleapis.com/auth/monitoring",
                            "node_config.0.oauth_scopes.1632638332": "https://www.googleapis.com/auth/devstorage.read_only",
                            "node_config.0.oauth_scopes.172152165": "https://www.googleapis.com/auth/logging.write",
                            "node_config.0.oauth_scopes.299962681": "https://www.googleapis.com/auth/compute",
                            "node_config.0.preemptible": "false",
                            "node_config.0.service_account": "default",
                            "node_config.0.tags.#": "0",
                            "node_config.0.workload_metadata_config.#": "0",
                            "node_pool.#": "1",
                            "node_pool.0.autoscaling.#": "0",
                            "node_pool.0.initial_node_count": "3",
                            "node_pool.0.instance_group_urls.#": "1",
                            "node_pool.0.instance_group_urls.0": "https://www.googleapis.com/compute/v1/projects/sandbox-wescale/zones/europe-west1-b/instanceGroupManagers/gke-training-cluster-3-default-pool-cebbabda-grp",
                            "node_pool.0.management.#": "1",
                            "node_pool.0.management.0.auto_repair": "false",
                            "node_pool.0.management.0.auto_upgrade": "false",
                            "node_pool.0.name": "default-pool",
                            "node_pool.0.name_prefix": "",
                            "node_pool.0.node_config.#": "1",
                            "node_pool.0.node_config.0.disk_size_gb": "100",
                            "node_pool.0.node_config.0.guest_accelerator.#": "0",
                            "node_pool.0.node_config.0.image_type": "COS",
                            "node_pool.0.node_config.0.labels.%": "0",
                            "node_pool.0.node_config.0.local_ssd_count": "0",
                            "node_pool.0.node_config.0.machine_type": "n1-standard-1",
                            "node_pool.0.node_config.0.metadata.%": "0",
                            "node_pool.0.node_config.0.min_cpu_platform": "",
                            "node_pool.0.node_config.0.oauth_scopes.#": "4",
                            "node_pool.0.node_config.0.oauth_scopes.1277378754": "https://www.googleapis.com/auth/monitoring",
                            "node_pool.0.node_config.0.oauth_scopes.1632638332": "https://www.googleapis.com/auth/devstorage.read_only",
                            "node_pool.0.node_config.0.oauth_scopes.172152165": "https://www.googleapis.com/auth/logging.write",
                            "node_pool.0.node_config.0.oauth_scopes.299962681": "https://www.googleapis.com/auth/compute",
                            "node_pool.0.node_config.0.preemptible": "false",
                            "node_pool.0.node_config.0.service_account": "default",
                            "node_pool.0.node_config.0.tags.#": "0",
                            "node_pool.0.node_config.0.workload_metadata_config.#": "0",
                            "node_pool.0.node_count": "3",
                            "node_version": "1.8.8-gke.0",
                            "project": "sandbox-wescale",
                            "subnetwork": "training-subnet",
                            "zone": "europe-west1-b"
                        },
                        "meta": {
                            "e2bfb730-ecaa-11e6-8f88-34363bc7c4c0": {
                                "create": 1800000000000,
                                "delete": 600000000000,
                                "update": 600000000000
                            },
                            "schema_version": "1"
                        },
                        "tainted": false
                    },
                    "deposed": [],
                    "provider": "module.bootstrap-training.provider.google"
                },
                "google_container_cluster.training-cluster.4": {
                    "type": "google_container_cluster",
                    "depends_on": [
                        "google_compute_network.training_net",
                        "google_compute_subnetwork.training_subnet"
                    ],
                    "primary": {
                        "id": "training-cluster-4",
                        "attributes": {
                            "additional_zones.#": "0",
                            "addons_config.#": "1",
                            "addons_config.0.horizontal_pod_autoscaling.#": "0",
                            "addons_config.0.http_load_balancing.#": "0",
                            "addons_config.0.kubernetes_dashboard.#": "0",
                            "addons_config.0.network_policy_config.#": "1",
                            "addons_config.0.network_policy_config.0.disabled": "true",
                            "cluster_ipv4_cidr": "10.40.0.0/14",
                            "description": "",
                            "enable_kubernetes_alpha": "false",
                            "enable_legacy_abac": "true",
                            "endpoint": "35.195.226.162",
                            "id": "training-cluster-4",
                            "initial_node_count": "3",
                            "instance_group_urls.#": "1",
                            "instance_group_urls.0": "https://www.googleapis.com/compute/v1/projects/sandbox-wescale/zones/europe-west1-b/instanceGroups/gke-training-cluster-4-default-pool-469c08b3-grp",
                            "logging_service": "logging.googleapis.com",
                            "master_auth.#": "1",
                            "master_auth.0.client_certificate": "LS0tLS1CRUdJTiBDRVJUSUZJQ0FURS0tLS0tCk1JSUMyakNDQWNLZ0F3SUJBZ0lRWU5mY1lRVTY0eGJ6dVY1ZXRuTW4vVEFOQmdrcWhraUc5dzBCQVFzRkFEQXYKTVMwd0t3WURWUVFERXlSbE5HSTFOVEZsWmkwM01XRXdMVFJqTnpFdE9EWTBZeTFtT0RVMU5qaGlOVEpoTW1ZdwpIaGNOTVRnd05ERXdNRGMwTmpRMFdoY05Nak13TkRBNU1EYzBOalEwV2pBUk1ROHdEUVlEVlFRREV3WmpiR2xsCmJuUXdnZ0VpTUEwR0NTcUdTSWIzRFFFQkFRVUFBNElCRHdBd2dnRUtBb0lCQVFDa2JUU3hKRTl3NDgvUnJBa0UKY1ZhMTJjaTF0T21PUFJPc2FoVUVjeFpVOGNleUNOaWtpN0M0a1V4SXd1VHFBRzZ5Rm9JN2JPS0t5SUJsWjVPSApKUWk1Yzl5Uk1WbjNDbmZYMEl6WjNuOEJ2RkhYMXNKMkNiYXRlcnAzNkpORFpuU2FRUGRLMmUvRnJhK3hQR2RGCjd4VnRIeUJlVDRqUUE0Vjc3RWtSVlNFVzZPS1ZxaUZTYTNxQis3bkxxczZPc1ZZdnVNY1I5SUxOWGFhbkRsd2sKMHVIMUlSY2F5czhna2xzd0UvZHoyZ3FCaDhzZldjeDYzOGt1UnhjaUE1UWZYbmhvY2xNSFlHby9LcC9pTS9IcQoxRkNCcXlpZWNoTjhVM1cwbGZ2bjdCZ01TQWxQOVB4REU2dlg3akJQSzB1YVkvUmc2alVXTVRBMzlHdWR3cm53CnZXdmxBZ01CQUFHakVEQU9NQXdHQTFVZEV3RUIvd1FDTUFBd0RRWUpLb1pJaHZjTkFRRUxCUUFEZ2dFQkFKSGgKTUhvM2pFdlBnNG1UQXVrZm1US3hyYXYwMGxtQm81T3JCMmNyaUwxakNJRDh1RDdxaENNRmZ1QU8xamNMOW9JNQpKWWcxYXE5Ums4aTZobTZSdm55T2wwQzhPa3pLQ3RjMGhlTENvUnA3Z2paSmpIbjFsVDdNY0t0OGRkWnVJNDdmCi9FREFITk1ZT0xnbmdxWGVsRHZWb0I1b1ZHd0g4N0dpaGhqY0tSMC9XMkRlNGI2cFJINkR2RmJkenZqcEIvTTAKUmJGamtpYUV0RGcyMjZrclhBa3lFZjBrSmxFNExQNUpMTyt2dlp3WUJWSHVtUmxQcVZNdm9INGkvNEI2b3AvNApHbGRoWXFZKy9vZEM5M0V6Q1d2bUZKSVA3elJvYUFYWnV1dXErTjJ4NSsxcmxmMmhUV29PN2x2MHpmRW1EbDBiCjNkcnpSQzI5VWdoaXM5bnVxY3c9Ci0tLS0tRU5EIENFUlRJRklDQVRFLS0tLS0K",
                            "master_auth.0.client_key": "LS0tLS1CRUdJTiBSU0EgUFJJVkFURSBLRVktLS0tLQpNSUlFcFFJQkFBS0NBUUVBcEcwMHNTUlBjT1BQMGF3SkJIRld0ZG5JdGJUcGpqMFRyR29WQkhNV1ZQSEhzZ2pZCnBJdXd1SkZNU01MazZnQnVzaGFDTzJ6aWlzaUFaV2VUaHlVSXVYUGNrVEZaOXdwMzE5Q00yZDUvQWJ4UjE5YkMKZGdtMnJYcTZkK2lUUTJaMG1rRDNTdG52eGEydnNUeG5SZThWYlI4Z1hrK0kwQU9GZSt4SkVWVWhGdWppbGFvaApVbXQ2Z2Z1NXk2ck9qckZXTDdqSEVmU0N6VjJtcHc1Y0pOTGg5U0VYR3NyUElKSmJNQlAzYzlvS2dZZkxIMW5NCmV0L0pMa2NYSWdPVUgxNTRhSEpUQjJCcVB5cWY0alB4NnRSUWdhc29ubklUZkZOMXRKWDc1K3dZREVnSlQvVDgKUXhPcjErNHdUeXRMbW1QMFlPbzFGakV3Ti9Scm5jSzU4TDFyNVFJREFRQUJBb0lCQUFFYzhyM1JQeWlnQjhaRgppZXF3TzRkSmhTOHBVSnh3VnVobm96eDhVeWxUakVmR210cld0RDdubkg5d21SMERBM0FGNCtLQXpMN01xc1Z4Cnc0RU5weE8zZzRXdVRFdXBlbTNwSVE3M2dxdXhmTGRZKy91RXJaMk51Y2tnSGVFWGVkQi9UdjFBUjFXeXl5YTcKak13Rjh2WHV6RUp5WWEvZG1qeXRMQ2gwVkZORDBRb2lxVUZoa2F6elpVdzE5NHpoVEhMWUFWUkNVQkphWWxZVAp0OW9BdSsxRUdVWks3QWs4cXhacnlJaGRNOUNrWFdiQm5lOTA5NllDZmQ3a3A0VkxXUVhCTlpTeXR3bUd0RTllCmpCQnJGSXJQenJOQnIrWWcrK0NKTklRcC9hVk83aFAzekdJNlRUQUFuS0FvcDFtSk5yQWRpN3pQQi81WEwrOGkKeGdDWXVDRUNnWUVBM3NYRGlVV1M3S0dJNXcxSTdWOGVGTHQxL2owTzczRFhxQ0xURU5iL2Y2TVAwVXdCVDU2bAoyTVJlZE1odWJvS1kwSWJmNmg3RGQrSzZweXFsTldIeW45QTVhVTU1MVJuQ0dwcGhXdEU2U0RQdExoMC9ZbmNwCmVrTGVJT043aU5UaXo1NzhHNDNrOFdlOVVWdkFzV0xKcU5TeXFOVWdGREhtMi9wOHQ0eVhlOFVDZ1lFQXZQT1cKK0FzM1UrY0xFdWZrS3JydHplRU8xcVN3d25Bam5kUVhHUWhOUEdqWWNNWFE5RHhjTldTb1BJL1JhT2NrZ0psVQp3YzB0cDN6clYyd2QwalJrLzZFZWZrWlZZWkNKL3hRSHFHYnRXWWFGcnFWVDFyaFFOUVUvSEVTKzZpZzBZelc3ClhZRXI4eUViNy9ZY2pkRWtuK1NaUkRXTFVzelo5ZEVWM09iR2thRUNnWUVBdVRmaVdJcWhHdDgvYlNOdGcvWjIKa3pROWFWR296a21hOUc5bjMzTnlZTlBaZmVIY29TODlvdG01MHcwbVMvbUhSckV0RUlIZGNScndwN1pjUCtNZApEK1RYSndnWllhV1Y3ZnAzZ1VPK1duUForbUpVNWZBL2F5aVhlTzdLTWowV0N4dWJidWx0OVl5VUtrWElFM1FZClNLZjNsMG9EN3VhQ2xGbFNRbVhCT1NVQ2dZRUFoM0pLSDBiVEEzY1VyaG5DcW9yVEd3a2d2T2JUdXAzdU9oNGwKN0pEUjVPTDNmR2VoTU9MdjZtcGNXd1Z4UkxTa3F2YS9GaW5CZDFXSjBtSXpRbExDcjZoTWxwSk9kQ0RMZXlsZApqKzh3WjBPU0lxNXEyZm5IclNvMG9rdjVXeHMwNm9WQzZYVkdEd1FGNWM3VGl5bUlDb0l4Qi84bC8xWFBUSEgwCkxTVFU1T0VDZ1lFQXlnSVByWFc1VkxXNGtNdW9oU0hvV2NGc1hlK1VkOURHUlJkRnE4UVJhZVB1VUk0bzVtbjQKRFNJZ2N3d3o5aGtLdTVvSFZzbkhUSTd5c256Skh0QzRMVGs5Z1FlNm5aZTk0NlZQT1hRNXJXWUNRTGxSeEhSTQpzQnRVZnZOVDhJc3lqOUtodDU5NEZjeHBUQklWVXFSSkR2ekhrY3BkOWtkTlBFdUlFTlRUODNjPQotLS0tLUVORCBSU0EgUFJJVkFURSBLRVktLS0tLQo=",
                            "master_auth.0.cluster_ca_certificate": "LS0tLS1CRUdJTiBDRVJUSUZJQ0FURS0tLS0tCk1JSURERENDQWZTZ0F3SUJBZ0lSQU5uRTFtbnhXWVVVZytGdlZreFVhQlF3RFFZSktvWklodmNOQVFFTEJRQXcKTHpFdE1Dc0dBMVVFQXhNa1pUUmlOVFV4WldZdE56RmhNQzAwWXpjeExUZzJOR010WmpnMU5UWTRZalV5WVRKbQpNQjRYRFRFNE1EUXhNREEyTkRZME0xb1hEVEl6TURRd09UQTNORFkwTTFvd0x6RXRNQ3NHQTFVRUF4TWtaVFJpCk5UVXhaV1l0TnpGaE1DMDBZemN4TFRnMk5HTXRaamcxTlRZNFlqVXlZVEptTUlJQklqQU5CZ2txaGtpRzl3MEIKQVFFRkFBT0NBUThBTUlJQkNnS0NBUUVBbFBBazVxQVpjWTMzNVhSOWR6M3Ixb1QrYjJiZFNDUStZRG0zcUoxaApnZ2tOcndmZmVmRlhvOTJ2M1dxU1p4em9sTUhQUnNxNnFPUmVLdVdDRTdnajQ5OERGZzBURitRZVhaeW1oQVMvClhINlBzZjl1cEdVK3kyZVQvaVVseGpzbTFsZms4SmY0UTQrRUlCUDBaTGVWYjMxYzlNVTlKVVRWS3ZvZjF4N24KdTVHbFVlNmVyVFJuRFdaNjc2NnY0Z29oa2VTZVU1eFlGRjRCOGczOVBFMGJZTEFzazJxWlVZZGdmUnFNT0l6SApKeWY2dkxidTE0ZlU4OG1Xd1I0MHNlUE13UVNHR2t3emZLbjZxd0RzUnJidUpoUjB4aVBvZ2tPKzFxV1Q5cXlICmE0VXZVZHpYUHN5UGh3OEFaV2Nnblgzb2JWTDhrODJpa0NrMUNVeWlpdTVUNFFJREFRQUJveU13SVRBT0JnTlYKSFE4QkFmOEVCQU1DQWdRd0R3WURWUjBUQVFIL0JBVXdBd0VCL3pBTkJna3Foa2lHOXcwQkFRc0ZBQU9DQVFFQQpCR2dsOHFXV05hYXNwdVhHSHBJVCtmWlg4THYvcU9OL0NSTlZ4Vy92K0E5MFFqaVVEL1JtOVRBVXp1SmtESFNBCjJHTmsvTUFkNlA1dGRRUUxsOHNKK0NxdUlFc1Z3cm5hS29jYiszV1pYejR1R1FBVktzY3lLUVIzZ29rNElUR3EKMExIdGxzY1pMQVZZeWJKYzVuNk5oWExHVDBtVlc0TWFaclRRMEpJOVlIVVRRNURJb0R0cFJablQ3Nll3b1ZZUwoxNGxickxub3VRM0kyZVYzUVZ2YVJHRnh0YlMxWWJUYnh2Wnc3MG9mcnBQNThnL01qUkZINzkra3h2K29tcVJmCll5K1pDeE5zNkFpMGlwMUpFYk93cHJHZmF6YmhDSjR5K0VVNGhrV1hPTTEzMmtFcmcrUWVTSEVub2xSWXhBTUgKbFQzRWtpS1ZCTDhWNHdyWEN1OWsyUT09Ci0tLS0tRU5EIENFUlRJRklDQVRFLS0tLS0K",
                            "master_auth.0.password": "tzWp8lPRcphkGbuR",
                            "master_auth.0.username": "admin",
                            "master_version": "1.8.8-gke.0",
                            "monitoring_service": "monitoring.googleapis.com",
                            "name": "training-cluster-4",
                            "network": "training-net",
                            "network_policy.#": "0",
                            "node_config.#": "1",
                            "node_config.0.disk_size_gb": "100",
                            "node_config.0.guest_accelerator.#": "0",
                            "node_config.0.image_type": "COS",
                            "node_config.0.labels.%": "0",
                            "node_config.0.local_ssd_count": "0",
                            "node_config.0.machine_type": "n1-standard-1",
                            "node_config.0.metadata.%": "0",
                            "node_config.0.min_cpu_platform": "",
                            "node_config.0.oauth_scopes.#": "4",
                            "node_config.0.oauth_scopes.1277378754": "https://www.googleapis.com/auth/monitoring",
                            "node_config.0.oauth_scopes.1632638332": "https://www.googleapis.com/auth/devstorage.read_only",
                            "node_config.0.oauth_scopes.172152165": "https://www.googleapis.com/auth/logging.write",
                            "node_config.0.oauth_scopes.299962681": "https://www.googleapis.com/auth/compute",
                            "node_config.0.preemptible": "false",
                            "node_config.0.service_account": "default",
                            "node_config.0.tags.#": "0",
                            "node_config.0.workload_metadata_config.#": "0",
                            "node_pool.#": "1",
                            "node_pool.0.autoscaling.#": "0",
                            "node_pool.0.initial_node_count": "3",
                            "node_pool.0.instance_group_urls.#": "1",
                            "node_pool.0.instance_group_urls.0": "https://www.googleapis.com/compute/v1/projects/sandbox-wescale/zones/europe-west1-b/instanceGroupManagers/gke-training-cluster-4-default-pool-469c08b3-grp",
                            "node_pool.0.management.#": "1",
                            "node_pool.0.management.0.auto_repair": "false",
                            "node_pool.0.management.0.auto_upgrade": "false",
                            "node_pool.0.name": "default-pool",
                            "node_pool.0.name_prefix": "",
                            "node_pool.0.node_config.#": "1",
                            "node_pool.0.node_config.0.disk_size_gb": "100",
                            "node_pool.0.node_config.0.guest_accelerator.#": "0",
                            "node_pool.0.node_config.0.image_type": "COS",
                            "node_pool.0.node_config.0.labels.%": "0",
                            "node_pool.0.node_config.0.local_ssd_count": "0",
                            "node_pool.0.node_config.0.machine_type": "n1-standard-1",
                            "node_pool.0.node_config.0.metadata.%": "0",
                            "node_pool.0.node_config.0.min_cpu_platform": "",
                            "node_pool.0.node_config.0.oauth_scopes.#": "4",
                            "node_pool.0.node_config.0.oauth_scopes.1277378754": "https://www.googleapis.com/auth/monitoring",
                            "node_pool.0.node_config.0.oauth_scopes.1632638332": "https://www.googleapis.com/auth/devstorage.read_only",
                            "node_pool.0.node_config.0.oauth_scopes.172152165": "https://www.googleapis.com/auth/logging.write",
                            "node_pool.0.node_config.0.oauth_scopes.299962681": "https://www.googleapis.com/auth/compute",
                            "node_pool.0.node_config.0.preemptible": "false",
                            "node_pool.0.node_config.0.service_account": "default",
                            "node_pool.0.node_config.0.tags.#": "0",
                            "node_pool.0.node_config.0.workload_metadata_config.#": "0",
                            "node_pool.0.node_count": "3",
                            "node_version": "1.8.8-gke.0",
                            "project": "sandbox-wescale",
                            "subnetwork": "training-subnet",
                            "zone": "europe-west1-b"
                        },
                        "meta": {
                            "e2bfb730-ecaa-11e6-8f88-34363bc7c4c0": {
                                "create": 1800000000000,
                                "delete": 600000000000,
                                "update": 600000000000
                            },
                            "schema_version": "1"
                        },
                        "tainted": false
                    },
                    "deposed": [],
                    "provider": "module.bootstrap-training.provider.google"
                }
            },
            "depends_on": []
        }
    ]
}
