{
    "version": 3,
    "terraform_version": "0.11.0",
    "serial": 2,
    "lineage": "a644d2eb-ef53-4544-a0f4-4c2b51563cc1",
    "modules": [
        {
            "path": [
                "root"
            ],
            "outputs": {},
            "resources": {},
            "depends_on": []
        },
        {
            "path": [
                "root",
                "bootstrap-training"
            ],
            "outputs": {},
            "resources": {
                "google_compute_firewall.training_fw_rules": {
                    "type": "google_compute_firewall",
                    "depends_on": [
                        "google_compute_network.training_net"
                    ],
                    "primary": {
                        "id": "training-fw-rules",
                        "attributes": {
                            "allow.#": "3",
                            "allow.1367131964.ports.#": "0",
                            "allow.1367131964.protocol": "icmp",
                            "allow.1486604749.ports.#": "0",
                            "allow.1486604749.protocol": "udp",
                            "allow.3848845357.ports.#": "0",
                            "allow.3848845357.protocol": "tcp",
                            "deny.#": "0",
                            "description": "",
                            "destination_ranges.#": "0",
                            "id": "training-fw-rules",
                            "name": "training-fw-rules",
                            "network": "https://www.googleapis.com/compute/v1/projects/sandbox-wescale/global/networks/training-net",
                            "priority": "1000",
                            "project": "sandbox-wescale",
                            "self_link": "https://www.googleapis.com/compute/v1/projects/sandbox-wescale/global/firewalls/training-fw-rules",
                            "source_ranges.#": "1",
                            "source_ranges.1080289494": "0.0.0.0/0",
                            "source_service_accounts.#": "0",
                            "source_tags.#": "0",
                            "target_service_accounts.#": "0",
                            "target_tags.#": "0"
                        },
                        "meta": {
                            "schema_version": "1"
                        },
                        "tainted": false
                    },
                    "deposed": [],
                    "provider": "module.bootstrap-training.provider.google"
                },
                "google_compute_instance.training-instance.0": {
                    "type": "google_compute_instance",
                    "depends_on": [
                        "google_compute_subnetwork.training_subnet"
                    ],
                    "primary": {
                        "id": "training-instance-0",
                        "attributes": {
                            "attached_disk.#": "0",
                            "boot_disk.#": "1",
                            "boot_disk.0.auto_delete": "true",
                            "boot_disk.0.device_name": "persistent-disk-0",
                            "boot_disk.0.disk_encryption_key_raw": "",
                            "boot_disk.0.disk_encryption_key_sha256": "",
                            "boot_disk.0.initialize_params.#": "1",
                            "boot_disk.0.initialize_params.0.image": "projects/ubuntu-os-cloud/global/images/ubuntu-1710-artful-v20171122",
                            "boot_disk.0.initialize_params.0.size": "10",
                            "boot_disk.0.initialize_params.0.type": "pd-standard",
                            "boot_disk.0.source": "https://www.googleapis.com/compute/v1/projects/sandbox-wescale/zones/europe-west1-b/disks/training-instance-0",
                            "can_ip_forward": "false",
                            "cpu_platform": "Intel Sandy Bridge",
                            "create_timeout": "4",
                            "guest_accelerator.#": "0",
                            "id": "training-instance-0",
                            "instance_id": "8177120801796509289",
                            "label_fingerprint": "42WmSpB8rSM=",
                            "machine_type": "g1-small",
                            "metadata.%": "1",
                            "metadata.ssh-keys": "training:ssh-rsa AAAAB3NzaC1yc2EAAAADAQABAAABAQDiZOht7hDWIomDFom83ecX0ZzGP0dVaJoBWzBKUeqUyR3oagwICCBybKw4tthwBG8jimx+vd8P6fEvJwVIzfBG1kPsmjtACLa9Dnox+m4mvBib3X7FC+3Uo2JEbmIbiRpmjm7JhK1hFdMgn06I2qywBTXrPUPRA6M1zdCABDF+Lfafmq3RObBj5TpNx0yWY7r9iBy7V/VE4U+EiDaih57Vhx7cyeBQ7XiGPUbjKAfsFaDHxGl3YOAywQu+Ur977vCblCY2fWXZfrNzqRzkz/dM4p9dJnfoCwVVX1kYJl60c75EU9chS3Jes6XaW7ae309jcUksW6N10LHJD+50CHE3 training@gemalto",
                            "metadata_fingerprint": "hO3vO1KkFas=",
                            "metadata_startup_script": "curl -s https://raw.githubusercontent.com/WeScale/kubernetes-formation/master/terraform/modules/bootstrap-vm.sh | bash -s 0",
                            "min_cpu_platform": "",
                            "name": "training-instance-0",
                            "network_interface.#": "1",
                            "network_interface.0.access_config.#": "1",
                            "network_interface.0.access_config.0.assigned_nat_ip": "35.195.37.5",
                            "network_interface.0.access_config.0.nat_ip": "35.195.37.5",
                            "network_interface.0.address": "10.123.0.37",
                            "network_interface.0.alias_ip_range.#": "0",
                            "network_interface.0.name": "nic0",
                            "network_interface.0.network": "https://www.googleapis.com/compute/v1/projects/sandbox-wescale/global/networks/training-net",
                            "network_interface.0.network_ip": "10.123.0.37",
                            "network_interface.0.subnetwork": "https://www.googleapis.com/compute/v1/projects/sandbox-wescale/regions/europe-west1/subnetworks/training-subnet",
                            "network_interface.0.subnetwork_project": "sandbox-wescale",
                            "project": "sandbox-wescale",
                            "scheduling.#": "1",
                            "scheduling.0.automatic_restart": "true",
                            "scheduling.0.on_host_maintenance": "MIGRATE",
                            "scheduling.0.preemptible": "false",
                            "scratch_disk.#": "0",
                            "self_link": "https://www.googleapis.com/compute/v1/projects/sandbox-wescale/zones/europe-west1-b/instances/training-instance-0",
                            "service_account.#": "1",
                            "service_account.0.email": "362060638318-compute@developer.gserviceaccount.com",
                            "service_account.0.scopes.#": "3",
                            "service_account.0.scopes.1328717722": "https://www.googleapis.com/auth/devstorage.read_write",
                            "service_account.0.scopes.1733087937": "https://www.googleapis.com/auth/cloud-platform",
                            "service_account.0.scopes.299962681": "https://www.googleapis.com/auth/compute",
                            "tags_fingerprint": "42WmSpB8rSM=",
                            "zone": "europe-west1-b"
                        },
                        "meta": {
                            "schema_version": "6"
                        },
                        "tainted": false
                    },
                    "deposed": [],
                    "provider": "module.bootstrap-training.provider.google"
                },
                "google_compute_instance.training-instance.1": {
                    "type": "google_compute_instance",
                    "depends_on": [
                        "google_compute_subnetwork.training_subnet"
                    ],
                    "primary": {
                        "id": "training-instance-1",
                        "attributes": {
                            "attached_disk.#": "0",
                            "boot_disk.#": "1",
                            "boot_disk.0.auto_delete": "true",
                            "boot_disk.0.device_name": "persistent-disk-0",
                            "boot_disk.0.disk_encryption_key_raw": "",
                            "boot_disk.0.disk_encryption_key_sha256": "",
                            "boot_disk.0.initialize_params.#": "1",
                            "boot_disk.0.initialize_params.0.image": "projects/ubuntu-os-cloud/global/images/ubuntu-1710-artful-v20171122",
                            "boot_disk.0.initialize_params.0.size": "10",
                            "boot_disk.0.initialize_params.0.type": "pd-standard",
                            "boot_disk.0.source": "https://www.googleapis.com/compute/v1/projects/sandbox-wescale/zones/europe-west1-b/disks/training-instance-1",
                            "can_ip_forward": "false",
                            "cpu_platform": "Intel Sandy Bridge",
                            "create_timeout": "4",
                            "guest_accelerator.#": "0",
                            "id": "training-instance-1",
                            "instance_id": "9200433280175427222",
                            "label_fingerprint": "42WmSpB8rSM=",
                            "machine_type": "g1-small",
                            "metadata.%": "1",
                            "metadata.ssh-keys": "training:ssh-rsa AAAAB3NzaC1yc2EAAAADAQABAAABAQDiZOht7hDWIomDFom83ecX0ZzGP0dVaJoBWzBKUeqUyR3oagwICCBybKw4tthwBG8jimx+vd8P6fEvJwVIzfBG1kPsmjtACLa9Dnox+m4mvBib3X7FC+3Uo2JEbmIbiRpmjm7JhK1hFdMgn06I2qywBTXrPUPRA6M1zdCABDF+Lfafmq3RObBj5TpNx0yWY7r9iBy7V/VE4U+EiDaih57Vhx7cyeBQ7XiGPUbjKAfsFaDHxGl3YOAywQu+Ur977vCblCY2fWXZfrNzqRzkz/dM4p9dJnfoCwVVX1kYJl60c75EU9chS3Jes6XaW7ae309jcUksW6N10LHJD+50CHE3 training@gemalto",
                            "metadata_fingerprint": "DfB97Obr9Uk=",
                            "metadata_startup_script": "curl -s https://raw.githubusercontent.com/WeScale/kubernetes-formation/master/terraform/modules/bootstrap-vm.sh | bash -s 1",
                            "min_cpu_platform": "",
                            "name": "training-instance-1",
                            "network_interface.#": "1",
                            "network_interface.0.access_config.#": "1",
                            "network_interface.0.access_config.0.assigned_nat_ip": "35.205.119.164",
                            "network_interface.0.access_config.0.nat_ip": "35.205.119.164",
                            "network_interface.0.address": "10.123.0.36",
                            "network_interface.0.alias_ip_range.#": "0",
                            "network_interface.0.name": "nic0",
                            "network_interface.0.network": "https://www.googleapis.com/compute/v1/projects/sandbox-wescale/global/networks/training-net",
                            "network_interface.0.network_ip": "10.123.0.36",
                            "network_interface.0.subnetwork": "https://www.googleapis.com/compute/v1/projects/sandbox-wescale/regions/europe-west1/subnetworks/training-subnet",
                            "network_interface.0.subnetwork_project": "sandbox-wescale",
                            "project": "sandbox-wescale",
                            "scheduling.#": "1",
                            "scheduling.0.automatic_restart": "true",
                            "scheduling.0.on_host_maintenance": "MIGRATE",
                            "scheduling.0.preemptible": "false",
                            "scratch_disk.#": "0",
                            "self_link": "https://www.googleapis.com/compute/v1/projects/sandbox-wescale/zones/europe-west1-b/instances/training-instance-1",
                            "service_account.#": "1",
                            "service_account.0.email": "362060638318-compute@developer.gserviceaccount.com",
                            "service_account.0.scopes.#": "3",
                            "service_account.0.scopes.1328717722": "https://www.googleapis.com/auth/devstorage.read_write",
                            "service_account.0.scopes.1733087937": "https://www.googleapis.com/auth/cloud-platform",
                            "service_account.0.scopes.299962681": "https://www.googleapis.com/auth/compute",
                            "tags_fingerprint": "42WmSpB8rSM=",
                            "zone": "europe-west1-b"
                        },
                        "meta": {
                            "schema_version": "6"
                        },
                        "tainted": false
                    },
                    "deposed": [],
                    "provider": "module.bootstrap-training.provider.google"
                },
                "google_compute_instance.training-instance.2": {
                    "type": "google_compute_instance",
                    "depends_on": [
                        "google_compute_subnetwork.training_subnet"
                    ],
                    "primary": {
                        "id": "training-instance-2",
                        "attributes": {
                            "attached_disk.#": "0",
                            "boot_disk.#": "1",
                            "boot_disk.0.auto_delete": "true",
                            "boot_disk.0.device_name": "persistent-disk-0",
                            "boot_disk.0.disk_encryption_key_raw": "",
                            "boot_disk.0.disk_encryption_key_sha256": "",
                            "boot_disk.0.initialize_params.#": "1",
                            "boot_disk.0.initialize_params.0.image": "projects/ubuntu-os-cloud/global/images/ubuntu-1710-artful-v20171122",
                            "boot_disk.0.initialize_params.0.size": "10",
                            "boot_disk.0.initialize_params.0.type": "pd-standard",
                            "boot_disk.0.source": "https://www.googleapis.com/compute/v1/projects/sandbox-wescale/zones/europe-west1-b/disks/training-instance-2",
                            "can_ip_forward": "false",
                            "cpu_platform": "Intel Sandy Bridge",
                            "create_timeout": "4",
                            "guest_accelerator.#": "0",
                            "id": "training-instance-2",
                            "instance_id": "7149810765426970283",
                            "label_fingerprint": "42WmSpB8rSM=",
                            "machine_type": "g1-small",
                            "metadata.%": "1",
                            "metadata.ssh-keys": "training:ssh-rsa AAAAB3NzaC1yc2EAAAADAQABAAABAQDiZOht7hDWIomDFom83ecX0ZzGP0dVaJoBWzBKUeqUyR3oagwICCBybKw4tthwBG8jimx+vd8P6fEvJwVIzfBG1kPsmjtACLa9Dnox+m4mvBib3X7FC+3Uo2JEbmIbiRpmjm7JhK1hFdMgn06I2qywBTXrPUPRA6M1zdCABDF+Lfafmq3RObBj5TpNx0yWY7r9iBy7V/VE4U+EiDaih57Vhx7cyeBQ7XiGPUbjKAfsFaDHxGl3YOAywQu+Ur977vCblCY2fWXZfrNzqRzkz/dM4p9dJnfoCwVVX1kYJl60c75EU9chS3Jes6XaW7ae309jcUksW6N10LHJD+50CHE3 training@gemalto",
                            "metadata_fingerprint": "e11Df9h_tjQ=",
                            "metadata_startup_script": "curl -s https://raw.githubusercontent.com/WeScale/kubernetes-formation/master/terraform/modules/bootstrap-vm.sh | bash -s 2",
                            "min_cpu_platform": "",
                            "name": "training-instance-2",
                            "network_interface.#": "1",
                            "network_interface.0.access_config.#": "1",
                            "network_interface.0.access_config.0.assigned_nat_ip": "35.205.40.4",
                            "network_interface.0.access_config.0.nat_ip": "35.205.40.4",
                            "network_interface.0.address": "10.123.0.3",
                            "network_interface.0.alias_ip_range.#": "0",
                            "network_interface.0.name": "nic0",
                            "network_interface.0.network": "https://www.googleapis.com/compute/v1/projects/sandbox-wescale/global/networks/training-net",
                            "network_interface.0.network_ip": "10.123.0.3",
                            "network_interface.0.subnetwork": "https://www.googleapis.com/compute/v1/projects/sandbox-wescale/regions/europe-west1/subnetworks/training-subnet",
                            "network_interface.0.subnetwork_project": "sandbox-wescale",
                            "project": "sandbox-wescale",
                            "scheduling.#": "1",
                            "scheduling.0.automatic_restart": "true",
                            "scheduling.0.on_host_maintenance": "MIGRATE",
                            "scheduling.0.preemptible": "false",
                            "scratch_disk.#": "0",
                            "self_link": "https://www.googleapis.com/compute/v1/projects/sandbox-wescale/zones/europe-west1-b/instances/training-instance-2",
                            "service_account.#": "1",
                            "service_account.0.email": "362060638318-compute@developer.gserviceaccount.com",
                            "service_account.0.scopes.#": "3",
                            "service_account.0.scopes.1328717722": "https://www.googleapis.com/auth/devstorage.read_write",
                            "service_account.0.scopes.1733087937": "https://www.googleapis.com/auth/cloud-platform",
                            "service_account.0.scopes.299962681": "https://www.googleapis.com/auth/compute",
                            "tags_fingerprint": "42WmSpB8rSM=",
                            "zone": "europe-west1-b"
                        },
                        "meta": {
                            "schema_version": "6"
                        },
                        "tainted": false
                    },
                    "deposed": [],
                    "provider": "module.bootstrap-training.provider.google"
                },
                "google_compute_instance.training-instance.3": {
                    "type": "google_compute_instance",
                    "depends_on": [
                        "google_compute_subnetwork.training_subnet"
                    ],
                    "primary": {
                        "id": "training-instance-3",
                        "attributes": {
                            "attached_disk.#": "0",
                            "boot_disk.#": "1",
                            "boot_disk.0.auto_delete": "true",
                            "boot_disk.0.device_name": "persistent-disk-0",
                            "boot_disk.0.disk_encryption_key_raw": "",
                            "boot_disk.0.disk_encryption_key_sha256": "",
                            "boot_disk.0.initialize_params.#": "1",
                            "boot_disk.0.initialize_params.0.image": "projects/ubuntu-os-cloud/global/images/ubuntu-1710-artful-v20171122",
                            "boot_disk.0.initialize_params.0.size": "10",
                            "boot_disk.0.initialize_params.0.type": "pd-standard",
                            "boot_disk.0.source": "https://www.googleapis.com/compute/v1/projects/sandbox-wescale/zones/europe-west1-b/disks/training-instance-3",
                            "can_ip_forward": "false",
                            "cpu_platform": "Intel Sandy Bridge",
                            "create_timeout": "4",
                            "guest_accelerator.#": "0",
                            "id": "training-instance-3",
                            "instance_id": "687503732351028907",
                            "label_fingerprint": "42WmSpB8rSM=",
                            "machine_type": "g1-small",
                            "metadata.%": "1",
                            "metadata.ssh-keys": "training:ssh-rsa AAAAB3NzaC1yc2EAAAADAQABAAABAQDiZOht7hDWIomDFom83ecX0ZzGP0dVaJoBWzBKUeqUyR3oagwICCBybKw4tthwBG8jimx+vd8P6fEvJwVIzfBG1kPsmjtACLa9Dnox+m4mvBib3X7FC+3Uo2JEbmIbiRpmjm7JhK1hFdMgn06I2qywBTXrPUPRA6M1zdCABDF+Lfafmq3RObBj5TpNx0yWY7r9iBy7V/VE4U+EiDaih57Vhx7cyeBQ7XiGPUbjKAfsFaDHxGl3YOAywQu+Ur977vCblCY2fWXZfrNzqRzkz/dM4p9dJnfoCwVVX1kYJl60c75EU9chS3Jes6XaW7ae309jcUksW6N10LHJD+50CHE3 training@gemalto",
                            "metadata_fingerprint": "DKXMWw7gCuo=",
                            "metadata_startup_script": "curl -s https://raw.githubusercontent.com/WeScale/kubernetes-formation/master/terraform/modules/bootstrap-vm.sh | bash -s 3",
                            "min_cpu_platform": "",
                            "name": "training-instance-3",
                            "network_interface.#": "1",
                            "network_interface.0.access_config.#": "1",
                            "network_interface.0.access_config.0.assigned_nat_ip": "35.205.128.91",
                            "network_interface.0.access_config.0.nat_ip": "35.205.128.91",
                            "network_interface.0.address": "10.123.0.2",
                            "network_interface.0.alias_ip_range.#": "0",
                            "network_interface.0.name": "nic0",
                            "network_interface.0.network": "https://www.googleapis.com/compute/v1/projects/sandbox-wescale/global/networks/training-net",
                            "network_interface.0.network_ip": "10.123.0.2",
                            "network_interface.0.subnetwork": "https://www.googleapis.com/compute/v1/projects/sandbox-wescale/regions/europe-west1/subnetworks/training-subnet",
                            "network_interface.0.subnetwork_project": "sandbox-wescale",
                            "project": "sandbox-wescale",
                            "scheduling.#": "1",
                            "scheduling.0.automatic_restart": "true",
                            "scheduling.0.on_host_maintenance": "MIGRATE",
                            "scheduling.0.preemptible": "false",
                            "scratch_disk.#": "0",
                            "self_link": "https://www.googleapis.com/compute/v1/projects/sandbox-wescale/zones/europe-west1-b/instances/training-instance-3",
                            "service_account.#": "1",
                            "service_account.0.email": "362060638318-compute@developer.gserviceaccount.com",
                            "service_account.0.scopes.#": "3",
                            "service_account.0.scopes.1328717722": "https://www.googleapis.com/auth/devstorage.read_write",
                            "service_account.0.scopes.1733087937": "https://www.googleapis.com/auth/cloud-platform",
                            "service_account.0.scopes.299962681": "https://www.googleapis.com/auth/compute",
                            "tags_fingerprint": "42WmSpB8rSM=",
                            "zone": "europe-west1-b"
                        },
                        "meta": {
                            "schema_version": "6"
                        },
                        "tainted": false
                    },
                    "deposed": [],
                    "provider": "module.bootstrap-training.provider.google"
                },
                "google_compute_instance.training-instance.4": {
                    "type": "google_compute_instance",
                    "depends_on": [
                        "google_compute_subnetwork.training_subnet"
                    ],
                    "primary": {
                        "id": "training-instance-4",
                        "attributes": {
                            "attached_disk.#": "0",
                            "boot_disk.#": "1",
                            "boot_disk.0.auto_delete": "true",
                            "boot_disk.0.device_name": "persistent-disk-0",
                            "boot_disk.0.disk_encryption_key_raw": "",
                            "boot_disk.0.disk_encryption_key_sha256": "",
                            "boot_disk.0.initialize_params.#": "1",
                            "boot_disk.0.initialize_params.0.image": "projects/ubuntu-os-cloud/global/images/ubuntu-1710-artful-v20171122",
                            "boot_disk.0.initialize_params.0.size": "10",
                            "boot_disk.0.initialize_params.0.type": "pd-standard",
                            "boot_disk.0.source": "https://www.googleapis.com/compute/v1/projects/sandbox-wescale/zones/europe-west1-b/disks/training-instance-4",
                            "can_ip_forward": "false",
                            "cpu_platform": "Intel Sandy Bridge",
                            "create_timeout": "4",
                            "guest_accelerator.#": "0",
                            "id": "training-instance-4",
                            "instance_id": "5460610191018544811",
                            "label_fingerprint": "42WmSpB8rSM=",
                            "machine_type": "g1-small",
                            "metadata.%": "1",
                            "metadata.ssh-keys": "training:ssh-rsa AAAAB3NzaC1yc2EAAAADAQABAAABAQDiZOht7hDWIomDFom83ecX0ZzGP0dVaJoBWzBKUeqUyR3oagwICCBybKw4tthwBG8jimx+vd8P6fEvJwVIzfBG1kPsmjtACLa9Dnox+m4mvBib3X7FC+3Uo2JEbmIbiRpmjm7JhK1hFdMgn06I2qywBTXrPUPRA6M1zdCABDF+Lfafmq3RObBj5TpNx0yWY7r9iBy7V/VE4U+EiDaih57Vhx7cyeBQ7XiGPUbjKAfsFaDHxGl3YOAywQu+Ur977vCblCY2fWXZfrNzqRzkz/dM4p9dJnfoCwVVX1kYJl60c75EU9chS3Jes6XaW7ae309jcUksW6N10LHJD+50CHE3 training@gemalto",
                            "metadata_fingerprint": "slV9GbXWC4o=",
                            "metadata_startup_script": "curl -s https://raw.githubusercontent.com/WeScale/kubernetes-formation/master/terraform/modules/bootstrap-vm.sh | bash -s 4",
                            "min_cpu_platform": "",
                            "name": "training-instance-4",
                            "network_interface.#": "1",
                            "network_interface.0.access_config.#": "1",
                            "network_interface.0.access_config.0.assigned_nat_ip": "35.195.157.235",
                            "network_interface.0.access_config.0.nat_ip": "35.195.157.235",
                            "network_interface.0.address": "10.123.0.4",
                            "network_interface.0.alias_ip_range.#": "0",
                            "network_interface.0.name": "nic0",
                            "network_interface.0.network": "https://www.googleapis.com/compute/v1/projects/sandbox-wescale/global/networks/training-net",
                            "network_interface.0.network_ip": "10.123.0.4",
                            "network_interface.0.subnetwork": "https://www.googleapis.com/compute/v1/projects/sandbox-wescale/regions/europe-west1/subnetworks/training-subnet",
                            "network_interface.0.subnetwork_project": "sandbox-wescale",
                            "project": "sandbox-wescale",
                            "scheduling.#": "1",
                            "scheduling.0.automatic_restart": "true",
                            "scheduling.0.on_host_maintenance": "MIGRATE",
                            "scheduling.0.preemptible": "false",
                            "scratch_disk.#": "0",
                            "self_link": "https://www.googleapis.com/compute/v1/projects/sandbox-wescale/zones/europe-west1-b/instances/training-instance-4",
                            "service_account.#": "1",
                            "service_account.0.email": "362060638318-compute@developer.gserviceaccount.com",
                            "service_account.0.scopes.#": "3",
                            "service_account.0.scopes.1328717722": "https://www.googleapis.com/auth/devstorage.read_write",
                            "service_account.0.scopes.1733087937": "https://www.googleapis.com/auth/cloud-platform",
                            "service_account.0.scopes.299962681": "https://www.googleapis.com/auth/compute",
                            "tags_fingerprint": "42WmSpB8rSM=",
                            "zone": "europe-west1-b"
                        },
                        "meta": {
                            "schema_version": "6"
                        },
                        "tainted": false
                    },
                    "deposed": [],
                    "provider": "module.bootstrap-training.provider.google"
                },
                "google_compute_instance.training-instance.5": {
                    "type": "google_compute_instance",
                    "depends_on": [
                        "google_compute_subnetwork.training_subnet"
                    ],
                    "primary": {
                        "id": "training-instance-5",
                        "attributes": {
                            "attached_disk.#": "0",
                            "boot_disk.#": "1",
                            "boot_disk.0.auto_delete": "true",
                            "boot_disk.0.device_name": "persistent-disk-0",
                            "boot_disk.0.disk_encryption_key_raw": "",
                            "boot_disk.0.disk_encryption_key_sha256": "",
                            "boot_disk.0.initialize_params.#": "1",
                            "boot_disk.0.initialize_params.0.image": "projects/ubuntu-os-cloud/global/images/ubuntu-1710-artful-v20171122",
                            "boot_disk.0.initialize_params.0.size": "10",
                            "boot_disk.0.initialize_params.0.type": "pd-standard",
                            "boot_disk.0.source": "https://www.googleapis.com/compute/v1/projects/sandbox-wescale/zones/europe-west1-b/disks/training-instance-5",
                            "can_ip_forward": "false",
                            "cpu_platform": "Intel Sandy Bridge",
                            "create_timeout": "4",
                            "guest_accelerator.#": "0",
                            "id": "training-instance-5",
                            "instance_id": "5537508818789453483",
                            "label_fingerprint": "42WmSpB8rSM=",
                            "machine_type": "g1-small",
                            "metadata.%": "1",
                            "metadata.ssh-keys": "training:ssh-rsa AAAAB3NzaC1yc2EAAAADAQABAAABAQDiZOht7hDWIomDFom83ecX0ZzGP0dVaJoBWzBKUeqUyR3oagwICCBybKw4tthwBG8jimx+vd8P6fEvJwVIzfBG1kPsmjtACLa9Dnox+m4mvBib3X7FC+3Uo2JEbmIbiRpmjm7JhK1hFdMgn06I2qywBTXrPUPRA6M1zdCABDF+Lfafmq3RObBj5TpNx0yWY7r9iBy7V/VE4U+EiDaih57Vhx7cyeBQ7XiGPUbjKAfsFaDHxGl3YOAywQu+Ur977vCblCY2fWXZfrNzqRzkz/dM4p9dJnfoCwVVX1kYJl60c75EU9chS3Jes6XaW7ae309jcUksW6N10LHJD+50CHE3 training@gemalto",
                            "metadata_fingerprint": "c2XwLEvTq1s=",
                            "metadata_startup_script": "curl -s https://raw.githubusercontent.com/WeScale/kubernetes-formation/master/terraform/modules/bootstrap-vm.sh | bash -s 5",
                            "min_cpu_platform": "",
                            "name": "training-instance-5",
                            "network_interface.#": "1",
                            "network_interface.0.access_config.#": "1",
                            "network_interface.0.access_config.0.assigned_nat_ip": "35.195.117.100",
                            "network_interface.0.access_config.0.nat_ip": "35.195.117.100",
                            "network_interface.0.address": "10.123.0.5",
                            "network_interface.0.alias_ip_range.#": "0",
                            "network_interface.0.name": "nic0",
                            "network_interface.0.network": "https://www.googleapis.com/compute/v1/projects/sandbox-wescale/global/networks/training-net",
                            "network_interface.0.network_ip": "10.123.0.5",
                            "network_interface.0.subnetwork": "https://www.googleapis.com/compute/v1/projects/sandbox-wescale/regions/europe-west1/subnetworks/training-subnet",
                            "network_interface.0.subnetwork_project": "sandbox-wescale",
                            "project": "sandbox-wescale",
                            "scheduling.#": "1",
                            "scheduling.0.automatic_restart": "true",
                            "scheduling.0.on_host_maintenance": "MIGRATE",
                            "scheduling.0.preemptible": "false",
                            "scratch_disk.#": "0",
                            "self_link": "https://www.googleapis.com/compute/v1/projects/sandbox-wescale/zones/europe-west1-b/instances/training-instance-5",
                            "service_account.#": "1",
                            "service_account.0.email": "362060638318-compute@developer.gserviceaccount.com",
                            "service_account.0.scopes.#": "3",
                            "service_account.0.scopes.1328717722": "https://www.googleapis.com/auth/devstorage.read_write",
                            "service_account.0.scopes.1733087937": "https://www.googleapis.com/auth/cloud-platform",
                            "service_account.0.scopes.299962681": "https://www.googleapis.com/auth/compute",
                            "tags_fingerprint": "42WmSpB8rSM=",
                            "zone": "europe-west1-b"
                        },
                        "meta": {
                            "schema_version": "6"
                        },
                        "tainted": false
                    },
                    "deposed": [],
                    "provider": "module.bootstrap-training.provider.google"
                },
                "google_compute_instance.training-instance.6": {
                    "type": "google_compute_instance",
                    "depends_on": [
                        "google_compute_subnetwork.training_subnet"
                    ],
                    "primary": {
                        "id": "training-instance-6",
                        "attributes": {
                            "attached_disk.#": "0",
                            "boot_disk.#": "1",
                            "boot_disk.0.auto_delete": "true",
                            "boot_disk.0.device_name": "persistent-disk-0",
                            "boot_disk.0.disk_encryption_key_raw": "",
                            "boot_disk.0.disk_encryption_key_sha256": "",
                            "boot_disk.0.initialize_params.#": "1",
                            "boot_disk.0.initialize_params.0.image": "projects/ubuntu-os-cloud/global/images/ubuntu-1710-artful-v20171122",
                            "boot_disk.0.initialize_params.0.size": "10",
                            "boot_disk.0.initialize_params.0.type": "pd-standard",
                            "boot_disk.0.source": "https://www.googleapis.com/compute/v1/projects/sandbox-wescale/zones/europe-west1-b/disks/training-instance-6",
                            "can_ip_forward": "false",
                            "cpu_platform": "Intel Sandy Bridge",
                            "create_timeout": "4",
                            "guest_accelerator.#": "0",
                            "id": "training-instance-6",
                            "instance_id": "2478157395705581244",
                            "label_fingerprint": "42WmSpB8rSM=",
                            "machine_type": "g1-small",
                            "metadata.%": "1",
                            "metadata.ssh-keys": "training:ssh-rsa AAAAB3NzaC1yc2EAAAADAQABAAABAQDiZOht7hDWIomDFom83ecX0ZzGP0dVaJoBWzBKUeqUyR3oagwICCBybKw4tthwBG8jimx+vd8P6fEvJwVIzfBG1kPsmjtACLa9Dnox+m4mvBib3X7FC+3Uo2JEbmIbiRpmjm7JhK1hFdMgn06I2qywBTXrPUPRA6M1zdCABDF+Lfafmq3RObBj5TpNx0yWY7r9iBy7V/VE4U+EiDaih57Vhx7cyeBQ7XiGPUbjKAfsFaDHxGl3YOAywQu+Ur977vCblCY2fWXZfrNzqRzkz/dM4p9dJnfoCwVVX1kYJl60c75EU9chS3Jes6XaW7ae309jcUksW6N10LHJD+50CHE3 training@gemalto",
                            "metadata_fingerprint": "aFx1enOKzjM=",
                            "metadata_startup_script": "curl -s https://raw.githubusercontent.com/WeScale/kubernetes-formation/master/terraform/modules/bootstrap-vm.sh | bash -s 6",
                            "min_cpu_platform": "",
                            "name": "training-instance-6",
                            "network_interface.#": "1",
                            "network_interface.0.access_config.#": "1",
                            "network_interface.0.access_config.0.assigned_nat_ip": "35.205.170.247",
                            "network_interface.0.access_config.0.nat_ip": "35.205.170.247",
                            "network_interface.0.address": "10.123.0.6",
                            "network_interface.0.alias_ip_range.#": "0",
                            "network_interface.0.name": "nic0",
                            "network_interface.0.network": "https://www.googleapis.com/compute/v1/projects/sandbox-wescale/global/networks/training-net",
                            "network_interface.0.network_ip": "10.123.0.6",
                            "network_interface.0.subnetwork": "https://www.googleapis.com/compute/v1/projects/sandbox-wescale/regions/europe-west1/subnetworks/training-subnet",
                            "network_interface.0.subnetwork_project": "sandbox-wescale",
                            "project": "sandbox-wescale",
                            "scheduling.#": "1",
                            "scheduling.0.automatic_restart": "true",
                            "scheduling.0.on_host_maintenance": "MIGRATE",
                            "scheduling.0.preemptible": "false",
                            "scratch_disk.#": "0",
                            "self_link": "https://www.googleapis.com/compute/v1/projects/sandbox-wescale/zones/europe-west1-b/instances/training-instance-6",
                            "service_account.#": "1",
                            "service_account.0.email": "362060638318-compute@developer.gserviceaccount.com",
                            "service_account.0.scopes.#": "3",
                            "service_account.0.scopes.1328717722": "https://www.googleapis.com/auth/devstorage.read_write",
                            "service_account.0.scopes.1733087937": "https://www.googleapis.com/auth/cloud-platform",
                            "service_account.0.scopes.299962681": "https://www.googleapis.com/auth/compute",
                            "tags_fingerprint": "42WmSpB8rSM=",
                            "zone": "europe-west1-b"
                        },
                        "meta": {
                            "schema_version": "6"
                        },
                        "tainted": false
                    },
                    "deposed": [],
                    "provider": "module.bootstrap-training.provider.google"
                },
                "google_compute_instance.training-instance.7": {
                    "type": "google_compute_instance",
                    "depends_on": [
                        "google_compute_subnetwork.training_subnet"
                    ],
                    "primary": {
                        "id": "training-instance-7",
                        "attributes": {
                            "attached_disk.#": "0",
                            "boot_disk.#": "1",
                            "boot_disk.0.auto_delete": "true",
                            "boot_disk.0.device_name": "persistent-disk-0",
                            "boot_disk.0.disk_encryption_key_raw": "",
                            "boot_disk.0.disk_encryption_key_sha256": "",
                            "boot_disk.0.initialize_params.#": "1",
                            "boot_disk.0.initialize_params.0.image": "projects/ubuntu-os-cloud/global/images/ubuntu-1710-artful-v20171122",
                            "boot_disk.0.initialize_params.0.size": "10",
                            "boot_disk.0.initialize_params.0.type": "pd-standard",
                            "boot_disk.0.source": "https://www.googleapis.com/compute/v1/projects/sandbox-wescale/zones/europe-west1-b/disks/training-instance-7",
                            "can_ip_forward": "false",
                            "cpu_platform": "Intel Sandy Bridge",
                            "create_timeout": "4",
                            "guest_accelerator.#": "0",
                            "id": "training-instance-7",
                            "instance_id": "7959669373558967984",
                            "label_fingerprint": "42WmSpB8rSM=",
                            "machine_type": "g1-small",
                            "metadata.%": "1",
                            "metadata.ssh-keys": "training:ssh-rsa AAAAB3NzaC1yc2EAAAADAQABAAABAQDiZOht7hDWIomDFom83ecX0ZzGP0dVaJoBWzBKUeqUyR3oagwICCBybKw4tthwBG8jimx+vd8P6fEvJwVIzfBG1kPsmjtACLa9Dnox+m4mvBib3X7FC+3Uo2JEbmIbiRpmjm7JhK1hFdMgn06I2qywBTXrPUPRA6M1zdCABDF+Lfafmq3RObBj5TpNx0yWY7r9iBy7V/VE4U+EiDaih57Vhx7cyeBQ7XiGPUbjKAfsFaDHxGl3YOAywQu+Ur977vCblCY2fWXZfrNzqRzkz/dM4p9dJnfoCwVVX1kYJl60c75EU9chS3Jes6XaW7ae309jcUksW6N10LHJD+50CHE3 training@gemalto",
                            "metadata_fingerprint": "6fQSSBtLBNc=",
                            "metadata_startup_script": "curl -s https://raw.githubusercontent.com/WeScale/kubernetes-formation/master/terraform/modules/bootstrap-vm.sh | bash -s 7",
                            "min_cpu_platform": "",
                            "name": "training-instance-7",
                            "network_interface.#": "1",
                            "network_interface.0.access_config.#": "1",
                            "network_interface.0.access_config.0.assigned_nat_ip": "35.205.83.163",
                            "network_interface.0.access_config.0.nat_ip": "35.205.83.163",
                            "network_interface.0.address": "10.123.0.7",
                            "network_interface.0.alias_ip_range.#": "0",
                            "network_interface.0.name": "nic0",
                            "network_interface.0.network": "https://www.googleapis.com/compute/v1/projects/sandbox-wescale/global/networks/training-net",
                            "network_interface.0.network_ip": "10.123.0.7",
                            "network_interface.0.subnetwork": "https://www.googleapis.com/compute/v1/projects/sandbox-wescale/regions/europe-west1/subnetworks/training-subnet",
                            "network_interface.0.subnetwork_project": "sandbox-wescale",
                            "project": "sandbox-wescale",
                            "scheduling.#": "1",
                            "scheduling.0.automatic_restart": "true",
                            "scheduling.0.on_host_maintenance": "MIGRATE",
                            "scheduling.0.preemptible": "false",
                            "scratch_disk.#": "0",
                            "self_link": "https://www.googleapis.com/compute/v1/projects/sandbox-wescale/zones/europe-west1-b/instances/training-instance-7",
                            "service_account.#": "1",
                            "service_account.0.email": "362060638318-compute@developer.gserviceaccount.com",
                            "service_account.0.scopes.#": "3",
                            "service_account.0.scopes.1328717722": "https://www.googleapis.com/auth/devstorage.read_write",
                            "service_account.0.scopes.1733087937": "https://www.googleapis.com/auth/cloud-platform",
                            "service_account.0.scopes.299962681": "https://www.googleapis.com/auth/compute",
                            "tags_fingerprint": "42WmSpB8rSM=",
                            "zone": "europe-west1-b"
                        },
                        "meta": {
                            "schema_version": "6"
                        },
                        "tainted": false
                    },
                    "deposed": [],
                    "provider": "module.bootstrap-training.provider.google"
                },
                "google_compute_instance.training-instance.8": {
                    "type": "google_compute_instance",
                    "depends_on": [
                        "google_compute_subnetwork.training_subnet"
                    ],
                    "primary": {
                        "id": "training-instance-8",
                        "attributes": {
                            "attached_disk.#": "0",
                            "boot_disk.#": "1",
                            "boot_disk.0.auto_delete": "true",
                            "boot_disk.0.device_name": "persistent-disk-0",
                            "boot_disk.0.disk_encryption_key_raw": "",
                            "boot_disk.0.disk_encryption_key_sha256": "",
                            "boot_disk.0.initialize_params.#": "1",
                            "boot_disk.0.initialize_params.0.image": "projects/ubuntu-os-cloud/global/images/ubuntu-1710-artful-v20171122",
                            "boot_disk.0.initialize_params.0.size": "10",
                            "boot_disk.0.initialize_params.0.type": "pd-standard",
                            "boot_disk.0.source": "https://www.googleapis.com/compute/v1/projects/sandbox-wescale/zones/europe-west1-b/disks/training-instance-8",
                            "can_ip_forward": "false",
                            "cpu_platform": "Intel Sandy Bridge",
                            "create_timeout": "4",
                            "guest_accelerator.#": "0",
                            "id": "training-instance-8",
                            "instance_id": "8312162124135255683",
                            "label_fingerprint": "42WmSpB8rSM=",
                            "machine_type": "g1-small",
                            "metadata.%": "1",
                            "metadata.ssh-keys": "training:ssh-rsa AAAAB3NzaC1yc2EAAAADAQABAAABAQDiZOht7hDWIomDFom83ecX0ZzGP0dVaJoBWzBKUeqUyR3oagwICCBybKw4tthwBG8jimx+vd8P6fEvJwVIzfBG1kPsmjtACLa9Dnox+m4mvBib3X7FC+3Uo2JEbmIbiRpmjm7JhK1hFdMgn06I2qywBTXrPUPRA6M1zdCABDF+Lfafmq3RObBj5TpNx0yWY7r9iBy7V/VE4U+EiDaih57Vhx7cyeBQ7XiGPUbjKAfsFaDHxGl3YOAywQu+Ur977vCblCY2fWXZfrNzqRzkz/dM4p9dJnfoCwVVX1kYJl60c75EU9chS3Jes6XaW7ae309jcUksW6N10LHJD+50CHE3 training@gemalto",
                            "metadata_fingerprint": "IZ-bUoxFYp8=",
                            "metadata_startup_script": "curl -s https://raw.githubusercontent.com/WeScale/kubernetes-formation/master/terraform/modules/bootstrap-vm.sh | bash -s 8",
                            "min_cpu_platform": "",
                            "name": "training-instance-8",
                            "network_interface.#": "1",
                            "network_interface.0.access_config.#": "1",
                            "network_interface.0.access_config.0.assigned_nat_ip": "35.195.48.64",
                            "network_interface.0.access_config.0.nat_ip": "35.195.48.64",
                            "network_interface.0.address": "10.123.0.23",
                            "network_interface.0.alias_ip_range.#": "0",
                            "network_interface.0.name": "nic0",
                            "network_interface.0.network": "https://www.googleapis.com/compute/v1/projects/sandbox-wescale/global/networks/training-net",
                            "network_interface.0.network_ip": "10.123.0.23",
                            "network_interface.0.subnetwork": "https://www.googleapis.com/compute/v1/projects/sandbox-wescale/regions/europe-west1/subnetworks/training-subnet",
                            "network_interface.0.subnetwork_project": "sandbox-wescale",
                            "project": "sandbox-wescale",
                            "scheduling.#": "1",
                            "scheduling.0.automatic_restart": "true",
                            "scheduling.0.on_host_maintenance": "MIGRATE",
                            "scheduling.0.preemptible": "false",
                            "scratch_disk.#": "0",
                            "self_link": "https://www.googleapis.com/compute/v1/projects/sandbox-wescale/zones/europe-west1-b/instances/training-instance-8",
                            "service_account.#": "1",
                            "service_account.0.email": "362060638318-compute@developer.gserviceaccount.com",
                            "service_account.0.scopes.#": "3",
                            "service_account.0.scopes.1328717722": "https://www.googleapis.com/auth/devstorage.read_write",
                            "service_account.0.scopes.1733087937": "https://www.googleapis.com/auth/cloud-platform",
                            "service_account.0.scopes.299962681": "https://www.googleapis.com/auth/compute",
                            "tags_fingerprint": "42WmSpB8rSM=",
                            "zone": "europe-west1-b"
                        },
                        "meta": {
                            "schema_version": "6"
                        },
                        "tainted": false
                    },
                    "deposed": [],
                    "provider": "module.bootstrap-training.provider.google"
                },
                "google_compute_network.training_net": {
                    "type": "google_compute_network",
                    "depends_on": [],
                    "primary": {
                        "id": "training-net",
                        "attributes": {
                            "auto_create_subnetworks": "false",
                            "gateway_ipv4": "",
                            "id": "training-net",
                            "ipv4_range": "",
                            "name": "training-net",
                            "project": "sandbox-wescale",
                            "self_link": "https://www.googleapis.com/compute/v1/projects/sandbox-wescale/global/networks/training-net"
                        },
                        "meta": {},
                        "tainted": false
                    },
                    "deposed": [],
                    "provider": "module.bootstrap-training.provider.google"
                },
                "google_compute_subnetwork.training_subnet": {
                    "type": "google_compute_subnetwork",
                    "depends_on": [
                        "google_compute_network.training_net"
                    ],
                    "primary": {
                        "id": "europe-west1/training-subnet",
                        "attributes": {
                            "description": "",
                            "gateway_address": "10.123.0.1",
                            "id": "europe-west1/training-subnet",
                            "ip_cidr_range": "10.123.0.0/24",
                            "name": "training-subnet",
                            "network": "https://www.googleapis.com/compute/v1/projects/sandbox-wescale/global/networks/training-net",
                            "private_ip_google_access": "false",
                            "project": "sandbox-wescale",
                            "region": "europe-west1",
                            "secondary_ip_range.#": "0",
                            "self_link": "https://www.googleapis.com/compute/v1/projects/sandbox-wescale/regions/europe-west1/subnetworks/training-subnet"
                        },
                        "meta": {},
                        "tainted": false
                    },
                    "deposed": [],
                    "provider": "module.bootstrap-training.provider.google"
                },
                "google_container_cluster.training-cluster.0": {
                    "type": "google_container_cluster",
                    "depends_on": [
                        "google_compute_network.training_net",
                        "google_compute_subnetwork.training_subnet"
                    ],
                    "primary": {
                        "id": "training-cluster-0",
                        "attributes": {
                            "additional_zones.#": "0",
                            "addons_config.#": "1",
                            "cluster_ipv4_cidr": "10.28.0.0/14",
                            "description": "",
                            "enable_kubernetes_alpha": "false",
                            "enable_legacy_abac": "true",
                            "endpoint": "35.195.70.178",
                            "id": "training-cluster-0",
                            "initial_node_count": "3",
                            "instance_group_urls.#": "1",
                            "instance_group_urls.0": "https://www.googleapis.com/compute/v1/projects/sandbox-wescale/zones/europe-west1-b/instanceGroups/gke-training-cluster-0-default-pool-a4d952e5-grp",
                            "logging_service": "logging.googleapis.com",
                            "master_auth.#": "1",
                            "master_auth.0.client_certificate": "LS0tLS1CRUdJTiBDRVJUSUZJQ0FURS0tLS0tCk1JSUMyekNDQWNPZ0F3SUJBZ0lSQUxYOU8vYjhmQU13UzdsQVA4NzVHZmN3RFFZSktvWklodmNOQVFFTEJRQXcKTHpFdE1Dc0dBMVVFQXhNa05UY3pOVEU1TldFdE1tTXhNQzAwTldNMUxXSXlOamN0TWprM1pHSm1PVFk1TlRRdwpNQjRYRFRFM01USXdNekl4TkRRek5sb1hEVEl5TVRJd01qSXhORFF6Tmxvd0VURVBNQTBHQTFVRUF4TUdZMnhwClpXNTBNSUlCSWpBTkJna3Foa2lHOXcwQkFRRUZBQU9DQVE4QU1JSUJDZ0tDQVFFQXVWek14K3FqTjNBVlpJY2cKazRSbFEvaFJNZmxxK2ZZWnNwTzBkVkozc3lUSm9PVHRnQWZDMWZTRm85OHJjbXFzTHUybWNOSzZDc1gwbElwaAp0dnBpQ1FWUkEza2YwMVBFWWtGU1o0T0Nnb3Q3S3ZkZGpZeVlHRmZJVkZoRThmdGFHakUyZVV6WDR1MCtCS2hFCklMbWxFNnR1aVlFNjg3Qlc3S292QkFUZ2JIc2R0OVZNVGc4SlJwdG94TGhBNFJHbVpBeGdmbUd5VUdLN0dLVFUKQWJHWkQwaHU1Z2hqN2tmRDArNFJ1Vmh6a1R1d1o2TEZQNGNET0M0b2lFVU1JYXYxd0lJZ1pidy9YQ1lkT1VHaApzNzNrNG91THRxK0ZlNzNDbXM1NHoweFhpbDNDZVdVQlczb3YwOEtVRHRDa1NVbXExQUhLRnZNNDNFWk5JeG40ClJMa2tSUUlEQVFBQm94QXdEakFNQmdOVkhSTUJBZjhFQWpBQU1BMEdDU3FHU0liM0RRRUJDd1VBQTRJQkFRQzMKMmxHUmJxOFpEa0pKYkdGN2x5MHlGUkR0cFBqZTF6SkZGM3pxNzZkakhIbnN3UVhOQXVFSFBoSkc1RXVuMC9nbgpKbGcybWFXaFNPdERpcVpUU3YrTEJEc1RmZGE3MnRzSkFnRFp6U1d4dUoxaTNybDMrT0VYMlJ4NUs2clRyNEJFCk9pRENvYXVPRWtKcGpkVWh0MHhjcXFCbzQwcGQ1ZTI3SzZJb1ltRGVGSldEb3Q1U2dUeVB3eFZGRmdRSjdCUnAKQ29hT1o3dlVOUVVMajM4cTlQQ3dCb0xVOW9kb2ZJc1ZQZnJ4UGhtVHM5Y3Y5TGFwMFVNOTZOV3VMbWdVU2dUYwplOWhGSG9uMXRWVnozaFkvT1NMam9GYlI4ZUpMOFFpWThvbnZpQ3hPUDQ1Zkc5cDBMQ3dnREhsa1dKdEJYak4wClpIWWtNMUkva3NCZ1AwUWNVVjJpCi0tLS0tRU5EIENFUlRJRklDQVRFLS0tLS0K",
                            "master_auth.0.client_key": "LS0tLS1CRUdJTiBSU0EgUFJJVkFURSBLRVktLS0tLQpNSUlFb3dJQkFBS0NBUUVBdVZ6TXgrcWpOM0FWWkljZ2s0UmxRL2hSTWZscStmWVpzcE8wZFZKM3N5VEpvT1R0CmdBZkMxZlNGbzk4cmNtcXNMdTJtY05LNkNzWDBsSXBodHZwaUNRVlJBM2tmMDFQRVlrRlNaNE9DZ290N0t2ZGQKall5WUdGZklWRmhFOGZ0YUdqRTJlVXpYNHUwK0JLaEVJTG1sRTZ0dWlZRTY4N0JXN0tvdkJBVGdiSHNkdDlWTQpUZzhKUnB0b3hMaEE0UkdtWkF4Z2ZtR3lVR0s3R0tUVUFiR1pEMGh1NWdoajdrZkQwKzRSdVZoemtUdXdaNkxGClA0Y0RPQzRvaUVVTUlhdjF3SUlnWmJ3L1hDWWRPVUdoczczazRvdUx0cStGZTczQ21zNTR6MHhYaWwzQ2VXVUIKVzNvdjA4S1VEdENrU1VtcTFBSEtGdk00M0VaTkl4bjRSTGtrUlFJREFRQUJBb0lCQUFEN2JpVllCNjNkUk91LwpzSXMvamhiT1c4WEhROHNYdy9xWGdFTUg0UlQ4cXFuVTFMSlRPRFBRaEIzQ2FyVkVQZTNRdWd0S2ZveGNrS2R4CjFVTTJMK3RLMFN0U3lybWdyYjkwaDZaL1FxT0U4QzNoMmlmTUdTazEyOXlnakJyNUlUald6bXBWbnlZM2FoYjEKdWtpdkd5SVB6RG5qeXFkc1pZV0RBRlZGM2xlTXpDUUhWbHlIRm9nYmp5M3NFcWs1b3k0eHJFQml0bTFMeThoTQo2VXJic01kMVdmTHJ2NEw3eUVlbWhraTZ4ZURPSmZQUHhUa0VVRUJkTXNSN2JIUzhPSmJqcFZtcjdITDlvN0w3ClRWYVpOalE5TzNqSDlzR0J3ZUJvV3B0Ym95VkhOaDh0bEtLSnM0MnhTZCsyL0xwa085MkdZbVhkeTVBZDhKYjgKbk9qYXhsa0NnWUVBNEg3ZnhIaFk5aHNQS3BLVHcvc1RoZ1JxdUxhUFRDQ2JYZTg2VVcxcXAwUWQrSnQ0UUdveApJcVhEME9ZbjZYQlJ6SXhFSGVMdU9BeHRXcFdVa25QYVJPeTlDdWdKK1Q1MzlqL3RzemF3MllSWWw2dmlvOHBnCm81Tnl1djdjTVBHQnNJRmNWWGJzK1YzOGxnbTNhMlNwNkJYSkFMSmNtaEtHdXFzeXQrMFdwZ2tDZ1lFQTAyQU0KUi9yNmFJc2ltOVlzS3RqZkRHaVdGWlZaUTdjVUtVMEhTUS9HTXI1YVEvV2pMQUh2dXplR1JRK1pnNTdHVUVJTQpQbmJ0QWZhR3ByNEZmRk9RTlJPOEQ0c2lEdU13cjBWQ3ZWb3VManppL2xwM3RJOUI3aEQwNDNESnVISGtjQXZLCkpVTTRqSnZiVXAwUmhnV2tqQzZsODhoVzV4bThHaXZSOHNZVSsxMENnWUI2Y25sV3psV25sc2JFNzhJTktVdFMKMCtIcDhobGk2bjRUMUVJNDI3ZEttSXJJYVBSRUhpZkN3Q3Q0SzdFbFVKQXRRMng3NktVS2lTeTBOZFlkczNjZwpGUWhmaElTOEgraUt0Zi9PdWt2bnVKb2gwQzBFTFlSY2REWWw3SkRwV1REbHR3bEh6R0FnKzdTam1aVWp6SG9vCkRvbmVDV3NjMW5JS0t3cTA2MnBwRVFLQmdEanFvUVAwMmQ2eXNHUUQvS3FnOFJhWFJ1cVM1NUZyUjl1REtWWU0KRUZOem5EeTJkUFNScE9ybG5ac1ZBMEpFeTZPcTFUOHdxTXNoaGNwNldtSEs0b2JZUklodTc0SFF2VGhFeng3TApuS25JclZyT0kzT1VLNjJlRlVMMUNPeElocm1CQXpLYmNpdXlnQkV6eUJjdGg4eFRkMDQ0Z09ZRHNQbmZHTTVsCmRocmxBb0dCQUxnbVNjenRna09nMTlWbE4raEIwNURuOFpqZnZ1amk4Um05eXppcE44ekRIL01qelZCTWxEdk4KejZGbzBGVFk0RzdGQUc1WkwyWXltZGVBWVo0NDJhd0VRdGJ4L0ViQm5NT3FvYnBCaHp3cVpYa3psd1IwOVZWSwo1dWorRFh5a0tDOCtGdEN6aitodG9Pa0RxaXY3TURjVkVHbngveUdKakhhUUtvVE1JOVQwCi0tLS0tRU5EIFJTQSBQUklWQVRFIEtFWS0tLS0tCg==",
                            "master_auth.0.cluster_ca_certificate": "LS0tLS1CRUdJTiBDRVJUSUZJQ0FURS0tLS0tCk1JSURERENDQWZTZ0F3SUJBZ0lSQU5QR2pYeForWmxqc0hqcVZ2KzZtdTh3RFFZSktvWklodmNOQVFFTEJRQXcKTHpFdE1Dc0dBMVVFQXhNa05UY3pOVEU1TldFdE1tTXhNQzAwTldNMUxXSXlOamN0TWprM1pHSm1PVFk1TlRRdwpNQjRYRFRFM01USXdNekl3TkRRek5Wb1hEVEl5TVRJd01qSXhORFF6TlZvd0x6RXRNQ3NHQTFVRUF4TWtOVGN6Ck5URTVOV0V0TW1NeE1DMDBOV00xTFdJeU5qY3RNamszWkdKbU9UWTVOVFF3TUlJQklqQU5CZ2txaGtpRzl3MEIKQVFFRkFBT0NBUThBTUlJQkNnS0NBUUVBeFRDc21wenB2aEJQWi9BeDdaY1BHeE4wV1ZwY1dSQ3M3VXdaYVlGZQppdm5Bc1d3R0dOcllQVzIxTTV3NkMrZGpjYXNwVGxhUmYvd1FWWVdPMEhUaVdpbUxDN3U1YUdQekluMnhwZlQzCmNDTlh2RmR1WDlyTS94aEFPLzJ5K1lqekFxYk10R0VKaWhVcWFaRFVSam5TbHdKWU16bkhKZzFUR2ZxU2M4cXEKL1dSTGdENGhkMDhvQkkvQjJpT3dtS1FXb3VUS1QrS1lxamVMaFUveWl3MkZkUmZXMjJTTkQrS3ZZYTFBcXdCeQpBVkVOZ2ovdTZSNjZXOUJiODY3a2RuRlZnSllkVi94eFRCamFadmpRUmQ3MVNUd3pFOStxbXFsV3hiWHMxdFFrCmM5N1VlZFpXQnB1THRaUmpPR25mcENJajA3bmNnam50S3RweXNsNExGandFSVFJREFRQUJveU13SVRBT0JnTlYKSFE4QkFmOEVCQU1DQWdRd0R3WURWUjBUQVFIL0JBVXdBd0VCL3pBTkJna3Foa2lHOXcwQkFRc0ZBQU9DQVFFQQpHdWVHRmtZb3dFUndKbCsyS3J4QVVTbmhyWU9seUZ4T3p5ZGFXejY4dVV0OG9zcGttSHpmVEIydXFGSVFXL1lBCjB0eW5ZRTRDY0dhWkxmTHJGa2g2elNnNEhKM29wUWROamZmd25iWEdleGduU0R2ZkE0b0pBREhHUFp6anFpVkoKQXNFSjNJOXowZUVjdXZ4U2NBNDI4dkJuUW5VU2RGL25ybjJWUCtDRC80bG1nbkZGMXlqZEZBbEx4U2dUSWpOZwpUdGdBYURlUnQ1azlxUkpidERFbTVsZnZlYkY4QVBrbmorSFZRazhVMzB3bWpmVE0veUpwRHQ0UVlkN05kZDl2CmFsVGs1djJLNDQrdjhRUmw5ZFJNb0ZwcmZCU2FVSEFIYkt0L24zMzdtbEM1dHJMNW5JSGl4SmxwWCtpRU03RkIKWnA5YkZHZ1pvS0NJMmdFWHhEaURvZz09Ci0tLS0tRU5EIENFUlRJRklDQVRFLS0tLS0K",
                            "master_auth.0.password": "CA8h5lmS3bVZbLsu",
                            "master_auth.0.username": "admin",
                            "master_version": "1.7.8-gke.0",
                            "monitoring_service": "monitoring.googleapis.com",
                            "name": "training-cluster-0",
                            "network": "training-net",
                            "network_policy.#": "0",
                            "node_config.#": "1",
                            "node_config.0.disk_size_gb": "100",
                            "node_config.0.image_type": "COS",
                            "node_config.0.labels.%": "0",
                            "node_config.0.local_ssd_count": "0",
                            "node_config.0.machine_type": "n1-standard-1",
                            "node_config.0.metadata.%": "0",
                            "node_config.0.min_cpu_platform": "",
                            "node_config.0.oauth_scopes.#": "4",
                            "node_config.0.oauth_scopes.1277378754": "https://www.googleapis.com/auth/monitoring",
                            "node_config.0.oauth_scopes.1632638332": "https://www.googleapis.com/auth/devstorage.read_only",
                            "node_config.0.oauth_scopes.172152165": "https://www.googleapis.com/auth/logging.write",
                            "node_config.0.oauth_scopes.299962681": "https://www.googleapis.com/auth/compute",
                            "node_config.0.preemptible": "false",
                            "node_config.0.service_account": "default",
                            "node_config.0.tags.#": "0",
                            "node_pool.#": "1",
                            "node_pool.0.autoscaling.#": "0",
                            "node_pool.0.initial_node_count": "3",
                            "node_pool.0.management.#": "1",
                            "node_pool.0.management.0.auto_repair": "false",
                            "node_pool.0.management.0.auto_upgrade": "false",
                            "node_pool.0.name": "default-pool",
                            "node_pool.0.name_prefix": "",
                            "node_pool.0.node_config.#": "1",
                            "node_pool.0.node_config.0.disk_size_gb": "100",
                            "node_pool.0.node_config.0.image_type": "COS",
                            "node_pool.0.node_config.0.labels.%": "0",
                            "node_pool.0.node_config.0.local_ssd_count": "0",
                            "node_pool.0.node_config.0.machine_type": "n1-standard-1",
                            "node_pool.0.node_config.0.metadata.%": "0",
                            "node_pool.0.node_config.0.min_cpu_platform": "",
                            "node_pool.0.node_config.0.oauth_scopes.#": "4",
                            "node_pool.0.node_config.0.oauth_scopes.1277378754": "https://www.googleapis.com/auth/monitoring",
                            "node_pool.0.node_config.0.oauth_scopes.1632638332": "https://www.googleapis.com/auth/devstorage.read_only",
                            "node_pool.0.node_config.0.oauth_scopes.172152165": "https://www.googleapis.com/auth/logging.write",
                            "node_pool.0.node_config.0.oauth_scopes.299962681": "https://www.googleapis.com/auth/compute",
                            "node_pool.0.node_config.0.preemptible": "false",
                            "node_pool.0.node_config.0.service_account": "default",
                            "node_pool.0.node_config.0.tags.#": "0",
                            "node_pool.0.node_count": "3",
                            "node_version": "1.7.8-gke.0",
                            "project": "sandbox-wescale",
                            "subnetwork": "training-subnet",
                            "zone": "europe-west1-b"
                        },
                        "meta": {
                            "e2bfb730-ecaa-11e6-8f88-34363bc7c4c0": {
                                "create": 1800000000000,
                                "delete": 600000000000,
                                "update": 600000000000
                            },
                            "schema_version": "1"
                        },
                        "tainted": false
                    },
                    "deposed": [],
                    "provider": "module.bootstrap-training.provider.google"
                },
                "google_container_cluster.training-cluster.1": {
                    "type": "google_container_cluster",
                    "depends_on": [
                        "google_compute_network.training_net",
                        "google_compute_subnetwork.training_subnet"
                    ],
                    "primary": {
                        "id": "training-cluster-1",
                        "attributes": {
                            "additional_zones.#": "0",
                            "addons_config.#": "1",
                            "cluster_ipv4_cidr": "10.36.0.0/14",
                            "description": "",
                            "enable_kubernetes_alpha": "false",
                            "enable_legacy_abac": "true",
                            "endpoint": "35.189.254.77",
                            "id": "training-cluster-1",
                            "initial_node_count": "3",
                            "instance_group_urls.#": "1",
                            "instance_group_urls.0": "https://www.googleapis.com/compute/v1/projects/sandbox-wescale/zones/europe-west1-b/instanceGroups/gke-training-cluster-1-default-pool-9ce80b7e-grp",
                            "logging_service": "logging.googleapis.com",
                            "master_auth.#": "1",
                            "master_auth.0.client_certificate": "LS0tLS1CRUdJTiBDRVJUSUZJQ0FURS0tLS0tCk1JSUMyakNDQWNLZ0F3SUJBZ0lRWWt6UGJiQnBENGNaVWpSRG5IVmp4ekFOQmdrcWhraUc5dzBCQVFzRkFEQXYKTVMwd0t3WURWUVFERXlRMU1tSXdZMkZoTmkwek5qQXpMVFEyT1RVdFlXSTNaaTAxT1RoaE16STFOalF3TldJdwpIaGNOTVRjeE1qQXpNakUwTkRNMldoY05Nakl4TWpBeU1qRTBORE0yV2pBUk1ROHdEUVlEVlFRREV3WmpiR2xsCmJuUXdnZ0VpTUEwR0NTcUdTSWIzRFFFQkFRVUFBNElCRHdBd2dnRUtBb0lCQVFDdFFPaVUrOHZtMGs5M1paM0kKY1hvRGt6NFhkdGZadkYrK0ZJUVBqTEZuTlFtUVF1WnNkZVJNVmJKbWEwYjI4b1hnL2FWenZVZVFVYTdQamtpcwpMVTl5c1lkMXI2emxNU1I4a2FmbExQcnFxTjhNTEZ1TExBK2YyaGZHRUgyd0NTQ0w4OEdFUS9SSi9LRU9EeVFDCnozcnNSaktTRnF4NlJ6cDFmZlpzUW1za2d1MW1RaXVQelJlWXVSeTl2VEwyOFdqNi9td2NxNmIvMGdkSlB4YkIKT21POWVhOFJrNkI0V0tIdGdmTmZjdklhRE5GOWdld1hjRHFteG1VZDRMUkVPWk43UFpaOCs2QlB6a1Zzc1Z4WgpYeG1XRU95VUwyQUJON3ZBQkJKTXZDeEJwK0FVUHoxWVo1N2hyTXhOTTVjY3NwQjhvb0VISUo0VnhyWmlweWswCnd5VVpBZ01CQUFHakVEQU9NQXdHQTFVZEV3RUIvd1FDTUFBd0RRWUpLb1pJaHZjTkFRRUxCUUFEZ2dFQkFEWE4KTzVtTzBDUEFWMlNXcHIxQTNZVVhETkcvTVE5VTREdmt5N1E4WWZkR2lndlBPbnd2bng2djNXQmZJL0tnT1U5dgptOGR0VmJ2ZFJKekZINmYvdzNyTGhXRXducHh5akVSQzVKSjhUbmw5U2E5K1FpWEtvbkR5Zk9VaVAyRGJuR09lCjNWOUQvV2J4cmRoblgwSFZuNndONjh2OXFuKytMQit3eEVZNXlGdTd2R212RTBCU0JBZ0pSdEFmb1FDcy9JR1AKZ0JIbWFQY0cxbkI0dWNZTnpSVEYxd29wY3FQTnRSZi91TVJGbnU1TENkbTFzZzlvZzNXTzY2VmdiM2I3TTJ2NgpjU05Fc1QyMFlsZmwrM1MwR2xzS05Bb25VSjFjaUZnOHhVSklwTVlWM2w5ODNTQm5QZ3ZYVkVwRktPMmJFRE1ECjFGRUY2cmhRMmNENDFFNU1aWFU9Ci0tLS0tRU5EIENFUlRJRklDQVRFLS0tLS0K",
                            "master_auth.0.client_key": "LS0tLS1CRUdJTiBSU0EgUFJJVkFURSBLRVktLS0tLQpNSUlFcEFJQkFBS0NBUUVBclVEb2xQdkw1dEpQZDJXZHlIRjZBNU0rRjNiWDJieGZ2aFNFRDR5eFp6VUprRUxtCmJIWGtURld5Wm10Rzl2S0Y0UDJsYzcxSGtGR3V6NDVJckMxUGNyR0hkYStzNVRFa2ZKR241U3o2NnFqZkRDeGIKaXl3UG45b1h4aEI5c0FrZ2kvUEJoRVAwU2Z5aERnOGtBczk2N0VZeWtoYXNla2M2ZFgzMmJFSnJKSUx0WmtJcgpqODBYbUxrY3ZiMHk5dkZvK3Y1c0hLdW0vOUlIU1Q4V3dUcGp2WG12RVpPZ2VGaWg3WUh6WDNMeUdnelJmWUhzCkYzQTZwc1psSGVDMFJEbVRlejJXZlB1Z1Q4NUZiTEZjV1Y4WmxoRHNsQzlnQVRlN3dBUVNUTHdzUWFmZ0ZEODkKV0dlZTRhek1UVE9YSExLUWZLS0JCeUNlRmNhMllxY3BOTU1sR1FJREFRQUJBb0lCQUJKUUFxMXhybkFWd1hqSQpMTHpwc3FrRFZKd3dEM2xvSWZJU1V0R2VjRWR0aVpiZUhXTXdORnIxc1d0R01reHFuc2hFNHlxNFFtTFFvWEsyCmtqdWh0K3l5YzFRWEJ5WThFeVJZRkhnaXNKeGlVRjRsNTZDdW5mR3FZSm9xdHRCSExMR2lTSTE1amM0T3RmckoKa3FlNTVMOHAzZEZIZElCaHZEMzhQQkplRkZ0Wnp2MTV0bEFvNE03UVNndXJLRWZrVkV1WFdQQkdUb3VBczhFaAp3RGdSTEJxSkUrSGtuNzg3RmVIMEN2RHl2b3d4NnR5aTFLcVo3Z2dzTFdXdnJFOGN0b2xhMlQ1SHFHUTB0dC9NCkpnYlNzMm1QV2VOQys0bkl3UWNkb3JIRERxV0Zhc2pCT1p0QU9FSklwNVoxeXdNcjlac2dPUzQ1eVZuMlZIQUkKNjc2OXJmRUNnWUVBOFVKK2poWG9vMzIzR3ZtRThZUUx0elJxSy9VWG9Qd1l5elhXc00raXRWc0hQUnJ0SFRsNQpZUi9scTNlOU42MXM5ci9yQ2g1UkV2NVluRkZCUktVTVNiZzAvNVNOK3VIamNOcUhsTXgvQkowZlk0bUl3bkdaCjN0WW1BTWd6T3VpbVg1N2k2d2kwMzAvdEkzN0gzNCtFbVBtVFczOW9JY0t0MTRkMEZRYml5bWtDZ1lFQXQ5YTkKYi9xRlFFTkVtMndzWlFSdVlqNk5VZm9SSGhnS1UxS2dNWlZrRU1xSllTZDBsL1NscmpPRDV5ZDV1dU4xVWdkTAp4SEZyY2kwZkdQVXBQdW1KV1lWcDA2ZU5BSFpKNE8vZFhyQXU0d29sWm82dFN5QUI2UVdCTDZVNC9LS0lUVTh5CnpCTFVINzQxeTJiOVRvMFRDTFVRQTFNUmpVRlVFWnRQNmF0RVR6RUNnWUVBMHVoYVVrUDgxOC95M25YN0xsZE4KRnArUG9WWGxqaXBVVW5HQ2VaZEttbGcxZjhtbU44SWl4akZvU2ZtblJLRXJmSnBTRXNwbC9jQzBIaE02aDVQeApwaENPNUU4dHY0RHhuNXFxby80Um5DcnZZY2k5OFozMThjUXIvTXNIWGh3OE5hTmtwQ3M4VTJ3LzFxUGlmeUdyCnZUK1Evby9tckh6UUZIYXBtQ2dvNHVFQ2dZQTA5SGh4RHhyZkhnRmZPOU8xN1liV2FlcFBXTmNoY2c5WFhRK2oKK01Kd1M4Y3k0eWlrdE9ZY3ZkNGE4YllRN1lCWDlwNE9vaFV2T0d3aXhrdnhRVmc5SHo4U3Bzcm8vU25lejNsVwoweTFPWFJmVTZQaG1FWHc3WVVpTEx1NnhaeWdZRE40M0JwMXYzMXlqa0xFYXRXeHNMNnZES1dSKzZmaUxjYytkCklhWjFvUUtCZ1FER2tVZUlySXI1RkRrNGNpVDZGdXRwTzBXc2xwODhYUVhKVzJIU05WbzdIK1cvdDJxWmtPL1oKQzI0RmJmSDNib2hhRkVaeExodkFSMUxaNG1OcUJvMzhHNGQzVkQ1WTUyTHJOenVnZTIrelM3NVBuNmVEaGNHcwo2M3FHK1QzV1YzNjcwaWFlSExLbVBCWjRtQTExeFdEanVuZUtVN1c3U3F1UFRSVFZOZXRCalE9PQotLS0tLUVORCBSU0EgUFJJVkFURSBLRVktLS0tLQo=",
                            "master_auth.0.cluster_ca_certificate": "LS0tLS1CRUdJTiBDRVJUSUZJQ0FURS0tLS0tCk1JSURERENDQWZTZ0F3SUJBZ0lSQUtzOHArbXI5WVE4MllQSWtjS3JFUWN3RFFZSktvWklodmNOQVFFTEJRQXcKTHpFdE1Dc0dBMVVFQXhNa05USmlNR05oWVRZdE16WXdNeTAwTmprMUxXRmlOMll0TlRrNFlUTXlOVFkwTURWaQpNQjRYRFRFM01USXdNekl3TkRRek5Wb1hEVEl5TVRJd01qSXhORFF6TlZvd0x6RXRNQ3NHQTFVRUF4TWtOVEppCk1HTmhZVFl0TXpZd015MDBOamsxTFdGaU4yWXROVGs0WVRNeU5UWTBNRFZpTUlJQklqQU5CZ2txaGtpRzl3MEIKQVFFRkFBT0NBUThBTUlJQkNnS0NBUUVBc1VwS3dWODhpWG5SeXlXTTZqcGhqdTVyUmVCYmM4L0tHRVk1VS9hbQp3Qk5VWS9EeHpBU3hlNlM0eWMwYXB1dERoVkFCUnYyQUt3WmQvSWpnVTdXY0paT1U0NFptQWp3ek8wYlZ2c3V0CnYySG1vSUtQY3VSZ214Yy9Jcm1KdGhMTUV0TUY0NVhObFoyWmpIbG1HakpjVGk5NnZUT1IxZVJwZ0dUTEpGaksKaGx1UWh5Y24vZG5kZnhwUVovYmp2UnAxS05WY0hFRmJ4UkxCUzZyRDFXOUpaNDRMcmtQT0Q3UnNzU0RUZnhqYgpZMjlTUVVuaXE0bjc0dE9EY084YTNUTThKV0Q3QzlydUllblFVZ2JRZ3VhbE5WTGxIeTdFMDFsc3BMalY4Q09aCmo5TDZpV2ZTMU1yL1JISmpwT0JyN2dabGV6Zzcxc1QzZXZ4MW1CejZQZ3hja3dJREFRQUJveU13SVRBT0JnTlYKSFE4QkFmOEVCQU1DQWdRd0R3WURWUjBUQVFIL0JBVXdBd0VCL3pBTkJna3Foa2lHOXcwQkFRc0ZBQU9DQVFFQQptMlNsTUtldlIvTk56T0VGNkRTVzJBU3NBa1VxNkFrcDc2MzRVcnI5YWRwZ1hLa0xnMTZ6RU1GbElqdUtnRlFKCjQ3aFRTbXpaSlFPYXVHdlR6eWJyb05URVdaSHgzVGFld1o4RktIYTVqY3IwckIybGVXTHpOVndaTUdGbmpQdkQKU2tqRUxDQy9SMzgwTXlrWmlFVkttSlB5cU05QmRsNU9BaG1pUWhzcFNvVGhyM0RyWnhwOTJQbDAzK280WUluKwp6WFlub0xycEE3ZFEyTVFQL29Gak51dzREUjY0WXcrN2VJem1NekxYNlNIME1oTjcxSWhORUJyeGhiSG1GWlhjCm8rdHFEcVVhOFJRdXdZd2hwWmRscXJ4d3BVU0FtNkh4RUpXNnRPck9KODY1dkw5ZHhra3N3OXhsaldTUW9JY0YKbElhZ0kybTFMcmtzSk5oRE9OOVhGZz09Ci0tLS0tRU5EIENFUlRJRklDQVRFLS0tLS0K",
                            "master_auth.0.password": "b7fZFX10P0ERlVLN",
                            "master_auth.0.username": "admin",
                            "master_version": "1.7.8-gke.0",
                            "monitoring_service": "monitoring.googleapis.com",
                            "name": "training-cluster-1",
                            "network": "training-net",
                            "network_policy.#": "0",
                            "node_config.#": "1",
                            "node_config.0.disk_size_gb": "100",
                            "node_config.0.image_type": "COS",
                            "node_config.0.labels.%": "0",
                            "node_config.0.local_ssd_count": "0",
                            "node_config.0.machine_type": "n1-standard-1",
                            "node_config.0.metadata.%": "0",
                            "node_config.0.min_cpu_platform": "",
                            "node_config.0.oauth_scopes.#": "4",
                            "node_config.0.oauth_scopes.1277378754": "https://www.googleapis.com/auth/monitoring",
                            "node_config.0.oauth_scopes.1632638332": "https://www.googleapis.com/auth/devstorage.read_only",
                            "node_config.0.oauth_scopes.172152165": "https://www.googleapis.com/auth/logging.write",
                            "node_config.0.oauth_scopes.299962681": "https://www.googleapis.com/auth/compute",
                            "node_config.0.preemptible": "false",
                            "node_config.0.service_account": "default",
                            "node_config.0.tags.#": "0",
                            "node_pool.#": "1",
                            "node_pool.0.autoscaling.#": "0",
                            "node_pool.0.initial_node_count": "3",
                            "node_pool.0.management.#": "1",
                            "node_pool.0.management.0.auto_repair": "false",
                            "node_pool.0.management.0.auto_upgrade": "false",
                            "node_pool.0.name": "default-pool",
                            "node_pool.0.name_prefix": "",
                            "node_pool.0.node_config.#": "1",
                            "node_pool.0.node_config.0.disk_size_gb": "100",
                            "node_pool.0.node_config.0.image_type": "COS",
                            "node_pool.0.node_config.0.labels.%": "0",
                            "node_pool.0.node_config.0.local_ssd_count": "0",
                            "node_pool.0.node_config.0.machine_type": "n1-standard-1",
                            "node_pool.0.node_config.0.metadata.%": "0",
                            "node_pool.0.node_config.0.min_cpu_platform": "",
                            "node_pool.0.node_config.0.oauth_scopes.#": "4",
                            "node_pool.0.node_config.0.oauth_scopes.1277378754": "https://www.googleapis.com/auth/monitoring",
                            "node_pool.0.node_config.0.oauth_scopes.1632638332": "https://www.googleapis.com/auth/devstorage.read_only",
                            "node_pool.0.node_config.0.oauth_scopes.172152165": "https://www.googleapis.com/auth/logging.write",
                            "node_pool.0.node_config.0.oauth_scopes.299962681": "https://www.googleapis.com/auth/compute",
                            "node_pool.0.node_config.0.preemptible": "false",
                            "node_pool.0.node_config.0.service_account": "default",
                            "node_pool.0.node_config.0.tags.#": "0",
                            "node_pool.0.node_count": "3",
                            "node_version": "1.7.8-gke.0",
                            "project": "sandbox-wescale",
                            "subnetwork": "training-subnet",
                            "zone": "europe-west1-b"
                        },
                        "meta": {
                            "e2bfb730-ecaa-11e6-8f88-34363bc7c4c0": {
                                "create": 1800000000000,
                                "delete": 600000000000,
                                "update": 600000000000
                            },
                            "schema_version": "1"
                        },
                        "tainted": false
                    },
                    "deposed": [],
                    "provider": "module.bootstrap-training.provider.google"
                },
                "google_container_cluster.training-cluster.2": {
                    "type": "google_container_cluster",
                    "depends_on": [
                        "google_compute_network.training_net",
                        "google_compute_subnetwork.training_subnet"
                    ],
                    "primary": {
                        "id": "training-cluster-2",
                        "attributes": {
                            "additional_zones.#": "0",
                            "addons_config.#": "1",
                            "cluster_ipv4_cidr": "10.56.0.0/14",
                            "description": "",
                            "enable_kubernetes_alpha": "false",
                            "enable_legacy_abac": "true",
                            "endpoint": "35.195.4.18",
                            "id": "training-cluster-2",
                            "initial_node_count": "3",
                            "instance_group_urls.#": "1",
                            "instance_group_urls.0": "https://www.googleapis.com/compute/v1/projects/sandbox-wescale/zones/europe-west1-b/instanceGroups/gke-training-cluster-2-default-pool-ed089a44-grp",
                            "logging_service": "logging.googleapis.com",
                            "master_auth.#": "1",
                            "master_auth.0.client_certificate": "LS0tLS1CRUdJTiBDRVJUSUZJQ0FURS0tLS0tCk1JSUMyekNDQWNPZ0F3SUJBZ0lSQVA5SDRDZWhpTTh0K2U3am0zT0hwSlV3RFFZSktvWklodmNOQVFFTEJRQXcKTHpFdE1Dc0dBMVVFQXhNa05UbGlaVGt3T1RBdE16Z3hZaTAwTVRNd0xXSXlNemd0WVRVM1pqYzBaamN5TmpCaApNQjRYRFRFM01USXdNekl4TkRRMU1Wb1hEVEl5TVRJd01qSXhORFExTVZvd0VURVBNQTBHQTFVRUF4TUdZMnhwClpXNTBNSUlCSWpBTkJna3Foa2lHOXcwQkFRRUZBQU9DQVE4QU1JSUJDZ0tDQVFFQXRISXFyZG1BV1NoRU9Ram8KOG1OUEZzRFpSMEREbWZOcG1UZlFoN2dRTjdlU2duVjhMQlVzYUs3WmlTcmtBYlRWd05HeXYvRFQ3SEtWVy9KZAplZGtLMGpZdUo3THFlZTVPUm0vNjNYakxkNmNTRE51dHVUQ0hVdDNhQ0VCWEovYWVlV2dCclRqV0RNakQyVmZ1CjlrM0I2UDlvWjhCdWFQZ0JoV2VldDFVcjRjWWlaNXZlQi9GWXo3dkhVOFQxalMvRlkwQ1BkZUtNdkU2NFFDY0oKL0x0d2Y0NjFxdWJTRXgxY3E5eVN4eTIxRlhFSFBIcDNOZFQzQk1QMUdPUEFXcU5OdU13ZGhKemhxMWVsZUZZcAp2ME1qaE1zLzdmSkFucG1zT2Vvb3daOVFGaXFCbW80bmQ3UFJOcEg1RW0zNXNWU0tEbWxmbUNpck50eEtoM2xlCndWUFlaUUlEQVFBQm94QXdEakFNQmdOVkhSTUJBZjhFQWpBQU1BMEdDU3FHU0liM0RRRUJDd1VBQTRJQkFRQi8KV3pEdllSU25hZDZOYmpvU1NObjM0MTAvaTRZOVJSNkdXbEpJV3hMOG5KTEhNOWFJTnF2V211a2s3OEwvYUtEQgptK3RVNTVkdDRiZFFOcVFtQ0tSdVFsd2t6Yk9NaXhBODJJVHdQQ1ZnZDVPc2RxbTh1OWliK0JCd2dvYmVKZFphCm9ZN0F6SEpSNmU1NEZJRG9BZml2Y29aZHZUS3JpenpaMDFBTDYxaGllaytCanlWTlR5Yk9oSlFjMHM3RndEZkcKU25VMzdub0p2cVpidnlSN2Fvd3E5L3BzdVVtaGdiMjQ4NE5yOElNODlwcS9lUWova0ZNR2xvUHdMRVpYd3dqYgpXK0l6RzFtQlBPTTVXL2pYbitJeTR2TzlPWkl6SWEwR3VUK0REWk9aM2wwTzNCQ2Z6SWVyNWZwbDAva0VvWGNDClh6aW9Eakp6aytmeXR0dTBMUWk2Ci0tLS0tRU5EIENFUlRJRklDQVRFLS0tLS0K",
                            "master_auth.0.client_key": "LS0tLS1CRUdJTiBSU0EgUFJJVkFURSBLRVktLS0tLQpNSUlFb3dJQkFBS0NBUUVBdEhJcXJkbUFXU2hFT1FqbzhtTlBGc0RaUjBERG1mTnBtVGZRaDdnUU43ZVNnblY4CkxCVXNhSzdaaVNya0FiVFZ3Tkd5di9EVDdIS1ZXL0pkZWRrSzBqWXVKN0xxZWU1T1JtLzYzWGpMZDZjU0ROdXQKdVRDSFV0M2FDRUJYSi9hZWVXZ0JyVGpXRE1qRDJWZnU5azNCNlA5b1o4QnVhUGdCaFdlZXQxVXI0Y1lpWjV2ZQpCL0ZZejd2SFU4VDFqUy9GWTBDUGRlS012RTY0UUNjSi9MdHdmNDYxcXViU0V4MWNxOXlTeHkyMUZYRUhQSHAzCk5kVDNCTVAxR09QQVdxTk51TXdkaEp6aHExZWxlRllwdjBNamhNcy83ZkpBbnBtc09lb293WjlRRmlxQm1vNG4KZDdQUk5wSDVFbTM1c1ZTS0RtbGZtQ2lyTnR4S2gzbGV3VlBZWlFJREFRQUJBb0lCQUMraFR4aXlwOGxnOHBrbgplKzIzUHdJZmgzcmlZbjg1bkM4Z1ozL2JteFJKOVhkUU1hV2xOU0t3dktVVFdEb0hGTUVmMlJJSExMbG1DWHpLCnZkZlM3YU5OUCtPa3UzWFI3SUYxUDMvRVNkamNsY3dsRkhja2t5UFJnYUxaOE9lUWxvWXZhUG5qWGNUa0hhWTYKS3M2QytlTlp2NkpiVGdtUkpUMmtlMldqS3NFZVRQMm14R2xQVmJjeGJnZllROTlkZWxRelM4RWpoS3BIbUtyVAppN3BselJSWENCa0tMNDFVMnJjWEExK1NHdGVsS3NNYWNaYXU2dndZd0hhNVRvS2J2dFY2aTNpc2ZiM05NTXRrCndaSksrT3hTQ25TRSt1bXcyYk1QUnFqaTFTdzEwZERvN1BIZjRUWHhNbjNzekRTT1p5bEdzamlPRStTSlJDTWIKcHQrRmpJVUNnWUVBNUNQQjVSd3NTVW83cTk0N2hNVmp3dTVxQjBTZmVkR2RiMmVoZ2JJcDIvUzhQRXoxYk1zVgpJVncxRHNwcE4xRnJIdC9lWFhXREh5R3BBK2hKYnhaalZXc1NHM29QSDYxdmlqL0YrUzZ1RjVDdjJ3RVJPZTY3CnN6ZE5KZTNtZmdjQmtlbXJRZlpCQkR1cWRNUCszOGVZRUxMVU5XSit3b21NL2p1TkluUzlzOE1DZ1lFQXludGgKRVR2Yy9VKzhNMm4xeFNNN1g0ZDVsVURMNDZzQ3NTOGVtYTR2UkRhMG9qMU8xdlRGQUU5b0pEQVJLQXFjcTFCUwo3U1dFK2lrTUMraXpPRTEreExacnNkL1E3QmJmY0x1cmtVbU9VekI4VUM4cmg4ZVFKREdWa2sreVphakUxcXV1CldWb0RUcVhHOEZWOUZYdW4yVnhUSUYxb2ZpSVk5bTROSmRVWXlMY0NnWUVBcVdkRDJ2U0lqZ05wTzczUlJFMnUKUGxqNnNscnFjSEtPRE9OT3NoZXhyWHFWSzlHWmpDZGdrVnorcVBUMEcvZUJLM1Bna2xWbi8vM21tdGdwYnl1WQpweHpTWFVUTlppQks2c1ZnSkIvZGRmSWlJdVV2L1d5Z1EvdVVkYzJwa1h0eVZ2N0VCRDd2R0UyVnpRNmNlMTZpCk5BUVdQMjNiNG1oeElYYm0zZWNCMWpFQ2dZQXIwUU15WFlmMjhSaEM3LzBWU2dpQkphbnoyRy9HdHEwQWRyZmkKZmNVUXQ5M2k5ZTFucXRRdXV3QklSSGFSK2FucGtKcEJZMHNoYjF5Qi96czVSZHZXNmJyb1pReXE2bEF6N3dpegppZjFZbHpkdmlxV2EzbDZjMW5ZTmtWMkRqai82VEhDUU9XQloxcG4wVEN1alNIME1GbVNPcm1mOFU1aWZTelZoCktIb1NoUUtCZ0dFOGxnZ09HVUhSZEVvWTJWWTZZR211czVkSWpGNHJRZWJ4bjRHYWlFYUFyd3RmVExjUFA0RXoKU0l2Z0hBTmNoWmhpTy9mL01RREtlKzhrUjR1M2R0V0d1NDhQckRKb00yaG5sdnZHUDhGTWw2cGdRdHN0cDBRcQpTY1VqZmNQMFdlek9tZUVTYllTbGYvbHYzc2E5TStZaWYzMkxUTHFtNE5kSVFqZTNqQXlQCi0tLS0tRU5EIFJTQSBQUklWQVRFIEtFWS0tLS0tCg==",
                            "master_auth.0.cluster_ca_certificate": "LS0tLS1CRUdJTiBDRVJUSUZJQ0FURS0tLS0tCk1JSURDekNDQWZPZ0F3SUJBZ0lRQnQ4NjhCdk1USmhVN1NJU2xEd0IrVEFOQmdrcWhraUc5dzBCQVFzRkFEQXYKTVMwd0t3WURWUVFERXlRMU9XSmxPVEE1TUMwek9ERmlMVFF4TXpBdFlqSXpPQzFoTlRkbU56Um1OekkyTUdFdwpIaGNOTVRjeE1qQXpNakEwTkRVd1doY05Nakl4TWpBeU1qRTBORFV3V2pBdk1TMHdLd1lEVlFRREV5UTFPV0psCk9UQTVNQzB6T0RGaUxUUXhNekF0WWpJek9DMWhOVGRtTnpSbU56STJNR0V3Z2dFaU1BMEdDU3FHU0liM0RRRUIKQVFVQUE0SUJEd0F3Z2dFS0FvSUJBUUNoWHhXZHVLc1Urdyt1cDIvTEVNaDkxMGlUcEtLNGhweENqRkhOQTFTWApHaERKb1A4RmNJQmgwTE95c3hpQ3E5V1hPTjcvTEV5c1BkZWdYeEdyWEFCYWRJQ0NwOHgzdmZNYWxHTndFU01NCndvWjVuM1RsR1pvN0lHdnZMcUkva3NobkQvR2I0UktRZHArQ2Q4M0FWbDhoc1RwdWRwM0NJY1FCQmd2UGtQOXkKL2U3QmpjK3BhdFhpdWE0cHFWcU9veDFpUmluQm1EZTBiRHJOTXU5bjlyeXhFZUNwRHF4ZVNZSk5ybUowMmIzRwpyMlBYeVRSY2pKbHg3KzEwUzJuRlE1RS9lSkdwOHpWSGsrUlprbEFCTldNU1hmSnJrQTBXenBFV09OazlOMGQwCmtzVUFpcWY4MzhIa1hUaFBIb25NNXZDZlc4c3VObkREVEwrTENLUisvWEViQWdNQkFBR2pJekFoTUE0R0ExVWQKRHdFQi93UUVBd0lDQkRBUEJnTlZIUk1CQWY4RUJUQURBUUgvTUEwR0NTcUdTSWIzRFFFQkN3VUFBNElCQVFCZQpTZkVlNlRFcFIveC9aQWd1cFhGblB2MFUzakNpWnA0T1BBbGgyV3U2MTA3UnA1YzdCdzBiVzdrMjR0dnJXdFNHCjMxMFZEd0RMWXZtMjVwd2R3VS8xdlA5NitMa1lLck9hRnhxR1AvUGQ4cWNYN0NzMkpWb05FRUF5VGVaTHZxT1cKZ1V4STVCNHJxeWx0Zmd2cjVEWFdMTHN5VTV2c3IzQXRyNS9JUTJBWlhhNmlDd3kvV1JXRmc2UzdHV09DWFZCRApVbWkwK0ZxaGoyTUtYLzVSMGNBVnlwNlU5cmJpUkpMNUUySkduYzZmRGFpcCt6alJ0MU95S0RKcHMzbWZoODVRCnFwOXZuTTJITUFGVk4xWjZxdTBXbHhCWldyZjRINUpMZW1xL3FjMWE1bHFKUS8xSE9tL0FQb0FkVzJTYXkzZHoKY3ZRaHR1YVNIbG5waUhQb2RMNVAKLS0tLS1FTkQgQ0VSVElGSUNBVEUtLS0tLQo=",
                            "master_auth.0.password": "hySksLQvSf8ZUEGS",
                            "master_auth.0.username": "admin",
                            "master_version": "1.7.8-gke.0",
                            "monitoring_service": "monitoring.googleapis.com",
                            "name": "training-cluster-2",
                            "network": "training-net",
                            "network_policy.#": "0",
                            "node_config.#": "1",
                            "node_config.0.disk_size_gb": "100",
                            "node_config.0.image_type": "COS",
                            "node_config.0.labels.%": "0",
                            "node_config.0.local_ssd_count": "0",
                            "node_config.0.machine_type": "n1-standard-1",
                            "node_config.0.metadata.%": "0",
                            "node_config.0.min_cpu_platform": "",
                            "node_config.0.oauth_scopes.#": "4",
                            "node_config.0.oauth_scopes.1277378754": "https://www.googleapis.com/auth/monitoring",
                            "node_config.0.oauth_scopes.1632638332": "https://www.googleapis.com/auth/devstorage.read_only",
                            "node_config.0.oauth_scopes.172152165": "https://www.googleapis.com/auth/logging.write",
                            "node_config.0.oauth_scopes.299962681": "https://www.googleapis.com/auth/compute",
                            "node_config.0.preemptible": "false",
                            "node_config.0.service_account": "default",
                            "node_config.0.tags.#": "0",
                            "node_pool.#": "1",
                            "node_pool.0.autoscaling.#": "0",
                            "node_pool.0.initial_node_count": "3",
                            "node_pool.0.management.#": "1",
                            "node_pool.0.management.0.auto_repair": "false",
                            "node_pool.0.management.0.auto_upgrade": "false",
                            "node_pool.0.name": "default-pool",
                            "node_pool.0.name_prefix": "",
                            "node_pool.0.node_config.#": "1",
                            "node_pool.0.node_config.0.disk_size_gb": "100",
                            "node_pool.0.node_config.0.image_type": "COS",
                            "node_pool.0.node_config.0.labels.%": "0",
                            "node_pool.0.node_config.0.local_ssd_count": "0",
                            "node_pool.0.node_config.0.machine_type": "n1-standard-1",
                            "node_pool.0.node_config.0.metadata.%": "0",
                            "node_pool.0.node_config.0.min_cpu_platform": "",
                            "node_pool.0.node_config.0.oauth_scopes.#": "4",
                            "node_pool.0.node_config.0.oauth_scopes.1277378754": "https://www.googleapis.com/auth/monitoring",
                            "node_pool.0.node_config.0.oauth_scopes.1632638332": "https://www.googleapis.com/auth/devstorage.read_only",
                            "node_pool.0.node_config.0.oauth_scopes.172152165": "https://www.googleapis.com/auth/logging.write",
                            "node_pool.0.node_config.0.oauth_scopes.299962681": "https://www.googleapis.com/auth/compute",
                            "node_pool.0.node_config.0.preemptible": "false",
                            "node_pool.0.node_config.0.service_account": "default",
                            "node_pool.0.node_config.0.tags.#": "0",
                            "node_pool.0.node_count": "3",
                            "node_version": "1.7.8-gke.0",
                            "project": "sandbox-wescale",
                            "subnetwork": "training-subnet",
                            "zone": "europe-west1-b"
                        },
                        "meta": {
                            "e2bfb730-ecaa-11e6-8f88-34363bc7c4c0": {
                                "create": 1800000000000,
                                "delete": 600000000000,
                                "update": 600000000000
                            },
                            "schema_version": "1"
                        },
                        "tainted": false
                    },
                    "deposed": [],
                    "provider": "module.bootstrap-training.provider.google"
                },
                "google_container_cluster.training-cluster.3": {
                    "type": "google_container_cluster",
                    "depends_on": [
                        "google_compute_network.training_net",
                        "google_compute_subnetwork.training_subnet"
                    ],
                    "primary": {
                        "id": "training-cluster-3",
                        "attributes": {
                            "additional_zones.#": "0",
                            "addons_config.#": "1",
                            "cluster_ipv4_cidr": "10.12.0.0/14",
                            "description": "",
                            "enable_kubernetes_alpha": "false",
                            "enable_legacy_abac": "true",
                            "endpoint": "35.189.226.224",
                            "id": "training-cluster-3",
                            "initial_node_count": "3",
                            "instance_group_urls.#": "1",
                            "instance_group_urls.0": "https://www.googleapis.com/compute/v1/projects/sandbox-wescale/zones/europe-west1-b/instanceGroups/gke-training-cluster-3-default-pool-06c58721-grp",
                            "logging_service": "logging.googleapis.com",
                            "master_auth.#": "1",
                            "master_auth.0.client_certificate": "LS0tLS1CRUdJTiBDRVJUSUZJQ0FURS0tLS0tCk1JSUMyakNDQWNLZ0F3SUJBZ0lRY0c2bTRVVzhGK1N0Q1NlYXVxeTVPakFOQmdrcWhraUc5dzBCQVFzRkFEQXYKTVMwd0t3WURWUVFERXlRek5qY3dOVFUzWmkxa1pEaGhMVFEzWW1JdFlqSTRaUzAwTnpJNVlUUmtaV0kwWmprdwpIaGNOTVRjeE1qQXpNakUwTkRNMldoY05Nakl4TWpBeU1qRTBORE0yV2pBUk1ROHdEUVlEVlFRREV3WmpiR2xsCmJuUXdnZ0VpTUEwR0NTcUdTSWIzRFFFQkFRVUFBNElCRHdBd2dnRUtBb0lCQVFEcVMwMVl1aWtiZmNscktSVGMKTGM2NG8xUC9lb1pLQkpMQmtoUS9YRHM2SDMvMDFEVGtwcFZIbHdZRzNXKzNpbDJXazRFR293dHh6c0lCck9OMgo3bFNSUDNJU01jMVgrNlpzNU85OHhCYTRUZWFHbDVZUzdWWnk1NFRXTEdXQmNwazdxK05IR1dOek5HczcwaVdTCk85dU1rZzNBakZhdU9lc2RhTFZwa0FOMlJmR0V5Z093REhIaVh5S2VVZTkvckpYbFMrR0pGckFHNTRBR1gwYVIKZiswWVFxdUJpRnBpOVdKUW9ocVJaL29MUURVdXN2M3N5Y2lQN3JRZkVuSXBmdFVyc2FtTm1WYWZhZWw2MmVuQgpQc1ljakUxRDRZaFNNRWFORFFHSEdUV1ViOWNvMFZUTVBXazFjWDNRNzJpQnM2bzFOUFVJVThMdE5VVEljdFo2ClNlOHBBZ01CQUFHakVEQU9NQXdHQTFVZEV3RUIvd1FDTUFBd0RRWUpLb1pJaHZjTkFRRUxCUUFEZ2dFQkFBaUMKT0o3dWhMVFNhMFBaUVQ0a2ZmdmhBYldPNVZaQmN0Zy9LMVZaOUJjYnFwUjBseE54WmlzTkNiOWRHZS9WMUF0OApkaHlOeWpRUjVHbXRWb0FLdk13bGdXTWk3TSs1dFdBdTUyYmZIVEpXQVNOYmMwT0VPQ2ROYks3NEQ2bnZEUkVpClNGd0x3aUp5SGxsTE1vWDZUTVR0VFBCWk5CRSs5dE5kaGQ5WkpsODlEcXJpR1k0c2tKSHl5UWk3TUNqdGk2T2oKazdYRmY2eHRCNGJ4cDBNRWJiUWd5bENJREhjdXJtRzB5OWtuWlNqa0FuRnlvbEg1elhEcXIrUlZUaGVvWWE2aAppZmh1K2Fwc1VSVVdiNWVYajVQODRrdlJTSkNobjJhYnJzNXo5MzRVUkZsbGZhMVFqYU9ReDBEZCs5R0JWNlhKClY5dnlVUnkrdlFDaXoyUzJnRDg9Ci0tLS0tRU5EIENFUlRJRklDQVRFLS0tLS0K",
                            "master_auth.0.client_key": "LS0tLS1CRUdJTiBSU0EgUFJJVkFURSBLRVktLS0tLQpNSUlFcEFJQkFBS0NBUUVBNmt0TldMb3BHMzNKYXlrVTNDM091S05ULzNxR1NnU1N3WklVUDF3N09oOS85TlEwCjVLYVZSNWNHQnQxdnQ0cGRscE9CQnFNTGNjN0NBYXpqZHU1VWtUOXlFakhOVi91bWJPVHZmTVFXdUUzbWhwZVcKRXUxV2N1ZUUxaXhsZ1hLWk82dmpSeGxqY3pSck85SWxranZiakpJTndJeFdyam5ySFdpMWFaQURka1h4aE1vRApzQXh4NGw4aW5sSHZmNnlWNVV2aGlSYXdCdWVBQmw5R2tYL3RHRUtyZ1loYVl2VmlVS0lha1dmNkMwQTFMckw5CjdNbklqKzYwSHhKeUtYN1ZLN0dwalpsV24ybnBldG5wd1Q3R0hJeE5RK0dJVWpCR2pRMEJoeGsxbEcvWEtORlUKekQxcE5YRjkwTzlvZ2JPcU5UVDFDRlBDN1RWRXlITFdla252S1FJREFRQUJBb0lCQUJwZEFvMHNObVd1NWVBUwpZWFBramlVcDBMRDN5aDVRVFN5dG1heG0vZzJjWDRjdXJTeDQzNldNZFh2R2hUUjlnK29tZXg5aWI0NWM3ZWpuCkdibkhWOW4zcmdmazFYYXozUDVXRk9vZ3ZPODhhY2NGamRnZm4ybUN5bWhZbXN2aDk2TFdwTFo2Z1gya1BYZy8KM1dVcTZkbVRraXRUUjBvbnY0Qmh5TDhCK3RlL0VEQmhNalRQZkd4OGYxak5DcXE2czJzVnNiQVR5VldZckYyaApCQzYwZFgrUm9ZMWF1NTZxM0R1Vm90K2RyNWptcjhxY1JLdzhGQzUycDR2RWViTC9ZZytRTVRaWm4xSkw4Q0NhClFWcTJYM3RDUEhWM2t6NGw4TDVXSVVDNGNyK1cxeWp5V0FWT0hPYTBDZE5JbXFDMjU3UWU2WmdpQ1Rld1BaKzcKc2I3Mms1RUNnWUVBOVViNkNNMTVPZGJOcWVWb0RQVkNHbi9HSmlFemJIQ2IzQlBxUGtrZFMxRG5ybmgyMFNyNQpnTU1lS3RkSnRnaVpLNDNWNWZoT25VR2NtYjZKcnVaODRYQW5iM0hVa05tN0daSWEwbStvTGRWY1dpdFliNkNVCkNJWVdyaG9qRVhZQnZnWmZOTHo2aGI5RXhXaisvTTRUelZhdG8wWUdzelBJRk9iNU4xVGJQeEVDZ1lFQTlJbG8KYkRxS1FSNm1yd3VEUDFRTFRDM0p4KzJ0OUMwOE5PZlh4YXVkOHJwMWJyeFFGckdUMmxuMGxtSlJiWW9OVk1SVgo5TlB1ZllXcnBTeUd3QnpBM2xRVG9zK3FvRmdCWklOZXloUlNYb0lRa3FmSDJXV0g0c1VNS3NWblM0cGl2Ti9UCjlQL1kvUG1HUyt0MFRRNEdaNHVhbWE2aGJIQ1ZVY3hMODJLSlhwa0NnWUFucUFZZERqdWZZbDkyTEtVYUV6MVEKMDMvU0FtUXlFRExpN2tWZE5LMEwxRlRoSEpENVdKMW1lQ1dVZjZKblVCU1R1aWJ2TzZwYU9wVjdOaGRFcy9kVQo2N0UwajQ3eXJJRlhyUXV4SW1ScXBLaDkyNnc4d0JXdkd4N25uMG8wTklRcm1SUWpqcnBpalg0cy9NRGRWdVJVCnVzTHdOdzQyUXhVQ2JDVzNFSDB5UVFLQmdRRFZxZ1k2b3IvUWZHYXFCZ1lzM0ZOdXdZZFFrR1Z4TitFbVhQa1UKdDRvdjN5bmlrdG5ycWtlRS94cU9GK1FNTVJiSzNTNDUyTC9HbjNoRnYyMFNDVTJnTlpoZXB0THdmVlRpTFVNeQprS1VUL05OY1FRdUc4WWJVNXRWbHZjd3VuZ0QrQlJpZk5ybXkrSmVXV0duck5majBtbStBSHF6ZklsUGwvL3JRCjgyVVI2UUtCZ1FERTc5YjIvUEtGVEUzc0FFK3h5cjZmZ2xtNUJvS0FQR3UxaFc4TnlTWnErYlRLMlRVWXlCejYKZitQNVR3WDhJTjFLdm1RSldLZU9mV1RLVjdVeU9ycjNwckRtL0xqdlk4eEtPeFFkMEc0Rk9aeitjUzM3V3BmYgpaTTdDQ05qd1ltSVI5bEhoeGlWWStaSlpqU01Mc04zbjExR1RMb0xpanpzWU5LUFkzaHlsOVE9PQotLS0tLUVORCBSU0EgUFJJVkFURSBLRVktLS0tLQo=",
                            "master_auth.0.cluster_ca_certificate": "LS0tLS1CRUdJTiBDRVJUSUZJQ0FURS0tLS0tCk1JSURERENDQWZTZ0F3SUJBZ0lSQUszVHVmSUNVRjBZTnJzVHA2Z3ZvRlV3RFFZSktvWklodmNOQVFFTEJRQXcKTHpFdE1Dc0dBMVVFQXhNa016WTNNRFUxTjJZdFpHUTRZUzAwTjJKaUxXSXlPR1V0TkRjeU9XRTBaR1ZpTkdZNQpNQjRYRFRFM01USXdNekl3TkRRek5Wb1hEVEl5TVRJd01qSXhORFF6TlZvd0x6RXRNQ3NHQTFVRUF4TWtNelkzCk1EVTFOMll0WkdRNFlTMDBOMkppTFdJeU9HVXRORGN5T1dFMFpHVmlOR1k1TUlJQklqQU5CZ2txaGtpRzl3MEIKQVFFRkFBT0NBUThBTUlJQkNnS0NBUUVBc3AvRW9vSHVIeXJjWGVVWU4vby9ORVFPd0EvdzNUTkVQcEZHaUl2aApySlMwYnA2ZVE2SHhKTlNSL2h2UHZsVkw5aE1TaDZRRGZkMGN3YzI3Y1BCdWtIeE9ObS9PWXRSVTFlMXplVllECnBXYzh2N3k4dGYxeWxMMFlqdlNUWDByM1ZrRTdzVVppZ0lDNlUzMlU3aSsrYURHY0FwZXBMQXAxR1BsZ0dud2YKNUlod1VJNXkzeWVGQTNJZE5CdzZkTDR5R1FoT3owWnhObEVPNW5tYVI2S0pTL1dRc2pkSEFVSVNZZklPZ2NUcgp6VWFINEtxT0M2dDNpZVU0Z3cxVWh2N2dNZmd1V0RHaFoyM3FMN0F6eUtncGtLVDY2aDlxdklwSlpQSVdnVWFsCkVhRkRaVWFDMjRMQ0JVUEVCVTNvWDdBR1VYNEkwbXVBTjhWUDVUalF2RDhpaFFJREFRQUJveU13SVRBT0JnTlYKSFE4QkFmOEVCQU1DQWdRd0R3WURWUjBUQVFIL0JBVXdBd0VCL3pBTkJna3Foa2lHOXcwQkFRc0ZBQU9DQVFFQQpmL2p6MkhrSzVZKzY0SmZZaVg2TTVtMDZIQU8wbm1hZE1LV1JpdHhXcFlwcFpqMUVOMTk3ZVVnTDJtdXJySkQ0CktjNnVZRTlMVnZlSDJDaGlOL2w4TlFkS0dnMmVMVGVzWFVHKzY0TE5mbGpOWEtDa3REMHF6bEtXY0xPT0RMSWoKVVlKMnJkbmJuSDhvQ2IzMDlMZUN0S3p6YmlYUFhaZ3NuODVTWkFTSUhkMkZMS2hvaGI1R1dlV3h1a3M5NHJOeQpNNXFmME1hQUpQMkJDeFd0Ky9JL05KT1Q1SDViSWtsVzErR0cwbUFuSFJmcTB1UDZYZFdNbzJWU3l4eU05ZnlICk85ODZwMFU5OVZxRFhQVElXZmQvRTk3NmdPOWtUdGkrNkJ6THd3UGtPQXZ2RjB4QVhYSDJxLzR5ZU1QeW5UWEsKWWtueFV3Nlphc1NZK3hyTjhaL1RKQT09Ci0tLS0tRU5EIENFUlRJRklDQVRFLS0tLS0K",
                            "master_auth.0.password": "rfTyAorXizVIzqJ2",
                            "master_auth.0.username": "admin",
                            "master_version": "1.7.8-gke.0",
                            "monitoring_service": "monitoring.googleapis.com",
                            "name": "training-cluster-3",
                            "network": "training-net",
                            "network_policy.#": "0",
                            "node_config.#": "1",
                            "node_config.0.disk_size_gb": "100",
                            "node_config.0.image_type": "COS",
                            "node_config.0.labels.%": "0",
                            "node_config.0.local_ssd_count": "0",
                            "node_config.0.machine_type": "n1-standard-1",
                            "node_config.0.metadata.%": "0",
                            "node_config.0.min_cpu_platform": "",
                            "node_config.0.oauth_scopes.#": "4",
                            "node_config.0.oauth_scopes.1277378754": "https://www.googleapis.com/auth/monitoring",
                            "node_config.0.oauth_scopes.1632638332": "https://www.googleapis.com/auth/devstorage.read_only",
                            "node_config.0.oauth_scopes.172152165": "https://www.googleapis.com/auth/logging.write",
                            "node_config.0.oauth_scopes.299962681": "https://www.googleapis.com/auth/compute",
                            "node_config.0.preemptible": "false",
                            "node_config.0.service_account": "default",
                            "node_config.0.tags.#": "0",
                            "node_pool.#": "1",
                            "node_pool.0.autoscaling.#": "0",
                            "node_pool.0.initial_node_count": "3",
                            "node_pool.0.management.#": "1",
                            "node_pool.0.management.0.auto_repair": "false",
                            "node_pool.0.management.0.auto_upgrade": "false",
                            "node_pool.0.name": "default-pool",
                            "node_pool.0.name_prefix": "",
                            "node_pool.0.node_config.#": "1",
                            "node_pool.0.node_config.0.disk_size_gb": "100",
                            "node_pool.0.node_config.0.image_type": "COS",
                            "node_pool.0.node_config.0.labels.%": "0",
                            "node_pool.0.node_config.0.local_ssd_count": "0",
                            "node_pool.0.node_config.0.machine_type": "n1-standard-1",
                            "node_pool.0.node_config.0.metadata.%": "0",
                            "node_pool.0.node_config.0.min_cpu_platform": "",
                            "node_pool.0.node_config.0.oauth_scopes.#": "4",
                            "node_pool.0.node_config.0.oauth_scopes.1277378754": "https://www.googleapis.com/auth/monitoring",
                            "node_pool.0.node_config.0.oauth_scopes.1632638332": "https://www.googleapis.com/auth/devstorage.read_only",
                            "node_pool.0.node_config.0.oauth_scopes.172152165": "https://www.googleapis.com/auth/logging.write",
                            "node_pool.0.node_config.0.oauth_scopes.299962681": "https://www.googleapis.com/auth/compute",
                            "node_pool.0.node_config.0.preemptible": "false",
                            "node_pool.0.node_config.0.service_account": "default",
                            "node_pool.0.node_config.0.tags.#": "0",
                            "node_pool.0.node_count": "3",
                            "node_version": "1.7.8-gke.0",
                            "project": "sandbox-wescale",
                            "subnetwork": "training-subnet",
                            "zone": "europe-west1-b"
                        },
                        "meta": {
                            "e2bfb730-ecaa-11e6-8f88-34363bc7c4c0": {
                                "create": 1800000000000,
                                "delete": 600000000000,
                                "update": 600000000000
                            },
                            "schema_version": "1"
                        },
                        "tainted": false
                    },
                    "deposed": [],
                    "provider": "module.bootstrap-training.provider.google"
                },
                "google_container_cluster.training-cluster.4": {
                    "type": "google_container_cluster",
                    "depends_on": [
                        "google_compute_network.training_net",
                        "google_compute_subnetwork.training_subnet"
                    ],
                    "primary": {
                        "id": "training-cluster-4",
                        "attributes": {
                            "additional_zones.#": "0",
                            "addons_config.#": "1",
                            "cluster_ipv4_cidr": "10.40.0.0/14",
                            "description": "",
                            "enable_kubernetes_alpha": "false",
                            "enable_legacy_abac": "true",
                            "endpoint": "35.195.87.129",
                            "id": "training-cluster-4",
                            "initial_node_count": "3",
                            "instance_group_urls.#": "1",
                            "instance_group_urls.0": "https://www.googleapis.com/compute/v1/projects/sandbox-wescale/zones/europe-west1-b/instanceGroups/gke-training-cluster-4-default-pool-9280a927-grp",
                            "logging_service": "logging.googleapis.com",
                            "master_auth.#": "1",
                            "master_auth.0.client_certificate": "LS0tLS1CRUdJTiBDRVJUSUZJQ0FURS0tLS0tCk1JSUMyakNDQWNLZ0F3SUJBZ0lRQkVKVWRpUHArYWxXU0dPMW5WUkpRREFOQmdrcWhraUc5dzBCQVFzRkFEQXYKTVMwd0t3WURWUVFERXlRMVkySTFZek01T1Mxak5EUmxMVFJoTTJFdE9XVmpPQzAxTkRBeFpEa3hOalprT1RFdwpIaGNOTVRjeE1qQXpNakUwTkRNMldoY05Nakl4TWpBeU1qRTBORE0yV2pBUk1ROHdEUVlEVlFRREV3WmpiR2xsCmJuUXdnZ0VpTUEwR0NTcUdTSWIzRFFFQkFRVUFBNElCRHdBd2dnRUtBb0lCQVFDbmdLUk9Bb24xM1Evc2RSTFoKWE9Jcm4wK0hoNnVmeVZQNXV2b1RSSDlhbTZMaE1ZalZPZWpTWmFKS0o3aW9lMDdTTHl4aDJ0M0ZiUkRKblRFUgpqWDIvTFRkR1BpUWpvOVFETFloQ1JIM29mZmNEaWx5Z1p1bGR3MEN6WHU2U3g2ZzNDdUs3TmdNMGVvenlsNHErCnZicEQxU1FLd3UwdFMwbVhCd2FvRkJsU1BpYUVwbmcxM2hpTjlKTHM5VnFEaTFia3dzZHFSbkVUbFJVYzk5TTEKZ21kOVU3ZFhqYmthbm5qQVQwUml0Nlh4aG9lWmRnRG5Ub3lJNm0rZEZScjlTZXlHSVZUWlZyOEcwVlMwRWdZYgpERHNaRUpYSVdYRWVYUE1TOHFjRzVJRUtua3FDWVoxcVpPcVArRWxUVkJYcVA5UlNNMmw2RVYwSWpXcmw0SEtDCnQwL2JBZ01CQUFHakVEQU9NQXdHQTFVZEV3RUIvd1FDTUFBd0RRWUpLb1pJaHZjTkFRRUxCUUFEZ2dFQkFCeEcKSHBkNC94SE5FZmgwNHZqblJwRmFkYmxQSitGamRycFBCczgrY25wK1pkQUFIaTJYRHZoUmhWWFlKc08rY01iZAp0Q0hwc2FvVzlWS3VKMUo4SUg5S2oxSDdNdWExSkdXWXlGUUFyYWxKaS8zR2w2bGVmMUU4RDFYQ080ZVBvMHNVCk9zWjBZV2VmQUtVSWIzek5BQWMwZ2x4RldaSDNQdzdvdWd0M3hrdmxucWJnTnNDYmZIc3R5YURGQkppd2JUMncKWXE5ZkFEaElseXR3SzVKSTF2am85K0FUMXZHWEVWKzJITU5reGVqMWZUeGNsZ3VycnpKMWFsVTRRdDFIb0lqRgpRdmFQaUxjSWxHL1hFZTBBQTJUN1BXVWpkZXdUSFM4b0dSMGRRdEtDV0VSSWYvZkZQRmtDMmVOOU15d1ltNXAxCkk2NjJqSE9oYmFycDRxUU1nclk9Ci0tLS0tRU5EIENFUlRJRklDQVRFLS0tLS0K",
                            "master_auth.0.client_key": "LS0tLS1CRUdJTiBSU0EgUFJJVkFURSBLRVktLS0tLQpNSUlFcEFJQkFBS0NBUUVBcDRDa1RnS0o5ZDBQN0hVUzJWemlLNTlQaDRlcm44bFQrYnI2RTBSL1dwdWk0VEdJCjFUbm8wbVdpU2llNHFIdE8waThzWWRyZHhXMFF5WjB4RVkxOXZ5MDNSajRrSTZQVUF5MklRa1I5NkgzM0E0cGMKb0dicFhjTkFzMTd1a3Nlb053cml1ellETkhxTThwZUt2cjI2UTlVa0NzTHRMVXRKbHdjR3FCUVpVajRtaEtaNApOZDRZamZTUzdQVmFnNHRXNU1MSGFrWnhFNVVWSFBmVE5ZSm5mVk8zVjQyNUdwNTR3RTlFWXJlbDhZYUhtWFlBCjUwNk1pT3B2blJVYS9VbnNoaUZVMlZhL0J0RlV0QklHR3d3N0dSQ1Z5Rmx4SGx6ekV2S25CdVNCQ3A1S2dtR2QKYW1UcWovaEpVMVFWNmovVVVqTnBlaEZkQ0kxcTVlQnlncmRQMndJREFRQUJBb0lCQURCN0J0TS9YOS9tRGx4UgpuRldHVVQzdis4eE40OG81TXRHR29TZmZmUDdrS2hZRXlNWnlYdVU2bm1qWksxUzBiK0ZjM3ZzcHBtT2tpQ1hhCmxkK3ZOTFNYS1RidStIWEtUcXhteXRmblRBdjFIWUFNVlhmbG9Xak9nUlVKaG9LOFAvOUNhdEpsdFRMRXY3UGQKVWI2WVdtZVVzcnhjbzlvbXZ0TjBLS1NRUUszeE1BL0IvNVNCelpvbzBzK0NQZHN2ZFVXcGdDMTF1eGpBVXNSaQpieDRvV3JZSzRVZ3FURkhsajBtY0UwQm9IbVJuSko0cFBUS0x5RWlhT1FQbHNrTVZMWTZnS2Jzajk0bEMwSTFPCjRBUitOZk5TYnpGam0zOXdzb2hPeEZWb3hBeUs3NDhPU0hacVZEdFdxTEpZMlZ4bHdIYzcxVWNHTVlPRnFtSEgKcWJteUV0MENnWUVBMjZCMEJoSE5wVlp2eDgzMEVpZ0Fyd3BlOVBMVnJML1c3TTdoNTVLbmQzbndxWDl6RmJoOQpqM2pHZkJ1aWRRdDYya3JsaFc3b3djNTJkYlVmOWJNS25nYzZUZ2NsNjFmY2tzVWIxWGxaZFBTd3ZuN3NzbzJhCkJGM2NaTHdVMzJ2YXNSblIxWkFpbW5pY09aRTI5d1dDUEpRTHpLVS9ZN1RaNUllS2FrcFFOK1VDZ1lFQXd6NUUKMlpUVFRnQ0NnWnFGTG5Qd01hQkFnVTc4djB6U0JmME5kVmxFc2NjTk00Wkllay9xMFFuSThjajRlVjlHQTI5RQphNkQ3QlNlQ0FyQytDN3o4SHhFRHVscmp2NTVTL3c0eFNxUHNEd3dmbnFqa1VITlM3QnBCa043amMydERaOUwwCkJieHZnSjd0MDBUU2pWbERtTkthbm9BQkxzRkVRRXcxMHQyVmJMOENnWUVBc09FSHNEKzBYSDFCcHl3eWJsRHoKUkFYWk5mTkFyVkVQV2thLzMwM1lPN3ZrVzgzK05MY1J3SE9uZnhxT2V5OVVzT3Z5NzhURUJob3VnMXZ0TW1jUQpuUGI3T1E0K3RzeGJJNFZGaG1hbDZqQ0xDOUNTOXJaZUhUZ3VvSjV0UFFiUzZTRC9RcjFEY1I3RHl3VXR2RUllCmdvVkUvM3J5azIxNnNyZUtmVkgrU3hVQ2dZRUFpSGNLaW9ZU1YyL1Z5QjZudmZzOVJJSjg4NlN3MWtrc2R4RVQKaWhVV0JhaGFXc3dkOXBmTFNjYXNGQXRqV1BvMXBvcnI2TXFCQ1c0KzJnQ05KUWszczhNaHR1eDJTV1d4SHlMZApZdzFHSHBKYnUzclM4a1JaRGp1ZjNsRmI2ejFxeExQVzZmZDJmQkVacTlScjBtNDA2Q2t6OTFzQytKb1BTVjI3Ck5TSzVvV01DZ1lCTW5RbzdDN2kwdE9COHVFT1ZudWVYYSs3T2NzenFXbGQ0d3N5S2dldXNFTjkvaTIyNmg2aG8KeTM3b2piWklEMmc1RWtvSWxLYjFibllHckVVanZEOTRTTnFjZlJabWNFaEppRGFNbUIydzRlZ1Foc3RxNUptZQpMdUpHd0lZSzhJdDd3S2g4RWpqeVd4SXNTSVd0Q3R2QjlyYzFnS1FNdU4yeEhFMGN3R3JkR2c9PQotLS0tLUVORCBSU0EgUFJJVkFURSBLRVktLS0tLQo=",
                            "master_auth.0.cluster_ca_certificate": "LS0tLS1CRUdJTiBDRVJUSUZJQ0FURS0tLS0tCk1JSURDekNDQWZPZ0F3SUJBZ0lRRmxORjlUczJwWEQ2R1ZObGJtYjloREFOQmdrcWhraUc5dzBCQVFzRkFEQXYKTVMwd0t3WURWUVFERXlRMVkySTFZek01T1Mxak5EUmxMVFJoTTJFdE9XVmpPQzAxTkRBeFpEa3hOalprT1RFdwpIaGNOTVRjeE1qQXpNakEwTkRNMVdoY05Nakl4TWpBeU1qRTBORE0xV2pBdk1TMHdLd1lEVlFRREV5UTFZMkkxCll6TTVPUzFqTkRSbExUUmhNMkV0T1dWak9DMDFOREF4WkRreE5qWmtPVEV3Z2dFaU1BMEdDU3FHU0liM0RRRUIKQVFVQUE0SUJEd0F3Z2dFS0FvSUJBUURDRWtxYVQvN1dXWVJlYkNpeHpOUXUzTFoxOE9sOW80ZHNMSGN3bDUvdQpHU0hCR2JYRExzbWJXWFEvU1JCZCtITnVXdStyZENZVDZJNzdtWUozWVBnOC9OZmllME8yNUE3b3VVMlBhbFp0CjQ4TWJFWEI2NXZGUWI2eWVYQnF4MzlTNVI2bDJSM3BFbWYzZ2pyV3RJZ3psaU9iV0oxT1R2OG1UbVlSWkRpZGQKR0FJWjh5OHdSV2RqS1JDSERHVHZ1VFdWa0VyT2N5ZE1OOGRZcUxreC9qVVlRQlFNb3dST2NUMjBLamlYRGJvSAo0aEJKVU9yVUVlNzNaV3IrejV6YTRUcHl3UG9CT2tKYk9MaFNBRnhiMEVRWnEzVlVrOEpZRnNRQkJ1d0tyMC9BCjY0NTNESUxqejBmTnhiajBTWmk2NlZpQWVyWGwybitzZ3h4Q3dZUVRxUWFyQWdNQkFBR2pJekFoTUE0R0ExVWQKRHdFQi93UUVBd0lDQkRBUEJnTlZIUk1CQWY4RUJUQURBUUgvTUEwR0NTcUdTSWIzRFFFQkN3VUFBNElCQVFBegpObC8rUW1wN09XOWxEUWdjeGRDV29CNDQ0U3o0WTM1QlptYkFmdlJ1ZzJkc1BBNndKVDBsWXd4VmdIZlZBUWtTCjc4MmhHSko2ZHk1Q3lkaGhGMzAxbkxqT2R4WURVU0MrbDl6TUJjUGRFTTRLMUdXWHR1NGc1d0tmV2JWTS9NMGoKd2RRRlAyREFmdklyUVliSVo1M2pqZ2piNFZCd2ttNXEyekhJZlJBNmdrNFArWWNkN3JuRUNuOVN4TE1XWSsyawo5VFgwczBHenh0c3l1eDRPNmR0MmYrbWozMGdDd3hPaFFQOE5NdnR4bklzRU4wajVmM0JxM0hmU0dKekdsVjJICjV4aWo4UTdPaXpkbURFQ09Zb21tTjBzUjRuU0lnU0plVzVsOE83SWh4SGxwbmJ2Rmx0SVBsL1lWUnF0bm16TFIKT1JjSUlKdTZXOHc0Y21GNHk5dVkKLS0tLS1FTkQgQ0VSVElGSUNBVEUtLS0tLQo=",
                            "master_auth.0.password": "eDry0nDYnato2kzB",
                            "master_auth.0.username": "admin",
                            "master_version": "1.7.8-gke.0",
                            "monitoring_service": "monitoring.googleapis.com",
                            "name": "training-cluster-4",
                            "network": "training-net",
                            "network_policy.#": "0",
                            "node_config.#": "1",
                            "node_config.0.disk_size_gb": "100",
                            "node_config.0.image_type": "COS",
                            "node_config.0.labels.%": "0",
                            "node_config.0.local_ssd_count": "0",
                            "node_config.0.machine_type": "n1-standard-1",
                            "node_config.0.metadata.%": "0",
                            "node_config.0.min_cpu_platform": "",
                            "node_config.0.oauth_scopes.#": "4",
                            "node_config.0.oauth_scopes.1277378754": "https://www.googleapis.com/auth/monitoring",
                            "node_config.0.oauth_scopes.1632638332": "https://www.googleapis.com/auth/devstorage.read_only",
                            "node_config.0.oauth_scopes.172152165": "https://www.googleapis.com/auth/logging.write",
                            "node_config.0.oauth_scopes.299962681": "https://www.googleapis.com/auth/compute",
                            "node_config.0.preemptible": "false",
                            "node_config.0.service_account": "default",
                            "node_config.0.tags.#": "0",
                            "node_pool.#": "1",
                            "node_pool.0.autoscaling.#": "0",
                            "node_pool.0.initial_node_count": "3",
                            "node_pool.0.management.#": "1",
                            "node_pool.0.management.0.auto_repair": "false",
                            "node_pool.0.management.0.auto_upgrade": "false",
                            "node_pool.0.name": "default-pool",
                            "node_pool.0.name_prefix": "",
                            "node_pool.0.node_config.#": "1",
                            "node_pool.0.node_config.0.disk_size_gb": "100",
                            "node_pool.0.node_config.0.image_type": "COS",
                            "node_pool.0.node_config.0.labels.%": "0",
                            "node_pool.0.node_config.0.local_ssd_count": "0",
                            "node_pool.0.node_config.0.machine_type": "n1-standard-1",
                            "node_pool.0.node_config.0.metadata.%": "0",
                            "node_pool.0.node_config.0.min_cpu_platform": "",
                            "node_pool.0.node_config.0.oauth_scopes.#": "4",
                            "node_pool.0.node_config.0.oauth_scopes.1277378754": "https://www.googleapis.com/auth/monitoring",
                            "node_pool.0.node_config.0.oauth_scopes.1632638332": "https://www.googleapis.com/auth/devstorage.read_only",
                            "node_pool.0.node_config.0.oauth_scopes.172152165": "https://www.googleapis.com/auth/logging.write",
                            "node_pool.0.node_config.0.oauth_scopes.299962681": "https://www.googleapis.com/auth/compute",
                            "node_pool.0.node_config.0.preemptible": "false",
                            "node_pool.0.node_config.0.service_account": "default",
                            "node_pool.0.node_config.0.tags.#": "0",
                            "node_pool.0.node_count": "3",
                            "node_version": "1.7.8-gke.0",
                            "project": "sandbox-wescale",
                            "subnetwork": "training-subnet",
                            "zone": "europe-west1-b"
                        },
                        "meta": {
                            "e2bfb730-ecaa-11e6-8f88-34363bc7c4c0": {
                                "create": 1800000000000,
                                "delete": 600000000000,
                                "update": 600000000000
                            },
                            "schema_version": "1"
                        },
                        "tainted": false
                    },
                    "deposed": [],
                    "provider": "module.bootstrap-training.provider.google"
                },
                "google_container_cluster.training-cluster.5": {
                    "type": "google_container_cluster",
                    "depends_on": [
                        "google_compute_network.training_net",
                        "google_compute_subnetwork.training_subnet"
                    ],
                    "primary": {
                        "id": "training-cluster-5",
                        "attributes": {
                            "additional_zones.#": "0",
                            "addons_config.#": "1",
                            "cluster_ipv4_cidr": "10.32.0.0/14",
                            "description": "",
                            "enable_kubernetes_alpha": "false",
                            "enable_legacy_abac": "true",
                            "endpoint": "35.195.154.127",
                            "id": "training-cluster-5",
                            "initial_node_count": "3",
                            "instance_group_urls.#": "1",
                            "instance_group_urls.0": "https://www.googleapis.com/compute/v1/projects/sandbox-wescale/zones/europe-west1-b/instanceGroups/gke-training-cluster-5-default-pool-c8298e87-grp",
                            "logging_service": "logging.googleapis.com",
                            "master_auth.#": "1",
                            "master_auth.0.client_certificate": "LS0tLS1CRUdJTiBDRVJUSUZJQ0FURS0tLS0tCk1JSUMyekNDQWNPZ0F3SUJBZ0lSQU1BYUhuSUNwcFliVFk3WkxyaWpvNnN3RFFZSktvWklodmNOQVFFTEJRQXcKTHpFdE1Dc0dBMVVFQXhNa05tTmtOREV3WTJRdE5qZGlOeTAwTURRNUxUaGlPREV0WmpVelpEZGtaR0l5TlRWbApNQjRYRFRFM01USXdNekl4TkRRek5sb1hEVEl5TVRJd01qSXhORFF6Tmxvd0VURVBNQTBHQTFVRUF4TUdZMnhwClpXNTBNSUlCSWpBTkJna3Foa2lHOXcwQkFRRUZBQU9DQVE4QU1JSUJDZ0tDQVFFQTJ0ZDJ0WFNJWDV3SjB3cTAKTUtuQkVsM01LcDdQbWx5N2JDV3hwb1UxcTlKWUFITW90ZDRwOU1hTUVvNjRSWTNsdGtZNmprQkc1WkJYemdsRgpnSmM0UGcyNFRTSGxTaDBSOGh6RHBSVXBLZXA4eU1FTzNxaTRHenN3Q05pS3Q1ODdNM29wUG5TYVgxcDlpUjB4ClNKdFUvcE5CM3ZDNlFrMTJOcWNaL1UxeFpTRkJyREU0ODZBcy9yZmVYMUlOR2h0TVMrYnBRanE3SjBaYW9yd2EKeFMwNHZRRE5QSDh1a2F1UEJRR2ozYy9VV2RMeURuY2pFOVBiL0Rhb3lENFUvakN3WGxaUXdPV0lhaVphTjVjTQpMSVVmekp1RVBKNzJCOEZTaWtKQlQ4RnhsaU1ISExDSHUwaE1pcFRiNXZ3NkFrc3VYclFxOUZpUDFhelNuZ1pXCkswekZEd0lEQVFBQm94QXdEakFNQmdOVkhSTUJBZjhFQWpBQU1BMEdDU3FHU0liM0RRRUJDd1VBQTRJQkFRQ0EKTE0wK3A0ekFPODRzNEFRWFk5UmhPakkyU3dkTHZYa2VnanRjTlIvOUJVaFRhMkhVQ1YrMTVNcmQ2cFhueXRrUgp3WnpDRVkycWVvM2U3YVhKMmpOWFJGWDdIQzMweFh5WXA4OU52TjdJOHRoalFneWdibUFxaXlOdUhySW5LOFF1Ck81SVFYdXZIS2I4a2VyV0RIbGhiWTQvYXBVQ0RJZzhxMmNvTGJwYlNiWm9vT3F1THYvYUpQemxpSDNaek13ajQKVTRndDgxakNTaVllOGR5WkNTSUR2YWROOVZ2WUE5NDdrbDlGY01vWGNaWm9RVEtMa2I5VW42cFpLMy9FbzZENQo3ZFJleDk5NzV1cjZaUTh1V2xCUjhoelIxem5SWk9YaDYxcXZLZmUzL2UwNmFSUit3d3Y4TzhBVE9XM1RBUDFXClVUZjZiRHl2V0l2Sm5RY0VtUlBZCi0tLS0tRU5EIENFUlRJRklDQVRFLS0tLS0K",
                            "master_auth.0.client_key": "LS0tLS1CRUdJTiBSU0EgUFJJVkFURSBLRVktLS0tLQpNSUlFb3dJQkFBS0NBUUVBMnRkMnRYU0lYNXdKMHdxME1LbkJFbDNNS3A3UG1seTdiQ1d4cG9VMXE5SllBSE1vCnRkNHA5TWFNRW82NFJZM2x0a1k2amtCRzVaQlh6Z2xGZ0pjNFBnMjRUU0hsU2gwUjhoekRwUlVwS2VwOHlNRU8KM3FpNEd6c3dDTmlLdDU4N00zb3BQblNhWDFwOWlSMHhTSnRVL3BOQjN2QzZRazEyTnFjWi9VMXhaU0ZCckRFNAo4NkFzL3JmZVgxSU5HaHRNUyticFFqcTdKMFphb3J3YXhTMDR2UUROUEg4dWthdVBCUUdqM2MvVVdkTHlEbmNqCkU5UGIvRGFveUQ0VS9qQ3dYbFpRd09XSWFpWmFONWNNTElVZnpKdUVQSjcyQjhGU2lrSkJUOEZ4bGlNSEhMQ0gKdTBoTWlwVGI1dnc2QWtzdVhyUXE5RmlQMWF6U25nWldLMHpGRHdJREFRQUJBb0lCQUFKYnF5RXpuMEZpOGtDcQp6bm1WWjJkUXVNK2d3ZjRmZS96T0czdGFxV04zeWZrcmswUktBZ082ajZpWmxYUWQ1bWxUNkZrT0RiMjRsejcwCkRuZmx0bDliS1lRaUJoekJvM3d5eFF1d1FwdGVFZlRkNExaWWhYcUVuUWl2ZUZjdTg5UFE2cTRJNllOOWtrN1MKbllhWE1taGRMTVU1SEdxOC9oRzkrUnR2NmM0L1VuZU5YcEVtUi9mYWNrbURQeWNhSko3dXVzNnJ6WmNsSWZ1YgpTMW1OcUMwenc0NjZobWFScWRranNYUkhrd2dEUUJWK1d5NkI5cm9GYWo0R05vdTJocDdkZGhlWmhxZk5uV0VLCkxuajNMdFBwOFdHYzBxMVMrUDNMOUlNOHpZb2ZNcFl5UnhaRVFXajZCYitYNU0rRHdTa3BodDFDNTNDU1p2UkoKcENzYUZja0NnWUVBN3ZaQVRrQmsrVmo1OW95UUVvM3ROM1JCL1ZYT1NxRmRYUU9DKzZjVXFLY1RQTjh1bmg2RQpIRU9ndlZMNUpsdCtmQ2NGSXlMdmFkN3FQcW9xZzRoMk9xVHMxM0VOb25GUDRYS0ZCSXJ3TWJTOVRoLzlTTEh3CjFvVkh5ekVlci9sNGxHZDRlSG5FSlVtbFRTRGRzU2pTN1NzSUpkUHFRRjBwdWhJdUFPL2FBajBDZ1lFQTZuSDEKazdRdHZKeEV0Ym85RTI5Qjd5ano0c3lOVXdCclhhSksxZUUvTlVRN0ErYitZQnZCY3Z3ZmtuN1QvZitmUXUzTgpQUmppTFNyNTZGRlFZbi9ReTlVLzJ5UUQ2OFlVcndvdWgzaVE0eDRmaUpVUGx5akVQV05jNm5qOTY4MXI4T2ZtCk51OW1HU1NhNmFtY1FUKzhTdWlLVUxDbjhtMzJxd0M3QWl1UVZUc0NnWUFzU0lRNFBDUzZOS3YxN2F5UlU2M2YKTmZNNHNGc1BaNEgyeDd6UlIvQkRKTnNpejdWQzVpTFRYaEQrcE02NU5nRmxucEdNSm1BNXZXNnBlRDF5cktwRQpTZVgrTXR3MCsweXpXZGFldGVTM1FXaEhmeFFnRWFHeEQzZnpoc0hLR0xBb3lGZ0I4NGJPNWl2MDlCOUJRbkI4Ck5ScEljRkliNVdmakxKVkw1U2NBZlFLQmdIZHZaT2RCVkVlUTZLUVg0OE9CMjNvbVI5RFQybTlkZUZUME4rR3IKNVpLU1Z1cFBCR29iMmJwbFhRUTVubS80aUw4RS9KalNrMjdsUlBrb2E2WXliVUZhT3pTOXJVMncxSnF6dWk2RApxblE1eFdERVozUGZiZEhFUy9LYmZ1aGc5MHQ4S0ZqMkx2SkNKclZCRmZ4YnB1WVdmMWhLRnRVM1ZnR1oxcXR0ClhCTS9Bb0dCQUsxUnVYdFUxZmhJR01udzA4OVduejhwdUVWUHM0Qm1qTjk1QzRBZVkyUEhQWmZFNEdNZUcwZnQKR1E4Vy82UitESlE5SytmWnlQZWZlR00zRXhwcHc3cnprandNc0JsOG5HckpNbDFocVpVUitsMDhHMHUzcDVsbwpBRmhTRU13cW1mZ0dGbjFiK0N5ZDVhQ0Z5RG1oQzc4OElCZUczZm5FTW03ekJxVmRKSnFCCi0tLS0tRU5EIFJTQSBQUklWQVRFIEtFWS0tLS0tCg==",
                            "master_auth.0.cluster_ca_certificate": "LS0tLS1CRUdJTiBDRVJUSUZJQ0FURS0tLS0tCk1JSURERENDQWZTZ0F3SUJBZ0lSQVBkRWhRUnNlWmNLUnlDdGVzN0hDVjR3RFFZSktvWklodmNOQVFFTEJRQXcKTHpFdE1Dc0dBMVVFQXhNa05tTmtOREV3WTJRdE5qZGlOeTAwTURRNUxUaGlPREV0WmpVelpEZGtaR0l5TlRWbApNQjRYRFRFM01USXdNekl3TkRRek5Wb1hEVEl5TVRJd01qSXhORFF6TlZvd0x6RXRNQ3NHQTFVRUF4TWtObU5rCk5ERXdZMlF0TmpkaU55MDBNRFE1TFRoaU9ERXRaalV6WkRka1pHSXlOVFZsTUlJQklqQU5CZ2txaGtpRzl3MEIKQVFFRkFBT0NBUThBTUlJQkNnS0NBUUVBbTVreFMyUHRiQ0hsajIvTEl4UE00eG0wNFRQbElSUVBYcjVwd2lHTAp5YTRtY2MvNlFVV0F2anpFWkJwWGQ0K3JBR01vZVNBbUJUcFpQM2dyWlBEWmtVSmplRm9KS3M4cWloZ3ZsWnJxCkZiQnVUcWsrQ2MxU1NZd083ZkRxRUF0NDA1SVUyZWRYZ2FvZGl4ZTl5SzU4bGFhNzhKa01NY2NDUzl2TGhiUU4KNDhyMXl1MWF2TFVseFB6RENrRy9DcjBmekZtT2JJbk1jM05Ednp2V2U4VkJJcnE4aEpKUTNucGNuZmNxVDU4TApEOGFXQ2IyVXZQOTVHOWpBUFcxalZ2dmxObGc1dmVOUXRkcmdHcTBHZmhaYjJkNG9PdVlTMU5rcFR4WEhGRFA4CkZhOUgwWkNrRFZyTHhXSmFJOTRjNFFyTlVRUTVHTG40bXBMZVZFbmZ4b2tEandJREFRQUJveU13SVRBT0JnTlYKSFE4QkFmOEVCQU1DQWdRd0R3WURWUjBUQVFIL0JBVXdBd0VCL3pBTkJna3Foa2lHOXcwQkFRc0ZBQU9DQVFFQQpTVW1EdHJ3WHhDaktsSUxLb2pXODhoTmEyY2pvSGo5djRoV2xLdXRjQmlUZzVIWlI1UXJTdHdhQkxDRWNtUW1OClBvYkJNWEo0YTVOa09HeTlFMnlycHBRR3JOT0ZwYTlFei9HMWR5dWgxeUNpVGdpSjNZR1FKRnBpM1JBeFY1OEYKbGVIME1tVThrZ2dmcGM5SSswN3hzSVhyZW1TeXA1cHR5b3BmOWU1WWZYZnUzenpJV2VCOSt0eDlUNERiQnZBcAo4ZjBDM0t2Mk50Vmk4WGlmQjZ1T2E3MVNlYWg2QTZKS2lQWDk2ZGZYaWJ4bW9kWmxTMFBNV3Zka1F6Wk00N3cxCkdkVU95NFNJL0dMWUxONFJMM2s1anlJYjB4clBYSFJ3Wit1d2NmYzd0bFlMU1lURjhrcTdoT3FpMVNTYU9nWmMKUVozWHdKcjBhMHZqUktUU1lDU01kZz09Ci0tLS0tRU5EIENFUlRJRklDQVRFLS0tLS0K",
                            "master_auth.0.password": "EYEnlToAMhbBAZ5q",
                            "master_auth.0.username": "admin",
                            "master_version": "1.7.8-gke.0",
                            "monitoring_service": "monitoring.googleapis.com",
                            "name": "training-cluster-5",
                            "network": "training-net",
                            "network_policy.#": "0",
                            "node_config.#": "1",
                            "node_config.0.disk_size_gb": "100",
                            "node_config.0.image_type": "COS",
                            "node_config.0.labels.%": "0",
                            "node_config.0.local_ssd_count": "0",
                            "node_config.0.machine_type": "n1-standard-1",
                            "node_config.0.metadata.%": "0",
                            "node_config.0.min_cpu_platform": "",
                            "node_config.0.oauth_scopes.#": "4",
                            "node_config.0.oauth_scopes.1277378754": "https://www.googleapis.com/auth/monitoring",
                            "node_config.0.oauth_scopes.1632638332": "https://www.googleapis.com/auth/devstorage.read_only",
                            "node_config.0.oauth_scopes.172152165": "https://www.googleapis.com/auth/logging.write",
                            "node_config.0.oauth_scopes.299962681": "https://www.googleapis.com/auth/compute",
                            "node_config.0.preemptible": "false",
                            "node_config.0.service_account": "default",
                            "node_config.0.tags.#": "0",
                            "node_pool.#": "1",
                            "node_pool.0.autoscaling.#": "0",
                            "node_pool.0.initial_node_count": "3",
                            "node_pool.0.management.#": "1",
                            "node_pool.0.management.0.auto_repair": "false",
                            "node_pool.0.management.0.auto_upgrade": "false",
                            "node_pool.0.name": "default-pool",
                            "node_pool.0.name_prefix": "",
                            "node_pool.0.node_config.#": "1",
                            "node_pool.0.node_config.0.disk_size_gb": "100",
                            "node_pool.0.node_config.0.image_type": "COS",
                            "node_pool.0.node_config.0.labels.%": "0",
                            "node_pool.0.node_config.0.local_ssd_count": "0",
                            "node_pool.0.node_config.0.machine_type": "n1-standard-1",
                            "node_pool.0.node_config.0.metadata.%": "0",
                            "node_pool.0.node_config.0.min_cpu_platform": "",
                            "node_pool.0.node_config.0.oauth_scopes.#": "4",
                            "node_pool.0.node_config.0.oauth_scopes.1277378754": "https://www.googleapis.com/auth/monitoring",
                            "node_pool.0.node_config.0.oauth_scopes.1632638332": "https://www.googleapis.com/auth/devstorage.read_only",
                            "node_pool.0.node_config.0.oauth_scopes.172152165": "https://www.googleapis.com/auth/logging.write",
                            "node_pool.0.node_config.0.oauth_scopes.299962681": "https://www.googleapis.com/auth/compute",
                            "node_pool.0.node_config.0.preemptible": "false",
                            "node_pool.0.node_config.0.service_account": "default",
                            "node_pool.0.node_config.0.tags.#": "0",
                            "node_pool.0.node_count": "3",
                            "node_version": "1.7.8-gke.0",
                            "project": "sandbox-wescale",
                            "subnetwork": "training-subnet",
                            "zone": "europe-west1-b"
                        },
                        "meta": {
                            "e2bfb730-ecaa-11e6-8f88-34363bc7c4c0": {
                                "create": 1800000000000,
                                "delete": 600000000000,
                                "update": 600000000000
                            },
                            "schema_version": "1"
                        },
                        "tainted": false
                    },
                    "deposed": [],
                    "provider": "module.bootstrap-training.provider.google"
                },
                "google_container_cluster.training-cluster.6": {
                    "type": "google_container_cluster",
                    "depends_on": [
                        "google_compute_network.training_net",
                        "google_compute_subnetwork.training_subnet"
                    ],
                    "primary": {
                        "id": "training-cluster-6",
                        "attributes": {
                            "additional_zones.#": "0",
                            "addons_config.#": "1",
                            "cluster_ipv4_cidr": "10.52.0.0/14",
                            "description": "",
                            "enable_kubernetes_alpha": "false",
                            "enable_legacy_abac": "true",
                            "endpoint": "35.195.62.164",
                            "id": "training-cluster-6",
                            "initial_node_count": "3",
                            "instance_group_urls.#": "1",
                            "instance_group_urls.0": "https://www.googleapis.com/compute/v1/projects/sandbox-wescale/zones/europe-west1-b/instanceGroups/gke-training-cluster-6-default-pool-da27c4f4-grp",
                            "logging_service": "logging.googleapis.com",
                            "master_auth.#": "1",
                            "master_auth.0.client_certificate": "LS0tLS1CRUdJTiBDRVJUSUZJQ0FURS0tLS0tCk1JSUMyakNDQWNLZ0F3SUJBZ0lRWkI5NlA5VzB2bE94dFUwWEJzMGlCVEFOQmdrcWhraUc5dzBCQVFzRkFEQXYKTVMwd0t3WURWUVFERXlRek5XTTNNVFl4TVMxalpUVXhMVFJrWWpRdE9UVm1OeTAzTVRSaFlqRmhPRFExWmpJdwpIaGNOTVRjeE1qQXpNakUwTkRNMldoY05Nakl4TWpBeU1qRTBORE0yV2pBUk1ROHdEUVlEVlFRREV3WmpiR2xsCmJuUXdnZ0VpTUEwR0NTcUdTSWIzRFFFQkFRVUFBNElCRHdBd2dnRUtBb0lCQVFDMUQySmNjY2RwNVRhdFUwdVMKVlhjbUMzTnF0dHhMOCtWZ0J0Y1pQQ1lyQk1SYXdWNE1seFFMcG9yWnh2NE5ISHhKS1hHaGtDYlFYeFFDZGgrNwpLMkh4WXVhYnJxeUNOQnA5aXlkZ1U2Z2V2VFFvSEhUS01xSXk1SkxOc2ZKNlN0M2ZiaGtuRTdNcnFWQmxOWlJ0CkcxVXBwMmJFT0I3aHFGNENFWnRFRGtHSjJRcXhNVTMxRnJ2R0dZam5LdFZGOXQ4eUt1dVo3eWxVSEwvRlpTVkEKczZjcnhBazlISXlFZjNXQUtGZHh1enVMK21mNFd2SFYrZS9vVm8xUjNwb0czcmpTUjJqOXB6emFOZyt2QUwyZQpzU2xaQVRkY0RXK2pFNlp0L2U5TFJ6cjJWTU50RzU4Rmx2d0MycGlwamJEU0tDdHVRcSsrUDJxUzEyYk5KL2UvClNObzVBZ01CQUFHakVEQU9NQXdHQTFVZEV3RUIvd1FDTUFBd0RRWUpLb1pJaHZjTkFRRUxCUUFEZ2dFQkFFNVgKbDU0Qm9jOStjRmZQczJUaEJUckpCbW8vSDE2U3U1U1N6dS9GaXBiVy96ZWNwZ3E4d3hjQ0pYK1dxQzhuL2J5NQpXUWprMGVwMGxFbXFycmJCK0EySmI1dEUyUFhBaFBiS1hTYnNyMmhxL3liQnpScFIvUm52VnRHTWNmNlJtSmVyCjlLTkc1Wm5KNkxCZFAxKzRpSC80VUVQcDllL3RRc0owMW9tRURhalpHZHJmZm9vaUpqWE11TUM5SUJaR0x4Q08KU1BEV05ieUk5bnU2Sy94ODhvS05jakVyMjhCdzVJWWJiRlRKVjdGMWQ4a2kxOWtEdWZBbzB2bWo1cjgrMFkvRQpJd1BoUnFGc09YVk5ZRFVlWUh3TzlJbVZ3YXMzNW05SEJ6VXM2bUwzNGkxU3NKUXB0MnVOeWxkdklOVCtJV1BkCk50TTJpTHVHZ2s2djdxWmZuTWc9Ci0tLS0tRU5EIENFUlRJRklDQVRFLS0tLS0K",
                            "master_auth.0.client_key": "LS0tLS1CRUdJTiBSU0EgUFJJVkFURSBLRVktLS0tLQpNSUlFcEFJQkFBS0NBUUVBdFE5aVhISEhhZVUyclZOTGtsVjNKZ3R6YXJiY1MvUGxZQWJYR1R3bUt3VEVXc0ZlCkRKY1VDNmFLMmNiK0RSeDhTU2x4b1pBbTBGOFVBbllmdXl0aDhXTG1tNjZzZ2pRYWZZc25ZRk9vSHIwMEtCeDAKeWpLaU11U1N6Ykh5ZWtyZDMyNFpKeE96SzZsUVpUV1ViUnRWS2FkbXhEZ2U0YWhlQWhHYlJBNUJpZGtLc1RGTgo5UmE3eGhtSTV5clZSZmJmTWlycm1lOHBWQnkveFdVbFFMT25LOFFKUFJ5TWhIOTFnQ2hYY2JzN2kvcG4rRnJ4CjFmbnY2RmFOVWQ2YUJ0NjQwa2RvL2FjODJqWVByd0M5bnJFcFdRRTNYQTF2b3hPbWJmM3ZTMGM2OWxURGJSdWYKQlpiOEF0cVlxWTJ3MGlncmJrS3Z2ajlxa3RkbXpTZjN2MGphT1FJREFRQUJBb0lCQUFNZWo5VmRUQkFnU3lHUAo3YmNWWmFwcDFSZFJyV1ZaLzBOZlhmOGltblNKNFdMelMwNDIwdXg4M0k0bFhKNkxBakdQU2xTVndFMXdoNEhTCjh2ZWFRS050NkVjQUtyVGo5bEI1bWZnclltY0VYNnpFQ1lxcmRnMVRBMmplMFhsWFRYWkhGamRBQ08vbnU4TW4KYlEvcUtJbU9SM25nanRoeU9uSC9yZHNITlF4MEFiQ0dSbi9EZzZEd2t0LzJYdWE0V2xJZHJRSjhVM2pyNjdoMAp4Z2hab0JFWVR1ZlFsRXd4c2xqa291Zk9JRlV6NTRzR1IxeVI5dmJaZm9HWkZZRTdLVk8rV1NObDBMcFhyRFBPCm84c00wU0EwWjRwdXFaS0xFWlV4TzlVU2NhK2piOTNQeTI3ZUVuQWRQRksxSHlqTTVCMWZaRkhaTU8xUlNtTnUKYzRhQWFOa0NnWUVBNDczL1o1dkNkcHk5bXh1bmkrVS8xdVh3a3hNZGJRblNhUWhsZy9XNjZQWnlPdm44SHNhawptMFJEeVRjOHIrSTBvMmE5ZzNSWVpxSWZEYlY1VWE5NWJ4K0lHNzVwTG5zS1h3cGFJdjRVZ05ERGZNeFhkdW9pCjBSOVdhTVIxTnJCS042WHgyVEtOMXNtdGMrVCtyUzdWL0FiT1VwVXB2RXYwM3FHQkxRUVoxMjBDZ1lFQXk0YVQKcnNxWm9OeC9VV2xmeERMNHJ4WStsRy92SnQxazFYd3pYMGxmRmJMUjRveWM4aEVjZFdNWkZzei80cyt5SlRlSAp6ZW42NGVaR1B2TVRrWmdjb1hENmpOdGJJOE1MZGl5Y1d4UFZYbWpWRDJyMUVicTQrK0g2dFBXZzJUNk56R2hPCitBZmltYWJsaUxrVGRFdHp0d3F5dDFnZzZORUJIY2krUktkNUVuMENnWUFvMWIyQTcxM0w5TWpPa2dQVndySlMKcndJVzdQdCt2SjhjdENPM3FJenVEcHBtMXNJTkpxTUhNQk5UZGZNTXVtdWp6TjA0UDlsRjlkWEptSHQ3V1JKVwpDWHBYTnlvVzZucnVsYVdaMXFNSWdlWTdiMHhUaHlIZEMxaHNDcVhWdTRCalAvOEFhZDhpM3lDWndqcWtCTnpiCmhzRGg3OXIrNTBPdDA1bWMzN3BlZFFLQmdRREllM2VNalp4SnZncFllckZRUmxsN3R6REw3WHNwMEpwY1JXMGgKWnRnWU9yN1BLRzROY1ZlVU5wcm5QK2FzV0tXR1RhNGo0MkUwRnk2SkljN2I4M2Y0ZTU4REU2MHlqQllGUWFwLwplUWtNWjczQTR6NG5TY1Nnc2hqUkdzaG9WMXM4eUY5SnFoTElBb1JHYXZGRDlITTNFbjI3Wno5N3R5NGZWYmcvClRxMVB6UUtCZ1FDTytsWjlyR0QxOHd6YkVYZkQwd0xXcTFyVDRvOVFXbWJIeWlLTnUvd3JoTU1JRHR2N3R3ckMKd3JtUkkxcTFmazJ5SE91THNFZ3VWTW51ZDhISjNiOElCZlZteWdWN1BDVFp4MzdKSUVrbUY4QUp4ay9zc0VsdApvOFdYKzljeXhWblo2amxKMnZKY1RiUkxNaFBCb2htRXdwVm5kU0ZWZVc4TzFEMURMdkdlemc9PQotLS0tLUVORCBSU0EgUFJJVkFURSBLRVktLS0tLQo=",
                            "master_auth.0.cluster_ca_certificate": "LS0tLS1CRUdJTiBDRVJUSUZJQ0FURS0tLS0tCk1JSURERENDQWZTZ0F3SUJBZ0lSQU1pMGhwbVpXeGtpSE9kRVAvdUg5dFl3RFFZSktvWklodmNOQVFFTEJRQXcKTHpFdE1Dc0dBMVVFQXhNa016VmpOekUyTVRFdFkyVTFNUzAwWkdJMExUazFaamN0TnpFMFlXSXhZVGcwTldZeQpNQjRYRFRFM01USXdNekl3TkRRek5Wb1hEVEl5TVRJd01qSXhORFF6TlZvd0x6RXRNQ3NHQTFVRUF4TWtNelZqCk56RTJNVEV0WTJVMU1TMDBaR0kwTFRrMVpqY3ROekUwWVdJeFlUZzBOV1l5TUlJQklqQU5CZ2txaGtpRzl3MEIKQVFFRkFBT0NBUThBTUlJQkNnS0NBUUVBc1BlNWUwUkdMbm9GVVkwQVkySWtZWnZwc2duZjdpamYyUkM2dWlYcwozNExYL0xBNFJEK1FEOEpvMVBsczVtUjhFMG5LOGR4YmFzM01NMjVNRFFKMmhkNVMvQnFsbThCOG9Ram9USTZqCldjUkU5ZnMvMCtoaFFTdTZ2T3BnU2xvcnhSNUc5WHRMdEFkZVVXRXMzUmROWmp6RkdvRjNNQlZsbnBwYWlBWnEKQTNhUVhaQ2NoTTVvV0FGalpTRkt6ckNtZGYxV1BXK3dFQ2JhakVyQTNSNmNuZjdGL1F4QjdRSGRGM0VlQnlNYQppYld3Y2NoSUlwZW9pTGtWSFlEaXpKRTJudWdLZU0vNlh6Z01PN2dlLzU5SVdwZkRTZmpTbXJ6MnNLQXBhY3IxCmlHVG05djZZVFZCTUxaQ1I3VmliMkJuVlFaY0JWODRVQTU1bDZRWEpiakZIYndJREFRQUJveU13SVRBT0JnTlYKSFE4QkFmOEVCQU1DQWdRd0R3WURWUjBUQVFIL0JBVXdBd0VCL3pBTkJna3Foa2lHOXcwQkFRc0ZBQU9DQVFFQQpMWmlQb3JBQndHSGd6cG95TmZTTEdhRHBaekVrcmlOVCtLMzlWaGd0VDZndnNPTStrbHBaV2pVblRvWkhmQXJmClZzWmVBUVR3NkxRV0JVZzIxQ2o5V25CaTloWkx3NmpEQ1c1TmZ1Vnh4eVFYR2thS216SHU1NDR6czNKeUs0NXAKdS9veHlaelA1dENTV1ZONTlKeXBWWHVnWU1wdGNGVGxMMnFLc1FKcDMzanArcnRRMHBOZmk1RVQ2aXR1NHVKdgpuY1Fsb3U3a3ovUVpjVHdZd2NtK1JNdmYrVkJMVEd3bHlQVmNhWlgzY2NReXE4RTYzVGpHZTdrUDRoNnV1Vk50CjRBdmRXM1dMa3N4cy93dGVDYVJuTmtSRGhqYWExZmRZSFo1WldPc3NKTE9nNzRreFdpeStqK1NWOGJSc0N2WTAKYzJRckhWRDJ1UVFvRGIrN2c1cGR2dz09Ci0tLS0tRU5EIENFUlRJRklDQVRFLS0tLS0K",
                            "master_auth.0.password": "pC8tTOK7pOOmfXeM",
                            "master_auth.0.username": "admin",
                            "master_version": "1.7.8-gke.0",
                            "monitoring_service": "monitoring.googleapis.com",
                            "name": "training-cluster-6",
                            "network": "training-net",
                            "network_policy.#": "0",
                            "node_config.#": "1",
                            "node_config.0.disk_size_gb": "100",
                            "node_config.0.image_type": "COS",
                            "node_config.0.labels.%": "0",
                            "node_config.0.local_ssd_count": "0",
                            "node_config.0.machine_type": "n1-standard-1",
                            "node_config.0.metadata.%": "0",
                            "node_config.0.min_cpu_platform": "",
                            "node_config.0.oauth_scopes.#": "4",
                            "node_config.0.oauth_scopes.1277378754": "https://www.googleapis.com/auth/monitoring",
                            "node_config.0.oauth_scopes.1632638332": "https://www.googleapis.com/auth/devstorage.read_only",
                            "node_config.0.oauth_scopes.172152165": "https://www.googleapis.com/auth/logging.write",
                            "node_config.0.oauth_scopes.299962681": "https://www.googleapis.com/auth/compute",
                            "node_config.0.preemptible": "false",
                            "node_config.0.service_account": "default",
                            "node_config.0.tags.#": "0",
                            "node_pool.#": "1",
                            "node_pool.0.autoscaling.#": "0",
                            "node_pool.0.initial_node_count": "3",
                            "node_pool.0.management.#": "1",
                            "node_pool.0.management.0.auto_repair": "false",
                            "node_pool.0.management.0.auto_upgrade": "false",
                            "node_pool.0.name": "default-pool",
                            "node_pool.0.name_prefix": "",
                            "node_pool.0.node_config.#": "1",
                            "node_pool.0.node_config.0.disk_size_gb": "100",
                            "node_pool.0.node_config.0.image_type": "COS",
                            "node_pool.0.node_config.0.labels.%": "0",
                            "node_pool.0.node_config.0.local_ssd_count": "0",
                            "node_pool.0.node_config.0.machine_type": "n1-standard-1",
                            "node_pool.0.node_config.0.metadata.%": "0",
                            "node_pool.0.node_config.0.min_cpu_platform": "",
                            "node_pool.0.node_config.0.oauth_scopes.#": "4",
                            "node_pool.0.node_config.0.oauth_scopes.1277378754": "https://www.googleapis.com/auth/monitoring",
                            "node_pool.0.node_config.0.oauth_scopes.1632638332": "https://www.googleapis.com/auth/devstorage.read_only",
                            "node_pool.0.node_config.0.oauth_scopes.172152165": "https://www.googleapis.com/auth/logging.write",
                            "node_pool.0.node_config.0.oauth_scopes.299962681": "https://www.googleapis.com/auth/compute",
                            "node_pool.0.node_config.0.preemptible": "false",
                            "node_pool.0.node_config.0.service_account": "default",
                            "node_pool.0.node_config.0.tags.#": "0",
                            "node_pool.0.node_count": "3",
                            "node_version": "1.7.8-gke.0",
                            "project": "sandbox-wescale",
                            "subnetwork": "training-subnet",
                            "zone": "europe-west1-b"
                        },
                        "meta": {
                            "e2bfb730-ecaa-11e6-8f88-34363bc7c4c0": {
                                "create": 1800000000000,
                                "delete": 600000000000,
                                "update": 600000000000
                            },
                            "schema_version": "1"
                        },
                        "tainted": false
                    },
                    "deposed": [],
                    "provider": "module.bootstrap-training.provider.google"
                },
                "google_container_cluster.training-cluster.7": {
                    "type": "google_container_cluster",
                    "depends_on": [
                        "google_compute_network.training_net",
                        "google_compute_subnetwork.training_subnet"
                    ],
                    "primary": {
                        "id": "training-cluster-7",
                        "attributes": {
                            "additional_zones.#": "0",
                            "addons_config.#": "1",
                            "cluster_ipv4_cidr": "10.24.0.0/14",
                            "description": "",
                            "enable_kubernetes_alpha": "false",
                            "enable_legacy_abac": "true",
                            "endpoint": "35.190.215.93",
                            "id": "training-cluster-7",
                            "initial_node_count": "3",
                            "instance_group_urls.#": "1",
                            "instance_group_urls.0": "https://www.googleapis.com/compute/v1/projects/sandbox-wescale/zones/europe-west1-b/instanceGroups/gke-training-cluster-7-default-pool-da5d6bd8-grp",
                            "logging_service": "logging.googleapis.com",
                            "master_auth.#": "1",
                            "master_auth.0.client_certificate": "LS0tLS1CRUdJTiBDRVJUSUZJQ0FURS0tLS0tCk1JSUMyekNDQWNPZ0F3SUJBZ0lSQVBoM1J4MTFrUzk2U2hEL0Z4VE5sVkF3RFFZSktvWklodmNOQVFFTEJRQXcKTHpFdE1Dc0dBMVVFQXhNa1pUQTNObVpoWXpndE5tRmhNUzAwWXpNekxXSTFNekV0TVRSbVpqVmpZMlZsWWpreApNQjRYRFRFM01USXdNekl4TkRRMU1Wb1hEVEl5TVRJd01qSXhORFExTVZvd0VURVBNQTBHQTFVRUF4TUdZMnhwClpXNTBNSUlCSWpBTkJna3Foa2lHOXcwQkFRRUZBQU9DQVE4QU1JSUJDZ0tDQVFFQXJsYmZLNG0wOFlqcGVsckMKUXZZZU5hdUFscndZb0M5VEVkRUl2cDdaOXZhQXdNNGxUcjJhNmYzYUR6K0t6OWQwL1p4M0FoenlEbmcxR0Y1awpncWM3R2w5YmhYdGdQM2ZCaHdjRHN5WjdFbVdzYjBVRDNOK2dtNU51c3pTQkhScS9rWmZlSHNIWUQvMnp2Q09wCmhZZFMrb29SM2V4d1BpYnNESmkwVTJxaHJ0NFl2S2lqS0l0a2V1Y0VRL1BsNW1oUUpqeDBBRnBmTDh2NmU4VFEKWWpHSE92cmJWbTQyTGRiMTlkSjBac3RZc0N1TTRGdmpSdnFQbGM4MnE1ODRXcWc4bzBVbTliTy82THJENkpDegpralJTOU94WHB2TTR1azFCaDl4SW5YNHJZYU05dkVPZExCZkNaSVdSRXlTZjYxN2o0d3FJWnZtaTlBSXNrd0N3CmR5cGNtd0lEQVFBQm94QXdEakFNQmdOVkhSTUJBZjhFQWpBQU1BMEdDU3FHU0liM0RRRUJDd1VBQTRJQkFRQjAKSWRiM3M4NFlPMUNBSVVZdkZ5TUZPRkpINGVGcE4wRU55eDlRNWZwUGMzbHU3aWZwMGNXL2VrSFluemZCWEZ2VwpUc2lEcTZQeHNDbmlQa3JzSkhQcTJLSGtqNW5XWExXL1dmbGEweFJLNEhhWHlvdmVHcHR5UXRrc3R4d09pNGVuCkVjRFZVdkVJQmdVWlZQQTMydmVRU2hZWVlSRUo4YkJUUTBVK1piNmM0cDVUTURXNTYzYzR1OTZRbkNjUnUvNWcKTW05Qmc4ZUFYWnFFekV4bjNpa0ZpUmxoVDgrTEdtVG10bHJFUmkwUms0TnlIc0VkWmZkenBLV1lOTjd4OFVmdwpUbEhPTzNxRmczQnlLWXJENTMxR0NzSUxRQkRjV3VRM0tYTXdCTE95STA0Qy9yTm5EL1QydEMwRWNyWFpPMHV2CnIxWXZKZUozREdYME1sZ2dWdXQvCi0tLS0tRU5EIENFUlRJRklDQVRFLS0tLS0K",
                            "master_auth.0.client_key": "LS0tLS1CRUdJTiBSU0EgUFJJVkFURSBLRVktLS0tLQpNSUlFb2dJQkFBS0NBUUVBcmxiZks0bTA4WWpwZWxyQ1F2WWVOYXVBbHJ3WW9DOVRFZEVJdnA3Wjl2YUF3TTRsClRyMmE2ZjNhRHorS3o5ZDAvWngzQWh6eURuZzFHRjVrZ3FjN0dsOWJoWHRnUDNmQmh3Y0RzeVo3RW1Xc2IwVUQKM04rZ201TnVzelNCSFJxL2taZmVIc0hZRC8yenZDT3BoWWRTK29vUjNleHdQaWJzREppMFUycWhydDRZdktpagpLSXRrZXVjRVEvUGw1bWhRSmp4MEFGcGZMOHY2ZThUUVlqR0hPdnJiVm00MkxkYjE5ZEowWnN0WXNDdU00RnZqClJ2cVBsYzgycTU4NFdxZzhvMFVtOWJPLzZMckQ2SkN6a2pSUzlPeFhwdk00dWsxQmg5eEluWDRyWWFNOXZFT2QKTEJmQ1pJV1JFeVNmNjE3ajR3cUladm1pOUFJc2t3Q3dkeXBjbXdJREFRQUJBb0lCQURRRnNDcHB1UmlwNWlHZwptMzhudWZRQjdTa05qN3VjNDRqWmUyYUdPRHc5YWtZZVBYdTFrRmhxYTN0SlZyNldhRTZWTmQzbmpVTk1FMnZtCkhzL3QzdkVMcTErMVpROExTVEJsbzNEOTlwT1N5MVdZbm9KMktKTEQ5N0I1NWwwczhpVWIwQ2dWWjhlOXlMaEgKVy9xQVd2NXYzTTBBRks0M0p4RExNR1FEMmFNNEhNaEp4aThTSmoyK0RPNlV3dXd4OXJLYVYwdlhoREhFYkJpcgpwUzVQeFFuZDZXTkVzVUtPTXlnNk8zMm5lTjZZejJKdTZHYmpXRmlQSWt0Qk02TmNBT210cGZ6R215Z3BPcTRGCjl3cWk4aE4wQ0x1UTNIbmVCVWkyVjZuY0NPWlFJS2xFZ0tEQ1RTcFV4KzMzeDRXTTNLbXY0aHFQbWQyM1FnNFYKMDVld0xpRUNnWUVBMXVMRktETU9CUjg0RnhrM0hsNlFiVE1TS0o4ajMyeFE0bXJZSVZDZXFncGpOc0lQRm9oKwo2NHJjU3VRZXEzWTNQd2RaUy9RWFBua2F4NXMrUHoreDVYcTQ5ZXV4U0V3dWNhU0pmbHh0N2ZQRTRnY0NHNU81Cm94dUZ3Q0JDaUlpOFY4ZmZCcXhOaVJpVmoySjJ3Wk91S01vUHRNdHpVSjh0c1hmNVdhODAzd2NDZ1lFQXo3SWMKcmhzaVRBbXVEYnBsMW92UHJodldWU1NYdkZTRVNSQWtlbDNOREJYTDZRM2dxVkVNSlNTc1NFMFJwcG9FZFVsWgpsSlBTR1lFa2pvNE9KbkdnZG1XUmx0b3g2SkxOdkxwMnJHNTFIbU4yazZJNWxUd0ROdDNxeEM0RE5LVmRKV1pSCmdNMzdLRktxczVUdVRxU0FSRUQ2UU5zZmJIN1BXalJTUDJoWkhNMENnWUJXMWtVK1BZT0k1bGpRWE13OVpaR1AKejNlakdzeHdXV0ZHWGs4QkI0ZFd4K1BZR1F2bjJ6a1BEb3AvYVRoTHFmWWhibUxUb3N4UjNyYkh1eUNvaHFEcApUM0szVG92UjM1ZFZMVnl5eDc5VXpaSGVsVjV3cm4zeVFBa0kzd0NFRkYyb1M0a0JOVmdQOHZOZGdqamplVDZFCkZVUExsL3Y5dEpYT2hlRXFNUGQ0dVFLQmdITi96QjB5TDY5elRweUp4S283MDhFeDc4NG5iRTRwL2VxWGxJR0wKK2tRM05zOGlqWVg2OFRNU290QU9NN3VmT00xMGZlRjNGc1ppSDg4NnhqbXd4Smd5d1hUUFlDUEN4N0NsVE90MAovYUpwazM1a0gzdVRCUUtWQkVJV2lHZlZjZWdqYnoyZXpvWE0rdXFrN3FWREs2VkpNU0d4K1ZhZmFuWHlWSzY0Ck81NGRBb0dBZXU2aGpsK1YyaWJuU20wdEtRSmZXb1dvazVtR2ZXMEF3TzNVZTRRL1U2cjUzT0dxazdHRE4yY1UKczBpSEs3aU9XMGdHZzVlWnBqbFVWRUJqTnRxOVdiNWlVUGtmaEF1K0djTTdDUlYzQzIxb2JqZWZnL3lmdlhzZQpOLzBsY0tMNEgvclJrLy9NanlEUUNBblBHMmQwWWNDazdlUi9HSlVURldscFpYRHhVVkU9Ci0tLS0tRU5EIFJTQSBQUklWQVRFIEtFWS0tLS0tCg==",
                            "master_auth.0.cluster_ca_certificate": "LS0tLS1CRUdJTiBDRVJUSUZJQ0FURS0tLS0tCk1JSURERENDQWZTZ0F3SUJBZ0lSQUw0SWVGbDlZdWVFVGxZdTE5Ny9HZmN3RFFZSktvWklodmNOQVFFTEJRQXcKTHpFdE1Dc0dBMVVFQXhNa1pUQTNObVpoWXpndE5tRmhNUzAwWXpNekxXSTFNekV0TVRSbVpqVmpZMlZsWWpreApNQjRYRFRFM01USXdNekl3TkRRMU1Gb1hEVEl5TVRJd01qSXhORFExTUZvd0x6RXRNQ3NHQTFVRUF4TWtaVEEzCk5tWmhZemd0Tm1GaE1TMDBZek16TFdJMU16RXRNVFJtWmpWalkyVmxZamt4TUlJQklqQU5CZ2txaGtpRzl3MEIKQVFFRkFBT0NBUThBTUlJQkNnS0NBUUVBdUltTXo3NUJHMncxZTdoR1R5MEFvSTYyRWtvRzR4d2tNd2ZHUVVPQgpDMHA5RzNTczZ4VjJvdk11clREcXJVSm5TVm55Rmp5UUFFdzRVSmlLTnhoWkhCUjBhQVo0R3hjb2hlTE0zU2tvClJ0V3NuRFpYMEJoQXNSN2JPQmdFQlpKWElWWnN4UThFZVlwRjZYclpnVmtKa1owVnlxTXQ4bGlOc3VZY2FnMy8KQkRyU05oVHpBazlSMkpLc2RBN25OZE9YYWhwNXhkN0RFOTZaQjV1Y2pmRnhoMGZkN1VCUzVUbml0TmU0NVJhSgpIekxXa29Uc0Y0cWFxVmdxaFBKSEVBUzMzNWZlWUMyTUZReWx2V2RRWWVVcmNNU0d6UXBlL0tCenNYRUUvRmVtCjVoMzVpNDVNd1pYdnNEMS9QaStmTjU2YTVwVXRxQW82NVU1K2dSb3JlRUtlWVFJREFRQUJveU13SVRBT0JnTlYKSFE4QkFmOEVCQU1DQWdRd0R3WURWUjBUQVFIL0JBVXdBd0VCL3pBTkJna3Foa2lHOXcwQkFRc0ZBQU9DQVFFQQpqQ2ltdEtKaXVwd0E2aVdPYVJVaGZUSnZnMVE2SmJEWldJaEZkSWFCRFVFSS9Ba3JoUXRPMmgrRzhFTFlkVHdLCldYbG04V0NVdmh4WlQ2OVhsRUZHVUZiZ29KZEJEMzhYdzExQzgwU3NrNlhNdjdaYU00RWVOVkdlNGNCaWZtbWUKRXBiYzdsUjV0N0ZrZjArVUdaOFVqUEd3MThVS29HVmI4VmJYdDRyZDlUMjJoanBmZUJPVzBXYkFjQXN6QnNMbgpYZ2FNK2ZoTk54SzNTVUVnZmdab0VWYWVjU205dDNRaHh1TGhpYVhsanFEY09FMXNaRjIvQ3dQNXZFbS9NTlJJCnJCTmdCVGtVcE9rcCt0NVVRUHNncTVPYXJEWUh3MDRzWTRHTW9kTmMvekJadDJ2UTZwY29Fc0s1b3dmOEVRL1oKQktlbENlaGxNS1RqeGl3U1oxdlFPUT09Ci0tLS0tRU5EIENFUlRJRklDQVRFLS0tLS0K",
                            "master_auth.0.password": "ceBjN28n0Xkl5woT",
                            "master_auth.0.username": "admin",
                            "master_version": "1.7.8-gke.0",
                            "monitoring_service": "monitoring.googleapis.com",
                            "name": "training-cluster-7",
                            "network": "training-net",
                            "network_policy.#": "0",
                            "node_config.#": "1",
                            "node_config.0.disk_size_gb": "100",
                            "node_config.0.image_type": "COS",
                            "node_config.0.labels.%": "0",
                            "node_config.0.local_ssd_count": "0",
                            "node_config.0.machine_type": "n1-standard-1",
                            "node_config.0.metadata.%": "0",
                            "node_config.0.min_cpu_platform": "",
                            "node_config.0.oauth_scopes.#": "4",
                            "node_config.0.oauth_scopes.1277378754": "https://www.googleapis.com/auth/monitoring",
                            "node_config.0.oauth_scopes.1632638332": "https://www.googleapis.com/auth/devstorage.read_only",
                            "node_config.0.oauth_scopes.172152165": "https://www.googleapis.com/auth/logging.write",
                            "node_config.0.oauth_scopes.299962681": "https://www.googleapis.com/auth/compute",
                            "node_config.0.preemptible": "false",
                            "node_config.0.service_account": "default",
                            "node_config.0.tags.#": "0",
                            "node_pool.#": "1",
                            "node_pool.0.autoscaling.#": "0",
                            "node_pool.0.initial_node_count": "3",
                            "node_pool.0.management.#": "1",
                            "node_pool.0.management.0.auto_repair": "false",
                            "node_pool.0.management.0.auto_upgrade": "false",
                            "node_pool.0.name": "default-pool",
                            "node_pool.0.name_prefix": "",
                            "node_pool.0.node_config.#": "1",
                            "node_pool.0.node_config.0.disk_size_gb": "100",
                            "node_pool.0.node_config.0.image_type": "COS",
                            "node_pool.0.node_config.0.labels.%": "0",
                            "node_pool.0.node_config.0.local_ssd_count": "0",
                            "node_pool.0.node_config.0.machine_type": "n1-standard-1",
                            "node_pool.0.node_config.0.metadata.%": "0",
                            "node_pool.0.node_config.0.min_cpu_platform": "",
                            "node_pool.0.node_config.0.oauth_scopes.#": "4",
                            "node_pool.0.node_config.0.oauth_scopes.1277378754": "https://www.googleapis.com/auth/monitoring",
                            "node_pool.0.node_config.0.oauth_scopes.1632638332": "https://www.googleapis.com/auth/devstorage.read_only",
                            "node_pool.0.node_config.0.oauth_scopes.172152165": "https://www.googleapis.com/auth/logging.write",
                            "node_pool.0.node_config.0.oauth_scopes.299962681": "https://www.googleapis.com/auth/compute",
                            "node_pool.0.node_config.0.preemptible": "false",
                            "node_pool.0.node_config.0.service_account": "default",
                            "node_pool.0.node_config.0.tags.#": "0",
                            "node_pool.0.node_count": "3",
                            "node_version": "1.7.8-gke.0",
                            "project": "sandbox-wescale",
                            "subnetwork": "training-subnet",
                            "zone": "europe-west1-b"
                        },
                        "meta": {
                            "e2bfb730-ecaa-11e6-8f88-34363bc7c4c0": {
                                "create": 1800000000000,
                                "delete": 600000000000,
                                "update": 600000000000
                            },
                            "schema_version": "1"
                        },
                        "tainted": false
                    },
                    "deposed": [],
                    "provider": "module.bootstrap-training.provider.google"
                },
                "google_container_cluster.training-cluster.8": {
                    "type": "google_container_cluster",
                    "depends_on": [
                        "google_compute_network.training_net",
                        "google_compute_subnetwork.training_subnet"
                    ],
                    "primary": {
                        "id": "training-cluster-8",
                        "attributes": {
                            "additional_zones.#": "0",
                            "addons_config.#": "1",
                            "cluster_ipv4_cidr": "10.60.0.0/14",
                            "description": "",
                            "enable_kubernetes_alpha": "false",
                            "enable_legacy_abac": "true",
                            "endpoint": "104.199.47.207",
                            "id": "training-cluster-8",
                            "initial_node_count": "3",
                            "instance_group_urls.#": "1",
                            "instance_group_urls.0": "https://www.googleapis.com/compute/v1/projects/sandbox-wescale/zones/europe-west1-b/instanceGroups/gke-training-cluster-8-default-pool-2d62a667-grp",
                            "logging_service": "logging.googleapis.com",
                            "master_auth.#": "1",
                            "master_auth.0.client_certificate": "LS0tLS1CRUdJTiBDRVJUSUZJQ0FURS0tLS0tCk1JSUMyekNDQWNPZ0F3SUJBZ0lSQUp1YW9iMGFyWTN5ejFWa1VSelB1YXd3RFFZSktvWklodmNOQVFFTEJRQXcKTHpFdE1Dc0dBMVVFQXhNa01tRmlaVEptWVRjdFpHWTNNaTAwTXpVMkxUa3laak10TlRoalpEazJOR1EwTURGawpNQjRYRFRFM01USXdNekl4TkRRMU1Wb1hEVEl5TVRJd01qSXhORFExTVZvd0VURVBNQTBHQTFVRUF4TUdZMnhwClpXNTBNSUlCSWpBTkJna3Foa2lHOXcwQkFRRUZBQU9DQVE4QU1JSUJDZ0tDQVFFQXFvSkxTNUxXUDZTdE11WDQKbFl1aWlyQ3JRYW55TkczdEdocGFnT29KOVBxQUhzc0UvYUFFZ1VkVjltc1BaVUhsdGIzNDBIc05HS2NQeHFvRQpTMk81YXFPYmp6cU9admxwVDIxVCtERStPaFVFOUhXSCtqY2t5aFkyYkdWQ3FtTitqK2U0Sk1NNGc0NDBTY2x0CkNvRlVlNXR3cDdoOTVxWlExZEthMGtUTHdSOXVNeng1NFVKbzgrdWlORzhhQUhvNzlpSGxvV2w2OHB1R2cxeXIKTUdDTDNuU2NVVFlmZGk1Z1l4UnlxMitKY2o1akVqaHB5eTZMNEJLeExhRjRyd0trMFFmdnJYbmd6a2FvQ1NxcgpRd0tMSDdCcG5ySnl2Y3NCU1M0VXdkT04wcUdIb1ByZ0FhbkxwcWdRZGJ6T2VVb3ZweFZJTFowSXpTaVdKYlkxClMzNnBSd0lEQVFBQm94QXdEakFNQmdOVkhSTUJBZjhFQWpBQU1BMEdDU3FHU0liM0RRRUJDd1VBQTRJQkFRQ04KU1I4R3R4ZUFxTUZQWnRHOHkyK3pJbnpidTVzRGxFWCtmUVYva0hBbUlIcHQ4cGxRa0NYMUR0dDRlNDZkdjBGKwpCdC9ScHRwWDJ4K1c4MUZNUUJ5L3BVTXl2Y3JNTEswTGF2R3Nxb1dvUjl4UjZZSVJidi9PQk1MNDhlYkc5TEtkCkZxbmYycmVqN0poQTJrWW5lZGVwQkkrNXlMVjVuVHVKWVpKblRyVVJkM1lxN2FmUFFSR0p5Q05IZEpzeXNNczEKc3VFWHU1WTBSVjROWjVpR2RlZERqNUdrQ2NQMDRxYjRKOC9TS213aElGM2hOUjJuQmFhWU1rSnNad3NlR1Z4awpCWFJRWjhOVVpzejE5VzhxK3RRRzE0dFl5eFZoeEVBazd2Ymd6eFhBbjhGUFc2ZVFoWHRVZlFFbC83eFgxRVMrCmUydkRTOFZlWEJrTWZjeWMrbldJCi0tLS0tRU5EIENFUlRJRklDQVRFLS0tLS0K",
                            "master_auth.0.client_key": "LS0tLS1CRUdJTiBSU0EgUFJJVkFURSBLRVktLS0tLQpNSUlFb3dJQkFBS0NBUUVBcW9KTFM1TFdQNlN0TXVYNGxZdWlpckNyUWFueU5HM3RHaHBhZ09vSjlQcUFIc3NFCi9hQUVnVWRWOW1zUFpVSGx0YjM0MEhzTkdLY1B4cW9FUzJPNWFxT2JqenFPWnZscFQyMVQrREUrT2hVRTlIV0gKK2pja3loWTJiR1ZDcW1OK2orZTRKTU00ZzQ0MFNjbHRDb0ZVZTV0d3A3aDk1cVpRMWRLYTBrVEx3Ujl1TXp4NQo0VUpvOCt1aU5HOGFBSG83OWlIbG9XbDY4cHVHZzF5ck1HQ0wzblNjVVRZZmRpNWdZeFJ5cTIrSmNqNWpFamhwCnl5Nkw0Qkt4TGFGNHJ3S2swUWZ2clhuZ3prYW9DU3FyUXdLTEg3QnBuckp5dmNzQlNTNFV3ZE9OMHFHSG9QcmcKQWFuTHBxZ1FkYnpPZVVvdnB4VklMWjBJelNpV0piWTFTMzZwUndJREFRQUJBb0lCQUJyVjM5allsdHkwWThmMwpkc3kraWNudkxUenI3T0ZBamNrR2Jja05USnpnVWdyR3BCWHd1ZFRJNytnVkNIckV5TXoyUmJNMk1xVDNJaDMvCnd5WkVYem0vM3l0SEtZTmViS3NpQjAyd0hsMlEwbE5STGlIOHpNNzdlUHhOWVpVa2pKWkVmM0JWdzA2OU1sQ00Kb1pzK0tKZzlxaGpUaWdramt1UmNQWjZyVWpBbUt1QTZLQWpCdWNvQXVmT3d4UXBYVjMySTFLQnhlS3ppdEE5cwpQaUduS01wZ3F4MUY2Mk93b04wOEpWbndTMS8zbHlYTHZiMm1RckNldFIzMEJFd1NocHRKbXRFQjAvZ2l0SWprCnZVVGlUem0zdTRQTXZMSk1JWkR2VklWMDFLUSt5NVRMdXZVZnJIajFTbC9YelRlZjE1SkU5OFFZT1YvL0kxZXoKdnc2RklZMENnWUVBMnpjbU5NQmZBeGpjZ2c4NDRtTTZ3NmcxRXlFUVNINlc1N25DcXR6VTltVURWR3FLRGJYRgp6NU0yRFRXY1cvV3NEa1FGUlJ3WHZtaElReXE1YUthYkkxN0hZS3pmY2Q1VVhJa1J1M2RrSzFmS1E2UC9TcEQ1ClVGZUpQRWxqcTlwbHhuUTdXYTRmbTBacU1GY3ZpUXI0RmdJcmpaeTlZUGhJeWVEUlhUSERpSDBDZ1lFQXh4N2IKczcwSWc2SWlwYTBMQTJkaFdrYWxJSm52VUlBcmtEUDFMSkhQV3RBUU5sZS9wZGl1Y1lTZzNlZ202U0NkMGQrVwpxeFY0SEhWdmVSb0Z3THVIME93NDFsRjJIRmJSbENUM1VKTmdPVHhReXFyMkRzdmR4T3dETXA2ekttMlgrYmsrClFrTStHa1ZlUG9FYS9SaTNqcUMzc1NJSzhRR1MzSmVEL2dmSUtCTUNnWUFWSllMSC8rNnFhOUdKc2xJNGRINE0KdGNNNDd5MlU4TEU1OVU5MEVBMXpIMWRzNDBJaUJIRHFqemJkbTFoVC9xVDBVMWQyelRqMUl6WWxWSS9DS3FBNApqMElJYjJTMnBVM2FCMWJ3a0puWEhJYmtjNE9DKyswdzlPREdNZ1l0WThvQmxPRE15K0U4cDFSRENZWUtZRWFDClNQOU9qOW9zNm9hTEF1YnZhSWVHT1FLQmdHY0JFWW9ES1pwZWp5bkJRRWM4ZldIajFadnR4WnlSRVBnQnlMeUwKbVFaVFIyKzFLTkMwTEZsUTBKNjZieFo5NXVZZ2thSmk4c1ZXQXBwVTJkRC9zWnhqOW1yM3JPK3dBYTV2Q1BqSApwQ2szaUZ1dTRLWjYwM2dBMXc2aWhmQld6UjFEdEc4MnRiT0ZXdUZlakFXTmViYndjTlhTMUhJajdFTHNwajBNCjdYKzlBb0dCQU5VcGFxUkhZUVJZY2JyTVVuS3dXTU1HMUtSUzZtK2xYaDh0Q3h6MVNsQ0d2eFAzWUFzd1NwM1AKTWlUR3NYdUFJYTFnYW5iWHZZRVFRbEgrWHhmcTBPLzhoQ29QaklUcjdsbmdsMit6SHlmdG12cVhnMzgvdTUzOQp5MUFvY09IMjA2bTMzb0Jnc1BTVVh0OWxsRlVYYWM3MzMrRng2Q2E2NktXdnVGYzdFSk1aCi0tLS0tRU5EIFJTQSBQUklWQVRFIEtFWS0tLS0tCg==",
                            "master_auth.0.cluster_ca_certificate": "LS0tLS1CRUdJTiBDRVJUSUZJQ0FURS0tLS0tCk1JSURERENDQWZTZ0F3SUJBZ0lSQVB5d1VMa2VzeXFOWWpEOW5PWVUzRDB3RFFZSktvWklodmNOQVFFTEJRQXcKTHpFdE1Dc0dBMVVFQXhNa01tRmlaVEptWVRjdFpHWTNNaTAwTXpVMkxUa3laak10TlRoalpEazJOR1EwTURGawpNQjRYRFRFM01USXdNekl3TkRRMU1Gb1hEVEl5TVRJd01qSXhORFExTUZvd0x6RXRNQ3NHQTFVRUF4TWtNbUZpClpUSm1ZVGN0WkdZM01pMDBNelUyTFRreVpqTXROVGhqWkRrMk5HUTBNREZrTUlJQklqQU5CZ2txaGtpRzl3MEIKQVFFRkFBT0NBUThBTUlJQkNnS0NBUUVBNUtNdjFrMHFXMGRTRFJlNXY0Q2Ztc1FpdWlaQWl6bnNUYUFhUU1OWgpIWXdIYS9vOCtrRG4vNlM4Uk5zR2wwTE03OFVtTnlOK0hiKzkvNG9RcjhwOHdDTk5GWG5xbFh5QXNJSFFDR2V5CmtxRUhlc0k0bzBDdW12N1N3RmhkRDZXNE90OGk4eW1zcE1yWEZpOVlKUGdtK0JuK3NRMmxvZHdwcExzYkFnR3oKS3FIQjJGZENESWYrYlhpM2tTOThCVTIzbkt5bHdSUEFkSWgvNk5HcmMvK0QxNkdmb0NSYjdMYUFNNEpObENISQovWFFGZHBhc2RmVmhJV09LNEdrVTEweGRTU0lRczB5TklUWk9iaEN2SE5KSDU2dTNQdXV3YUQxcHNRU0dHMFJ5ClB3S1BCYVhZTndNejF4YU1RWHN4ZElBNzlsOVNzeUtMWEVXTmlianNGZWl2endJREFRQUJveU13SVRBT0JnTlYKSFE4QkFmOEVCQU1DQWdRd0R3WURWUjBUQVFIL0JBVXdBd0VCL3pBTkJna3Foa2lHOXcwQkFRc0ZBQU9DQVFFQQoybEd5UzlxTjdudjFEbWhRYk10NytocWFqWStvK21KaklyTS9pVFN2Y010M2sxTVhDRW5LV3RDSmxmdjVyY3Q2CkkyU2pjNEtheWtYUHJrcUViZ1BFREpjYlRhcWZna0NXV25tSzFNcVpyUEhvRVVHQVFmb3lBMHBGZ3NqWS9LenQKMWt1aWVjeTlFTUJSTUF3TTU3MXZVQjBEOEtEcXRCVTBQaVVxQ3VSTFJNK0xocGxubnNsSXRmOUNXSTJkYUM0eApRRllKQU5LNXBpeHQ5WGdlOWthYmVVQ25zbjVWKzhzUUMyazl0ZGpIQU1uRDZqL2UwSloxN2J1Q1kzeE51ZENCClIvS0tFRlUwQU5Mcjl3VStqdURWNEFDbnplcXdic3d4U3FmWlhQL2kzMEJqeTQ2OHUxTzhjMkh4WXQ1WS9tNnkKMHY3eEcrZUNHNGpZZHlDcXh2OHU3Zz09Ci0tLS0tRU5EIENFUlRJRklDQVRFLS0tLS0K",
                            "master_auth.0.password": "W49fUR3hmgppOATo",
                            "master_auth.0.username": "admin",
                            "master_version": "1.7.8-gke.0",
                            "monitoring_service": "monitoring.googleapis.com",
                            "name": "training-cluster-8",
                            "network": "training-net",
                            "network_policy.#": "0",
                            "node_config.#": "1",
                            "node_config.0.disk_size_gb": "100",
                            "node_config.0.image_type": "COS",
                            "node_config.0.labels.%": "0",
                            "node_config.0.local_ssd_count": "0",
                            "node_config.0.machine_type": "n1-standard-1",
                            "node_config.0.metadata.%": "0",
                            "node_config.0.min_cpu_platform": "",
                            "node_config.0.oauth_scopes.#": "4",
                            "node_config.0.oauth_scopes.1277378754": "https://www.googleapis.com/auth/monitoring",
                            "node_config.0.oauth_scopes.1632638332": "https://www.googleapis.com/auth/devstorage.read_only",
                            "node_config.0.oauth_scopes.172152165": "https://www.googleapis.com/auth/logging.write",
                            "node_config.0.oauth_scopes.299962681": "https://www.googleapis.com/auth/compute",
                            "node_config.0.preemptible": "false",
                            "node_config.0.service_account": "default",
                            "node_config.0.tags.#": "0",
                            "node_pool.#": "1",
                            "node_pool.0.autoscaling.#": "0",
                            "node_pool.0.initial_node_count": "3",
                            "node_pool.0.management.#": "1",
                            "node_pool.0.management.0.auto_repair": "false",
                            "node_pool.0.management.0.auto_upgrade": "false",
                            "node_pool.0.name": "default-pool",
                            "node_pool.0.name_prefix": "",
                            "node_pool.0.node_config.#": "1",
                            "node_pool.0.node_config.0.disk_size_gb": "100",
                            "node_pool.0.node_config.0.image_type": "COS",
                            "node_pool.0.node_config.0.labels.%": "0",
                            "node_pool.0.node_config.0.local_ssd_count": "0",
                            "node_pool.0.node_config.0.machine_type": "n1-standard-1",
                            "node_pool.0.node_config.0.metadata.%": "0",
                            "node_pool.0.node_config.0.min_cpu_platform": "",
                            "node_pool.0.node_config.0.oauth_scopes.#": "4",
                            "node_pool.0.node_config.0.oauth_scopes.1277378754": "https://www.googleapis.com/auth/monitoring",
                            "node_pool.0.node_config.0.oauth_scopes.1632638332": "https://www.googleapis.com/auth/devstorage.read_only",
                            "node_pool.0.node_config.0.oauth_scopes.172152165": "https://www.googleapis.com/auth/logging.write",
                            "node_pool.0.node_config.0.oauth_scopes.299962681": "https://www.googleapis.com/auth/compute",
                            "node_pool.0.node_config.0.preemptible": "false",
                            "node_pool.0.node_config.0.service_account": "default",
                            "node_pool.0.node_config.0.tags.#": "0",
                            "node_pool.0.node_count": "3",
                            "node_version": "1.7.8-gke.0",
                            "project": "sandbox-wescale",
                            "subnetwork": "training-subnet",
                            "zone": "europe-west1-b"
                        },
                        "meta": {
                            "e2bfb730-ecaa-11e6-8f88-34363bc7c4c0": {
                                "create": 1800000000000,
                                "delete": 600000000000,
                                "update": 600000000000
                            },
                            "schema_version": "1"
                        },
                        "tainted": false
                    },
                    "deposed": [],
                    "provider": "module.bootstrap-training.provider.google"
                }
            },
            "depends_on": []
        }
    ]
}
